{
  "version": 4,
  "terraform_version": "1.11.4",
  "serial": 654,
  "lineage": "b4ec0d6b-2e5a-7c7d-5c01-d720846e0bf8",
  "outputs": {},
  "resources": [
    {
      "mode": "data",
      "type": "aws_availability_zones",
      "name": "available",
      "provider": "provider[\"registry.terraform.io/hashicorp/aws\"]",
      "instances": [
        {
          "schema_version": 0,
          "attributes": {
            "all_availability_zones": null,
            "exclude_names": null,
            "exclude_zone_ids": null,
            "filter": null,
            "group_names": [
              "us-east-1-zg-1"
            ],
            "id": "us-east-1",
            "names": [
              "us-east-1a",
              "us-east-1b",
              "us-east-1c",
              "us-east-1d",
              "us-east-1e",
              "us-east-1f"
            ],
            "state": null,
            "timeouts": null,
            "zone_ids": [
              "use1-az2",
              "use1-az4",
              "use1-az6",
              "use1-az1",
              "use1-az3",
              "use1-az5"
            ]
          },
          "sensitive_attributes": []
        }
      ]
    },
    {
      "module": "module.eks",
      "mode": "managed",
      "type": "helm_release",
      "name": "external_dns",
      "provider": "module.eks.provider[\"registry.terraform.io/hashicorp/helm\"]",
      "instances": []
    },
    {
      "module": "module.eks.module.eks",
      "mode": "data",
      "type": "aws_caller_identity",
      "name": "current",
      "provider": "provider[\"registry.terraform.io/hashicorp/aws\"]",
      "instances": [
        {
          "index_key": 0,
          "schema_version": 0,
          "attributes": {
            "account_id": "986323537898",
            "arn": "arn:aws:sts::986323537898:assumed-role/AWSReservedSSO_AdministratorAccess_0dad5e4ab7a9f2bd/Ibrahim",
            "id": "986323537898",
            "user_id": "AROA6LJLWZ7VIZ7O2G6L4:Ibrahim"
          },
          "sensitive_attributes": []
        }
      ]
    },
    {
      "module": "module.eks.module.eks",
      "mode": "data",
      "type": "aws_eks_addon_version",
      "name": "this",
      "provider": "provider[\"registry.terraform.io/hashicorp/aws\"]",
      "instances": [
        {
          "index_key": "coredns",
          "schema_version": 0,
          "attributes": {
            "addon_name": "coredns",
            "id": "coredns",
            "kubernetes_version": "1.32",
            "most_recent": true,
            "version": "v1.11.4-eksbuild.10"
          },
          "sensitive_attributes": []
        },
        {
          "index_key": "eks-node-monitoring-agent",
          "schema_version": 0,
          "attributes": {
            "addon_name": "eks-node-monitoring-agent",
            "id": "eks-node-monitoring-agent",
            "kubernetes_version": "1.32",
            "most_recent": true,
            "version": "v1.2.0-eksbuild.1"
          },
          "sensitive_attributes": []
        },
        {
          "index_key": "eks-pod-identity-agent",
          "schema_version": 0,
          "attributes": {
            "addon_name": "eks-pod-identity-agent",
            "id": "eks-pod-identity-agent",
            "kubernetes_version": "1.32",
            "most_recent": true,
            "version": "v1.3.5-eksbuild.2"
          },
          "sensitive_attributes": []
        },
        {
          "index_key": "kube-proxy",
          "schema_version": 0,
          "attributes": {
            "addon_name": "kube-proxy",
            "id": "kube-proxy",
            "kubernetes_version": "1.32",
            "most_recent": true,
            "version": "v1.32.3-eksbuild.7"
          },
          "sensitive_attributes": []
        },
        {
          "index_key": "vpc-cni",
          "schema_version": 0,
          "attributes": {
            "addon_name": "vpc-cni",
            "id": "vpc-cni",
            "kubernetes_version": "1.32",
            "most_recent": true,
            "version": "v1.19.5-eksbuild.1"
          },
          "sensitive_attributes": []
        }
      ]
    },
    {
      "module": "module.eks.module.eks",
      "mode": "data",
      "type": "aws_iam_policy_document",
      "name": "assume_role_policy",
      "provider": "provider[\"registry.terraform.io/hashicorp/aws\"]",
      "instances": [
        {
          "index_key": 0,
          "schema_version": 0,
          "attributes": {
            "id": "2830595799",
            "json": "{\n  \"Version\": \"2012-10-17\",\n  \"Statement\": [\n    {\n      \"Sid\": \"EKSClusterAssumeRole\",\n      \"Effect\": \"Allow\",\n      \"Action\": [\n        \"sts:TagSession\",\n        \"sts:AssumeRole\"\n      ],\n      \"Principal\": {\n        \"Service\": \"eks.amazonaws.com\"\n      }\n    }\n  ]\n}",
            "minified_json": "{\"Version\":\"2012-10-17\",\"Statement\":[{\"Sid\":\"EKSClusterAssumeRole\",\"Effect\":\"Allow\",\"Action\":[\"sts:TagSession\",\"sts:AssumeRole\"],\"Principal\":{\"Service\":\"eks.amazonaws.com\"}}]}",
            "override_json": null,
            "override_policy_documents": null,
            "policy_id": null,
            "source_json": null,
            "source_policy_documents": null,
            "statement": [
              {
                "actions": [
                  "sts:AssumeRole",
                  "sts:TagSession"
                ],
                "condition": [],
                "effect": "Allow",
                "not_actions": [],
                "not_principals": [],
                "not_resources": [],
                "principals": [
                  {
                    "identifiers": [
                      "eks.amazonaws.com"
                    ],
                    "type": "Service"
                  }
                ],
                "resources": [],
                "sid": "EKSClusterAssumeRole"
              }
            ],
            "version": "2012-10-17"
          },
          "sensitive_attributes": []
        }
      ]
    },
    {
      "module": "module.eks.module.eks",
      "mode": "data",
      "type": "aws_iam_policy_document",
      "name": "cni_ipv6_policy",
      "provider": "provider[\"registry.terraform.io/hashicorp/aws\"]",
      "instances": []
    },
    {
      "module": "module.eks.module.eks",
      "mode": "data",
      "type": "aws_iam_policy_document",
      "name": "custom",
      "provider": "provider[\"registry.terraform.io/hashicorp/aws\"]",
      "instances": [
        {
          "index_key": 0,
          "schema_version": 0,
          "attributes": {
            "id": "513122117",
            "json": "{\n  \"Version\": \"2012-10-17\",\n  \"Statement\": [\n    {\n      \"Sid\": \"Compute\",\n      \"Effect\": \"Allow\",\n      \"Action\": [\n        \"ec2:RunInstances\",\n        \"ec2:CreateLaunchTemplate\",\n        \"ec2:CreateFleet\"\n      ],\n      \"Resource\": \"*\",\n      \"Condition\": {\n        \"StringEquals\": {\n          \"aws:RequestTag/eks:eks-cluster-name\": \"${aws:PrincipalTag/eks:eks-cluster-name}\"\n        },\n        \"StringLike\": {\n          \"aws:RequestTag/eks:kubernetes-node-class-name\": \"*\",\n          \"aws:RequestTag/eks:kubernetes-node-pool-name\": \"*\"\n        }\n      }\n    },\n    {\n      \"Sid\": \"Storage\",\n      \"Effect\": \"Allow\",\n      \"Action\": [\n        \"ec2:CreateVolume\",\n        \"ec2:CreateSnapshot\"\n      ],\n      \"Resource\": [\n        \"arn:aws:ec2:*:*:volume/*\",\n        \"arn:aws:ec2:*:*:snapshot/*\"\n      ],\n      \"Condition\": {\n        \"StringEquals\": {\n          \"aws:RequestTag/eks:eks-cluster-name\": \"${aws:PrincipalTag/eks:eks-cluster-name}\"\n        }\n      }\n    },\n    {\n      \"Sid\": \"Networking\",\n      \"Effect\": \"Allow\",\n      \"Action\": \"ec2:CreateNetworkInterface\",\n      \"Resource\": \"*\",\n      \"Condition\": {\n        \"StringEquals\": {\n          \"aws:RequestTag/eks:eks-cluster-name\": \"${aws:PrincipalTag/eks:eks-cluster-name}\",\n          \"aws:RequestTag/eks:kubernetes-cni-node-name\": \"*\"\n        }\n      }\n    },\n    {\n      \"Sid\": \"LoadBalancer\",\n      \"Effect\": \"Allow\",\n      \"Action\": [\n        \"elasticloadbalancing:CreateTargetGroup\",\n        \"elasticloadbalancing:CreateRule\",\n        \"elasticloadbalancing:CreateLoadBalancer\",\n        \"elasticloadbalancing:CreateListener\",\n        \"ec2:CreateSecurityGroup\"\n      ],\n      \"Resource\": \"*\",\n      \"Condition\": {\n        \"StringEquals\": {\n          \"aws:RequestTag/eks:eks-cluster-name\": \"${aws:PrincipalTag/eks:eks-cluster-name}\"\n        }\n      }\n    },\n    {\n      \"Sid\": \"ShieldProtection\",\n      \"Effect\": \"Allow\",\n      \"Action\": \"shield:CreateProtection\",\n      \"Resource\": \"*\",\n      \"Condition\": {\n        \"StringEquals\": {\n          \"aws:RequestTag/eks:eks-cluster-name\": \"${aws:PrincipalTag/eks:eks-cluster-name}\"\n        }\n      }\n    },\n    {\n      \"Sid\": \"ShieldTagResource\",\n      \"Effect\": \"Allow\",\n      \"Action\": \"shield:TagResource\",\n      \"Resource\": \"arn:aws:shield::*:protection/*\",\n      \"Condition\": {\n        \"StringEquals\": {\n          \"aws:RequestTag/eks:eks-cluster-name\": \"${aws:PrincipalTag/eks:eks-cluster-name}\"\n        }\n      }\n    }\n  ]\n}",
            "minified_json": "{\"Version\":\"2012-10-17\",\"Statement\":[{\"Sid\":\"Compute\",\"Effect\":\"Allow\",\"Action\":[\"ec2:RunInstances\",\"ec2:CreateLaunchTemplate\",\"ec2:CreateFleet\"],\"Resource\":\"*\",\"Condition\":{\"StringEquals\":{\"aws:RequestTag/eks:eks-cluster-name\":\"${aws:PrincipalTag/eks:eks-cluster-name}\"},\"StringLike\":{\"aws:RequestTag/eks:kubernetes-node-class-name\":\"*\",\"aws:RequestTag/eks:kubernetes-node-pool-name\":\"*\"}}},{\"Sid\":\"Storage\",\"Effect\":\"Allow\",\"Action\":[\"ec2:CreateVolume\",\"ec2:CreateSnapshot\"],\"Resource\":[\"arn:aws:ec2:*:*:volume/*\",\"arn:aws:ec2:*:*:snapshot/*\"],\"Condition\":{\"StringEquals\":{\"aws:RequestTag/eks:eks-cluster-name\":\"${aws:PrincipalTag/eks:eks-cluster-name}\"}}},{\"Sid\":\"Networking\",\"Effect\":\"Allow\",\"Action\":\"ec2:CreateNetworkInterface\",\"Resource\":\"*\",\"Condition\":{\"StringEquals\":{\"aws:RequestTag/eks:eks-cluster-name\":\"${aws:PrincipalTag/eks:eks-cluster-name}\",\"aws:RequestTag/eks:kubernetes-cni-node-name\":\"*\"}}},{\"Sid\":\"LoadBalancer\",\"Effect\":\"Allow\",\"Action\":[\"elasticloadbalancing:CreateTargetGroup\",\"elasticloadbalancing:CreateRule\",\"elasticloadbalancing:CreateLoadBalancer\",\"elasticloadbalancing:CreateListener\",\"ec2:CreateSecurityGroup\"],\"Resource\":\"*\",\"Condition\":{\"StringEquals\":{\"aws:RequestTag/eks:eks-cluster-name\":\"${aws:PrincipalTag/eks:eks-cluster-name}\"}}},{\"Sid\":\"ShieldProtection\",\"Effect\":\"Allow\",\"Action\":\"shield:CreateProtection\",\"Resource\":\"*\",\"Condition\":{\"StringEquals\":{\"aws:RequestTag/eks:eks-cluster-name\":\"${aws:PrincipalTag/eks:eks-cluster-name}\"}}},{\"Sid\":\"ShieldTagResource\",\"Effect\":\"Allow\",\"Action\":\"shield:TagResource\",\"Resource\":\"arn:aws:shield::*:protection/*\",\"Condition\":{\"StringEquals\":{\"aws:RequestTag/eks:eks-cluster-name\":\"${aws:PrincipalTag/eks:eks-cluster-name}\"}}}]}",
            "override_json": null,
            "override_policy_documents": null,
            "policy_id": null,
            "source_json": null,
            "source_policy_documents": null,
            "statement": [
              {
                "actions": [
                  "ec2:CreateFleet",
                  "ec2:CreateLaunchTemplate",
                  "ec2:RunInstances"
                ],
                "condition": [
                  {
                    "test": "StringEquals",
                    "values": [
                      "${aws:PrincipalTag/eks:eks-cluster-name}"
                    ],
                    "variable": "aws:RequestTag/eks:eks-cluster-name"
                  },
                  {
                    "test": "StringLike",
                    "values": [
                      "*"
                    ],
                    "variable": "aws:RequestTag/eks:kubernetes-node-class-name"
                  },
                  {
                    "test": "StringLike",
                    "values": [
                      "*"
                    ],
                    "variable": "aws:RequestTag/eks:kubernetes-node-pool-name"
                  }
                ],
                "effect": "Allow",
                "not_actions": [],
                "not_principals": [],
                "not_resources": [],
                "principals": [],
                "resources": [
                  "*"
                ],
                "sid": "Compute"
              },
              {
                "actions": [
                  "ec2:CreateSnapshot",
                  "ec2:CreateVolume"
                ],
                "condition": [
                  {
                    "test": "StringEquals",
                    "values": [
                      "${aws:PrincipalTag/eks:eks-cluster-name}"
                    ],
                    "variable": "aws:RequestTag/eks:eks-cluster-name"
                  }
                ],
                "effect": "Allow",
                "not_actions": [],
                "not_principals": [],
                "not_resources": [],
                "principals": [],
                "resources": [
                  "arn:aws:ec2:*:*:snapshot/*",
                  "arn:aws:ec2:*:*:volume/*"
                ],
                "sid": "Storage"
              },
              {
                "actions": [
                  "ec2:CreateNetworkInterface"
                ],
                "condition": [
                  {
                    "test": "StringEquals",
                    "values": [
                      "${aws:PrincipalTag/eks:eks-cluster-name}"
                    ],
                    "variable": "aws:RequestTag/eks:eks-cluster-name"
                  },
                  {
                    "test": "StringEquals",
                    "values": [
                      "*"
                    ],
                    "variable": "aws:RequestTag/eks:kubernetes-cni-node-name"
                  }
                ],
                "effect": "Allow",
                "not_actions": [],
                "not_principals": [],
                "not_resources": [],
                "principals": [],
                "resources": [
                  "*"
                ],
                "sid": "Networking"
              },
              {
                "actions": [
                  "ec2:CreateSecurityGroup",
                  "elasticloadbalancing:CreateListener",
                  "elasticloadbalancing:CreateLoadBalancer",
                  "elasticloadbalancing:CreateRule",
                  "elasticloadbalancing:CreateTargetGroup"
                ],
                "condition": [
                  {
                    "test": "StringEquals",
                    "values": [
                      "${aws:PrincipalTag/eks:eks-cluster-name}"
                    ],
                    "variable": "aws:RequestTag/eks:eks-cluster-name"
                  }
                ],
                "effect": "Allow",
                "not_actions": [],
                "not_principals": [],
                "not_resources": [],
                "principals": [],
                "resources": [
                  "*"
                ],
                "sid": "LoadBalancer"
              },
              {
                "actions": [
                  "shield:CreateProtection"
                ],
                "condition": [
                  {
                    "test": "StringEquals",
                    "values": [
                      "${aws:PrincipalTag/eks:eks-cluster-name}"
                    ],
                    "variable": "aws:RequestTag/eks:eks-cluster-name"
                  }
                ],
                "effect": "Allow",
                "not_actions": [],
                "not_principals": [],
                "not_resources": [],
                "principals": [],
                "resources": [
                  "*"
                ],
                "sid": "ShieldProtection"
              },
              {
                "actions": [
                  "shield:TagResource"
                ],
                "condition": [
                  {
                    "test": "StringEquals",
                    "values": [
                      "${aws:PrincipalTag/eks:eks-cluster-name}"
                    ],
                    "variable": "aws:RequestTag/eks:eks-cluster-name"
                  }
                ],
                "effect": "Allow",
                "not_actions": [],
                "not_principals": [],
                "not_resources": [],
                "principals": [],
                "resources": [
                  "arn:aws:shield::*:protection/*"
                ],
                "sid": "ShieldTagResource"
              }
            ],
            "version": "2012-10-17"
          },
          "sensitive_attributes": []
        }
      ]
    },
    {
      "module": "module.eks.module.eks",
      "mode": "data",
      "type": "aws_iam_policy_document",
      "name": "node_assume_role_policy",
      "provider": "provider[\"registry.terraform.io/hashicorp/aws\"]",
      "instances": []
    },
    {
      "module": "module.eks.module.eks",
      "mode": "data",
      "type": "aws_iam_session_context",
      "name": "current",
      "provider": "provider[\"registry.terraform.io/hashicorp/aws\"]",
      "instances": [
        {
          "index_key": 0,
          "schema_version": 0,
          "attributes": {
            "arn": "arn:aws:sts::986323537898:assumed-role/AWSReservedSSO_AdministratorAccess_0dad5e4ab7a9f2bd/Ibrahim",
            "id": "arn:aws:sts::986323537898:assumed-role/AWSReservedSSO_AdministratorAccess_0dad5e4ab7a9f2bd/Ibrahim",
            "issuer_arn": "arn:aws:iam::986323537898:role/aws-reserved/sso.amazonaws.com/AWSReservedSSO_AdministratorAccess_0dad5e4ab7a9f2bd",
            "issuer_id": "AROA6LJLWZ7VIZ7O2G6L4",
            "issuer_name": "AWSReservedSSO_AdministratorAccess_0dad5e4ab7a9f2bd",
            "session_name": "Ibrahim"
          },
          "sensitive_attributes": []
        }
      ]
    },
    {
      "module": "module.eks.module.eks",
      "mode": "data",
      "type": "aws_partition",
      "name": "current",
      "provider": "provider[\"registry.terraform.io/hashicorp/aws\"]",
      "instances": [
        {
          "index_key": 0,
          "schema_version": 0,
          "attributes": {
            "dns_suffix": "amazonaws.com",
            "id": "aws",
            "partition": "aws",
            "reverse_dns_prefix": "com.amazonaws"
          },
          "sensitive_attributes": []
        }
      ]
    },
    {
      "module": "module.eks.module.eks",
      "mode": "data",
      "type": "tls_certificate",
      "name": "this",
      "provider": "provider[\"registry.terraform.io/hashicorp/tls\"]",
      "instances": [
        {
          "index_key": 0,
          "schema_version": 0,
          "attributes": {
            "certificates": [
              {
                "cert_pem": "-----BEGIN CERTIFICATE-----\nMIIEdTCCA12gAwIBAgIJAKcOSkw0grd/MA0GCSqGSIb3DQEBCwUAMGgxCzAJBgNV\nBAYTAlVTMSUwIwYDVQQKExxTdGFyZmllbGQgVGVjaG5vbG9naWVzLCBJbmMuMTIw\nMAYDVQQLEylTdGFyZmllbGQgQ2xhc3MgMiBDZXJ0aWZpY2F0aW9uIEF1dGhvcml0\neTAeFw0wOTA5MDIwMDAwMDBaFw0zNDA2MjgxNzM5MTZaMIGYMQswCQYDVQQGEwJV\nUzEQMA4GA1UECBMHQXJpem9uYTETMBEGA1UEBxMKU2NvdHRzZGFsZTElMCMGA1UE\nChMcU3RhcmZpZWxkIFRlY2hub2xvZ2llcywgSW5jLjE7MDkGA1UEAxMyU3RhcmZp\nZWxkIFNlcnZpY2VzIFJvb3QgQ2VydGlmaWNhdGUgQXV0aG9yaXR5IC0gRzIwggEi\nMA0GCSqGSIb3DQEBAQUAA4IBDwAwggEKAoIBAQDVDDrEKvlO4vW+GZdfjohTsR8/\ny8+fIBNtKTrID30892t2OGPZNmCom15cAICyL1l/9of5JUOG52kbUpqQ4XHj2C0N\nTm/2yEnZtvMaVq4rtnQU68/7JuMauh2WLmo7WJSJR1b/JaCTcFOD2oR0FMNnngRo\nOt+OQFodSk7PQ5E751bWAHDLUu57fa4657wx+UX2wmDPE1kCK4DMNEffud6QZW0C\nzyyRpqbn3oUYSXxmTqM6bam17jQuug0DuDPfR+uxa40l2ZvOgdFFRjKWcIfeAg5J\nQ4W2bHO7ZOphQazJ1FTfhy/HIrImzJ9ZVGif/L4qL8RVHHVAYBeFAlU5i38FAgMB\nAAGjgfAwge0wDwYDVR0TAQH/BAUwAwEB/zAOBgNVHQ8BAf8EBAMCAYYwHQYDVR0O\nBBYEFJxfAN+qAdcwKziIorhtSpzyEZGDMB8GA1UdIwQYMBaAFL9ft9HO3R+G9FtV\nrNzXEMIOqYjnME8GCCsGAQUFBwEBBEMwQTAcBggrBgEFBQcwAYYQaHR0cDovL28u\nc3MyLnVzLzAhBggrBgEFBQcwAoYVaHR0cDovL3guc3MyLnVzL3guY2VyMCYGA1Ud\nHwQfMB0wG6AZoBeGFWh0dHA6Ly9zLnNzMi51cy9yLmNybDARBgNVHSAECjAIMAYG\nBFUdIAAwDQYJKoZIhvcNAQELBQADggEBACMd44pXyn3pF3lM8R5V/cxTbj5HD9/G\nVfKyBDbtgB9TxF00KGu+x1X8Z+rLP3+QsjPNG1gQggL4+C/1E2DUBc7xgQjB3ad1\nl08YuW3e95ORCLp+QCztweq7dp4zBncdDQh/U90bZKuCJ/Fp1U1ervShw3WnWEQt\n8jxwmKy6abaVd38PMV4s/KCHOkdp8Hlf9BRUpJVeEXgSYCfOn8J3/yNTd126/+pZ\n59vPr5KW7ySaNRB6nJHGDn2Z9j8Z3/VyVOEVqQdZe4O/Ui5GjLIAZHYcSNPYeehu\nVsyuLAOQ1xk4meTKCRlb/weWsKh/NEnfVqn3sF/tM+2MR7cwA130A4w=\n-----END CERTIFICATE-----\n",
                "is_ca": true,
                "issuer": "OU=Starfield Class 2 Certification Authority,O=Starfield Technologies\\, Inc.,C=US",
                "not_after": "2034-06-28T17:39:16Z",
                "not_before": "2009-09-02T00:00:00Z",
                "public_key_algorithm": "RSA",
                "serial_number": "12037640545166866303",
                "sha1_fingerprint": "9e99a48a9960b14926bb7f3b02e22da2b0ab7280",
                "signature_algorithm": "SHA256-RSA",
                "subject": "CN=Starfield Services Root Certificate Authority - G2,O=Starfield Technologies\\, Inc.,L=Scottsdale,ST=Arizona,C=US",
                "version": 3
              },
              {
                "cert_pem": "-----BEGIN CERTIFICATE-----\nMIIEkjCCA3qgAwIBAgITBn+USionzfP6wq4rAfkI7rnExjANBgkqhkiG9w0BAQsF\nADCBmDELMAkGA1UEBhMCVVMxEDAOBgNVBAgTB0FyaXpvbmExEzARBgNVBAcTClNj\nb3R0c2RhbGUxJTAjBgNVBAoTHFN0YXJmaWVsZCBUZWNobm9sb2dpZXMsIEluYy4x\nOzA5BgNVBAMTMlN0YXJmaWVsZCBTZXJ2aWNlcyBSb290IENlcnRpZmljYXRlIEF1\ndGhvcml0eSAtIEcyMB4XDTE1MDUyNTEyMDAwMFoXDTM3MTIzMTAxMDAwMFowOTEL\nMAkGA1UEBhMCVVMxDzANBgNVBAoTBkFtYXpvbjEZMBcGA1UEAxMQQW1hem9uIFJv\nb3QgQ0EgMTCCASIwDQYJKoZIhvcNAQEBBQADggEPADCCAQoCggEBALJ4gHHKeNXj\nca9HgFB0fW7Y14h29Jlo91ghYPl0hAEvrAIthtOgQ3pOsqTQNroBvo3bSMgHFzZM\n9O6II8c+6zf1tRn4SWiw3te5djgdYZ6k/oI2peVKVuRF4fn9tBb6dNqcmzU5L/qw\nIFAGbHrQgLKm+a/sRxmPUDgH3KKHOVj4utWp+UhnMJbulHheb4mjUcAwhmahRWa6\nVOujw5H5SNz/0egwLX0tdHA114gk957EWW67c4cX8jJGKLhD+rcdqsq08p8kDi1L\n93FcXmn/6pUCyziKrlA4b9v7LWIbxcceVOF34GfID5yHI9Y/QCB/IIDEgEw+OyQm\njgSubJrIqg0CAwEAAaOCATEwggEtMA8GA1UdEwEB/wQFMAMBAf8wDgYDVR0PAQH/\nBAQDAgGGMB0GA1UdDgQWBBSEGMyFNOy8DJSULghZnMeyEE4KCDAfBgNVHSMEGDAW\ngBScXwDfqgHXMCs4iKK4bUqc8hGRgzB4BggrBgEFBQcBAQRsMGowLgYIKwYBBQUH\nMAGGImh0dHA6Ly9vY3NwLnJvb3RnMi5hbWF6b250cnVzdC5jb20wOAYIKwYBBQUH\nMAKGLGh0dHA6Ly9jcnQucm9vdGcyLmFtYXpvbnRydXN0LmNvbS9yb290ZzIuY2Vy\nMD0GA1UdHwQ2MDQwMqAwoC6GLGh0dHA6Ly9jcmwucm9vdGcyLmFtYXpvbnRydXN0\nLmNvbS9yb290ZzIuY3JsMBEGA1UdIAQKMAgwBgYEVR0gADANBgkqhkiG9w0BAQsF\nAAOCAQEAYjdCXLwQtT6LLOkMm2xF4gcAevnFWAu5CIw+7bMlPLVvUOTNNWqnkzSW\nMiGpSESrnO09tKpzbeR/FoCJbM8oAxiDR3mjEH4wW6w7sGDgd9QIpuEdfF7Au/ma\neyKdpwAJfqxGF4PcnCZXmTA5YpaP7dreqsXMGz7KQ2hsVxa81Q4gLv7/wmpdLqBK\nbRRYh5TmOTFffHPLkIhqhBGWJ6bt2YFGpn6jcgAKUj6DiAdjd4lpFw85hdKrCEVN\n0FE6/V1dN2RMfjCyVSRCnTawXZwXgWHxyvkQAiSr6w10kY17RSlQOYiypok1JR4U\nakcjMS9cmvqtmg5iUaQqqcT5NJ0hGA==\n-----END CERTIFICATE-----\n",
                "is_ca": true,
                "issuer": "CN=Starfield Services Root Certificate Authority - G2,O=Starfield Technologies\\, Inc.,L=Scottsdale,ST=Arizona,C=US",
                "not_after": "2037-12-31T01:00:00Z",
                "not_before": "2015-05-25T12:00:00Z",
                "public_key_algorithm": "RSA",
                "serial_number": "144918191876577076464031512351042010504348870",
                "sha1_fingerprint": "06b25927c42a721631c1efd9431e648fa62e1e39",
                "signature_algorithm": "SHA256-RSA",
                "subject": "CN=Amazon Root CA 1,O=Amazon,C=US",
                "version": 3
              },
              {
                "cert_pem": "-----BEGIN CERTIFICATE-----\nMIIEXjCCA0agAwIBAgITB3MSTNQG0mfAmRzdKZqfODF5hTANBgkqhkiG9w0BAQsF\nADA5MQswCQYDVQQGEwJVUzEPMA0GA1UEChMGQW1hem9uMRkwFwYDVQQDExBBbWF6\nb24gUm9vdCBDQSAxMB4XDTIyMDgyMzIyMjYwNFoXDTMwMDgyMzIyMjYwNFowPDEL\nMAkGA1UEBhMCVVMxDzANBgNVBAoTBkFtYXpvbjEcMBoGA1UEAxMTQW1hem9uIFJT\nQSAyMDQ4IE0wMzCCASIwDQYJKoZIhvcNAQEBBQADggEPADCCAQoCggEBALd/pVko\n8vuM475Tf45HV3BbCl/B9Jy89G1CRkFjcPY06WA9lS+7dWbUA7GtWUKoksr69hKM\nwcMsNpxlw7b3jeXFgxB09/nmalcAWtnLzF+LaDKEA5DQmvKzuh1nfIfqEiKCQSmX\nXh09Xs+dO7cm5qbaL2hhNJCSAejciwcvOFgFNgEMR42wm6KIFHsQW28jhA+1u/M0\np6fVwReuEgZfLfdx82Px0LJck3lST3EB/JfbdsdOzzzg5YkY1dfuqf8y5fUeZ7Cz\nWXbTjujwX/TovmeWKA36VLCz75azW6tDNuDn66FOpADZZ9omVaF6BqNJiLMVl6P3\n/c0OiUMC6Z5OfKcCAwEAAaOCAVowggFWMBIGA1UdEwEB/wQIMAYBAf8CAQAwDgYD\nVR0PAQH/BAQDAgGGMB0GA1UdJQQWMBQGCCsGAQUFBwMBBggrBgEFBQcDAjAdBgNV\nHQ4EFgQUVdkYX9IczAHhWLS+q9lVQgHXLgIwHwYDVR0jBBgwFoAUhBjMhTTsvAyU\nlC4IWZzHshBOCggwewYIKwYBBQUHAQEEbzBtMC8GCCsGAQUFBzABhiNodHRwOi8v\nb2NzcC5yb290Y2ExLmFtYXpvbnRydXN0LmNvbTA6BggrBgEFBQcwAoYuaHR0cDov\nL2NydC5yb290Y2ExLmFtYXpvbnRydXN0LmNvbS9yb290Y2ExLmNlcjA/BgNVHR8E\nODA2MDSgMqAwhi5odHRwOi8vY3JsLnJvb3RjYTEuYW1hem9udHJ1c3QuY29tL3Jv\nb3RjYTEuY3JsMBMGA1UdIAQMMAowCAYGZ4EMAQIBMA0GCSqGSIb3DQEBCwUAA4IB\nAQAGjeWm2cC+3z2MzSCnte46/7JZvj3iQZDY7EvODNdZF41n71Lrk9kbfNwerK0d\nVNzW36Wefr7j7ZSwBVg50W5ay65jNSN74TTQV1yt4WnSbVvN6KlMs1hiyOZdoHKs\nKDV2UGNxbdoBYCQNa2GYF8FQIWLugNp35aSOpMy6cFlymFQomIrnOQHwK1nvVY4q\nxDSJMU/gNJz17D8ArPN3ngnyZ2TwepJ0uBINz3G5te2rdFUF4i4Y3Bb7FUlHDYm4\nu8aIRGpk2ZpfXmxaoxnbIBZRvGLPSUuPwnwoUOMsJ8jirI5vs2dvchPb7MtI1rle\ni02f2ivH2vxkjDLltSpe2fiC\n-----END CERTIFICATE-----\n",
                "is_ca": true,
                "issuer": "CN=Amazon Root CA 1,O=Amazon,C=US",
                "not_after": "2030-08-23T22:26:04Z",
                "not_before": "2022-08-23T22:26:04Z",
                "public_key_algorithm": "RSA",
                "serial_number": "166129356476704345391986644047206454194698629",
                "sha1_fingerprint": "d9fe0a65fa00cabf61f5120d373a8135e1461f15",
                "signature_algorithm": "SHA256-RSA",
                "subject": "CN=Amazon RSA 2048 M03,O=Amazon,C=US",
                "version": 3
              },
              {
                "cert_pem": "-----BEGIN CERTIFICATE-----\nMIIF5zCCBM+gAwIBAgIQB8/B5LYdWaaSLNb9DZLprTANBgkqhkiG9w0BAQsFADA8\nMQswCQYDVQQGEwJVUzEPMA0GA1UEChMGQW1hem9uMRwwGgYDVQQDExNBbWF6b24g\nUlNBIDIwNDggTTAzMB4XDTI1MDIyNjAwMDAwMFoXDTI2MDMyNzIzNTk1OVowKDEm\nMCQGA1UEAwwdKi5la3MudXMtZWFzdC0xLmFtYXpvbmF3cy5jb20wggEiMA0GCSqG\nSIb3DQEBAQUAA4IBDwAwggEKAoIBAQCoHWcgrIv/D6CxSXSxAq0GuOPoCJqnVz6U\nMhp1YLE9OZs3jH8EfYlNpGtqOtLa1vZb8Lp4CZdATHTj1SoK01MwmXXIDm2Jj+Km\niQvZ0BBe5xroDWvf3r/LWG/WMkRtR4F+qPb9pVYlM9N3WZdSAKfTQTowGxebugLc\nM/+ZLvAxxdtaXK+LID6JRKRa2BIRHcfILiNJo7vIS/I+DOqXn9Rb0VFnkpYpGE+k\nm47kVkFFsToior7zlAwPv6VWsm+zZV9zNnCpu9FpJ3vkZE9OGHS6aChtSya2Qpyr\njyF98KIFTQ+FKtDZHf9XLHmV5v/IP2bWk7lzmPYW4PwcPhDUmC9PAgMBAAGjggL3\nMIIC8zAfBgNVHSMEGDAWgBRV2Rhf0hzMAeFYtL6r2VVCAdcuAjAdBgNVHQ4EFgQU\n6mCbzMC1FaJuw7tKpv7muQZDZrowKAYDVR0RBCEwH4IdKi5la3MudXMtZWFzdC0x\nLmFtYXpvbmF3cy5jb20wEwYDVR0gBAwwCjAIBgZngQwBAgEwDgYDVR0PAQH/BAQD\nAgWgMB0GA1UdJQQWMBQGCCsGAQUFBwMBBggrBgEFBQcDAjA7BgNVHR8ENDAyMDCg\nLqAshipodHRwOi8vY3JsLnIybTAzLmFtYXpvbnRydXN0LmNvbS9yMm0wMy5jcmww\ndQYIKwYBBQUHAQEEaTBnMC0GCCsGAQUFBzABhiFodHRwOi8vb2NzcC5yMm0wMy5h\nbWF6b250cnVzdC5jb20wNgYIKwYBBQUHMAKGKmh0dHA6Ly9jcnQucjJtMDMuYW1h\nem9udHJ1c3QuY29tL3IybTAzLmNlcjAMBgNVHRMBAf8EAjAAMIIBfwYKKwYBBAHW\neQIEAgSCAW8EggFrAWkAdgAOV5S8866pPjMbLJkHs/eQ35vCPXEyJd0hqSWsYcVO\nIQAAAZVBW4SGAAAEAwBHMEUCIQC+CghIdRNpEnK+JGxaeHOel/pYJSUsog1eklre\nLGmoTwIgAj1vm4d6u/93S7GVfw7qotajiMfgHeEf7lANQf0mxf4AdgBkEcRspBLs\np4kcogIuALyrTygH1B41J6vq/tUDyX3N8AAAAZVBW4Q1AAAEAwBHMEUCIAYyeDIv\nJD1IhUkb1E59cbCwTcAYChrSArEZOOAib3dJAiEAix8XjjqXhMNuji/u2fzLxeZ7\nc5PCtDHWx3Ky7QYBfCUAdwBJnJtp3h187Pw23s2HZKa4W68Kh4AZ0VVS++nrKd34\nwwAAAZVBW4RMAAAEAwBIMEYCIQCsj67XcK6jtETNJEPTYPaFqJOMlNtM0TeJwGhm\nBc81sQIhAJoirhaQzC4ydAzLvjpVqKYyuqLktiHkTqFq8IGxBAkIMA0GCSqGSIb3\nDQEBCwUAA4IBAQAjjE2au5fdV/DrlD3e5zZ5hTB4CicIARTWvJQ6EsQm/vbXPoUY\nSHRZkOodq0AJWEC/RImGu8bnVY8RzGsELkMzI4A8UxdlH2YGP8obg6MfP6yGZaHM\nnS4wLX05EnmrABaoRB/apt7tE4w+yRa7QoxUgiTPpFzaQVv1mTcGaWMG55U8tPg7\nLXm539O4OBukbP8HNvjBZ8+N0RYrtG0u0M4FMX1hMKG0bkjJiU6MVZfGJWcgp7I4\nbd5cj5SfE1EHL70P7ELaocXjnWKbys9Mc870aoRXVfAC4bZWU6F9Ke3O7ioXXd5L\n0mKQwrjkiglpYaXc247Qi8IUCdk6s13xHJ4e\n-----END CERTIFICATE-----\n",
                "is_ca": false,
                "issuer": "CN=Amazon RSA 2048 M03,O=Amazon,C=US",
                "not_after": "2026-03-27T23:59:59Z",
                "not_before": "2025-02-26T00:00:00Z",
                "public_key_algorithm": "RSA",
                "serial_number": "10383334045647432453656403708671617453",
                "sha1_fingerprint": "63462dda480d8b900e0a7dbfaf6238a62ba4fce0",
                "signature_algorithm": "SHA256-RSA",
                "subject": "CN=*.eks.us-east-1.amazonaws.com",
                "version": 3
              }
            ],
            "content": null,
            "id": "922877a0975ad078a65b8ff11ebc47b8311945c7",
            "url": "https://oidc.eks.us-east-1.amazonaws.com/id/1D15F083F0D510D950F216D58A662592",
            "verify_chain": true
          },
          "sensitive_attributes": []
        }
      ]
    },
    {
      "module": "module.eks.module.eks",
      "mode": "managed",
      "type": "aws_cloudwatch_log_group",
      "name": "this",
      "provider": "provider[\"registry.terraform.io/hashicorp/aws\"]",
      "instances": [
        {
          "index_key": 0,
          "schema_version": 0,
          "attributes": {
            "arn": "arn:aws:logs:us-east-1:986323537898:log-group:/aws/eks/dev-us-east-1-eks-cluster/cluster",
            "id": "/aws/eks/dev-us-east-1-eks-cluster/cluster",
            "kms_key_id": "",
            "log_group_class": "STANDARD",
            "name": "/aws/eks/dev-us-east-1-eks-cluster/cluster",
            "name_prefix": "",
            "retention_in_days": 90,
            "skip_destroy": false,
            "tags": {
              "Environment": "dev",
              "Name": "/aws/eks/dev-us-east-1-eks-cluster/cluster",
              "Terraform": "true"
            },
            "tags_all": {
              "Environment": "dev",
              "Name": "/aws/eks/dev-us-east-1-eks-cluster/cluster",
              "Terraform": "true"
            }
          },
          "sensitive_attributes": [],
          "private": "bnVsbA==",
          "create_before_destroy": true
        }
      ]
    },
    {
      "module": "module.eks.module.eks",
      "mode": "managed",
      "type": "aws_ec2_tag",
      "name": "cluster_primary_security_group",
      "provider": "provider[\"registry.terraform.io/hashicorp/aws\"]",
      "instances": [
        {
          "index_key": "Environment",
          "schema_version": 0,
          "attributes": {
            "id": "sg-0b2a8810a9a150565,Environment",
            "key": "Environment",
            "resource_id": "sg-0b2a8810a9a150565",
            "value": "dev"
          },
          "sensitive_attributes": [],
          "private": "bnVsbA==",
          "dependencies": [
            "module.eks.module.eks.aws_cloudwatch_log_group.this",
            "module.eks.module.eks.aws_eks_cluster.this",
            "module.eks.module.eks.aws_iam_policy.cni_ipv6_policy",
            "module.eks.module.eks.aws_iam_role.eks_auto",
            "module.eks.module.eks.aws_iam_role.this",
            "module.eks.module.eks.aws_iam_role_policy_attachment.this",
            "module.eks.module.eks.aws_security_group.cluster",
            "module.eks.module.eks.aws_security_group.node",
            "module.eks.module.eks.aws_security_group_rule.cluster",
            "module.eks.module.eks.aws_security_group_rule.node",
            "module.eks.module.eks.data.aws_caller_identity.current",
            "module.eks.module.eks.data.aws_iam_policy_document.assume_role_policy",
            "module.eks.module.eks.data.aws_iam_policy_document.cni_ipv6_policy",
            "module.eks.module.eks.data.aws_iam_policy_document.node_assume_role_policy",
            "module.eks.module.eks.data.aws_iam_session_context.current",
            "module.eks.module.eks.data.aws_partition.current",
            "module.eks.module.eks.module.kms.aws_kms_external_key.this",
            "module.eks.module.eks.module.kms.aws_kms_key.this",
            "module.eks.module.eks.module.kms.aws_kms_replica_external_key.this",
            "module.eks.module.eks.module.kms.aws_kms_replica_key.this",
            "module.eks.module.eks.module.kms.data.aws_caller_identity.current",
            "module.eks.module.eks.module.kms.data.aws_iam_policy_document.this",
            "module.eks.module.eks.module.kms.data.aws_partition.current",
            "module.network.data.aws_availability_zones.available",
            "module.network.module.vpc.aws_subnet.private",
            "module.network.module.vpc.aws_vpc.this",
            "module.network.module.vpc.aws_vpc_ipv4_cidr_block_association.this"
          ]
        },
        {
          "index_key": "Terraform",
          "schema_version": 0,
          "attributes": {
            "id": "sg-0b2a8810a9a150565,Terraform",
            "key": "Terraform",
            "resource_id": "sg-0b2a8810a9a150565",
            "value": "true"
          },
          "sensitive_attributes": [],
          "private": "bnVsbA==",
          "dependencies": [
            "module.eks.module.eks.aws_cloudwatch_log_group.this",
            "module.eks.module.eks.aws_eks_cluster.this",
            "module.eks.module.eks.aws_iam_policy.cni_ipv6_policy",
            "module.eks.module.eks.aws_iam_role.eks_auto",
            "module.eks.module.eks.aws_iam_role.this",
            "module.eks.module.eks.aws_iam_role_policy_attachment.this",
            "module.eks.module.eks.aws_security_group.cluster",
            "module.eks.module.eks.aws_security_group.node",
            "module.eks.module.eks.aws_security_group_rule.cluster",
            "module.eks.module.eks.aws_security_group_rule.node",
            "module.eks.module.eks.data.aws_caller_identity.current",
            "module.eks.module.eks.data.aws_iam_policy_document.assume_role_policy",
            "module.eks.module.eks.data.aws_iam_policy_document.cni_ipv6_policy",
            "module.eks.module.eks.data.aws_iam_policy_document.node_assume_role_policy",
            "module.eks.module.eks.data.aws_iam_session_context.current",
            "module.eks.module.eks.data.aws_partition.current",
            "module.eks.module.eks.module.kms.aws_kms_external_key.this",
            "module.eks.module.eks.module.kms.aws_kms_key.this",
            "module.eks.module.eks.module.kms.aws_kms_replica_external_key.this",
            "module.eks.module.eks.module.kms.aws_kms_replica_key.this",
            "module.eks.module.eks.module.kms.data.aws_caller_identity.current",
            "module.eks.module.eks.module.kms.data.aws_iam_policy_document.this",
            "module.eks.module.eks.module.kms.data.aws_partition.current",
            "module.network.data.aws_availability_zones.available",
            "module.network.module.vpc.aws_subnet.private",
            "module.network.module.vpc.aws_vpc.this",
            "module.network.module.vpc.aws_vpc_ipv4_cidr_block_association.this"
          ]
        }
      ]
    },
    {
      "module": "module.eks.module.eks",
      "mode": "managed",
      "type": "aws_eks_access_entry",
      "name": "this",
      "provider": "provider[\"registry.terraform.io/hashicorp/aws\"]",
      "instances": [
        {
          "index_key": "cluster_creator",
          "schema_version": 0,
          "attributes": {
            "access_entry_arn": "arn:aws:eks:us-east-1:986323537898:access-entry/dev-us-east-1-eks-cluster/role/986323537898/AWSReservedSSO_AdministratorAccess_0dad5e4ab7a9f2bd/5acb656b-a150-cb73-8166-160902df43c1",
            "cluster_name": "dev-us-east-1-eks-cluster",
            "created_at": "2025-05-13T18:10:27Z",
            "id": "dev-us-east-1-eks-cluster:arn:aws:iam::986323537898:role/aws-reserved/sso.amazonaws.com/AWSReservedSSO_AdministratorAccess_0dad5e4ab7a9f2bd",
            "kubernetes_groups": [],
            "modified_at": "2025-05-13T18:10:27Z",
            "principal_arn": "arn:aws:iam::986323537898:role/aws-reserved/sso.amazonaws.com/AWSReservedSSO_AdministratorAccess_0dad5e4ab7a9f2bd",
            "tags": {
              "Environment": "dev",
              "Terraform": "true"
            },
            "tags_all": {
              "Environment": "dev",
              "Terraform": "true"
            },
            "timeouts": null,
            "type": "STANDARD",
            "user_name": "arn:aws:sts::986323537898:assumed-role/AWSReservedSSO_AdministratorAccess_0dad5e4ab7a9f2bd/{{SessionName}}"
          },
          "sensitive_attributes": [],
          "private": "eyJlMmJmYjczMC1lY2FhLTExZTYtOGY4OC0zNDM2M2JjN2M0YzAiOnsiY3JlYXRlIjo2MDAwMDAwMDAwMDAsImRlbGV0ZSI6NjAwMDAwMDAwMDAwfX0=",
          "dependencies": [
            "module.eks.module.eks.aws_cloudwatch_log_group.this",
            "module.eks.module.eks.aws_eks_cluster.this",
            "module.eks.module.eks.aws_iam_policy.cni_ipv6_policy",
            "module.eks.module.eks.aws_iam_role.eks_auto",
            "module.eks.module.eks.aws_iam_role.this",
            "module.eks.module.eks.aws_iam_role_policy_attachment.this",
            "module.eks.module.eks.aws_security_group.cluster",
            "module.eks.module.eks.aws_security_group.node",
            "module.eks.module.eks.aws_security_group_rule.cluster",
            "module.eks.module.eks.aws_security_group_rule.node",
            "module.eks.module.eks.data.aws_caller_identity.current",
            "module.eks.module.eks.data.aws_iam_policy_document.assume_role_policy",
            "module.eks.module.eks.data.aws_iam_policy_document.cni_ipv6_policy",
            "module.eks.module.eks.data.aws_iam_policy_document.node_assume_role_policy",
            "module.eks.module.eks.data.aws_iam_session_context.current",
            "module.eks.module.eks.data.aws_partition.current",
            "module.eks.module.eks.module.kms.aws_kms_external_key.this",
            "module.eks.module.eks.module.kms.aws_kms_key.this",
            "module.eks.module.eks.module.kms.aws_kms_replica_external_key.this",
            "module.eks.module.eks.module.kms.aws_kms_replica_key.this",
            "module.eks.module.eks.module.kms.data.aws_caller_identity.current",
            "module.eks.module.eks.module.kms.data.aws_iam_policy_document.this",
            "module.eks.module.eks.module.kms.data.aws_partition.current",
            "module.network.data.aws_availability_zones.available",
            "module.network.module.vpc.aws_subnet.private",
            "module.network.module.vpc.aws_vpc.this",
            "module.network.module.vpc.aws_vpc_ipv4_cidr_block_association.this"
          ]
        }
      ]
    },
    {
      "module": "module.eks.module.eks",
      "mode": "managed",
      "type": "aws_eks_access_policy_association",
      "name": "this",
      "provider": "provider[\"registry.terraform.io/hashicorp/aws\"]",
      "instances": [
        {
          "index_key": "cluster_creator_admin",
          "schema_version": 0,
          "attributes": {
            "access_scope": [
              {
                "namespaces": [],
                "type": "cluster"
              }
            ],
            "associated_at": "2025-05-13 18:10:28.301 +0000 UTC",
            "cluster_name": "dev-us-east-1-eks-cluster",
            "id": "dev-us-east-1-eks-cluster#arn:aws:iam::986323537898:role/aws-reserved/sso.amazonaws.com/AWSReservedSSO_AdministratorAccess_0dad5e4ab7a9f2bd#arn:aws:eks::aws:cluster-access-policy/AmazonEKSClusterAdminPolicy",
            "modified_at": "2025-05-13 18:10:28.301 +0000 UTC",
            "policy_arn": "arn:aws:eks::aws:cluster-access-policy/AmazonEKSClusterAdminPolicy",
            "principal_arn": "arn:aws:iam::986323537898:role/aws-reserved/sso.amazonaws.com/AWSReservedSSO_AdministratorAccess_0dad5e4ab7a9f2bd",
            "timeouts": null
          },
          "sensitive_attributes": [],
          "private": "eyJlMmJmYjczMC1lY2FhLTExZTYtOGY4OC0zNDM2M2JjN2M0YzAiOnsiY3JlYXRlIjo2MDAwMDAwMDAwMDAsImRlbGV0ZSI6NjAwMDAwMDAwMDAwfX0=",
          "dependencies": [
            "module.eks.module.eks.aws_cloudwatch_log_group.this",
            "module.eks.module.eks.aws_eks_access_entry.this",
            "module.eks.module.eks.aws_eks_cluster.this",
            "module.eks.module.eks.aws_iam_policy.cni_ipv6_policy",
            "module.eks.module.eks.aws_iam_role.eks_auto",
            "module.eks.module.eks.aws_iam_role.this",
            "module.eks.module.eks.aws_iam_role_policy_attachment.this",
            "module.eks.module.eks.aws_security_group.cluster",
            "module.eks.module.eks.aws_security_group.node",
            "module.eks.module.eks.aws_security_group_rule.cluster",
            "module.eks.module.eks.aws_security_group_rule.node",
            "module.eks.module.eks.data.aws_caller_identity.current",
            "module.eks.module.eks.data.aws_iam_policy_document.assume_role_policy",
            "module.eks.module.eks.data.aws_iam_policy_document.cni_ipv6_policy",
            "module.eks.module.eks.data.aws_iam_policy_document.node_assume_role_policy",
            "module.eks.module.eks.data.aws_iam_session_context.current",
            "module.eks.module.eks.data.aws_partition.current",
            "module.eks.module.eks.module.kms.aws_kms_external_key.this",
            "module.eks.module.eks.module.kms.aws_kms_key.this",
            "module.eks.module.eks.module.kms.aws_kms_replica_external_key.this",
            "module.eks.module.eks.module.kms.aws_kms_replica_key.this",
            "module.eks.module.eks.module.kms.data.aws_caller_identity.current",
            "module.eks.module.eks.module.kms.data.aws_iam_policy_document.this",
            "module.eks.module.eks.module.kms.data.aws_partition.current",
            "module.network.data.aws_availability_zones.available",
            "module.network.module.vpc.aws_subnet.private",
            "module.network.module.vpc.aws_vpc.this",
            "module.network.module.vpc.aws_vpc_ipv4_cidr_block_association.this"
          ]
        }
      ]
    },
    {
      "module": "module.eks.module.eks",
      "mode": "managed",
      "type": "aws_eks_addon",
      "name": "before_compute",
      "provider": "provider[\"registry.terraform.io/hashicorp/aws\"]",
      "instances": [
        {
          "index_key": "eks-pod-identity-agent",
          "schema_version": 0,
          "attributes": {
            "addon_name": "eks-pod-identity-agent",
            "addon_version": "v1.3.5-eksbuild.2",
            "arn": "arn:aws:eks:us-east-1:986323537898:addon/dev-us-east-1-eks-cluster/eks-pod-identity-agent/60cb656b-a224-1154-d187-24ab41812e05",
            "cluster_name": "dev-us-east-1-eks-cluster",
            "configuration_values": "",
            "created_at": "2025-05-13T18:10:27Z",
            "id": "dev-us-east-1-eks-cluster:eks-pod-identity-agent",
            "modified_at": "2025-05-13T18:13:14Z",
            "pod_identity_association": [],
            "preserve": true,
            "resolve_conflicts": null,
            "resolve_conflicts_on_create": "OVERWRITE",
            "resolve_conflicts_on_update": "OVERWRITE",
            "service_account_role_arn": "",
            "tags": {
              "Environment": "dev",
              "Terraform": "true"
            },
            "tags_all": {
              "Environment": "dev",
              "Terraform": "true"
            },
            "timeouts": {
              "create": null,
              "delete": null,
              "update": null
            }
          },
          "sensitive_attributes": [],
          "private": "eyJlMmJmYjczMC1lY2FhLTExZTYtOGY4OC0zNDM2M2JjN2M0YzAiOnsiY3JlYXRlIjoxMjAwMDAwMDAwMDAwLCJkZWxldGUiOjI0MDAwMDAwMDAwMDAsInVwZGF0ZSI6MTIwMDAwMDAwMDAwMH19",
          "dependencies": [
            "module.eks.module.eks.aws_cloudwatch_log_group.this",
            "module.eks.module.eks.aws_eks_cluster.this",
            "module.eks.module.eks.aws_iam_policy.cni_ipv6_policy",
            "module.eks.module.eks.aws_iam_role.eks_auto",
            "module.eks.module.eks.aws_iam_role.this",
            "module.eks.module.eks.aws_iam_role_policy_attachment.this",
            "module.eks.module.eks.aws_security_group.cluster",
            "module.eks.module.eks.aws_security_group.node",
            "module.eks.module.eks.aws_security_group_rule.cluster",
            "module.eks.module.eks.aws_security_group_rule.node",
            "module.eks.module.eks.data.aws_caller_identity.current",
            "module.eks.module.eks.data.aws_eks_addon_version.this",
            "module.eks.module.eks.data.aws_iam_policy_document.assume_role_policy",
            "module.eks.module.eks.data.aws_iam_policy_document.cni_ipv6_policy",
            "module.eks.module.eks.data.aws_iam_policy_document.node_assume_role_policy",
            "module.eks.module.eks.data.aws_iam_session_context.current",
            "module.eks.module.eks.data.aws_partition.current",
            "module.eks.module.eks.module.kms.aws_kms_external_key.this",
            "module.eks.module.eks.module.kms.aws_kms_key.this",
            "module.eks.module.eks.module.kms.aws_kms_replica_external_key.this",
            "module.eks.module.eks.module.kms.aws_kms_replica_key.this",
            "module.eks.module.eks.module.kms.data.aws_caller_identity.current",
            "module.eks.module.eks.module.kms.data.aws_iam_policy_document.this",
            "module.eks.module.eks.module.kms.data.aws_partition.current",
            "module.network.data.aws_availability_zones.available",
            "module.network.module.vpc.aws_subnet.private",
            "module.network.module.vpc.aws_vpc.this",
            "module.network.module.vpc.aws_vpc_ipv4_cidr_block_association.this"
          ]
        },
        {
          "index_key": "vpc-cni",
          "schema_version": 0,
          "attributes": {
            "addon_name": "vpc-cni",
            "addon_version": "v1.19.5-eksbuild.1",
            "arn": "arn:aws:eks:us-east-1:986323537898:addon/dev-us-east-1-eks-cluster/vpc-cni/eccb656b-a223-bd14-cf0e-87c096e7a7a1",
            "cluster_name": "dev-us-east-1-eks-cluster",
            "configuration_values": "{\"env\":{\"ENABLE_PREFIX_DELEGATION\":\"true\",\"WARM_PREFIX_TARGET\":\"1\"}}",
            "created_at": "2025-05-13T18:10:27Z",
            "id": "dev-us-east-1-eks-cluster:vpc-cni",
            "modified_at": "2025-05-13T18:13:15Z",
            "pod_identity_association": [],
            "preserve": true,
            "resolve_conflicts": null,
            "resolve_conflicts_on_create": "OVERWRITE",
            "resolve_conflicts_on_update": "OVERWRITE",
            "service_account_role_arn": "",
            "tags": {
              "Environment": "dev",
              "Terraform": "true"
            },
            "tags_all": {
              "Environment": "dev",
              "Terraform": "true"
            },
            "timeouts": {
              "create": null,
              "delete": null,
              "update": null
            }
          },
          "sensitive_attributes": [],
          "private": "eyJlMmJmYjczMC1lY2FhLTExZTYtOGY4OC0zNDM2M2JjN2M0YzAiOnsiY3JlYXRlIjoxMjAwMDAwMDAwMDAwLCJkZWxldGUiOjI0MDAwMDAwMDAwMDAsInVwZGF0ZSI6MTIwMDAwMDAwMDAwMH19",
          "dependencies": [
            "module.eks.module.eks.aws_cloudwatch_log_group.this",
            "module.eks.module.eks.aws_eks_cluster.this",
            "module.eks.module.eks.aws_iam_policy.cni_ipv6_policy",
            "module.eks.module.eks.aws_iam_role.eks_auto",
            "module.eks.module.eks.aws_iam_role.this",
            "module.eks.module.eks.aws_iam_role_policy_attachment.this",
            "module.eks.module.eks.aws_security_group.cluster",
            "module.eks.module.eks.aws_security_group.node",
            "module.eks.module.eks.aws_security_group_rule.cluster",
            "module.eks.module.eks.aws_security_group_rule.node",
            "module.eks.module.eks.data.aws_caller_identity.current",
            "module.eks.module.eks.data.aws_eks_addon_version.this",
            "module.eks.module.eks.data.aws_iam_policy_document.assume_role_policy",
            "module.eks.module.eks.data.aws_iam_policy_document.cni_ipv6_policy",
            "module.eks.module.eks.data.aws_iam_policy_document.node_assume_role_policy",
            "module.eks.module.eks.data.aws_iam_session_context.current",
            "module.eks.module.eks.data.aws_partition.current",
            "module.eks.module.eks.module.kms.aws_kms_external_key.this",
            "module.eks.module.eks.module.kms.aws_kms_key.this",
            "module.eks.module.eks.module.kms.aws_kms_replica_external_key.this",
            "module.eks.module.eks.module.kms.aws_kms_replica_key.this",
            "module.eks.module.eks.module.kms.data.aws_caller_identity.current",
            "module.eks.module.eks.module.kms.data.aws_iam_policy_document.this",
            "module.eks.module.eks.module.kms.data.aws_partition.current",
            "module.network.data.aws_availability_zones.available",
            "module.network.module.vpc.aws_subnet.private",
            "module.network.module.vpc.aws_vpc.this",
            "module.network.module.vpc.aws_vpc_ipv4_cidr_block_association.this"
          ]
        }
      ]
    },
    {
      "module": "module.eks.module.eks",
      "mode": "managed",
      "type": "aws_eks_addon",
      "name": "this",
      "provider": "provider[\"registry.terraform.io/hashicorp/aws\"]",
      "instances": [
        {
          "index_key": "coredns",
          "schema_version": 0,
          "attributes": {
            "addon_name": "coredns",
            "addon_version": "v1.11.4-eksbuild.10",
            "arn": "arn:aws:eks:us-east-1:986323537898:addon/dev-us-east-1-eks-cluster/coredns/f6cb656d-99e7-d6e1-532a-d0733a4ad844",
            "cluster_name": "dev-us-east-1-eks-cluster",
            "configuration_values": "",
            "created_at": "2025-05-13T18:14:45Z",
            "id": "dev-us-east-1-eks-cluster:coredns",
            "modified_at": "2025-05-13T18:14:58Z",
            "pod_identity_association": [],
            "preserve": true,
            "resolve_conflicts": null,
            "resolve_conflicts_on_create": "OVERWRITE",
            "resolve_conflicts_on_update": "OVERWRITE",
            "service_account_role_arn": "",
            "tags": {
              "Environment": "dev",
              "Terraform": "true"
            },
            "tags_all": {
              "Environment": "dev",
              "Terraform": "true"
            },
            "timeouts": {
              "create": null,
              "delete": null,
              "update": null
            }
          },
          "sensitive_attributes": [],
          "private": "eyJlMmJmYjczMC1lY2FhLTExZTYtOGY4OC0zNDM2M2JjN2M0YzAiOnsiY3JlYXRlIjoxMjAwMDAwMDAwMDAwLCJkZWxldGUiOjI0MDAwMDAwMDAwMDAsInVwZGF0ZSI6MTIwMDAwMDAwMDAwMH19",
          "dependencies": [
            "module.eks.module.eks.aws_cloudwatch_log_group.this",
            "module.eks.module.eks.aws_eks_cluster.this",
            "module.eks.module.eks.aws_iam_policy.cni_ipv6_policy",
            "module.eks.module.eks.aws_iam_role.eks_auto",
            "module.eks.module.eks.aws_iam_role.this",
            "module.eks.module.eks.aws_iam_role_policy_attachment.this",
            "module.eks.module.eks.aws_security_group.cluster",
            "module.eks.module.eks.aws_security_group.node",
            "module.eks.module.eks.aws_security_group_rule.cluster",
            "module.eks.module.eks.aws_security_group_rule.node",
            "module.eks.module.eks.data.aws_caller_identity.current",
            "module.eks.module.eks.data.aws_eks_addon_version.this",
            "module.eks.module.eks.data.aws_iam_policy_document.assume_role_policy",
            "module.eks.module.eks.data.aws_iam_policy_document.cni_ipv6_policy",
            "module.eks.module.eks.data.aws_iam_policy_document.node_assume_role_policy",
            "module.eks.module.eks.data.aws_iam_session_context.current",
            "module.eks.module.eks.data.aws_partition.current",
            "module.eks.module.eks.module.eks_managed_node_group.aws_autoscaling_schedule.this",
            "module.eks.module.eks.module.eks_managed_node_group.aws_eks_node_group.this",
            "module.eks.module.eks.module.eks_managed_node_group.aws_iam_role.this",
            "module.eks.module.eks.module.eks_managed_node_group.aws_iam_role_policy.this",
            "module.eks.module.eks.module.eks_managed_node_group.aws_iam_role_policy_attachment.additional",
            "module.eks.module.eks.module.eks_managed_node_group.aws_iam_role_policy_attachment.this",
            "module.eks.module.eks.module.eks_managed_node_group.aws_launch_template.this",
            "module.eks.module.eks.module.eks_managed_node_group.aws_placement_group.this",
            "module.eks.module.eks.module.eks_managed_node_group.data.aws_caller_identity.current",
            "module.eks.module.eks.module.eks_managed_node_group.data.aws_ec2_instance_type.this",
            "module.eks.module.eks.module.eks_managed_node_group.data.aws_ec2_instance_type_offerings.this",
            "module.eks.module.eks.module.eks_managed_node_group.data.aws_iam_policy_document.assume_role_policy",
            "module.eks.module.eks.module.eks_managed_node_group.data.aws_iam_policy_document.role",
            "module.eks.module.eks.module.eks_managed_node_group.data.aws_partition.current",
            "module.eks.module.eks.module.eks_managed_node_group.data.aws_ssm_parameter.ami",
            "module.eks.module.eks.module.eks_managed_node_group.data.aws_subnets.placement_group",
            "module.eks.module.eks.module.eks_managed_node_group.module.user_data.data.cloudinit_config.al2023_eks_managed_node_group",
            "module.eks.module.eks.module.eks_managed_node_group.module.user_data.data.cloudinit_config.linux_eks_managed_node_group",
            "module.eks.module.eks.module.eks_managed_node_group.module.user_data.null_resource.validate_cluster_service_cidr",
            "module.eks.module.eks.module.fargate_profile.aws_eks_fargate_profile.this",
            "module.eks.module.eks.module.fargate_profile.aws_iam_role.this",
            "module.eks.module.eks.module.fargate_profile.aws_iam_role_policy.this",
            "module.eks.module.eks.module.fargate_profile.aws_iam_role_policy_attachment.additional",
            "module.eks.module.eks.module.fargate_profile.aws_iam_role_policy_attachment.this",
            "module.eks.module.eks.module.fargate_profile.data.aws_caller_identity.current",
            "module.eks.module.eks.module.fargate_profile.data.aws_iam_policy_document.assume_role_policy",
            "module.eks.module.eks.module.fargate_profile.data.aws_iam_policy_document.role",
            "module.eks.module.eks.module.fargate_profile.data.aws_partition.current",
            "module.eks.module.eks.module.fargate_profile.data.aws_region.current",
            "module.eks.module.eks.module.kms.aws_kms_external_key.this",
            "module.eks.module.eks.module.kms.aws_kms_key.this",
            "module.eks.module.eks.module.kms.aws_kms_replica_external_key.this",
            "module.eks.module.eks.module.kms.aws_kms_replica_key.this",
            "module.eks.module.eks.module.kms.data.aws_caller_identity.current",
            "module.eks.module.eks.module.kms.data.aws_iam_policy_document.this",
            "module.eks.module.eks.module.kms.data.aws_partition.current",
            "module.eks.module.eks.module.self_managed_node_group.aws_autoscaling_group.this",
            "module.eks.module.eks.module.self_managed_node_group.aws_autoscaling_schedule.this",
            "module.eks.module.eks.module.self_managed_node_group.aws_eks_access_entry.this",
            "module.eks.module.eks.module.self_managed_node_group.aws_iam_instance_profile.this",
            "module.eks.module.eks.module.self_managed_node_group.aws_iam_role.this",
            "module.eks.module.eks.module.self_managed_node_group.aws_iam_role_policy.this",
            "module.eks.module.eks.module.self_managed_node_group.aws_iam_role_policy_attachment.additional",
            "module.eks.module.eks.module.self_managed_node_group.aws_iam_role_policy_attachment.this",
            "module.eks.module.eks.module.self_managed_node_group.aws_launch_template.this",
            "module.eks.module.eks.module.self_managed_node_group.aws_placement_group.this",
            "module.eks.module.eks.module.self_managed_node_group.data.aws_caller_identity.current",
            "module.eks.module.eks.module.self_managed_node_group.data.aws_ec2_instance_type.this",
            "module.eks.module.eks.module.self_managed_node_group.data.aws_ec2_instance_type_offerings.this",
            "module.eks.module.eks.module.self_managed_node_group.data.aws_iam_policy_document.assume_role_policy",
            "module.eks.module.eks.module.self_managed_node_group.data.aws_iam_policy_document.role",
            "module.eks.module.eks.module.self_managed_node_group.data.aws_partition.current",
            "module.eks.module.eks.module.self_managed_node_group.data.aws_ssm_parameter.ami",
            "module.eks.module.eks.module.self_managed_node_group.data.aws_subnets.placement_group",
            "module.eks.module.eks.module.self_managed_node_group.module.user_data.data.cloudinit_config.al2023_eks_managed_node_group",
            "module.eks.module.eks.module.self_managed_node_group.module.user_data.data.cloudinit_config.linux_eks_managed_node_group",
            "module.eks.module.eks.module.self_managed_node_group.module.user_data.null_resource.validate_cluster_service_cidr",
            "module.eks.module.eks.time_sleep.this",
            "module.network.data.aws_availability_zones.available",
            "module.network.module.vpc.aws_subnet.private",
            "module.network.module.vpc.aws_vpc.this",
            "module.network.module.vpc.aws_vpc_ipv4_cidr_block_association.this"
          ]
        },
        {
          "index_key": "eks-node-monitoring-agent",
          "schema_version": 0,
          "attributes": {
            "addon_name": "eks-node-monitoring-agent",
            "addon_version": "v1.2.0-eksbuild.1",
            "arn": "arn:aws:eks:us-east-1:986323537898:addon/dev-us-east-1-eks-cluster/eks-node-monitoring-agent/cacb656d-99e9-25b8-fa82-f10e92c57bdd",
            "cluster_name": "dev-us-east-1-eks-cluster",
            "configuration_values": "",
            "created_at": "2025-05-13T18:14:45Z",
            "id": "dev-us-east-1-eks-cluster:eks-node-monitoring-agent",
            "modified_at": "2025-05-13T18:15:22Z",
            "pod_identity_association": [],
            "preserve": true,
            "resolve_conflicts": null,
            "resolve_conflicts_on_create": "OVERWRITE",
            "resolve_conflicts_on_update": "OVERWRITE",
            "service_account_role_arn": "",
            "tags": {
              "Environment": "dev",
              "Terraform": "true"
            },
            "tags_all": {
              "Environment": "dev",
              "Terraform": "true"
            },
            "timeouts": {
              "create": null,
              "delete": null,
              "update": null
            }
          },
          "sensitive_attributes": [],
          "private": "eyJlMmJmYjczMC1lY2FhLTExZTYtOGY4OC0zNDM2M2JjN2M0YzAiOnsiY3JlYXRlIjoxMjAwMDAwMDAwMDAwLCJkZWxldGUiOjI0MDAwMDAwMDAwMDAsInVwZGF0ZSI6MTIwMDAwMDAwMDAwMH19",
          "dependencies": [
            "module.eks.module.eks.aws_cloudwatch_log_group.this",
            "module.eks.module.eks.aws_eks_cluster.this",
            "module.eks.module.eks.aws_iam_policy.cni_ipv6_policy",
            "module.eks.module.eks.aws_iam_role.eks_auto",
            "module.eks.module.eks.aws_iam_role.this",
            "module.eks.module.eks.aws_iam_role_policy_attachment.this",
            "module.eks.module.eks.aws_security_group.cluster",
            "module.eks.module.eks.aws_security_group.node",
            "module.eks.module.eks.aws_security_group_rule.cluster",
            "module.eks.module.eks.aws_security_group_rule.node",
            "module.eks.module.eks.data.aws_caller_identity.current",
            "module.eks.module.eks.data.aws_eks_addon_version.this",
            "module.eks.module.eks.data.aws_iam_policy_document.assume_role_policy",
            "module.eks.module.eks.data.aws_iam_policy_document.cni_ipv6_policy",
            "module.eks.module.eks.data.aws_iam_policy_document.node_assume_role_policy",
            "module.eks.module.eks.data.aws_iam_session_context.current",
            "module.eks.module.eks.data.aws_partition.current",
            "module.eks.module.eks.module.eks_managed_node_group.aws_autoscaling_schedule.this",
            "module.eks.module.eks.module.eks_managed_node_group.aws_eks_node_group.this",
            "module.eks.module.eks.module.eks_managed_node_group.aws_iam_role.this",
            "module.eks.module.eks.module.eks_managed_node_group.aws_iam_role_policy.this",
            "module.eks.module.eks.module.eks_managed_node_group.aws_iam_role_policy_attachment.additional",
            "module.eks.module.eks.module.eks_managed_node_group.aws_iam_role_policy_attachment.this",
            "module.eks.module.eks.module.eks_managed_node_group.aws_launch_template.this",
            "module.eks.module.eks.module.eks_managed_node_group.aws_placement_group.this",
            "module.eks.module.eks.module.eks_managed_node_group.data.aws_caller_identity.current",
            "module.eks.module.eks.module.eks_managed_node_group.data.aws_ec2_instance_type.this",
            "module.eks.module.eks.module.eks_managed_node_group.data.aws_ec2_instance_type_offerings.this",
            "module.eks.module.eks.module.eks_managed_node_group.data.aws_iam_policy_document.assume_role_policy",
            "module.eks.module.eks.module.eks_managed_node_group.data.aws_iam_policy_document.role",
            "module.eks.module.eks.module.eks_managed_node_group.data.aws_partition.current",
            "module.eks.module.eks.module.eks_managed_node_group.data.aws_ssm_parameter.ami",
            "module.eks.module.eks.module.eks_managed_node_group.data.aws_subnets.placement_group",
            "module.eks.module.eks.module.eks_managed_node_group.module.user_data.data.cloudinit_config.al2023_eks_managed_node_group",
            "module.eks.module.eks.module.eks_managed_node_group.module.user_data.data.cloudinit_config.linux_eks_managed_node_group",
            "module.eks.module.eks.module.eks_managed_node_group.module.user_data.null_resource.validate_cluster_service_cidr",
            "module.eks.module.eks.module.fargate_profile.aws_eks_fargate_profile.this",
            "module.eks.module.eks.module.fargate_profile.aws_iam_role.this",
            "module.eks.module.eks.module.fargate_profile.aws_iam_role_policy.this",
            "module.eks.module.eks.module.fargate_profile.aws_iam_role_policy_attachment.additional",
            "module.eks.module.eks.module.fargate_profile.aws_iam_role_policy_attachment.this",
            "module.eks.module.eks.module.fargate_profile.data.aws_caller_identity.current",
            "module.eks.module.eks.module.fargate_profile.data.aws_iam_policy_document.assume_role_policy",
            "module.eks.module.eks.module.fargate_profile.data.aws_iam_policy_document.role",
            "module.eks.module.eks.module.fargate_profile.data.aws_partition.current",
            "module.eks.module.eks.module.fargate_profile.data.aws_region.current",
            "module.eks.module.eks.module.kms.aws_kms_external_key.this",
            "module.eks.module.eks.module.kms.aws_kms_key.this",
            "module.eks.module.eks.module.kms.aws_kms_replica_external_key.this",
            "module.eks.module.eks.module.kms.aws_kms_replica_key.this",
            "module.eks.module.eks.module.kms.data.aws_caller_identity.current",
            "module.eks.module.eks.module.kms.data.aws_iam_policy_document.this",
            "module.eks.module.eks.module.kms.data.aws_partition.current",
            "module.eks.module.eks.module.self_managed_node_group.aws_autoscaling_group.this",
            "module.eks.module.eks.module.self_managed_node_group.aws_autoscaling_schedule.this",
            "module.eks.module.eks.module.self_managed_node_group.aws_eks_access_entry.this",
            "module.eks.module.eks.module.self_managed_node_group.aws_iam_instance_profile.this",
            "module.eks.module.eks.module.self_managed_node_group.aws_iam_role.this",
            "module.eks.module.eks.module.self_managed_node_group.aws_iam_role_policy.this",
            "module.eks.module.eks.module.self_managed_node_group.aws_iam_role_policy_attachment.additional",
            "module.eks.module.eks.module.self_managed_node_group.aws_iam_role_policy_attachment.this",
            "module.eks.module.eks.module.self_managed_node_group.aws_launch_template.this",
            "module.eks.module.eks.module.self_managed_node_group.aws_placement_group.this",
            "module.eks.module.eks.module.self_managed_node_group.data.aws_caller_identity.current",
            "module.eks.module.eks.module.self_managed_node_group.data.aws_ec2_instance_type.this",
            "module.eks.module.eks.module.self_managed_node_group.data.aws_ec2_instance_type_offerings.this",
            "module.eks.module.eks.module.self_managed_node_group.data.aws_iam_policy_document.assume_role_policy",
            "module.eks.module.eks.module.self_managed_node_group.data.aws_iam_policy_document.role",
            "module.eks.module.eks.module.self_managed_node_group.data.aws_partition.current",
            "module.eks.module.eks.module.self_managed_node_group.data.aws_ssm_parameter.ami",
            "module.eks.module.eks.module.self_managed_node_group.data.aws_subnets.placement_group",
            "module.eks.module.eks.module.self_managed_node_group.module.user_data.data.cloudinit_config.al2023_eks_managed_node_group",
            "module.eks.module.eks.module.self_managed_node_group.module.user_data.data.cloudinit_config.linux_eks_managed_node_group",
            "module.eks.module.eks.module.self_managed_node_group.module.user_data.null_resource.validate_cluster_service_cidr",
            "module.eks.module.eks.time_sleep.this",
            "module.network.data.aws_availability_zones.available",
            "module.network.module.vpc.aws_subnet.private",
            "module.network.module.vpc.aws_vpc.this",
            "module.network.module.vpc.aws_vpc_ipv4_cidr_block_association.this"
          ]
        },
        {
          "index_key": "kube-proxy",
          "schema_version": 0,
          "attributes": {
            "addon_name": "kube-proxy",
            "addon_version": "v1.32.3-eksbuild.7",
            "arn": "arn:aws:eks:us-east-1:986323537898:addon/dev-us-east-1-eks-cluster/kube-proxy/decb656d-99e5-e506-f508-c8cc0eba847e",
            "cluster_name": "dev-us-east-1-eks-cluster",
            "configuration_values": "",
            "created_at": "2025-05-13T18:14:45Z",
            "id": "dev-us-east-1-eks-cluster:kube-proxy",
            "modified_at": "2025-05-13T18:15:22Z",
            "pod_identity_association": [],
            "preserve": true,
            "resolve_conflicts": null,
            "resolve_conflicts_on_create": "OVERWRITE",
            "resolve_conflicts_on_update": "OVERWRITE",
            "service_account_role_arn": "",
            "tags": {
              "Environment": "dev",
              "Terraform": "true"
            },
            "tags_all": {
              "Environment": "dev",
              "Terraform": "true"
            },
            "timeouts": {
              "create": null,
              "delete": null,
              "update": null
            }
          },
          "sensitive_attributes": [],
          "private": "eyJlMmJmYjczMC1lY2FhLTExZTYtOGY4OC0zNDM2M2JjN2M0YzAiOnsiY3JlYXRlIjoxMjAwMDAwMDAwMDAwLCJkZWxldGUiOjI0MDAwMDAwMDAwMDAsInVwZGF0ZSI6MTIwMDAwMDAwMDAwMH19",
          "dependencies": [
            "module.eks.module.eks.aws_cloudwatch_log_group.this",
            "module.eks.module.eks.aws_eks_cluster.this",
            "module.eks.module.eks.aws_iam_policy.cni_ipv6_policy",
            "module.eks.module.eks.aws_iam_role.eks_auto",
            "module.eks.module.eks.aws_iam_role.this",
            "module.eks.module.eks.aws_iam_role_policy_attachment.this",
            "module.eks.module.eks.aws_security_group.cluster",
            "module.eks.module.eks.aws_security_group.node",
            "module.eks.module.eks.aws_security_group_rule.cluster",
            "module.eks.module.eks.aws_security_group_rule.node",
            "module.eks.module.eks.data.aws_caller_identity.current",
            "module.eks.module.eks.data.aws_eks_addon_version.this",
            "module.eks.module.eks.data.aws_iam_policy_document.assume_role_policy",
            "module.eks.module.eks.data.aws_iam_policy_document.cni_ipv6_policy",
            "module.eks.module.eks.data.aws_iam_policy_document.node_assume_role_policy",
            "module.eks.module.eks.data.aws_iam_session_context.current",
            "module.eks.module.eks.data.aws_partition.current",
            "module.eks.module.eks.module.eks_managed_node_group.aws_autoscaling_schedule.this",
            "module.eks.module.eks.module.eks_managed_node_group.aws_eks_node_group.this",
            "module.eks.module.eks.module.eks_managed_node_group.aws_iam_role.this",
            "module.eks.module.eks.module.eks_managed_node_group.aws_iam_role_policy.this",
            "module.eks.module.eks.module.eks_managed_node_group.aws_iam_role_policy_attachment.additional",
            "module.eks.module.eks.module.eks_managed_node_group.aws_iam_role_policy_attachment.this",
            "module.eks.module.eks.module.eks_managed_node_group.aws_launch_template.this",
            "module.eks.module.eks.module.eks_managed_node_group.aws_placement_group.this",
            "module.eks.module.eks.module.eks_managed_node_group.data.aws_caller_identity.current",
            "module.eks.module.eks.module.eks_managed_node_group.data.aws_ec2_instance_type.this",
            "module.eks.module.eks.module.eks_managed_node_group.data.aws_ec2_instance_type_offerings.this",
            "module.eks.module.eks.module.eks_managed_node_group.data.aws_iam_policy_document.assume_role_policy",
            "module.eks.module.eks.module.eks_managed_node_group.data.aws_iam_policy_document.role",
            "module.eks.module.eks.module.eks_managed_node_group.data.aws_partition.current",
            "module.eks.module.eks.module.eks_managed_node_group.data.aws_ssm_parameter.ami",
            "module.eks.module.eks.module.eks_managed_node_group.data.aws_subnets.placement_group",
            "module.eks.module.eks.module.eks_managed_node_group.module.user_data.data.cloudinit_config.al2023_eks_managed_node_group",
            "module.eks.module.eks.module.eks_managed_node_group.module.user_data.data.cloudinit_config.linux_eks_managed_node_group",
            "module.eks.module.eks.module.eks_managed_node_group.module.user_data.null_resource.validate_cluster_service_cidr",
            "module.eks.module.eks.module.fargate_profile.aws_eks_fargate_profile.this",
            "module.eks.module.eks.module.fargate_profile.aws_iam_role.this",
            "module.eks.module.eks.module.fargate_profile.aws_iam_role_policy.this",
            "module.eks.module.eks.module.fargate_profile.aws_iam_role_policy_attachment.additional",
            "module.eks.module.eks.module.fargate_profile.aws_iam_role_policy_attachment.this",
            "module.eks.module.eks.module.fargate_profile.data.aws_caller_identity.current",
            "module.eks.module.eks.module.fargate_profile.data.aws_iam_policy_document.assume_role_policy",
            "module.eks.module.eks.module.fargate_profile.data.aws_iam_policy_document.role",
            "module.eks.module.eks.module.fargate_profile.data.aws_partition.current",
            "module.eks.module.eks.module.fargate_profile.data.aws_region.current",
            "module.eks.module.eks.module.kms.aws_kms_external_key.this",
            "module.eks.module.eks.module.kms.aws_kms_key.this",
            "module.eks.module.eks.module.kms.aws_kms_replica_external_key.this",
            "module.eks.module.eks.module.kms.aws_kms_replica_key.this",
            "module.eks.module.eks.module.kms.data.aws_caller_identity.current",
            "module.eks.module.eks.module.kms.data.aws_iam_policy_document.this",
            "module.eks.module.eks.module.kms.data.aws_partition.current",
            "module.eks.module.eks.module.self_managed_node_group.aws_autoscaling_group.this",
            "module.eks.module.eks.module.self_managed_node_group.aws_autoscaling_schedule.this",
            "module.eks.module.eks.module.self_managed_node_group.aws_eks_access_entry.this",
            "module.eks.module.eks.module.self_managed_node_group.aws_iam_instance_profile.this",
            "module.eks.module.eks.module.self_managed_node_group.aws_iam_role.this",
            "module.eks.module.eks.module.self_managed_node_group.aws_iam_role_policy.this",
            "module.eks.module.eks.module.self_managed_node_group.aws_iam_role_policy_attachment.additional",
            "module.eks.module.eks.module.self_managed_node_group.aws_iam_role_policy_attachment.this",
            "module.eks.module.eks.module.self_managed_node_group.aws_launch_template.this",
            "module.eks.module.eks.module.self_managed_node_group.aws_placement_group.this",
            "module.eks.module.eks.module.self_managed_node_group.data.aws_caller_identity.current",
            "module.eks.module.eks.module.self_managed_node_group.data.aws_ec2_instance_type.this",
            "module.eks.module.eks.module.self_managed_node_group.data.aws_ec2_instance_type_offerings.this",
            "module.eks.module.eks.module.self_managed_node_group.data.aws_iam_policy_document.assume_role_policy",
            "module.eks.module.eks.module.self_managed_node_group.data.aws_iam_policy_document.role",
            "module.eks.module.eks.module.self_managed_node_group.data.aws_partition.current",
            "module.eks.module.eks.module.self_managed_node_group.data.aws_ssm_parameter.ami",
            "module.eks.module.eks.module.self_managed_node_group.data.aws_subnets.placement_group",
            "module.eks.module.eks.module.self_managed_node_group.module.user_data.data.cloudinit_config.al2023_eks_managed_node_group",
            "module.eks.module.eks.module.self_managed_node_group.module.user_data.data.cloudinit_config.linux_eks_managed_node_group",
            "module.eks.module.eks.module.self_managed_node_group.module.user_data.null_resource.validate_cluster_service_cidr",
            "module.eks.module.eks.time_sleep.this",
            "module.network.data.aws_availability_zones.available",
            "module.network.module.vpc.aws_subnet.private",
            "module.network.module.vpc.aws_vpc.this",
            "module.network.module.vpc.aws_vpc_ipv4_cidr_block_association.this"
          ]
        }
      ]
    },
    {
      "module": "module.eks.module.eks",
      "mode": "managed",
      "type": "aws_eks_cluster",
      "name": "this",
      "provider": "provider[\"registry.terraform.io/hashicorp/aws\"]",
      "instances": [
        {
          "index_key": 0,
          "schema_version": 1,
          "attributes": {
            "access_config": [
              {
                "authentication_mode": "API_AND_CONFIG_MAP",
                "bootstrap_cluster_creator_admin_permissions": false
              }
            ],
            "arn": "arn:aws:eks:us-east-1:986323537898:cluster/dev-us-east-1-eks-cluster",
            "bootstrap_self_managed_addons": true,
            "certificate_authority": [
              {
                "data": "LS0tLS1CRUdJTiBDRVJUSUZJQ0FURS0tLS0tCk1JSURCVENDQWUyZ0F3SUJBZ0lJWnhVVURjNFQ2MEF3RFFZSktvWklodmNOQVFFTEJRQXdGVEVUTUJFR0ExVUUKQXhNS2EzVmlaWEp1WlhSbGN6QWVGdzB5TlRBMU1UTXhPREF3TURSYUZ3MHpOVEExTVRFeE9EQTFNRFJhTUJVeApFekFSQmdOVkJBTVRDbXQxWW1WeWJtVjBaWE13Z2dFaU1BMEdDU3FHU0liM0RRRUJBUVVBQTRJQkR3QXdnZ0VLCkFvSUJBUURPdFRYWXFsYjJjcVA2c2JhdVM5SmdYOCtSRnBnV2l2VE1UVXdrb0x5bmFRNlpDeXgya0JHN09zdUwKclE1c0lhYUxXWHFjQjAzZ2VpYzRVNkluRy9ybFlxSXE0V1lOWGNtdE1XeTN4Z0YzYjBtcURoSlpEeFB0dFJjYwpmUFFBbEYrdllJRTcrV0xJSWNWMW1CK3ZXcVVwWDFuYVlVUEIzZC95VHo5UmtEVGFNdGcwbXZVYit4ZXUxMkVRCkpyMmlpb2hPbmpXUi9iUmhpaXkyL0lHNzU5UlNseXZHMk8zOExFUTU2RUNRUGxSR284eCtBTXA4YmxWZDFCMlcKUmtMRGFHV2FkUnlNYisvakszeHV5aFRKRGRSSjgvWFVwdERJclplazlTVDZvSEhQU0M1YzZEcEMwdHcrS1pnKwpDM2R1RnhzK1VtREtmdjZLTjdnNzFyZHVjKzZoQWdNQkFBR2pXVEJYTUE0R0ExVWREd0VCL3dRRUF3SUNwREFQCkJnTlZIUk1CQWY4RUJUQURBUUgvTUIwR0ExVWREZ1FXQkJSWUZRNkhBVnMwTUZqVTM5SE1BZVNtWEJUeWpUQVYKQmdOVkhSRUVEakFNZ2dwcmRXSmxjbTVsZEdWek1BMEdDU3FHU0liM0RRRUJDd1VBQTRJQkFRQjFxait3c01tVwpLRFppTlRHN2pqclZldktmN0JZaHNhdU41ZXZVamJyaFFKU0svSDZjb1dxNWFXYTBOVFVqT1hCTlZZKzhVcHF5Ck93Z2FOMVlXRlRoYSsyZ2s5bHZ2bWlZSzlMRWp1Mm5qQ3BvU0dMZ0hMYWJnZ0FzekdKb0IzVnRibk1DTEo3WUMKZEFYb2RCZXd0NVg4eDdVYW1BVUN5OE03YjJRQkloOC8xbEt2UVBKMDNhUXV5UVVCQlhJL3o1d3Q2YlU0MFErUwp5TExoZlZLZmljTFVKUmdTb3ArRU52U2p3dmZaaW9KR1QreWJ3bnZnUFlUNEs5dVdtcDI4UTFmU202ZnE4L3kyCkJNL1c4Q1haa1pBTEEzaUxsVlVLVVlXR3BwdG5lS2Q1SzBhUFpndUJVQ3pNZEc0cWx1S0x6eGdIV0NsNk8wRGwKb0JBZGlrUVNUTEpVCi0tLS0tRU5EIENFUlRJRklDQVRFLS0tLS0K"
              }
            ],
            "cluster_id": null,
            "compute_config": [],
            "created_at": "2025-05-13T18:00:16Z",
            "enabled_cluster_log_types": [
              "api",
              "audit",
              "authenticator"
            ],
            "encryption_config": [
              {
                "provider": [
                  {
                    "key_arn": "arn:aws:kms:us-east-1:986323537898:key/2fb87f92-7361-4606-b279-448c6ea138a4"
                  }
                ],
                "resources": [
                  "secrets"
                ]
              }
            ],
            "endpoint": "https://1D15F083F0D510D950F216D58A662592.gr7.us-east-1.eks.amazonaws.com",
            "force_update_version": null,
            "id": "dev-us-east-1-eks-cluster",
            "identity": [
              {
                "oidc": [
                  {
                    "issuer": "https://oidc.eks.us-east-1.amazonaws.com/id/1D15F083F0D510D950F216D58A662592"
                  }
                ]
              }
            ],
            "kubernetes_network_config": [
              {
                "elastic_load_balancing": [
                  {
                    "enabled": false
                  }
                ],
                "ip_family": "ipv4",
                "service_ipv4_cidr": "172.20.0.0/16",
                "service_ipv6_cidr": ""
              }
            ],
            "name": "dev-us-east-1-eks-cluster",
            "outpost_config": [],
            "platform_version": "eks.9",
            "remote_network_config": [],
            "role_arn": "arn:aws:iam::986323537898:role/dev-us-east-1-eks-cluster-cluster-20250513175950638300000005",
            "status": "ACTIVE",
            "storage_config": [],
            "tags": {
              "Environment": "dev",
              "Terraform": "true",
              "terraform-aws-modules": "eks"
            },
            "tags_all": {
              "Environment": "dev",
              "Terraform": "true",
              "terraform-aws-modules": "eks"
            },
            "timeouts": {
              "create": null,
              "delete": null,
              "update": null
            },
            "upgrade_policy": [
              {
                "support_type": "STANDARD"
              }
            ],
            "version": "1.32",
            "vpc_config": [
              {
                "cluster_security_group_id": "sg-0b2a8810a9a150565",
                "endpoint_private_access": true,
                "endpoint_public_access": false,
                "public_access_cidrs": [
                  "0.0.0.0/0"
                ],
                "security_group_ids": [
                  "sg-0a9acfd8b57de0ef2"
                ],
                "subnet_ids": [
                  "subnet-02798f4f06eae2a04",
                  "subnet-087015c09e9037301"
                ],
                "vpc_id": "vpc-0aeec631fbbeccbf7"
              }
            ],
            "zonal_shift_config": [
              {
                "enabled": true
              }
            ]
          },
          "sensitive_attributes": [],
          "private": "eyJlMmJmYjczMC1lY2FhLTExZTYtOGY4OC0zNDM2M2JjN2M0YzAiOnsiY3JlYXRlIjoxODAwMDAwMDAwMDAwLCJkZWxldGUiOjkwMDAwMDAwMDAwMCwidXBkYXRlIjozNjAwMDAwMDAwMDAwfSwic2NoZW1hX3ZlcnNpb24iOiIxIn0=",
          "dependencies": [
            "module.eks.module.eks.aws_cloudwatch_log_group.this",
            "module.eks.module.eks.aws_iam_policy.cni_ipv6_policy",
            "module.eks.module.eks.aws_iam_role.eks_auto",
            "module.eks.module.eks.aws_iam_role.this",
            "module.eks.module.eks.aws_iam_role_policy_attachment.this",
            "module.eks.module.eks.aws_security_group.cluster",
            "module.eks.module.eks.aws_security_group.node",
            "module.eks.module.eks.aws_security_group_rule.cluster",
            "module.eks.module.eks.aws_security_group_rule.node",
            "module.eks.module.eks.data.aws_caller_identity.current",
            "module.eks.module.eks.data.aws_iam_policy_document.assume_role_policy",
            "module.eks.module.eks.data.aws_iam_policy_document.cni_ipv6_policy",
            "module.eks.module.eks.data.aws_iam_policy_document.node_assume_role_policy",
            "module.eks.module.eks.data.aws_iam_session_context.current",
            "module.eks.module.eks.data.aws_partition.current",
            "module.eks.module.eks.module.kms.aws_kms_external_key.this",
            "module.eks.module.eks.module.kms.aws_kms_key.this",
            "module.eks.module.eks.module.kms.aws_kms_replica_external_key.this",
            "module.eks.module.eks.module.kms.aws_kms_replica_key.this",
            "module.eks.module.eks.module.kms.data.aws_caller_identity.current",
            "module.eks.module.eks.module.kms.data.aws_iam_policy_document.this",
            "module.eks.module.eks.module.kms.data.aws_partition.current",
            "module.network.data.aws_availability_zones.available",
            "module.network.module.vpc.aws_subnet.private",
            "module.network.module.vpc.aws_vpc.this",
            "module.network.module.vpc.aws_vpc_ipv4_cidr_block_association.this"
          ],
          "create_before_destroy": true
        }
      ]
    },
    {
      "module": "module.eks.module.eks",
      "mode": "managed",
      "type": "aws_eks_identity_provider_config",
      "name": "this",
      "provider": "provider[\"registry.terraform.io/hashicorp/aws\"]",
      "instances": []
    },
    {
      "module": "module.eks.module.eks",
      "mode": "managed",
      "type": "aws_iam_openid_connect_provider",
      "name": "oidc_provider",
      "provider": "provider[\"registry.terraform.io/hashicorp/aws\"]",
      "instances": [
        {
          "index_key": 0,
          "schema_version": 0,
          "attributes": {
            "arn": "arn:aws:iam::986323537898:oidc-provider/oidc.eks.us-east-1.amazonaws.com/id/1D15F083F0D510D950F216D58A662592",
            "client_id_list": [
              "sts.amazonaws.com"
            ],
            "id": "arn:aws:iam::986323537898:oidc-provider/oidc.eks.us-east-1.amazonaws.com/id/1D15F083F0D510D950F216D58A662592",
            "tags": {
              "Environment": "dev",
              "Name": "dev-us-east-1-eks-cluster-eks-irsa",
              "Terraform": "true"
            },
            "tags_all": {
              "Environment": "dev",
              "Name": "dev-us-east-1-eks-cluster-eks-irsa",
              "Terraform": "true"
            },
            "thumbprint_list": [
              "9e99a48a9960b14926bb7f3b02e22da2b0ab7280"
            ],
            "url": "oidc.eks.us-east-1.amazonaws.com/id/1D15F083F0D510D950F216D58A662592"
          },
          "sensitive_attributes": [],
          "private": "bnVsbA==",
          "dependencies": [
            "module.eks.module.eks.aws_cloudwatch_log_group.this",
            "module.eks.module.eks.aws_eks_cluster.this",
            "module.eks.module.eks.aws_iam_policy.cni_ipv6_policy",
            "module.eks.module.eks.aws_iam_role.eks_auto",
            "module.eks.module.eks.aws_iam_role.this",
            "module.eks.module.eks.aws_iam_role_policy_attachment.this",
            "module.eks.module.eks.aws_security_group.cluster",
            "module.eks.module.eks.aws_security_group.node",
            "module.eks.module.eks.aws_security_group_rule.cluster",
            "module.eks.module.eks.aws_security_group_rule.node",
            "module.eks.module.eks.data.aws_caller_identity.current",
            "module.eks.module.eks.data.aws_iam_policy_document.assume_role_policy",
            "module.eks.module.eks.data.aws_iam_policy_document.cni_ipv6_policy",
            "module.eks.module.eks.data.aws_iam_policy_document.node_assume_role_policy",
            "module.eks.module.eks.data.aws_iam_session_context.current",
            "module.eks.module.eks.data.aws_partition.current",
            "module.eks.module.eks.data.tls_certificate.this",
            "module.eks.module.eks.module.kms.aws_kms_external_key.this",
            "module.eks.module.eks.module.kms.aws_kms_key.this",
            "module.eks.module.eks.module.kms.aws_kms_replica_external_key.this",
            "module.eks.module.eks.module.kms.aws_kms_replica_key.this",
            "module.eks.module.eks.module.kms.data.aws_caller_identity.current",
            "module.eks.module.eks.module.kms.data.aws_iam_policy_document.this",
            "module.eks.module.eks.module.kms.data.aws_partition.current",
            "module.network.data.aws_availability_zones.available",
            "module.network.module.vpc.aws_subnet.private",
            "module.network.module.vpc.aws_vpc.this",
            "module.network.module.vpc.aws_vpc_ipv4_cidr_block_association.this"
          ]
        }
      ]
    },
    {
      "module": "module.eks.module.eks",
      "mode": "managed",
      "type": "aws_iam_policy",
      "name": "cluster_encryption",
      "provider": "provider[\"registry.terraform.io/hashicorp/aws\"]",
      "instances": [
        {
          "index_key": 0,
          "schema_version": 0,
          "attributes": {
            "arn": "arn:aws:iam::986323537898:policy/dev-us-east-1-eks-cluster-cluster-ClusterEncryption2025051318001476070000000c",
            "attachment_count": 1,
            "description": "Cluster encryption policy to allow cluster role to utilize CMK provided",
            "id": "arn:aws:iam::986323537898:policy/dev-us-east-1-eks-cluster-cluster-ClusterEncryption2025051318001476070000000c",
            "name": "dev-us-east-1-eks-cluster-cluster-ClusterEncryption2025051318001476070000000c",
            "name_prefix": "dev-us-east-1-eks-cluster-cluster-ClusterEncryption",
            "path": "/",
            "policy": "{\"Statement\":[{\"Action\":[\"kms:Encrypt\",\"kms:Decrypt\",\"kms:ListGrants\",\"kms:DescribeKey\"],\"Effect\":\"Allow\",\"Resource\":\"arn:aws:kms:us-east-1:986323537898:key/2fb87f92-7361-4606-b279-448c6ea138a4\"}],\"Version\":\"2012-10-17\"}",
            "policy_id": "ANPA6LJLWZ7VL6RFCUA65",
            "tags": {
              "Environment": "dev",
              "Terraform": "true"
            },
            "tags_all": {
              "Environment": "dev",
              "Terraform": "true"
            }
          },
          "sensitive_attributes": [],
          "private": "bnVsbA==",
          "dependencies": [
            "module.eks.module.eks.aws_iam_role.this",
            "module.eks.module.eks.data.aws_caller_identity.current",
            "module.eks.module.eks.data.aws_iam_policy_document.assume_role_policy",
            "module.eks.module.eks.data.aws_iam_session_context.current",
            "module.eks.module.eks.module.kms.aws_kms_external_key.this",
            "module.eks.module.eks.module.kms.aws_kms_key.this",
            "module.eks.module.eks.module.kms.aws_kms_replica_external_key.this",
            "module.eks.module.eks.module.kms.aws_kms_replica_key.this",
            "module.eks.module.eks.module.kms.data.aws_caller_identity.current",
            "module.eks.module.eks.module.kms.data.aws_iam_policy_document.this",
            "module.eks.module.eks.module.kms.data.aws_partition.current"
          ]
        }
      ]
    },
    {
      "module": "module.eks.module.eks",
      "mode": "managed",
      "type": "aws_iam_policy",
      "name": "cni_ipv6_policy",
      "provider": "provider[\"registry.terraform.io/hashicorp/aws\"]",
      "instances": []
    },
    {
      "module": "module.eks.module.eks",
      "mode": "managed",
      "type": "aws_iam_policy",
      "name": "custom",
      "provider": "provider[\"registry.terraform.io/hashicorp/aws\"]",
      "instances": [
        {
          "index_key": 0,
          "schema_version": 0,
          "attributes": {
            "arn": "arn:aws:iam::986323537898:policy/dev-us-east-1-eks-cluster-cluster-20250513175950637200000002",
            "attachment_count": 1,
            "description": "",
            "id": "arn:aws:iam::986323537898:policy/dev-us-east-1-eks-cluster-cluster-20250513175950637200000002",
            "name": "dev-us-east-1-eks-cluster-cluster-20250513175950637200000002",
            "name_prefix": "dev-us-east-1-eks-cluster-cluster-",
            "path": "/",
            "policy": "{\"Statement\":[{\"Action\":[\"ec2:RunInstances\",\"ec2:CreateLaunchTemplate\",\"ec2:CreateFleet\"],\"Condition\":{\"StringEquals\":{\"aws:RequestTag/eks:eks-cluster-name\":\"${aws:PrincipalTag/eks:eks-cluster-name}\"},\"StringLike\":{\"aws:RequestTag/eks:kubernetes-node-class-name\":\"*\",\"aws:RequestTag/eks:kubernetes-node-pool-name\":\"*\"}},\"Effect\":\"Allow\",\"Resource\":\"*\",\"Sid\":\"Compute\"},{\"Action\":[\"ec2:CreateVolume\",\"ec2:CreateSnapshot\"],\"Condition\":{\"StringEquals\":{\"aws:RequestTag/eks:eks-cluster-name\":\"${aws:PrincipalTag/eks:eks-cluster-name}\"}},\"Effect\":\"Allow\",\"Resource\":[\"arn:aws:ec2:*:*:volume/*\",\"arn:aws:ec2:*:*:snapshot/*\"],\"Sid\":\"Storage\"},{\"Action\":\"ec2:CreateNetworkInterface\",\"Condition\":{\"StringEquals\":{\"aws:RequestTag/eks:eks-cluster-name\":\"${aws:PrincipalTag/eks:eks-cluster-name}\",\"aws:RequestTag/eks:kubernetes-cni-node-name\":\"*\"}},\"Effect\":\"Allow\",\"Resource\":\"*\",\"Sid\":\"Networking\"},{\"Action\":[\"elasticloadbalancing:CreateTargetGroup\",\"elasticloadbalancing:CreateRule\",\"elasticloadbalancing:CreateLoadBalancer\",\"elasticloadbalancing:CreateListener\",\"ec2:CreateSecurityGroup\"],\"Condition\":{\"StringEquals\":{\"aws:RequestTag/eks:eks-cluster-name\":\"${aws:PrincipalTag/eks:eks-cluster-name}\"}},\"Effect\":\"Allow\",\"Resource\":\"*\",\"Sid\":\"LoadBalancer\"},{\"Action\":\"shield:CreateProtection\",\"Condition\":{\"StringEquals\":{\"aws:RequestTag/eks:eks-cluster-name\":\"${aws:PrincipalTag/eks:eks-cluster-name}\"}},\"Effect\":\"Allow\",\"Resource\":\"*\",\"Sid\":\"ShieldProtection\"},{\"Action\":\"shield:TagResource\",\"Condition\":{\"StringEquals\":{\"aws:RequestTag/eks:eks-cluster-name\":\"${aws:PrincipalTag/eks:eks-cluster-name}\"}},\"Effect\":\"Allow\",\"Resource\":\"arn:aws:shield::*:protection/*\",\"Sid\":\"ShieldTagResource\"}],\"Version\":\"2012-10-17\"}",
            "policy_id": "ANPA6LJLWZ7VIRN7WM5FS",
            "tags": {
              "Environment": "dev",
              "Terraform": "true"
            },
            "tags_all": {
              "Environment": "dev",
              "Terraform": "true"
            }
          },
          "sensitive_attributes": [],
          "private": "bnVsbA==",
          "dependencies": [
            "module.eks.module.eks.data.aws_iam_policy_document.custom",
            "module.eks.module.eks.data.aws_partition.current"
          ]
        }
      ]
    },
    {
      "module": "module.eks.module.eks",
      "mode": "managed",
      "type": "aws_iam_role",
      "name": "eks_auto",
      "provider": "provider[\"registry.terraform.io/hashicorp/aws\"]",
      "instances": []
    },
    {
      "module": "module.eks.module.eks",
      "mode": "managed",
      "type": "aws_iam_role",
      "name": "this",
      "provider": "provider[\"registry.terraform.io/hashicorp/aws\"]",
      "instances": [
        {
          "index_key": 0,
          "schema_version": 0,
          "attributes": {
            "arn": "arn:aws:iam::986323537898:role/dev-us-east-1-eks-cluster-cluster-20250513175950638300000005",
            "assume_role_policy": "{\"Statement\":[{\"Action\":[\"sts:TagSession\",\"sts:AssumeRole\"],\"Effect\":\"Allow\",\"Principal\":{\"Service\":\"eks.amazonaws.com\"},\"Sid\":\"EKSClusterAssumeRole\"}],\"Version\":\"2012-10-17\"}",
            "create_date": "2025-05-13T17:59:51Z",
            "description": "",
            "force_detach_policies": true,
            "id": "dev-us-east-1-eks-cluster-cluster-20250513175950638300000005",
            "inline_policy": [],
            "managed_policy_arns": [
              "arn:aws:iam::986323537898:policy/dev-us-east-1-eks-cluster-cluster-20250513175950637200000002",
              "arn:aws:iam::986323537898:policy/dev-us-east-1-eks-cluster-cluster-ClusterEncryption2025051318001476070000000c",
              "arn:aws:iam::aws:policy/AmazonEKSClusterPolicy",
              "arn:aws:iam::aws:policy/AmazonEKSVPCResourceController"
            ],
            "max_session_duration": 3600,
            "name": "dev-us-east-1-eks-cluster-cluster-20250513175950638300000005",
            "name_prefix": "dev-us-east-1-eks-cluster-cluster-",
            "path": "/",
            "permissions_boundary": "",
            "tags": {
              "Environment": "dev",
              "Terraform": "true"
            },
            "tags_all": {
              "Environment": "dev",
              "Terraform": "true"
            },
            "unique_id": "AROA6LJLWZ7VBJ62WUW5M"
          },
          "sensitive_attributes": [],
          "private": "bnVsbA==",
          "dependencies": [
            "module.eks.module.eks.data.aws_iam_policy_document.assume_role_policy"
          ],
          "create_before_destroy": true
        }
      ]
    },
    {
      "module": "module.eks.module.eks",
      "mode": "managed",
      "type": "aws_iam_role_policy_attachment",
      "name": "additional",
      "provider": "provider[\"registry.terraform.io/hashicorp/aws\"]",
      "instances": []
    },
    {
      "module": "module.eks.module.eks",
      "mode": "managed",
      "type": "aws_iam_role_policy_attachment",
      "name": "cluster_encryption",
      "provider": "provider[\"registry.terraform.io/hashicorp/aws\"]",
      "instances": [
        {
          "index_key": 0,
          "schema_version": 0,
          "attributes": {
            "id": "dev-us-east-1-eks-cluster-cluster-20250513175950638300000005-2025051318001551880000000d",
            "policy_arn": "arn:aws:iam::986323537898:policy/dev-us-east-1-eks-cluster-cluster-ClusterEncryption2025051318001476070000000c",
            "role": "dev-us-east-1-eks-cluster-cluster-20250513175950638300000005"
          },
          "sensitive_attributes": [],
          "private": "bnVsbA==",
          "dependencies": [
            "module.eks.module.eks.aws_iam_policy.cluster_encryption",
            "module.eks.module.eks.aws_iam_role.this",
            "module.eks.module.eks.data.aws_caller_identity.current",
            "module.eks.module.eks.data.aws_iam_policy_document.assume_role_policy",
            "module.eks.module.eks.data.aws_iam_session_context.current",
            "module.eks.module.eks.module.kms.aws_kms_external_key.this",
            "module.eks.module.eks.module.kms.aws_kms_key.this",
            "module.eks.module.eks.module.kms.aws_kms_replica_external_key.this",
            "module.eks.module.eks.module.kms.aws_kms_replica_key.this",
            "module.eks.module.eks.module.kms.data.aws_caller_identity.current",
            "module.eks.module.eks.module.kms.data.aws_iam_policy_document.this",
            "module.eks.module.eks.module.kms.data.aws_partition.current"
          ]
        }
      ]
    },
    {
      "module": "module.eks.module.eks",
      "mode": "managed",
      "type": "aws_iam_role_policy_attachment",
      "name": "custom",
      "provider": "provider[\"registry.terraform.io/hashicorp/aws\"]",
      "instances": [
        {
          "index_key": 0,
          "schema_version": 0,
          "attributes": {
            "id": "dev-us-east-1-eks-cluster-cluster-20250513175950638300000005-20250513175951817400000007",
            "policy_arn": "arn:aws:iam::986323537898:policy/dev-us-east-1-eks-cluster-cluster-20250513175950637200000002",
            "role": "dev-us-east-1-eks-cluster-cluster-20250513175950638300000005"
          },
          "sensitive_attributes": [],
          "private": "bnVsbA==",
          "dependencies": [
            "module.eks.module.eks.aws_iam_policy.custom",
            "module.eks.module.eks.aws_iam_role.this",
            "module.eks.module.eks.data.aws_iam_policy_document.assume_role_policy",
            "module.eks.module.eks.data.aws_iam_policy_document.custom",
            "module.eks.module.eks.data.aws_partition.current"
          ]
        }
      ]
    },
    {
      "module": "module.eks.module.eks",
      "mode": "managed",
      "type": "aws_iam_role_policy_attachment",
      "name": "eks_auto",
      "provider": "provider[\"registry.terraform.io/hashicorp/aws\"]",
      "instances": []
    },
    {
      "module": "module.eks.module.eks",
      "mode": "managed",
      "type": "aws_iam_role_policy_attachment",
      "name": "eks_auto_additional",
      "provider": "provider[\"registry.terraform.io/hashicorp/aws\"]",
      "instances": []
    },
    {
      "module": "module.eks.module.eks",
      "mode": "managed",
      "type": "aws_iam_role_policy_attachment",
      "name": "this",
      "provider": "provider[\"registry.terraform.io/hashicorp/aws\"]",
      "instances": [
        {
          "index_key": "AmazonEKSClusterPolicy",
          "schema_version": 0,
          "attributes": {
            "id": "dev-us-east-1-eks-cluster-cluster-20250513175950638300000005-20250513175951801500000006",
            "policy_arn": "arn:aws:iam::aws:policy/AmazonEKSClusterPolicy",
            "role": "dev-us-east-1-eks-cluster-cluster-20250513175950638300000005"
          },
          "sensitive_attributes": [],
          "private": "bnVsbA==",
          "dependencies": [
            "module.eks.module.eks.aws_iam_role.this",
            "module.eks.module.eks.data.aws_iam_policy_document.assume_role_policy",
            "module.eks.module.eks.data.aws_partition.current"
          ],
          "create_before_destroy": true
        },
        {
          "index_key": "AmazonEKSVPCResourceController",
          "schema_version": 0,
          "attributes": {
            "id": "dev-us-east-1-eks-cluster-cluster-20250513175950638300000005-20250513175951858900000008",
            "policy_arn": "arn:aws:iam::aws:policy/AmazonEKSVPCResourceController",
            "role": "dev-us-east-1-eks-cluster-cluster-20250513175950638300000005"
          },
          "sensitive_attributes": [],
          "private": "bnVsbA==",
          "dependencies": [
            "module.eks.module.eks.aws_iam_role.this",
            "module.eks.module.eks.data.aws_iam_policy_document.assume_role_policy",
            "module.eks.module.eks.data.aws_partition.current"
          ],
          "create_before_destroy": true
        }
      ]
    },
    {
      "module": "module.eks.module.eks",
      "mode": "managed",
      "type": "aws_security_group",
      "name": "cluster",
      "provider": "provider[\"registry.terraform.io/hashicorp/aws\"]",
      "instances": [
        {
          "index_key": 0,
          "schema_version": 1,
          "attributes": {
            "arn": "arn:aws:ec2:us-east-1:986323537898:security-group/sg-0a9acfd8b57de0ef2",
            "description": "EKS cluster security group",
            "egress": [],
            "id": "sg-0a9acfd8b57de0ef2",
            "ingress": [
              {
                "cidr_blocks": [],
                "description": "Node groups to cluster API",
                "from_port": 443,
                "ipv6_cidr_blocks": [],
                "prefix_list_ids": [],
                "protocol": "tcp",
                "security_groups": [
                  "sg-082d446f3a4d4ed9d"
                ],
                "self": false,
                "to_port": 443
              }
            ],
            "name": "dev-us-east-1-eks-cluster-cluster-20250513175950637800000003",
            "name_prefix": "dev-us-east-1-eks-cluster-cluster-",
            "owner_id": "986323537898",
            "revoke_rules_on_delete": false,
            "tags": {
              "Environment": "dev",
              "Name": "dev-us-east-1-eks-cluster-cluster",
              "Terraform": "true"
            },
            "tags_all": {
              "Environment": "dev",
              "Name": "dev-us-east-1-eks-cluster-cluster",
              "Terraform": "true"
            },
            "timeouts": null,
            "vpc_id": "vpc-0aeec631fbbeccbf7"
          },
          "sensitive_attributes": [],
          "private": "eyJlMmJmYjczMC1lY2FhLTExZTYtOGY4OC0zNDM2M2JjN2M0YzAiOnsiY3JlYXRlIjo2MDAwMDAwMDAwMDAsImRlbGV0ZSI6OTAwMDAwMDAwMDAwfSwic2NoZW1hX3ZlcnNpb24iOiIxIn0=",
          "dependencies": [
            "module.network.module.vpc.aws_vpc.this"
          ],
          "create_before_destroy": true
        }
      ]
    },
    {
      "module": "module.eks.module.eks",
      "mode": "managed",
      "type": "aws_security_group",
      "name": "node",
      "provider": "provider[\"registry.terraform.io/hashicorp/aws\"]",
      "instances": [
        {
          "index_key": 0,
          "schema_version": 1,
          "attributes": {
            "arn": "arn:aws:ec2:us-east-1:986323537898:security-group/sg-082d446f3a4d4ed9d",
            "description": "EKS node shared security group",
            "egress": [
              {
                "cidr_blocks": [
                  "0.0.0.0/0"
                ],
                "description": "Allow all egress",
                "from_port": 0,
                "ipv6_cidr_blocks": [],
                "prefix_list_ids": [],
                "protocol": "-1",
                "security_groups": [],
                "self": false,
                "to_port": 0
              }
            ],
            "id": "sg-082d446f3a4d4ed9d",
            "ingress": [
              {
                "cidr_blocks": [],
                "description": "Cluster API to node 4443/tcp webhook",
                "from_port": 4443,
                "ipv6_cidr_blocks": [],
                "prefix_list_ids": [],
                "protocol": "tcp",
                "security_groups": [
                  "sg-0a9acfd8b57de0ef2"
                ],
                "self": false,
                "to_port": 4443
              },
              {
                "cidr_blocks": [],
                "description": "Cluster API to node 6443/tcp webhook",
                "from_port": 6443,
                "ipv6_cidr_blocks": [],
                "prefix_list_ids": [],
                "protocol": "tcp",
                "security_groups": [
                  "sg-0a9acfd8b57de0ef2"
                ],
                "self": false,
                "to_port": 6443
              },
              {
                "cidr_blocks": [],
                "description": "Cluster API to node 8443/tcp webhook",
                "from_port": 8443,
                "ipv6_cidr_blocks": [],
                "prefix_list_ids": [],
                "protocol": "tcp",
                "security_groups": [
                  "sg-0a9acfd8b57de0ef2"
                ],
                "self": false,
                "to_port": 8443
              },
              {
                "cidr_blocks": [],
                "description": "Cluster API to node 9443/tcp webhook",
                "from_port": 9443,
                "ipv6_cidr_blocks": [],
                "prefix_list_ids": [],
                "protocol": "tcp",
                "security_groups": [
                  "sg-0a9acfd8b57de0ef2"
                ],
                "self": false,
                "to_port": 9443
              },
              {
                "cidr_blocks": [],
                "description": "Cluster API to node groups",
                "from_port": 443,
                "ipv6_cidr_blocks": [],
                "prefix_list_ids": [],
                "protocol": "tcp",
                "security_groups": [
                  "sg-0a9acfd8b57de0ef2"
                ],
                "self": false,
                "to_port": 443
              },
              {
                "cidr_blocks": [],
                "description": "Cluster API to node kubelets",
                "from_port": 10250,
                "ipv6_cidr_blocks": [],
                "prefix_list_ids": [],
                "protocol": "tcp",
                "security_groups": [
                  "sg-0a9acfd8b57de0ef2"
                ],
                "self": false,
                "to_port": 10250
              },
              {
                "cidr_blocks": [],
                "description": "Node to node CoreDNS UDP",
                "from_port": 53,
                "ipv6_cidr_blocks": [],
                "prefix_list_ids": [],
                "protocol": "udp",
                "security_groups": [],
                "self": true,
                "to_port": 53
              },
              {
                "cidr_blocks": [],
                "description": "Node to node CoreDNS",
                "from_port": 53,
                "ipv6_cidr_blocks": [],
                "prefix_list_ids": [],
                "protocol": "tcp",
                "security_groups": [],
                "self": true,
                "to_port": 53
              },
              {
                "cidr_blocks": [],
                "description": "Node to node ingress on ephemeral ports",
                "from_port": 1025,
                "ipv6_cidr_blocks": [],
                "prefix_list_ids": [],
                "protocol": "tcp",
                "security_groups": [],
                "self": true,
                "to_port": 65535
              }
            ],
            "name": "dev-us-east-1-eks-cluster-node-20250513175950636400000001",
            "name_prefix": "dev-us-east-1-eks-cluster-node-",
            "owner_id": "986323537898",
            "revoke_rules_on_delete": false,
            "tags": {
              "Environment": "dev",
              "Name": "dev-us-east-1-eks-cluster-node",
              "Terraform": "true",
              "kubernetes.io/cluster/dev-us-east-1-eks-cluster": "owned"
            },
            "tags_all": {
              "Environment": "dev",
              "Name": "dev-us-east-1-eks-cluster-node",
              "Terraform": "true",
              "kubernetes.io/cluster/dev-us-east-1-eks-cluster": "owned"
            },
            "timeouts": null,
            "vpc_id": "vpc-0aeec631fbbeccbf7"
          },
          "sensitive_attributes": [],
          "private": "eyJlMmJmYjczMC1lY2FhLTExZTYtOGY4OC0zNDM2M2JjN2M0YzAiOnsiY3JlYXRlIjo2MDAwMDAwMDAwMDAsImRlbGV0ZSI6OTAwMDAwMDAwMDAwfSwic2NoZW1hX3ZlcnNpb24iOiIxIn0=",
          "dependencies": [
            "module.network.module.vpc.aws_vpc.this"
          ],
          "create_before_destroy": true
        }
      ]
    },
    {
      "module": "module.eks.module.eks",
      "mode": "managed",
      "type": "aws_security_group_rule",
      "name": "cluster",
      "provider": "provider[\"registry.terraform.io/hashicorp/aws\"]",
      "instances": [
        {
          "index_key": "ingress_nodes_443",
          "schema_version": 2,
          "attributes": {
            "cidr_blocks": null,
            "description": "Node groups to cluster API",
            "from_port": 443,
            "id": "sgrule-2888774708",
            "ipv6_cidr_blocks": null,
            "prefix_list_ids": null,
            "protocol": "tcp",
            "security_group_id": "sg-0a9acfd8b57de0ef2",
            "security_group_rule_id": "sgr-0a069bc19ab83c2f4",
            "self": false,
            "source_security_group_id": "sg-082d446f3a4d4ed9d",
            "timeouts": null,
            "to_port": 443,
            "type": "ingress"
          },
          "sensitive_attributes": [],
          "private": "eyJlMmJmYjczMC1lY2FhLTExZTYtOGY4OC0zNDM2M2JjN2M0YzAiOnsiY3JlYXRlIjozMDAwMDAwMDAwMDB9LCJzY2hlbWFfdmVyc2lvbiI6IjIifQ==",
          "dependencies": [
            "module.eks.module.eks.aws_security_group.cluster",
            "module.eks.module.eks.aws_security_group.node",
            "module.network.module.vpc.aws_vpc.this"
          ],
          "create_before_destroy": true
        }
      ]
    },
    {
      "module": "module.eks.module.eks",
      "mode": "managed",
      "type": "aws_security_group_rule",
      "name": "node",
      "provider": "provider[\"registry.terraform.io/hashicorp/aws\"]",
      "instances": [
        {
          "index_key": "egress_all",
          "schema_version": 2,
          "attributes": {
            "cidr_blocks": [
              "0.0.0.0/0"
            ],
            "description": "Allow all egress",
            "from_port": 0,
            "id": "sgrule-3936758024",
            "ipv6_cidr_blocks": null,
            "prefix_list_ids": [],
            "protocol": "-1",
            "security_group_id": "sg-082d446f3a4d4ed9d",
            "security_group_rule_id": "sgr-0d3b29bcba45ad814",
            "self": false,
            "source_security_group_id": null,
            "timeouts": null,
            "to_port": 0,
            "type": "egress"
          },
          "sensitive_attributes": [],
          "private": "eyJlMmJmYjczMC1lY2FhLTExZTYtOGY4OC0zNDM2M2JjN2M0YzAiOnsiY3JlYXRlIjozMDAwMDAwMDAwMDB9LCJzY2hlbWFfdmVyc2lvbiI6IjIifQ==",
          "dependencies": [
            "module.eks.module.eks.aws_security_group.cluster",
            "module.eks.module.eks.aws_security_group.node",
            "module.network.module.vpc.aws_vpc.this"
          ],
          "create_before_destroy": true
        },
        {
          "index_key": "ingress_cluster_443",
          "schema_version": 2,
          "attributes": {
            "cidr_blocks": null,
            "description": "Cluster API to node groups",
            "from_port": 443,
            "id": "sgrule-1741285811",
            "ipv6_cidr_blocks": null,
            "prefix_list_ids": [],
            "protocol": "tcp",
            "security_group_id": "sg-082d446f3a4d4ed9d",
            "security_group_rule_id": "sgr-06c6afbea9c318e72",
            "self": false,
            "source_security_group_id": "sg-0a9acfd8b57de0ef2",
            "timeouts": null,
            "to_port": 443,
            "type": "ingress"
          },
          "sensitive_attributes": [],
          "private": "eyJlMmJmYjczMC1lY2FhLTExZTYtOGY4OC0zNDM2M2JjN2M0YzAiOnsiY3JlYXRlIjozMDAwMDAwMDAwMDB9LCJzY2hlbWFfdmVyc2lvbiI6IjIifQ==",
          "dependencies": [
            "module.eks.module.eks.aws_security_group.cluster",
            "module.eks.module.eks.aws_security_group.node",
            "module.network.module.vpc.aws_vpc.this"
          ],
          "create_before_destroy": true
        },
        {
          "index_key": "ingress_cluster_4443_webhook",
          "schema_version": 2,
          "attributes": {
            "cidr_blocks": null,
            "description": "Cluster API to node 4443/tcp webhook",
            "from_port": 4443,
            "id": "sgrule-2919846145",
            "ipv6_cidr_blocks": null,
            "prefix_list_ids": [],
            "protocol": "tcp",
            "security_group_id": "sg-082d446f3a4d4ed9d",
            "security_group_rule_id": "sgr-0801d84817bdd1ac1",
            "self": false,
            "source_security_group_id": "sg-0a9acfd8b57de0ef2",
            "timeouts": null,
            "to_port": 4443,
            "type": "ingress"
          },
          "sensitive_attributes": [],
          "private": "eyJlMmJmYjczMC1lY2FhLTExZTYtOGY4OC0zNDM2M2JjN2M0YzAiOnsiY3JlYXRlIjozMDAwMDAwMDAwMDB9LCJzY2hlbWFfdmVyc2lvbiI6IjIifQ==",
          "dependencies": [
            "module.eks.module.eks.aws_security_group.cluster",
            "module.eks.module.eks.aws_security_group.node",
            "module.network.module.vpc.aws_vpc.this"
          ],
          "create_before_destroy": true
        },
        {
          "index_key": "ingress_cluster_6443_webhook",
          "schema_version": 2,
          "attributes": {
            "cidr_blocks": null,
            "description": "Cluster API to node 6443/tcp webhook",
            "from_port": 6443,
            "id": "sgrule-1732982423",
            "ipv6_cidr_blocks": null,
            "prefix_list_ids": [],
            "protocol": "tcp",
            "security_group_id": "sg-082d446f3a4d4ed9d",
            "security_group_rule_id": "sgr-08b4819536db883e5",
            "self": false,
            "source_security_group_id": "sg-0a9acfd8b57de0ef2",
            "timeouts": null,
            "to_port": 6443,
            "type": "ingress"
          },
          "sensitive_attributes": [],
          "private": "eyJlMmJmYjczMC1lY2FhLTExZTYtOGY4OC0zNDM2M2JjN2M0YzAiOnsiY3JlYXRlIjozMDAwMDAwMDAwMDB9LCJzY2hlbWFfdmVyc2lvbiI6IjIifQ==",
          "dependencies": [
            "module.eks.module.eks.aws_security_group.cluster",
            "module.eks.module.eks.aws_security_group.node",
            "module.network.module.vpc.aws_vpc.this"
          ],
          "create_before_destroy": true
        },
        {
          "index_key": "ingress_cluster_8443_webhook",
          "schema_version": 2,
          "attributes": {
            "cidr_blocks": null,
            "description": "Cluster API to node 8443/tcp webhook",
            "from_port": 8443,
            "id": "sgrule-1947667126",
            "ipv6_cidr_blocks": null,
            "prefix_list_ids": [],
            "protocol": "tcp",
            "security_group_id": "sg-082d446f3a4d4ed9d",
            "security_group_rule_id": "sgr-053a8059f2faaa4bb",
            "self": false,
            "source_security_group_id": "sg-0a9acfd8b57de0ef2",
            "timeouts": null,
            "to_port": 8443,
            "type": "ingress"
          },
          "sensitive_attributes": [],
          "private": "eyJlMmJmYjczMC1lY2FhLTExZTYtOGY4OC0zNDM2M2JjN2M0YzAiOnsiY3JlYXRlIjozMDAwMDAwMDAwMDB9LCJzY2hlbWFfdmVyc2lvbiI6IjIifQ==",
          "dependencies": [
            "module.eks.module.eks.aws_security_group.cluster",
            "module.eks.module.eks.aws_security_group.node",
            "module.network.module.vpc.aws_vpc.this"
          ],
          "create_before_destroy": true
        },
        {
          "index_key": "ingress_cluster_9443_webhook",
          "schema_version": 2,
          "attributes": {
            "cidr_blocks": null,
            "description": "Cluster API to node 9443/tcp webhook",
            "from_port": 9443,
            "id": "sgrule-280377725",
            "ipv6_cidr_blocks": null,
            "prefix_list_ids": [],
            "protocol": "tcp",
            "security_group_id": "sg-082d446f3a4d4ed9d",
            "security_group_rule_id": "sgr-093e649f8d6abf785",
            "self": false,
            "source_security_group_id": "sg-0a9acfd8b57de0ef2",
            "timeouts": null,
            "to_port": 9443,
            "type": "ingress"
          },
          "sensitive_attributes": [],
          "private": "eyJlMmJmYjczMC1lY2FhLTExZTYtOGY4OC0zNDM2M2JjN2M0YzAiOnsiY3JlYXRlIjozMDAwMDAwMDAwMDB9LCJzY2hlbWFfdmVyc2lvbiI6IjIifQ==",
          "dependencies": [
            "module.eks.module.eks.aws_security_group.cluster",
            "module.eks.module.eks.aws_security_group.node",
            "module.network.module.vpc.aws_vpc.this"
          ],
          "create_before_destroy": true
        },
        {
          "index_key": "ingress_cluster_kubelet",
          "schema_version": 2,
          "attributes": {
            "cidr_blocks": null,
            "description": "Cluster API to node kubelets",
            "from_port": 10250,
            "id": "sgrule-103200971",
            "ipv6_cidr_blocks": null,
            "prefix_list_ids": [],
            "protocol": "tcp",
            "security_group_id": "sg-082d446f3a4d4ed9d",
            "security_group_rule_id": "sgr-024a39ff9d757952b",
            "self": false,
            "source_security_group_id": "sg-0a9acfd8b57de0ef2",
            "timeouts": null,
            "to_port": 10250,
            "type": "ingress"
          },
          "sensitive_attributes": [],
          "private": "eyJlMmJmYjczMC1lY2FhLTExZTYtOGY4OC0zNDM2M2JjN2M0YzAiOnsiY3JlYXRlIjozMDAwMDAwMDAwMDB9LCJzY2hlbWFfdmVyc2lvbiI6IjIifQ==",
          "dependencies": [
            "module.eks.module.eks.aws_security_group.cluster",
            "module.eks.module.eks.aws_security_group.node",
            "module.network.module.vpc.aws_vpc.this"
          ],
          "create_before_destroy": true
        },
        {
          "index_key": "ingress_nodes_ephemeral",
          "schema_version": 2,
          "attributes": {
            "cidr_blocks": null,
            "description": "Node to node ingress on ephemeral ports",
            "from_port": 1025,
            "id": "sgrule-2820082642",
            "ipv6_cidr_blocks": null,
            "prefix_list_ids": [],
            "protocol": "tcp",
            "security_group_id": "sg-082d446f3a4d4ed9d",
            "security_group_rule_id": "sgr-01b664a2a08580023",
            "self": true,
            "source_security_group_id": null,
            "timeouts": null,
            "to_port": 65535,
            "type": "ingress"
          },
          "sensitive_attributes": [],
          "private": "eyJlMmJmYjczMC1lY2FhLTExZTYtOGY4OC0zNDM2M2JjN2M0YzAiOnsiY3JlYXRlIjozMDAwMDAwMDAwMDB9LCJzY2hlbWFfdmVyc2lvbiI6IjIifQ==",
          "dependencies": [
            "module.eks.module.eks.aws_security_group.cluster",
            "module.eks.module.eks.aws_security_group.node",
            "module.network.module.vpc.aws_vpc.this"
          ],
          "create_before_destroy": true
        },
        {
          "index_key": "ingress_self_coredns_tcp",
          "schema_version": 2,
          "attributes": {
            "cidr_blocks": null,
            "description": "Node to node CoreDNS",
            "from_port": 53,
            "id": "sgrule-2312537207",
            "ipv6_cidr_blocks": null,
            "prefix_list_ids": [],
            "protocol": "tcp",
            "security_group_id": "sg-082d446f3a4d4ed9d",
            "security_group_rule_id": "sgr-0ffe40eeda0b6bf8d",
            "self": true,
            "source_security_group_id": null,
            "timeouts": null,
            "to_port": 53,
            "type": "ingress"
          },
          "sensitive_attributes": [],
          "private": "eyJlMmJmYjczMC1lY2FhLTExZTYtOGY4OC0zNDM2M2JjN2M0YzAiOnsiY3JlYXRlIjozMDAwMDAwMDAwMDB9LCJzY2hlbWFfdmVyc2lvbiI6IjIifQ==",
          "dependencies": [
            "module.eks.module.eks.aws_security_group.cluster",
            "module.eks.module.eks.aws_security_group.node",
            "module.network.module.vpc.aws_vpc.this"
          ],
          "create_before_destroy": true
        },
        {
          "index_key": "ingress_self_coredns_udp",
          "schema_version": 2,
          "attributes": {
            "cidr_blocks": null,
            "description": "Node to node CoreDNS UDP",
            "from_port": 53,
            "id": "sgrule-763963288",
            "ipv6_cidr_blocks": null,
            "prefix_list_ids": [],
            "protocol": "udp",
            "security_group_id": "sg-082d446f3a4d4ed9d",
            "security_group_rule_id": "sgr-0adfb3fb613c90bcf",
            "self": true,
            "source_security_group_id": null,
            "timeouts": null,
            "to_port": 53,
            "type": "ingress"
          },
          "sensitive_attributes": [],
          "private": "eyJlMmJmYjczMC1lY2FhLTExZTYtOGY4OC0zNDM2M2JjN2M0YzAiOnsiY3JlYXRlIjozMDAwMDAwMDAwMDB9LCJzY2hlbWFfdmVyc2lvbiI6IjIifQ==",
          "dependencies": [
            "module.eks.module.eks.aws_security_group.cluster",
            "module.eks.module.eks.aws_security_group.node",
            "module.network.module.vpc.aws_vpc.this"
          ],
          "create_before_destroy": true
        }
      ]
    },
    {
      "module": "module.eks.module.eks",
      "mode": "managed",
      "type": "time_sleep",
      "name": "this",
      "provider": "provider[\"registry.terraform.io/hashicorp/time\"]",
      "instances": [
        {
          "index_key": 0,
          "schema_version": 0,
          "attributes": {
            "create_duration": "30s",
            "destroy_duration": null,
            "id": "2025-05-13T18:10:56Z",
            "triggers": {
              "cluster_certificate_authority_data": "LS0tLS1CRUdJTiBDRVJUSUZJQ0FURS0tLS0tCk1JSURCVENDQWUyZ0F3SUJBZ0lJWnhVVURjNFQ2MEF3RFFZSktvWklodmNOQVFFTEJRQXdGVEVUTUJFR0ExVUUKQXhNS2EzVmlaWEp1WlhSbGN6QWVGdzB5TlRBMU1UTXhPREF3TURSYUZ3MHpOVEExTVRFeE9EQTFNRFJhTUJVeApFekFSQmdOVkJBTVRDbXQxWW1WeWJtVjBaWE13Z2dFaU1BMEdDU3FHU0liM0RRRUJBUVVBQTRJQkR3QXdnZ0VLCkFvSUJBUURPdFRYWXFsYjJjcVA2c2JhdVM5SmdYOCtSRnBnV2l2VE1UVXdrb0x5bmFRNlpDeXgya0JHN09zdUwKclE1c0lhYUxXWHFjQjAzZ2VpYzRVNkluRy9ybFlxSXE0V1lOWGNtdE1XeTN4Z0YzYjBtcURoSlpEeFB0dFJjYwpmUFFBbEYrdllJRTcrV0xJSWNWMW1CK3ZXcVVwWDFuYVlVUEIzZC95VHo5UmtEVGFNdGcwbXZVYit4ZXUxMkVRCkpyMmlpb2hPbmpXUi9iUmhpaXkyL0lHNzU5UlNseXZHMk8zOExFUTU2RUNRUGxSR284eCtBTXA4YmxWZDFCMlcKUmtMRGFHV2FkUnlNYisvakszeHV5aFRKRGRSSjgvWFVwdERJclplazlTVDZvSEhQU0M1YzZEcEMwdHcrS1pnKwpDM2R1RnhzK1VtREtmdjZLTjdnNzFyZHVjKzZoQWdNQkFBR2pXVEJYTUE0R0ExVWREd0VCL3dRRUF3SUNwREFQCkJnTlZIUk1CQWY4RUJUQURBUUgvTUIwR0ExVWREZ1FXQkJSWUZRNkhBVnMwTUZqVTM5SE1BZVNtWEJUeWpUQVYKQmdOVkhSRUVEakFNZ2dwcmRXSmxjbTVsZEdWek1BMEdDU3FHU0liM0RRRUJDd1VBQTRJQkFRQjFxait3c01tVwpLRFppTlRHN2pqclZldktmN0JZaHNhdU41ZXZVamJyaFFKU0svSDZjb1dxNWFXYTBOVFVqT1hCTlZZKzhVcHF5Ck93Z2FOMVlXRlRoYSsyZ2s5bHZ2bWlZSzlMRWp1Mm5qQ3BvU0dMZ0hMYWJnZ0FzekdKb0IzVnRibk1DTEo3WUMKZEFYb2RCZXd0NVg4eDdVYW1BVUN5OE03YjJRQkloOC8xbEt2UVBKMDNhUXV5UVVCQlhJL3o1d3Q2YlU0MFErUwp5TExoZlZLZmljTFVKUmdTb3ArRU52U2p3dmZaaW9KR1QreWJ3bnZnUFlUNEs5dVdtcDI4UTFmU202ZnE4L3kyCkJNL1c4Q1haa1pBTEEzaUxsVlVLVVlXR3BwdG5lS2Q1SzBhUFpndUJVQ3pNZEc0cWx1S0x6eGdIV0NsNk8wRGwKb0JBZGlrUVNUTEpVCi0tLS0tRU5EIENFUlRJRklDQVRFLS0tLS0K",
              "cluster_endpoint": "https://1D15F083F0D510D950F216D58A662592.gr7.us-east-1.eks.amazonaws.com",
              "cluster_name": "dev-us-east-1-eks-cluster",
              "cluster_service_cidr": "172.20.0.0/16",
              "cluster_version": "1.32"
            }
          },
          "sensitive_attributes": [],
          "dependencies": [
            "module.eks.module.eks.aws_cloudwatch_log_group.this",
            "module.eks.module.eks.aws_eks_cluster.this",
            "module.eks.module.eks.aws_iam_policy.cni_ipv6_policy",
            "module.eks.module.eks.aws_iam_role.eks_auto",
            "module.eks.module.eks.aws_iam_role.this",
            "module.eks.module.eks.aws_iam_role_policy_attachment.this",
            "module.eks.module.eks.aws_security_group.cluster",
            "module.eks.module.eks.aws_security_group.node",
            "module.eks.module.eks.aws_security_group_rule.cluster",
            "module.eks.module.eks.aws_security_group_rule.node",
            "module.eks.module.eks.data.aws_caller_identity.current",
            "module.eks.module.eks.data.aws_iam_policy_document.assume_role_policy",
            "module.eks.module.eks.data.aws_iam_policy_document.cni_ipv6_policy",
            "module.eks.module.eks.data.aws_iam_policy_document.node_assume_role_policy",
            "module.eks.module.eks.data.aws_iam_session_context.current",
            "module.eks.module.eks.data.aws_partition.current",
            "module.eks.module.eks.module.kms.aws_kms_external_key.this",
            "module.eks.module.eks.module.kms.aws_kms_key.this",
            "module.eks.module.eks.module.kms.aws_kms_replica_external_key.this",
            "module.eks.module.eks.module.kms.aws_kms_replica_key.this",
            "module.eks.module.eks.module.kms.data.aws_caller_identity.current",
            "module.eks.module.eks.module.kms.data.aws_iam_policy_document.this",
            "module.eks.module.eks.module.kms.data.aws_partition.current",
            "module.network.data.aws_availability_zones.available",
            "module.network.module.vpc.aws_subnet.private",
            "module.network.module.vpc.aws_vpc.this",
            "module.network.module.vpc.aws_vpc_ipv4_cidr_block_association.this"
          ],
          "create_before_destroy": true
        }
      ]
    },
    {
      "module": "module.eks.module.eks-auth",
      "mode": "managed",
      "type": "kubernetes_config_map",
      "name": "aws_auth",
      "provider": "module.eks.provider[\"registry.terraform.io/hashicorp/kubernetes\"]",
      "instances": []
    },
    {
      "module": "module.eks.module.eks.module.eks_managed_node_group[\"default_node_group\"]",
      "mode": "data",
      "type": "aws_caller_identity",
      "name": "current",
      "provider": "provider[\"registry.terraform.io/hashicorp/aws\"]",
      "instances": [
        {
          "schema_version": 0,
          "attributes": {
            "account_id": "986323537898",
            "arn": "arn:aws:sts::986323537898:assumed-role/AWSReservedSSO_AdministratorAccess_0dad5e4ab7a9f2bd/Ibrahim",
            "id": "986323537898",
            "user_id": "AROA6LJLWZ7VIZ7O2G6L4:Ibrahim"
          },
          "sensitive_attributes": []
        }
      ]
    },
    {
      "module": "module.eks.module.eks.module.eks_managed_node_group[\"default_node_group\"]",
      "mode": "data",
      "type": "aws_ec2_instance_type",
      "name": "this",
      "provider": "provider[\"registry.terraform.io/hashicorp/aws\"]",
      "instances": []
    },
    {
      "module": "module.eks.module.eks.module.eks_managed_node_group[\"default_node_group\"]",
      "mode": "data",
      "type": "aws_ec2_instance_type_offerings",
      "name": "this",
      "provider": "provider[\"registry.terraform.io/hashicorp/aws\"]",
      "instances": []
    },
    {
      "module": "module.eks.module.eks.module.eks_managed_node_group[\"default_node_group\"]",
      "mode": "data",
      "type": "aws_iam_policy_document",
      "name": "assume_role_policy",
      "provider": "provider[\"registry.terraform.io/hashicorp/aws\"]",
      "instances": [
        {
          "index_key": 0,
          "schema_version": 0,
          "attributes": {
            "id": "2560088296",
            "json": "{\n  \"Version\": \"2012-10-17\",\n  \"Statement\": [\n    {\n      \"Sid\": \"EKSNodeAssumeRole\",\n      \"Effect\": \"Allow\",\n      \"Action\": \"sts:AssumeRole\",\n      \"Principal\": {\n        \"Service\": \"ec2.amazonaws.com\"\n      }\n    }\n  ]\n}",
            "minified_json": "{\"Version\":\"2012-10-17\",\"Statement\":[{\"Sid\":\"EKSNodeAssumeRole\",\"Effect\":\"Allow\",\"Action\":\"sts:AssumeRole\",\"Principal\":{\"Service\":\"ec2.amazonaws.com\"}}]}",
            "override_json": null,
            "override_policy_documents": null,
            "policy_id": null,
            "source_json": null,
            "source_policy_documents": null,
            "statement": [
              {
                "actions": [
                  "sts:AssumeRole"
                ],
                "condition": [],
                "effect": "Allow",
                "not_actions": [],
                "not_principals": [],
                "not_resources": [],
                "principals": [
                  {
                    "identifiers": [
                      "ec2.amazonaws.com"
                    ],
                    "type": "Service"
                  }
                ],
                "resources": [],
                "sid": "EKSNodeAssumeRole"
              }
            ],
            "version": "2012-10-17"
          },
          "sensitive_attributes": []
        }
      ]
    },
    {
      "module": "module.eks.module.eks.module.eks_managed_node_group[\"default_node_group\"]",
      "mode": "data",
      "type": "aws_iam_policy_document",
      "name": "role",
      "provider": "provider[\"registry.terraform.io/hashicorp/aws\"]",
      "instances": []
    },
    {
      "module": "module.eks.module.eks.module.eks_managed_node_group[\"default_node_group\"]",
      "mode": "data",
      "type": "aws_partition",
      "name": "current",
      "provider": "provider[\"registry.terraform.io/hashicorp/aws\"]",
      "instances": [
        {
          "schema_version": 0,
          "attributes": {
            "dns_suffix": "amazonaws.com",
            "id": "aws",
            "partition": "aws",
            "reverse_dns_prefix": "com.amazonaws"
          },
          "sensitive_attributes": []
        }
      ]
    },
    {
      "module": "module.eks.module.eks.module.eks_managed_node_group[\"default_node_group\"]",
      "mode": "data",
      "type": "aws_ssm_parameter",
      "name": "ami",
      "provider": "provider[\"registry.terraform.io/hashicorp/aws\"]",
      "instances": []
    },
    {
      "module": "module.eks.module.eks.module.eks_managed_node_group[\"default_node_group\"]",
      "mode": "data",
      "type": "aws_subnets",
      "name": "placement_group",
      "provider": "provider[\"registry.terraform.io/hashicorp/aws\"]",
      "instances": []
    },
    {
      "module": "module.eks.module.eks.module.eks_managed_node_group[\"default_node_group\"]",
      "mode": "managed",
      "type": "aws_autoscaling_schedule",
      "name": "this",
      "provider": "provider[\"registry.terraform.io/hashicorp/aws\"]",
      "instances": []
    },
    {
      "module": "module.eks.module.eks.module.eks_managed_node_group[\"default_node_group\"]",
      "mode": "managed",
      "type": "aws_eks_node_group",
      "name": "this",
      "provider": "provider[\"registry.terraform.io/hashicorp/aws\"]",
      "instances": [
        {
          "index_key": 0,
          "schema_version": 0,
          "attributes": {
            "ami_type": "BOTTLEROCKET_x86_64",
            "arn": "arn:aws:eks:us-east-1:986323537898:nodegroup/dev-us-east-1-eks-cluster/default_node_group-20250513181103251300000012/aacb656b-e82f-e226-6688-4505ce263eb0",
            "capacity_type": "ON_DEMAND",
            "cluster_name": "dev-us-east-1-eks-cluster",
            "disk_size": 0,
            "force_update_version": null,
            "id": "dev-us-east-1-eks-cluster:default_node_group-20250513181103251300000012",
            "instance_types": [
              "t3.medium"
            ],
            "labels": {},
            "launch_template": [
              {
                "id": "lt-01673d8dea811f4ab",
                "name": "default_node_group-20250513181057044100000010",
                "version": "1"
              }
            ],
            "node_group_name": "default_node_group-20250513181103251300000012",
            "node_group_name_prefix": "default_node_group-",
            "node_repair_config": [],
            "node_role_arn": "arn:aws:iam::986323537898:role/default_node_group-eks-node-group-20250513175950638200000004",
            "release_version": "1.38.0-78594e2e",
            "remote_access": [],
            "resources": [
              {
                "autoscaling_groups": [
                  {
                    "name": "eks-default_node_group-20250513181103251300000012-aacb656b-e82f-e226-6688-4505ce263eb0"
                  }
                ],
                "remote_access_security_group_id": ""
              }
            ],
            "scaling_config": [
              {
                "desired_size": 2,
                "max_size": 5,
                "min_size": 2
              }
            ],
            "status": "ACTIVE",
            "subnet_ids": [
              "subnet-02798f4f06eae2a04",
              "subnet-087015c09e9037301"
            ],
            "tags": {
              "Environment": "dev",
              "Name": "default_node_group",
              "Terraform": "true"
            },
            "tags_all": {
              "Environment": "dev",
              "Name": "default_node_group",
              "Terraform": "true"
            },
            "taint": [],
            "timeouts": {
              "create": null,
              "delete": null,
              "update": null
            },
            "update_config": [
              {
                "max_unavailable": 0,
                "max_unavailable_percentage": 33
              }
            ],
            "version": "1.32"
          },
          "sensitive_attributes": [],
          "private": "eyJlMmJmYjczMC1lY2FhLTExZTYtOGY4OC0zNDM2M2JjN2M0YzAiOnsiY3JlYXRlIjozNjAwMDAwMDAwMDAwLCJkZWxldGUiOjM2MDAwMDAwMDAwMDAsInVwZGF0ZSI6MzYwMDAwMDAwMDAwMH19",
          "dependencies": [
            "module.eks.module.eks.aws_cloudwatch_log_group.this",
            "module.eks.module.eks.aws_eks_cluster.this",
            "module.eks.module.eks.aws_iam_policy.cni_ipv6_policy",
            "module.eks.module.eks.aws_iam_role.eks_auto",
            "module.eks.module.eks.aws_iam_role.this",
            "module.eks.module.eks.aws_iam_role_policy_attachment.this",
            "module.eks.module.eks.aws_security_group.cluster",
            "module.eks.module.eks.aws_security_group.node",
            "module.eks.module.eks.aws_security_group_rule.cluster",
            "module.eks.module.eks.aws_security_group_rule.node",
            "module.eks.module.eks.data.aws_caller_identity.current",
            "module.eks.module.eks.data.aws_iam_policy_document.assume_role_policy",
            "module.eks.module.eks.data.aws_iam_policy_document.cni_ipv6_policy",
            "module.eks.module.eks.data.aws_iam_policy_document.node_assume_role_policy",
            "module.eks.module.eks.data.aws_iam_session_context.current",
            "module.eks.module.eks.data.aws_partition.current",
            "module.eks.module.eks.module.eks_managed_node_group.aws_iam_role.this",
            "module.eks.module.eks.module.eks_managed_node_group.aws_iam_role_policy_attachment.additional",
            "module.eks.module.eks.module.eks_managed_node_group.aws_iam_role_policy_attachment.this",
            "module.eks.module.eks.module.eks_managed_node_group.aws_launch_template.this",
            "module.eks.module.eks.module.eks_managed_node_group.aws_placement_group.this",
            "module.eks.module.eks.module.eks_managed_node_group.data.aws_caller_identity.current",
            "module.eks.module.eks.module.eks_managed_node_group.data.aws_ec2_instance_type.this",
            "module.eks.module.eks.module.eks_managed_node_group.data.aws_ec2_instance_type_offerings.this",
            "module.eks.module.eks.module.eks_managed_node_group.data.aws_iam_policy_document.assume_role_policy",
            "module.eks.module.eks.module.eks_managed_node_group.data.aws_partition.current",
            "module.eks.module.eks.module.eks_managed_node_group.data.aws_ssm_parameter.ami",
            "module.eks.module.eks.module.eks_managed_node_group.data.aws_subnets.placement_group",
            "module.eks.module.eks.module.eks_managed_node_group.module.user_data.data.cloudinit_config.al2023_eks_managed_node_group",
            "module.eks.module.eks.module.eks_managed_node_group.module.user_data.data.cloudinit_config.linux_eks_managed_node_group",
            "module.eks.module.eks.module.kms.aws_kms_external_key.this",
            "module.eks.module.eks.module.kms.aws_kms_key.this",
            "module.eks.module.eks.module.kms.aws_kms_replica_external_key.this",
            "module.eks.module.eks.module.kms.aws_kms_replica_key.this",
            "module.eks.module.eks.module.kms.data.aws_caller_identity.current",
            "module.eks.module.eks.module.kms.data.aws_iam_policy_document.this",
            "module.eks.module.eks.module.kms.data.aws_partition.current",
            "module.eks.module.eks.time_sleep.this",
            "module.network.data.aws_availability_zones.available",
            "module.network.module.vpc.aws_subnet.private",
            "module.network.module.vpc.aws_vpc.this",
            "module.network.module.vpc.aws_vpc_ipv4_cidr_block_association.this"
          ],
          "create_before_destroy": true
        }
      ]
    },
    {
      "module": "module.eks.module.eks.module.eks_managed_node_group[\"default_node_group\"]",
      "mode": "managed",
      "type": "aws_iam_role",
      "name": "this",
      "provider": "provider[\"registry.terraform.io/hashicorp/aws\"]",
      "instances": [
        {
          "index_key": 0,
          "schema_version": 0,
          "attributes": {
            "arn": "arn:aws:iam::986323537898:role/default_node_group-eks-node-group-20250513175950638200000004",
            "assume_role_policy": "{\"Statement\":[{\"Action\":\"sts:AssumeRole\",\"Effect\":\"Allow\",\"Principal\":{\"Service\":\"ec2.amazonaws.com\"},\"Sid\":\"EKSNodeAssumeRole\"}],\"Version\":\"2012-10-17\"}",
            "create_date": "2025-05-13T17:59:51Z",
            "description": "EKS managed node group IAM role",
            "force_detach_policies": true,
            "id": "default_node_group-eks-node-group-20250513175950638200000004",
            "inline_policy": [],
            "managed_policy_arns": [
              "arn:aws:iam::aws:policy/AmazonEC2ContainerRegistryReadOnly",
              "arn:aws:iam::aws:policy/AmazonEKSWorkerNodePolicy",
              "arn:aws:iam::aws:policy/AmazonEKS_CNI_Policy"
            ],
            "max_session_duration": 3600,
            "name": "default_node_group-eks-node-group-20250513175950638200000004",
            "name_prefix": "default_node_group-eks-node-group-",
            "path": "/",
            "permissions_boundary": "",
            "tags": {
              "Environment": "dev",
              "Terraform": "true"
            },
            "tags_all": {
              "Environment": "dev",
              "Terraform": "true"
            },
            "unique_id": "AROA6LJLWZ7VIQKUNOLPD"
          },
          "sensitive_attributes": [],
          "private": "bnVsbA==",
          "dependencies": [
            "module.eks.module.eks.module.eks_managed_node_group.data.aws_iam_policy_document.assume_role_policy"
          ],
          "create_before_destroy": true
        }
      ]
    },
    {
      "module": "module.eks.module.eks.module.eks_managed_node_group[\"default_node_group\"]",
      "mode": "managed",
      "type": "aws_iam_role_policy",
      "name": "this",
      "provider": "provider[\"registry.terraform.io/hashicorp/aws\"]",
      "instances": []
    },
    {
      "module": "module.eks.module.eks.module.eks_managed_node_group[\"default_node_group\"]",
      "mode": "managed",
      "type": "aws_iam_role_policy_attachment",
      "name": "additional",
      "provider": "provider[\"registry.terraform.io/hashicorp/aws\"]",
      "instances": []
    },
    {
      "module": "module.eks.module.eks.module.eks_managed_node_group[\"default_node_group\"]",
      "mode": "managed",
      "type": "aws_iam_role_policy_attachment",
      "name": "this",
      "provider": "provider[\"registry.terraform.io/hashicorp/aws\"]",
      "instances": [
        {
          "index_key": "AmazonEC2ContainerRegistryReadOnly",
          "schema_version": 0,
          "attributes": {
            "id": "default_node_group-eks-node-group-20250513175950638200000004-2025051317595199510000000a",
            "policy_arn": "arn:aws:iam::aws:policy/AmazonEC2ContainerRegistryReadOnly",
            "role": "default_node_group-eks-node-group-20250513175950638200000004"
          },
          "sensitive_attributes": [],
          "private": "bnVsbA==",
          "dependencies": [
            "module.eks.module.eks.module.eks_managed_node_group.aws_iam_role.this",
            "module.eks.module.eks.module.eks_managed_node_group.data.aws_caller_identity.current",
            "module.eks.module.eks.module.eks_managed_node_group.data.aws_iam_policy_document.assume_role_policy",
            "module.eks.module.eks.module.eks_managed_node_group.data.aws_partition.current"
          ],
          "create_before_destroy": true
        },
        {
          "index_key": "AmazonEKSWorkerNodePolicy",
          "schema_version": 0,
          "attributes": {
            "id": "default_node_group-eks-node-group-20250513175950638200000004-20250513175951942700000009",
            "policy_arn": "arn:aws:iam::aws:policy/AmazonEKSWorkerNodePolicy",
            "role": "default_node_group-eks-node-group-20250513175950638200000004"
          },
          "sensitive_attributes": [],
          "private": "bnVsbA==",
          "dependencies": [
            "module.eks.module.eks.module.eks_managed_node_group.aws_iam_role.this",
            "module.eks.module.eks.module.eks_managed_node_group.data.aws_caller_identity.current",
            "module.eks.module.eks.module.eks_managed_node_group.data.aws_iam_policy_document.assume_role_policy",
            "module.eks.module.eks.module.eks_managed_node_group.data.aws_partition.current"
          ],
          "create_before_destroy": true
        },
        {
          "index_key": "AmazonEKS_CNI_Policy",
          "schema_version": 0,
          "attributes": {
            "id": "default_node_group-eks-node-group-20250513175950638200000004-2025051317595201640000000b",
            "policy_arn": "arn:aws:iam::aws:policy/AmazonEKS_CNI_Policy",
            "role": "default_node_group-eks-node-group-20250513175950638200000004"
          },
          "sensitive_attributes": [],
          "private": "bnVsbA==",
          "dependencies": [
            "module.eks.module.eks.module.eks_managed_node_group.aws_iam_role.this",
            "module.eks.module.eks.module.eks_managed_node_group.data.aws_caller_identity.current",
            "module.eks.module.eks.module.eks_managed_node_group.data.aws_iam_policy_document.assume_role_policy",
            "module.eks.module.eks.module.eks_managed_node_group.data.aws_partition.current"
          ],
          "create_before_destroy": true
        }
      ]
    },
    {
      "module": "module.eks.module.eks.module.eks_managed_node_group[\"default_node_group\"]",
      "mode": "managed",
      "type": "aws_launch_template",
      "name": "this",
      "provider": "provider[\"registry.terraform.io/hashicorp/aws\"]",
      "instances": [
        {
          "index_key": 0,
          "schema_version": 0,
          "attributes": {
            "arn": "arn:aws:ec2:us-east-1:986323537898:launch-template/lt-01673d8dea811f4ab",
            "block_device_mappings": [],
            "capacity_reservation_specification": [],
            "cpu_options": [],
            "credit_specification": [],
            "default_version": 1,
            "description": "Custom launch template for default_node_group EKS managed node group",
            "disable_api_stop": false,
            "disable_api_termination": false,
            "ebs_optimized": "",
            "elastic_gpu_specifications": [],
            "elastic_inference_accelerator": [],
            "enclave_options": [],
            "hibernation_options": [],
            "iam_instance_profile": [],
            "id": "lt-01673d8dea811f4ab",
            "image_id": "",
            "instance_initiated_shutdown_behavior": "",
            "instance_market_options": [],
            "instance_requirements": [],
            "instance_type": "",
            "kernel_id": "",
            "key_name": "",
            "latest_version": 1,
            "license_specification": [],
            "maintenance_options": [],
            "metadata_options": [
              {
                "http_endpoint": "enabled",
                "http_protocol_ipv6": "",
                "http_put_response_hop_limit": 2,
                "http_tokens": "required",
                "instance_metadata_tags": ""
              }
            ],
            "monitoring": [
              {
                "enabled": true
              }
            ],
            "name": "default_node_group-20250513181057044100000010",
            "name_prefix": "default_node_group-",
            "network_interfaces": [],
            "placement": [],
            "private_dns_name_options": [],
            "ram_disk_id": "",
            "security_group_names": [],
            "tag_specifications": [
              {
                "resource_type": "instance",
                "tags": {
                  "Environment": "dev",
                  "Name": "default_node_group",
                  "Terraform": "true"
                }
              },
              {
                "resource_type": "network-interface",
                "tags": {
                  "Environment": "dev",
                  "Name": "default_node_group",
                  "Terraform": "true"
                }
              },
              {
                "resource_type": "volume",
                "tags": {
                  "Environment": "dev",
                  "Name": "default_node_group",
                  "Terraform": "true"
                }
              }
            ],
            "tags": {
              "Environment": "dev",
              "Terraform": "true"
            },
            "tags_all": {
              "Environment": "dev",
              "Terraform": "true"
            },
            "update_default_version": true,
            "user_data": "",
            "vpc_security_group_ids": [
              "sg-082d446f3a4d4ed9d"
            ]
          },
          "sensitive_attributes": [],
          "private": "bnVsbA==",
          "dependencies": [
            "module.eks.module.eks.aws_cloudwatch_log_group.this",
            "module.eks.module.eks.aws_eks_cluster.this",
            "module.eks.module.eks.aws_iam_policy.cni_ipv6_policy",
            "module.eks.module.eks.aws_iam_role.eks_auto",
            "module.eks.module.eks.aws_iam_role.this",
            "module.eks.module.eks.aws_iam_role_policy_attachment.this",
            "module.eks.module.eks.aws_security_group.cluster",
            "module.eks.module.eks.aws_security_group.node",
            "module.eks.module.eks.aws_security_group_rule.cluster",
            "module.eks.module.eks.aws_security_group_rule.node",
            "module.eks.module.eks.data.aws_caller_identity.current",
            "module.eks.module.eks.data.aws_iam_policy_document.assume_role_policy",
            "module.eks.module.eks.data.aws_iam_policy_document.cni_ipv6_policy",
            "module.eks.module.eks.data.aws_iam_policy_document.node_assume_role_policy",
            "module.eks.module.eks.data.aws_iam_session_context.current",
            "module.eks.module.eks.data.aws_partition.current",
            "module.eks.module.eks.module.eks_managed_node_group.aws_iam_role.this",
            "module.eks.module.eks.module.eks_managed_node_group.aws_iam_role_policy_attachment.additional",
            "module.eks.module.eks.module.eks_managed_node_group.aws_iam_role_policy_attachment.this",
            "module.eks.module.eks.module.eks_managed_node_group.aws_placement_group.this",
            "module.eks.module.eks.module.eks_managed_node_group.data.aws_caller_identity.current",
            "module.eks.module.eks.module.eks_managed_node_group.data.aws_ec2_instance_type.this",
            "module.eks.module.eks.module.eks_managed_node_group.data.aws_iam_policy_document.assume_role_policy",
            "module.eks.module.eks.module.eks_managed_node_group.data.aws_partition.current",
            "module.eks.module.eks.module.eks_managed_node_group.module.user_data.data.cloudinit_config.al2023_eks_managed_node_group",
            "module.eks.module.eks.module.eks_managed_node_group.module.user_data.data.cloudinit_config.linux_eks_managed_node_group",
            "module.eks.module.eks.module.kms.aws_kms_external_key.this",
            "module.eks.module.eks.module.kms.aws_kms_key.this",
            "module.eks.module.eks.module.kms.aws_kms_replica_external_key.this",
            "module.eks.module.eks.module.kms.aws_kms_replica_key.this",
            "module.eks.module.eks.module.kms.data.aws_caller_identity.current",
            "module.eks.module.eks.module.kms.data.aws_iam_policy_document.this",
            "module.eks.module.eks.module.kms.data.aws_partition.current",
            "module.eks.module.eks.time_sleep.this",
            "module.network.data.aws_availability_zones.available",
            "module.network.module.vpc.aws_subnet.private",
            "module.network.module.vpc.aws_vpc.this",
            "module.network.module.vpc.aws_vpc_ipv4_cidr_block_association.this"
          ],
          "create_before_destroy": true
        }
      ]
    },
    {
      "module": "module.eks.module.eks.module.eks_managed_node_group[\"default_node_group\"]",
      "mode": "managed",
      "type": "aws_placement_group",
      "name": "this",
      "provider": "provider[\"registry.terraform.io/hashicorp/aws\"]",
      "instances": []
    },
    {
      "module": "module.eks.module.eks.module.eks_managed_node_group[\"default_node_group\"].module.user_data",
      "mode": "data",
      "type": "cloudinit_config",
      "name": "al2023_eks_managed_node_group",
      "provider": "provider[\"registry.terraform.io/hashicorp/cloudinit\"]",
      "instances": []
    },
    {
      "module": "module.eks.module.eks.module.eks_managed_node_group[\"default_node_group\"].module.user_data",
      "mode": "data",
      "type": "cloudinit_config",
      "name": "linux_eks_managed_node_group",
      "provider": "provider[\"registry.terraform.io/hashicorp/cloudinit\"]",
      "instances": []
    },
    {
      "module": "module.eks.module.eks.module.eks_managed_node_group[\"default_node_group\"].module.user_data",
      "mode": "managed",
      "type": "null_resource",
      "name": "validate_cluster_service_cidr",
      "provider": "provider[\"registry.terraform.io/hashicorp/null\"]",
      "instances": [
        {
          "schema_version": 0,
          "attributes": {
            "id": "5865675399093473755",
            "triggers": null
          },
          "sensitive_attributes": [],
          "dependencies": [
            "module.eks.module.eks.aws_cloudwatch_log_group.this",
            "module.eks.module.eks.aws_eks_cluster.this",
            "module.eks.module.eks.aws_iam_policy.cni_ipv6_policy",
            "module.eks.module.eks.aws_iam_role.eks_auto",
            "module.eks.module.eks.aws_iam_role.this",
            "module.eks.module.eks.aws_iam_role_policy_attachment.this",
            "module.eks.module.eks.aws_security_group.cluster",
            "module.eks.module.eks.aws_security_group.node",
            "module.eks.module.eks.aws_security_group_rule.cluster",
            "module.eks.module.eks.aws_security_group_rule.node",
            "module.eks.module.eks.data.aws_caller_identity.current",
            "module.eks.module.eks.data.aws_iam_policy_document.assume_role_policy",
            "module.eks.module.eks.data.aws_iam_policy_document.cni_ipv6_policy",
            "module.eks.module.eks.data.aws_iam_policy_document.node_assume_role_policy",
            "module.eks.module.eks.data.aws_iam_session_context.current",
            "module.eks.module.eks.data.aws_partition.current",
            "module.eks.module.eks.module.kms.aws_kms_external_key.this",
            "module.eks.module.eks.module.kms.aws_kms_key.this",
            "module.eks.module.eks.module.kms.aws_kms_replica_external_key.this",
            "module.eks.module.eks.module.kms.aws_kms_replica_key.this",
            "module.eks.module.eks.module.kms.data.aws_caller_identity.current",
            "module.eks.module.eks.module.kms.data.aws_iam_policy_document.this",
            "module.eks.module.eks.module.kms.data.aws_partition.current",
            "module.eks.module.eks.time_sleep.this",
            "module.network.data.aws_availability_zones.available",
            "module.network.module.vpc.aws_subnet.private",
            "module.network.module.vpc.aws_vpc.this",
            "module.network.module.vpc.aws_vpc_ipv4_cidr_block_association.this"
          ]
        }
      ]
    },
    {
      "module": "module.eks.module.eks.module.kms",
      "mode": "data",
      "type": "aws_caller_identity",
      "name": "current",
      "provider": "provider[\"registry.terraform.io/hashicorp/aws\"]",
      "instances": [
        {
          "index_key": 0,
          "schema_version": 0,
          "attributes": {
            "account_id": "986323537898",
            "arn": "arn:aws:sts::986323537898:assumed-role/AWSReservedSSO_AdministratorAccess_0dad5e4ab7a9f2bd/Ibrahim",
            "id": "986323537898",
            "user_id": "AROA6LJLWZ7VIZ7O2G6L4:Ibrahim"
          },
          "sensitive_attributes": []
        }
      ]
    },
    {
      "module": "module.eks.module.eks.module.kms",
      "mode": "data",
      "type": "aws_iam_policy_document",
      "name": "this",
      "provider": "provider[\"registry.terraform.io/hashicorp/aws\"]",
      "instances": [
        {
          "index_key": 0,
          "schema_version": 0,
          "attributes": {
            "id": "338705608",
            "json": "{\n  \"Version\": \"2012-10-17\",\n  \"Statement\": [\n    {\n      \"Sid\": \"Default\",\n      \"Effect\": \"Allow\",\n      \"Action\": \"kms:*\",\n      \"Resource\": \"*\",\n      \"Principal\": {\n        \"AWS\": \"arn:aws:iam::986323537898:root\"\n      }\n    },\n    {\n      \"Sid\": \"KeyAdministration\",\n      \"Effect\": \"Allow\",\n      \"Action\": [\n        \"kms:Update*\",\n        \"kms:UntagResource\",\n        \"kms:TagResource\",\n        \"kms:ScheduleKeyDeletion\",\n        \"kms:Revoke*\",\n        \"kms:ReplicateKey\",\n        \"kms:Put*\",\n        \"kms:List*\",\n        \"kms:ImportKeyMaterial\",\n        \"kms:Get*\",\n        \"kms:Enable*\",\n        \"kms:Disable*\",\n        \"kms:Describe*\",\n        \"kms:Delete*\",\n        \"kms:Create*\",\n        \"kms:CancelKeyDeletion\"\n      ],\n      \"Resource\": \"*\",\n      \"Principal\": {\n        \"AWS\": \"arn:aws:iam::986323537898:role/aws-reserved/sso.amazonaws.com/AWSReservedSSO_AdministratorAccess_0dad5e4ab7a9f2bd\"\n      }\n    },\n    {\n      \"Sid\": \"KeyUsage\",\n      \"Effect\": \"Allow\",\n      \"Action\": [\n        \"kms:ReEncrypt*\",\n        \"kms:GenerateDataKey*\",\n        \"kms:Encrypt\",\n        \"kms:DescribeKey\",\n        \"kms:Decrypt\"\n      ],\n      \"Resource\": \"*\",\n      \"Principal\": {\n        \"AWS\": \"arn:aws:iam::986323537898:role/dev-us-east-1-eks-cluster-cluster-20250513175950638300000005\"\n      }\n    }\n  ]\n}",
            "minified_json": "{\"Version\":\"2012-10-17\",\"Statement\":[{\"Sid\":\"Default\",\"Effect\":\"Allow\",\"Action\":\"kms:*\",\"Resource\":\"*\",\"Principal\":{\"AWS\":\"arn:aws:iam::986323537898:root\"}},{\"Sid\":\"KeyAdministration\",\"Effect\":\"Allow\",\"Action\":[\"kms:Update*\",\"kms:UntagResource\",\"kms:TagResource\",\"kms:ScheduleKeyDeletion\",\"kms:Revoke*\",\"kms:ReplicateKey\",\"kms:Put*\",\"kms:List*\",\"kms:ImportKeyMaterial\",\"kms:Get*\",\"kms:Enable*\",\"kms:Disable*\",\"kms:Describe*\",\"kms:Delete*\",\"kms:Create*\",\"kms:CancelKeyDeletion\"],\"Resource\":\"*\",\"Principal\":{\"AWS\":\"arn:aws:iam::986323537898:role/aws-reserved/sso.amazonaws.com/AWSReservedSSO_AdministratorAccess_0dad5e4ab7a9f2bd\"}},{\"Sid\":\"KeyUsage\",\"Effect\":\"Allow\",\"Action\":[\"kms:ReEncrypt*\",\"kms:GenerateDataKey*\",\"kms:Encrypt\",\"kms:DescribeKey\",\"kms:Decrypt\"],\"Resource\":\"*\",\"Principal\":{\"AWS\":\"arn:aws:iam::986323537898:role/dev-us-east-1-eks-cluster-cluster-20250513175950638300000005\"}}]}",
            "override_json": null,
            "override_policy_documents": null,
            "policy_id": null,
            "source_json": null,
            "source_policy_documents": null,
            "statement": [
              {
                "actions": [
                  "kms:*"
                ],
                "condition": [],
                "effect": "Allow",
                "not_actions": [],
                "not_principals": [],
                "not_resources": [],
                "principals": [
                  {
                    "identifiers": [
                      "arn:aws:iam::986323537898:root"
                    ],
                    "type": "AWS"
                  }
                ],
                "resources": [
                  "*"
                ],
                "sid": "Default"
              },
              {
                "actions": [
                  "kms:CancelKeyDeletion",
                  "kms:Create*",
                  "kms:Delete*",
                  "kms:Describe*",
                  "kms:Disable*",
                  "kms:Enable*",
                  "kms:Get*",
                  "kms:ImportKeyMaterial",
                  "kms:List*",
                  "kms:Put*",
                  "kms:ReplicateKey",
                  "kms:Revoke*",
                  "kms:ScheduleKeyDeletion",
                  "kms:TagResource",
                  "kms:UntagResource",
                  "kms:Update*"
                ],
                "condition": [],
                "effect": "Allow",
                "not_actions": [],
                "not_principals": [],
                "not_resources": [],
                "principals": [
                  {
                    "identifiers": [
                      "arn:aws:iam::986323537898:role/aws-reserved/sso.amazonaws.com/AWSReservedSSO_AdministratorAccess_0dad5e4ab7a9f2bd"
                    ],
                    "type": "AWS"
                  }
                ],
                "resources": [
                  "*"
                ],
                "sid": "KeyAdministration"
              },
              {
                "actions": [
                  "kms:Decrypt",
                  "kms:DescribeKey",
                  "kms:Encrypt",
                  "kms:GenerateDataKey*",
                  "kms:ReEncrypt*"
                ],
                "condition": [],
                "effect": "Allow",
                "not_actions": [],
                "not_principals": [],
                "not_resources": [],
                "principals": [
                  {
                    "identifiers": [
                      "arn:aws:iam::986323537898:role/dev-us-east-1-eks-cluster-cluster-20250513175950638300000005"
                    ],
                    "type": "AWS"
                  }
                ],
                "resources": [
                  "*"
                ],
                "sid": "KeyUsage"
              }
            ],
            "version": "2012-10-17"
          },
          "sensitive_attributes": []
        }
      ]
    },
    {
      "module": "module.eks.module.eks.module.kms",
      "mode": "data",
      "type": "aws_partition",
      "name": "current",
      "provider": "provider[\"registry.terraform.io/hashicorp/aws\"]",
      "instances": [
        {
          "index_key": 0,
          "schema_version": 0,
          "attributes": {
            "dns_suffix": "amazonaws.com",
            "id": "aws",
            "partition": "aws",
            "reverse_dns_prefix": "com.amazonaws"
          },
          "sensitive_attributes": []
        }
      ]
    },
    {
      "module": "module.eks.module.eks.module.kms",
      "mode": "managed",
      "type": "aws_kms_alias",
      "name": "this",
      "provider": "provider[\"registry.terraform.io/hashicorp/aws\"]",
      "instances": [
        {
          "index_key": "cluster",
          "schema_version": 0,
          "attributes": {
            "arn": "arn:aws:kms:us-east-1:986323537898:alias/eks/dev-us-east-1-eks-cluster",
            "id": "alias/eks/dev-us-east-1-eks-cluster",
            "name": "alias/eks/dev-us-east-1-eks-cluster",
            "name_prefix": "",
            "target_key_arn": "arn:aws:kms:us-east-1:986323537898:key/2fb87f92-7361-4606-b279-448c6ea138a4",
            "target_key_id": "2fb87f92-7361-4606-b279-448c6ea138a4"
          },
          "sensitive_attributes": [],
          "private": "bnVsbA==",
          "dependencies": [
            "module.eks.module.eks.aws_iam_role.this",
            "module.eks.module.eks.data.aws_caller_identity.current",
            "module.eks.module.eks.data.aws_iam_policy_document.assume_role_policy",
            "module.eks.module.eks.data.aws_iam_session_context.current",
            "module.eks.module.eks.module.kms.aws_kms_external_key.this",
            "module.eks.module.eks.module.kms.aws_kms_key.this",
            "module.eks.module.eks.module.kms.aws_kms_replica_external_key.this",
            "module.eks.module.eks.module.kms.aws_kms_replica_key.this",
            "module.eks.module.eks.module.kms.data.aws_caller_identity.current",
            "module.eks.module.eks.module.kms.data.aws_iam_policy_document.this",
            "module.eks.module.eks.module.kms.data.aws_partition.current"
          ]
        }
      ]
    },
    {
      "module": "module.eks.module.eks.module.kms",
      "mode": "managed",
      "type": "aws_kms_external_key",
      "name": "this",
      "provider": "provider[\"registry.terraform.io/hashicorp/aws\"]",
      "instances": []
    },
    {
      "module": "module.eks.module.eks.module.kms",
      "mode": "managed",
      "type": "aws_kms_grant",
      "name": "this",
      "provider": "provider[\"registry.terraform.io/hashicorp/aws\"]",
      "instances": []
    },
    {
      "module": "module.eks.module.eks.module.kms",
      "mode": "managed",
      "type": "aws_kms_key",
      "name": "this",
      "provider": "provider[\"registry.terraform.io/hashicorp/aws\"]",
      "instances": [
        {
          "index_key": 0,
          "schema_version": 0,
          "attributes": {
            "arn": "arn:aws:kms:us-east-1:986323537898:key/2fb87f92-7361-4606-b279-448c6ea138a4",
            "bypass_policy_lockout_safety_check": false,
            "custom_key_store_id": "",
            "customer_master_key_spec": "SYMMETRIC_DEFAULT",
            "deletion_window_in_days": null,
            "description": "dev-us-east-1-eks-cluster cluster encryption key",
            "enable_key_rotation": true,
            "id": "2fb87f92-7361-4606-b279-448c6ea138a4",
            "is_enabled": true,
            "key_id": "2fb87f92-7361-4606-b279-448c6ea138a4",
            "key_usage": "ENCRYPT_DECRYPT",
            "multi_region": false,
            "policy": "{\"Statement\":[{\"Action\":\"kms:*\",\"Effect\":\"Allow\",\"Principal\":{\"AWS\":\"arn:aws:iam::986323537898:root\"},\"Resource\":\"*\",\"Sid\":\"Default\"},{\"Action\":[\"kms:Update*\",\"kms:UntagResource\",\"kms:TagResource\",\"kms:ScheduleKeyDeletion\",\"kms:Revoke*\",\"kms:ReplicateKey\",\"kms:Put*\",\"kms:List*\",\"kms:ImportKeyMaterial\",\"kms:Get*\",\"kms:Enable*\",\"kms:Disable*\",\"kms:Describe*\",\"kms:Delete*\",\"kms:Create*\",\"kms:CancelKeyDeletion\"],\"Effect\":\"Allow\",\"Principal\":{\"AWS\":\"arn:aws:iam::986323537898:role/aws-reserved/sso.amazonaws.com/AWSReservedSSO_AdministratorAccess_0dad5e4ab7a9f2bd\"},\"Resource\":\"*\",\"Sid\":\"KeyAdministration\"},{\"Action\":[\"kms:ReEncrypt*\",\"kms:GenerateDataKey*\",\"kms:Encrypt\",\"kms:DescribeKey\",\"kms:Decrypt\"],\"Effect\":\"Allow\",\"Principal\":{\"AWS\":\"arn:aws:iam::986323537898:role/dev-us-east-1-eks-cluster-cluster-20250513175950638300000005\"},\"Resource\":\"*\",\"Sid\":\"KeyUsage\"}],\"Version\":\"2012-10-17\"}",
            "rotation_period_in_days": 365,
            "tags": {
              "Environment": "dev",
              "Terraform": "true",
              "terraform-aws-modules": "eks"
            },
            "tags_all": {
              "Environment": "dev",
              "Terraform": "true",
              "terraform-aws-modules": "eks"
            },
            "timeouts": null,
            "xks_key_id": ""
          },
          "sensitive_attributes": [],
          "private": "eyJlMmJmYjczMC1lY2FhLTExZTYtOGY4OC0zNDM2M2JjN2M0YzAiOnsiY3JlYXRlIjoxMjAwMDAwMDAwMDB9fQ==",
          "dependencies": [
            "module.eks.module.eks.aws_iam_role.this",
            "module.eks.module.eks.data.aws_caller_identity.current",
            "module.eks.module.eks.data.aws_iam_policy_document.assume_role_policy",
            "module.eks.module.eks.data.aws_iam_session_context.current",
            "module.eks.module.eks.module.kms.data.aws_caller_identity.current",
            "module.eks.module.eks.module.kms.data.aws_iam_policy_document.this",
            "module.eks.module.eks.module.kms.data.aws_partition.current"
          ],
          "create_before_destroy": true
        }
      ]
    },
    {
      "module": "module.eks.module.eks.module.kms",
      "mode": "managed",
      "type": "aws_kms_replica_external_key",
      "name": "this",
      "provider": "provider[\"registry.terraform.io/hashicorp/aws\"]",
      "instances": []
    },
    {
      "module": "module.eks.module.eks.module.kms",
      "mode": "managed",
      "type": "aws_kms_replica_key",
      "name": "this",
      "provider": "provider[\"registry.terraform.io/hashicorp/aws\"]",
      "instances": []
    },
    {
      "module": "module.iam.module.eks_cluster_role",
      "mode": "data",
      "type": "aws_iam_policy_document",
      "name": "assume_role",
      "provider": "provider[\"registry.terraform.io/hashicorp/aws\"]",
      "instances": [
        {
          "index_key": 0,
          "schema_version": 0,
          "attributes": {
            "id": "3943213819",
            "json": "{\n  \"Version\": \"2012-10-17\",\n  \"Statement\": [\n    {\n      \"Effect\": \"Allow\",\n      \"Action\": \"sts:AssumeRole\",\n      \"Principal\": {\n        \"AWS\": [],\n        \"Service\": \"eks.amazonaws.com\"\n      }\n    }\n  ]\n}",
            "minified_json": "{\"Version\":\"2012-10-17\",\"Statement\":[{\"Effect\":\"Allow\",\"Action\":\"sts:AssumeRole\",\"Principal\":{\"AWS\":[],\"Service\":\"eks.amazonaws.com\"}}]}",
            "override_json": null,
            "override_policy_documents": null,
            "policy_id": null,
            "source_json": null,
            "source_policy_documents": null,
            "statement": [
              {
                "actions": [
                  "sts:AssumeRole"
                ],
                "condition": [],
                "effect": "Allow",
                "not_actions": [],
                "not_principals": [],
                "not_resources": [],
                "principals": [
                  {
                    "identifiers": [
                      "eks.amazonaws.com"
                    ],
                    "type": "Service"
                  },
                  {
                    "identifiers": [],
                    "type": "AWS"
                  }
                ],
                "resources": [],
                "sid": ""
              }
            ],
            "version": "2012-10-17"
          },
          "sensitive_attributes": []
        }
      ]
    },
    {
      "module": "module.iam.module.eks_cluster_role",
      "mode": "managed",
      "type": "aws_iam_role",
      "name": "this",
      "provider": "provider[\"registry.terraform.io/hashicorp/aws\"]",
      "instances": [
        {
          "index_key": 0,
          "schema_version": 0,
          "attributes": {
            "arn": "arn:aws:iam::986323537898:role/AmazonEKSClusterRole",
            "assume_role_policy": "{\"Statement\":[{\"Action\":\"sts:AssumeRole\",\"Effect\":\"Allow\",\"Principal\":{\"AWS\":[],\"Service\":\"eks.amazonaws.com\"}}],\"Version\":\"2012-10-17\"}",
            "create_date": "2025-05-13T17:50:21Z",
            "description": "",
            "force_detach_policies": false,
            "id": "AmazonEKSClusterRole",
            "inline_policy": [],
            "managed_policy_arns": [],
            "max_session_duration": 3600,
            "name": "AmazonEKSClusterRole",
            "name_prefix": "",
            "path": "/",
            "permissions_boundary": "",
            "tags": {},
            "tags_all": {},
            "unique_id": "AROA6LJLWZ7VKR2VMDEY4"
          },
          "sensitive_attributes": [],
          "private": "bnVsbA==",
          "dependencies": [
            "module.iam.module.eks_cluster_role.data.aws_iam_policy_document.assume_role",
            "module.iam.module.eks_cluster_role.data.aws_iam_policy_document.assume_role_with_mfa"
          ]
        }
      ]
    },
    {
      "module": "module.iam.module.eks_cluster_role",
      "mode": "managed",
      "type": "aws_iam_role_policy_attachment",
      "name": "custom",
      "provider": "provider[\"registry.terraform.io/hashicorp/aws\"]",
      "instances": [
        {
          "index_key": 0,
          "schema_version": 0,
          "attributes": {
            "id": "AmazonEKSClusterRole-20250513175208620700000001",
            "policy_arn": "arn:aws:iam::aws:policy/AmazonEKSClusterPolicy",
            "role": "AmazonEKSClusterRole"
          },
          "sensitive_attributes": [],
          "private": "bnVsbA==",
          "dependencies": [
            "module.iam.module.eks_cluster_role.aws_iam_role.this",
            "module.iam.module.eks_cluster_role.data.aws_iam_policy_document.assume_role",
            "module.iam.module.eks_cluster_role.data.aws_iam_policy_document.assume_role_with_mfa"
          ]
        }
      ]
    },
    {
      "module": "module.iam.module.iam_group_developers",
      "mode": "data",
      "type": "aws_caller_identity",
      "name": "current",
      "provider": "provider[\"registry.terraform.io/hashicorp/aws\"]",
      "instances": [
        {
          "index_key": 0,
          "schema_version": 0,
          "attributes": {
            "account_id": "986323537898",
            "arn": "arn:aws:sts::986323537898:assumed-role/AWSReservedSSO_AdministratorAccess_0dad5e4ab7a9f2bd/Ibrahim",
            "id": "986323537898",
            "user_id": "AROA6LJLWZ7VIZ7O2G6L4:Ibrahim"
          },
          "sensitive_attributes": []
        }
      ]
    },
    {
      "module": "module.iam.module.iam_group_developers",
      "mode": "data",
      "type": "aws_iam_policy_document",
      "name": "iam_self_management",
      "provider": "provider[\"registry.terraform.io/hashicorp/aws\"]",
      "instances": [
        {
          "schema_version": 0,
          "attributes": {
            "id": "571272153",
            "json": "{\n  \"Version\": \"2012-10-17\",\n  \"Statement\": [\n    {\n      \"Sid\": \"AllowViewAccountInfo\",\n      \"Effect\": \"Allow\",\n      \"Action\": [\n        \"iam:ListVirtualMFADevices\",\n        \"iam:ListAccountAliases\",\n        \"iam:GetAccountSummary\",\n        \"iam:GetAccountPasswordPolicy\"\n      ],\n      \"Resource\": \"*\"\n    },\n    {\n      \"Sid\": \"AllowManageOwnPasswords\",\n      \"Effect\": \"Allow\",\n      \"Action\": [\n        \"iam:UpdateLoginProfile\",\n        \"iam:GetUser\",\n        \"iam:GetLoginProfile\",\n        \"iam:ChangePassword\"\n      ],\n      \"Resource\": [\n        \"arn:aws:iam::986323537898:user/*/${aws:username}\",\n        \"arn:aws:iam::986323537898:user/${aws:username}\"\n      ]\n    },\n    {\n      \"Sid\": \"AllowManageOwnAccessKeys\",\n      \"Effect\": \"Allow\",\n      \"Action\": [\n        \"iam:UpdateAccessKey\",\n        \"iam:UntagUser\",\n        \"iam:TagUser\",\n        \"iam:ListUserTags\",\n        \"iam:ListAccessKeys\",\n        \"iam:GetAccessKeyLastUsed\",\n        \"iam:DeleteAccessKey\",\n        \"iam:CreateAccessKey\"\n      ],\n      \"Resource\": [\n        \"arn:aws:iam::986323537898:user/*/${aws:username}\",\n        \"arn:aws:iam::986323537898:user/${aws:username}\"\n      ]\n    },\n    {\n      \"Sid\": \"AllowManageOwnSigningCertificates\",\n      \"Effect\": \"Allow\",\n      \"Action\": [\n        \"iam:UploadSigningCertificate\",\n        \"iam:UpdateSigningCertificate\",\n        \"iam:ListSigningCertificates\",\n        \"iam:DeleteSigningCertificate\"\n      ],\n      \"Resource\": [\n        \"arn:aws:iam::986323537898:user/*/${aws:username}\",\n        \"arn:aws:iam::986323537898:user/${aws:username}\"\n      ]\n    },\n    {\n      \"Sid\": \"AllowManageOwnSSHPublicKeys\",\n      \"Effect\": \"Allow\",\n      \"Action\": [\n        \"iam:UploadSSHPublicKey\",\n        \"iam:UpdateSSHPublicKey\",\n        \"iam:ListSSHPublicKeys\",\n        \"iam:GetSSHPublicKey\",\n        \"iam:DeleteSSHPublicKey\"\n      ],\n      \"Resource\": [\n        \"arn:aws:iam::986323537898:user/*/${aws:username}\",\n        \"arn:aws:iam::986323537898:user/${aws:username}\"\n      ]\n    },\n    {\n      \"Sid\": \"AllowManageOwnGitCredentials\",\n      \"Effect\": \"Allow\",\n      \"Action\": [\n        \"iam:UpdateServiceSpecificCredential\",\n        \"iam:ResetServiceSpecificCredential\",\n        \"iam:ListServiceSpecificCredentials\",\n        \"iam:DeleteServiceSpecificCredential\",\n        \"iam:CreateServiceSpecificCredential\"\n      ],\n      \"Resource\": [\n        \"arn:aws:iam::986323537898:user/*/${aws:username}\",\n        \"arn:aws:iam::986323537898:user/${aws:username}\"\n      ]\n    },\n    {\n      \"Sid\": \"AllowManageOwnVirtualMFADevice\",\n      \"Effect\": \"Allow\",\n      \"Action\": \"iam:CreateVirtualMFADevice\",\n      \"Resource\": \"arn:aws:iam::986323537898:mfa/*\"\n    },\n    {\n      \"Sid\": \"AllowManageOwnUserMFA\",\n      \"Effect\": \"Allow\",\n      \"Action\": [\n        \"iam:ResyncMFADevice\",\n        \"iam:ListMFADevices\",\n        \"iam:EnableMFADevice\",\n        \"iam:DeactivateMFADevice\"\n      ],\n      \"Resource\": [\n        \"arn:aws:iam::986323537898:user/*/${aws:username}\",\n        \"arn:aws:iam::986323537898:user/${aws:username}\"\n      ]\n    },\n    {\n      \"Sid\": \"DenyAllExceptListedIfNoMFA\",\n      \"Effect\": \"Deny\",\n      \"NotAction\": [\n        \"sts:GetSessionToken\",\n        \"iam:ResyncMFADevice\",\n        \"iam:ListVirtualMFADevices\",\n        \"iam:ListMFADevices\",\n        \"iam:GetUser\",\n        \"iam:GetMFADevice\",\n        \"iam:EnableMFADevice\",\n        \"iam:CreateVirtualMFADevice\",\n        \"iam:ChangePassword\"\n      ],\n      \"Resource\": \"*\",\n      \"Condition\": {\n        \"BoolIfExists\": {\n          \"aws:MultiFactorAuthPresent\": \"false\"\n        }\n      }\n    }\n  ]\n}",
            "minified_json": "{\"Version\":\"2012-10-17\",\"Statement\":[{\"Sid\":\"AllowViewAccountInfo\",\"Effect\":\"Allow\",\"Action\":[\"iam:ListVirtualMFADevices\",\"iam:ListAccountAliases\",\"iam:GetAccountSummary\",\"iam:GetAccountPasswordPolicy\"],\"Resource\":\"*\"},{\"Sid\":\"AllowManageOwnPasswords\",\"Effect\":\"Allow\",\"Action\":[\"iam:UpdateLoginProfile\",\"iam:GetUser\",\"iam:GetLoginProfile\",\"iam:ChangePassword\"],\"Resource\":[\"arn:aws:iam::986323537898:user/*/${aws:username}\",\"arn:aws:iam::986323537898:user/${aws:username}\"]},{\"Sid\":\"AllowManageOwnAccessKeys\",\"Effect\":\"Allow\",\"Action\":[\"iam:UpdateAccessKey\",\"iam:UntagUser\",\"iam:TagUser\",\"iam:ListUserTags\",\"iam:ListAccessKeys\",\"iam:GetAccessKeyLastUsed\",\"iam:DeleteAccessKey\",\"iam:CreateAccessKey\"],\"Resource\":[\"arn:aws:iam::986323537898:user/*/${aws:username}\",\"arn:aws:iam::986323537898:user/${aws:username}\"]},{\"Sid\":\"AllowManageOwnSigningCertificates\",\"Effect\":\"Allow\",\"Action\":[\"iam:UploadSigningCertificate\",\"iam:UpdateSigningCertificate\",\"iam:ListSigningCertificates\",\"iam:DeleteSigningCertificate\"],\"Resource\":[\"arn:aws:iam::986323537898:user/*/${aws:username}\",\"arn:aws:iam::986323537898:user/${aws:username}\"]},{\"Sid\":\"AllowManageOwnSSHPublicKeys\",\"Effect\":\"Allow\",\"Action\":[\"iam:UploadSSHPublicKey\",\"iam:UpdateSSHPublicKey\",\"iam:ListSSHPublicKeys\",\"iam:GetSSHPublicKey\",\"iam:DeleteSSHPublicKey\"],\"Resource\":[\"arn:aws:iam::986323537898:user/*/${aws:username}\",\"arn:aws:iam::986323537898:user/${aws:username}\"]},{\"Sid\":\"AllowManageOwnGitCredentials\",\"Effect\":\"Allow\",\"Action\":[\"iam:UpdateServiceSpecificCredential\",\"iam:ResetServiceSpecificCredential\",\"iam:ListServiceSpecificCredentials\",\"iam:DeleteServiceSpecificCredential\",\"iam:CreateServiceSpecificCredential\"],\"Resource\":[\"arn:aws:iam::986323537898:user/*/${aws:username}\",\"arn:aws:iam::986323537898:user/${aws:username}\"]},{\"Sid\":\"AllowManageOwnVirtualMFADevice\",\"Effect\":\"Allow\",\"Action\":\"iam:CreateVirtualMFADevice\",\"Resource\":\"arn:aws:iam::986323537898:mfa/*\"},{\"Sid\":\"AllowManageOwnUserMFA\",\"Effect\":\"Allow\",\"Action\":[\"iam:ResyncMFADevice\",\"iam:ListMFADevices\",\"iam:EnableMFADevice\",\"iam:DeactivateMFADevice\"],\"Resource\":[\"arn:aws:iam::986323537898:user/*/${aws:username}\",\"arn:aws:iam::986323537898:user/${aws:username}\"]},{\"Sid\":\"DenyAllExceptListedIfNoMFA\",\"Effect\":\"Deny\",\"NotAction\":[\"sts:GetSessionToken\",\"iam:ResyncMFADevice\",\"iam:ListVirtualMFADevices\",\"iam:ListMFADevices\",\"iam:GetUser\",\"iam:GetMFADevice\",\"iam:EnableMFADevice\",\"iam:CreateVirtualMFADevice\",\"iam:ChangePassword\"],\"Resource\":\"*\",\"Condition\":{\"BoolIfExists\":{\"aws:MultiFactorAuthPresent\":\"false\"}}}]}",
            "override_json": null,
            "override_policy_documents": null,
            "policy_id": null,
            "source_json": null,
            "source_policy_documents": null,
            "statement": [
              {
                "actions": [
                  "iam:GetAccountPasswordPolicy",
                  "iam:GetAccountSummary",
                  "iam:ListAccountAliases",
                  "iam:ListVirtualMFADevices"
                ],
                "condition": [],
                "effect": "Allow",
                "not_actions": [],
                "not_principals": [],
                "not_resources": [],
                "principals": [],
                "resources": [
                  "*"
                ],
                "sid": "AllowViewAccountInfo"
              },
              {
                "actions": [
                  "iam:ChangePassword",
                  "iam:GetLoginProfile",
                  "iam:GetUser",
                  "iam:UpdateLoginProfile"
                ],
                "condition": [],
                "effect": "Allow",
                "not_actions": [],
                "not_principals": [],
                "not_resources": [],
                "principals": [],
                "resources": [
                  "arn:aws:iam::986323537898:user/${aws:username}",
                  "arn:aws:iam::986323537898:user/*/${aws:username}"
                ],
                "sid": "AllowManageOwnPasswords"
              },
              {
                "actions": [
                  "iam:CreateAccessKey",
                  "iam:DeleteAccessKey",
                  "iam:GetAccessKeyLastUsed",
                  "iam:ListAccessKeys",
                  "iam:ListUserTags",
                  "iam:TagUser",
                  "iam:UntagUser",
                  "iam:UpdateAccessKey"
                ],
                "condition": [],
                "effect": "Allow",
                "not_actions": [],
                "not_principals": [],
                "not_resources": [],
                "principals": [],
                "resources": [
                  "arn:aws:iam::986323537898:user/${aws:username}",
                  "arn:aws:iam::986323537898:user/*/${aws:username}"
                ],
                "sid": "AllowManageOwnAccessKeys"
              },
              {
                "actions": [
                  "iam:DeleteSigningCertificate",
                  "iam:ListSigningCertificates",
                  "iam:UpdateSigningCertificate",
                  "iam:UploadSigningCertificate"
                ],
                "condition": [],
                "effect": "Allow",
                "not_actions": [],
                "not_principals": [],
                "not_resources": [],
                "principals": [],
                "resources": [
                  "arn:aws:iam::986323537898:user/${aws:username}",
                  "arn:aws:iam::986323537898:user/*/${aws:username}"
                ],
                "sid": "AllowManageOwnSigningCertificates"
              },
              {
                "actions": [
                  "iam:DeleteSSHPublicKey",
                  "iam:GetSSHPublicKey",
                  "iam:ListSSHPublicKeys",
                  "iam:UpdateSSHPublicKey",
                  "iam:UploadSSHPublicKey"
                ],
                "condition": [],
                "effect": "Allow",
                "not_actions": [],
                "not_principals": [],
                "not_resources": [],
                "principals": [],
                "resources": [
                  "arn:aws:iam::986323537898:user/${aws:username}",
                  "arn:aws:iam::986323537898:user/*/${aws:username}"
                ],
                "sid": "AllowManageOwnSSHPublicKeys"
              },
              {
                "actions": [
                  "iam:CreateServiceSpecificCredential",
                  "iam:DeleteServiceSpecificCredential",
                  "iam:ListServiceSpecificCredentials",
                  "iam:ResetServiceSpecificCredential",
                  "iam:UpdateServiceSpecificCredential"
                ],
                "condition": [],
                "effect": "Allow",
                "not_actions": [],
                "not_principals": [],
                "not_resources": [],
                "principals": [],
                "resources": [
                  "arn:aws:iam::986323537898:user/${aws:username}",
                  "arn:aws:iam::986323537898:user/*/${aws:username}"
                ],
                "sid": "AllowManageOwnGitCredentials"
              },
              {
                "actions": [
                  "iam:CreateVirtualMFADevice"
                ],
                "condition": [],
                "effect": "Allow",
                "not_actions": [],
                "not_principals": [],
                "not_resources": [],
                "principals": [],
                "resources": [
                  "arn:aws:iam::986323537898:mfa/*"
                ],
                "sid": "AllowManageOwnVirtualMFADevice"
              },
              {
                "actions": [
                  "iam:DeactivateMFADevice",
                  "iam:EnableMFADevice",
                  "iam:ListMFADevices",
                  "iam:ResyncMFADevice"
                ],
                "condition": [],
                "effect": "Allow",
                "not_actions": [],
                "not_principals": [],
                "not_resources": [],
                "principals": [],
                "resources": [
                  "arn:aws:iam::986323537898:user/${aws:username}",
                  "arn:aws:iam::986323537898:user/*/${aws:username}"
                ],
                "sid": "AllowManageOwnUserMFA"
              },
              {
                "actions": [],
                "condition": [
                  {
                    "test": "BoolIfExists",
                    "values": [
                      "false"
                    ],
                    "variable": "aws:MultiFactorAuthPresent"
                  }
                ],
                "effect": "Deny",
                "not_actions": [
                  "iam:ChangePassword",
                  "iam:CreateVirtualMFADevice",
                  "iam:EnableMFADevice",
                  "iam:GetMFADevice",
                  "iam:GetUser",
                  "iam:ListMFADevices",
                  "iam:ListVirtualMFADevices",
                  "iam:ResyncMFADevice",
                  "sts:GetSessionToken"
                ],
                "not_principals": [],
                "not_resources": [],
                "principals": [],
                "resources": [
                  "*"
                ],
                "sid": "DenyAllExceptListedIfNoMFA"
              }
            ],
            "version": "2012-10-17"
          },
          "sensitive_attributes": []
        }
      ]
    },
    {
      "module": "module.iam.module.iam_group_developers",
      "mode": "data",
      "type": "aws_partition",
      "name": "current",
      "provider": "provider[\"registry.terraform.io/hashicorp/aws\"]",
      "instances": [
        {
          "schema_version": 0,
          "attributes": {
            "dns_suffix": "amazonaws.com",
            "id": "aws",
            "partition": "aws",
            "reverse_dns_prefix": "com.amazonaws"
          },
          "sensitive_attributes": []
        }
      ]
    },
    {
      "module": "module.iam.module.iam_group_developers",
      "mode": "managed",
      "type": "aws_iam_group",
      "name": "this",
      "provider": "provider[\"registry.terraform.io/hashicorp/aws\"]",
      "instances": [
        {
          "index_key": 0,
          "schema_version": 0,
          "attributes": {
            "arn": "arn:aws:iam::986323537898:group/developers",
            "id": "developers",
            "name": "developers",
            "path": "/",
            "unique_id": "AGPA6LJLWZ7VDWYQ3VSBC"
          },
          "sensitive_attributes": [],
          "private": "bnVsbA==",
          "dependencies": [
            "module.iam.module.user_developers.aws_iam_access_key.this",
            "module.iam.module.user_developers.aws_iam_access_key.this_no_pgp",
            "module.iam.module.user_developers.aws_iam_user.this",
            "module.iam.module.user_developers.aws_iam_user_login_profile.this",
            "module.iam.module.user_developers.aws_iam_user_ssh_key.this"
          ]
        }
      ]
    },
    {
      "module": "module.iam.module.iam_group_developers",
      "mode": "managed",
      "type": "aws_iam_group_membership",
      "name": "this",
      "provider": "provider[\"registry.terraform.io/hashicorp/aws\"]",
      "instances": [
        {
          "index_key": 0,
          "schema_version": 0,
          "attributes": {
            "group": "developers",
            "id": "developers",
            "name": "developers",
            "users": [
              "lekan",
              "peter",
              "samuel"
            ]
          },
          "sensitive_attributes": [],
          "private": "bnVsbA==",
          "dependencies": [
            "module.iam.module.iam_group_developers.aws_iam_group.this",
            "module.iam.module.user_developers.aws_iam_access_key.this",
            "module.iam.module.user_developers.aws_iam_access_key.this_no_pgp",
            "module.iam.module.user_developers.aws_iam_user.this",
            "module.iam.module.user_developers.aws_iam_user_login_profile.this",
            "module.iam.module.user_developers.aws_iam_user_ssh_key.this"
          ]
        }
      ]
    },
    {
      "module": "module.iam.module.iam_group_developers",
      "mode": "managed",
      "type": "aws_iam_group_policy_attachment",
      "name": "custom_arns",
      "provider": "provider[\"registry.terraform.io/hashicorp/aws\"]",
      "instances": [
        {
          "index_key": 0,
          "schema_version": 0,
          "attributes": {
            "group": "developers",
            "id": "developers-20250513175024751300000005",
            "policy_arn": "arn:aws:iam::aws:policy/PowerUserAccess"
          },
          "sensitive_attributes": [],
          "private": "bnVsbA==",
          "dependencies": [
            "module.iam.module.iam_group_developers.aws_iam_group.this",
            "module.iam.module.user_developers.aws_iam_access_key.this",
            "module.iam.module.user_developers.aws_iam_access_key.this_no_pgp",
            "module.iam.module.user_developers.aws_iam_user.this",
            "module.iam.module.user_developers.aws_iam_user_login_profile.this",
            "module.iam.module.user_developers.aws_iam_user_ssh_key.this"
          ]
        }
      ]
    },
    {
      "module": "module.iam.module.iam_group_developers",
      "mode": "managed",
      "type": "aws_iam_group_policy_attachment",
      "name": "iam_self_management",
      "provider": "provider[\"registry.terraform.io/hashicorp/aws\"]",
      "instances": [
        {
          "index_key": 0,
          "schema_version": 0,
          "attributes": {
            "group": "developers",
            "id": "developers-20250513175024754300000006",
            "policy_arn": "arn:aws:iam::986323537898:policy/IAMSelfManagement-20250513175022871900000001"
          },
          "sensitive_attributes": [],
          "private": "bnVsbA==",
          "dependencies": [
            "module.iam.module.iam_group_developers.aws_iam_group.this",
            "module.iam.module.iam_group_developers.aws_iam_policy.iam_self_management",
            "module.iam.module.iam_group_developers.data.aws_caller_identity.current",
            "module.iam.module.iam_group_developers.data.aws_iam_policy_document.iam_self_management",
            "module.iam.module.iam_group_developers.data.aws_partition.current",
            "module.iam.module.user_developers.aws_iam_access_key.this",
            "module.iam.module.user_developers.aws_iam_access_key.this_no_pgp",
            "module.iam.module.user_developers.aws_iam_user.this",
            "module.iam.module.user_developers.aws_iam_user_login_profile.this",
            "module.iam.module.user_developers.aws_iam_user_ssh_key.this"
          ]
        }
      ]
    },
    {
      "module": "module.iam.module.iam_group_developers",
      "mode": "managed",
      "type": "aws_iam_policy",
      "name": "iam_self_management",
      "provider": "provider[\"registry.terraform.io/hashicorp/aws\"]",
      "instances": [
        {
          "index_key": 0,
          "schema_version": 0,
          "attributes": {
            "arn": "arn:aws:iam::986323537898:policy/IAMSelfManagement-20250513175022871900000001",
            "attachment_count": 1,
            "description": "",
            "id": "arn:aws:iam::986323537898:policy/IAMSelfManagement-20250513175022871900000001",
            "name": "IAMSelfManagement-20250513175022871900000001",
            "name_prefix": "IAMSelfManagement-",
            "path": "/",
            "policy": "{\"Statement\":[{\"Action\":[\"iam:ListVirtualMFADevices\",\"iam:ListAccountAliases\",\"iam:GetAccountSummary\",\"iam:GetAccountPasswordPolicy\"],\"Effect\":\"Allow\",\"Resource\":\"*\",\"Sid\":\"AllowViewAccountInfo\"},{\"Action\":[\"iam:UpdateLoginProfile\",\"iam:GetUser\",\"iam:GetLoginProfile\",\"iam:ChangePassword\"],\"Effect\":\"Allow\",\"Resource\":[\"arn:aws:iam::986323537898:user/*/${aws:username}\",\"arn:aws:iam::986323537898:user/${aws:username}\"],\"Sid\":\"AllowManageOwnPasswords\"},{\"Action\":[\"iam:UpdateAccessKey\",\"iam:UntagUser\",\"iam:TagUser\",\"iam:ListUserTags\",\"iam:ListAccessKeys\",\"iam:GetAccessKeyLastUsed\",\"iam:DeleteAccessKey\",\"iam:CreateAccessKey\"],\"Effect\":\"Allow\",\"Resource\":[\"arn:aws:iam::986323537898:user/*/${aws:username}\",\"arn:aws:iam::986323537898:user/${aws:username}\"],\"Sid\":\"AllowManageOwnAccessKeys\"},{\"Action\":[\"iam:UploadSigningCertificate\",\"iam:UpdateSigningCertificate\",\"iam:ListSigningCertificates\",\"iam:DeleteSigningCertificate\"],\"Effect\":\"Allow\",\"Resource\":[\"arn:aws:iam::986323537898:user/*/${aws:username}\",\"arn:aws:iam::986323537898:user/${aws:username}\"],\"Sid\":\"AllowManageOwnSigningCertificates\"},{\"Action\":[\"iam:UploadSSHPublicKey\",\"iam:UpdateSSHPublicKey\",\"iam:ListSSHPublicKeys\",\"iam:GetSSHPublicKey\",\"iam:DeleteSSHPublicKey\"],\"Effect\":\"Allow\",\"Resource\":[\"arn:aws:iam::986323537898:user/*/${aws:username}\",\"arn:aws:iam::986323537898:user/${aws:username}\"],\"Sid\":\"AllowManageOwnSSHPublicKeys\"},{\"Action\":[\"iam:UpdateServiceSpecificCredential\",\"iam:ResetServiceSpecificCredential\",\"iam:ListServiceSpecificCredentials\",\"iam:DeleteServiceSpecificCredential\",\"iam:CreateServiceSpecificCredential\"],\"Effect\":\"Allow\",\"Resource\":[\"arn:aws:iam::986323537898:user/*/${aws:username}\",\"arn:aws:iam::986323537898:user/${aws:username}\"],\"Sid\":\"AllowManageOwnGitCredentials\"},{\"Action\":\"iam:CreateVirtualMFADevice\",\"Effect\":\"Allow\",\"Resource\":\"arn:aws:iam::986323537898:mfa/*\",\"Sid\":\"AllowManageOwnVirtualMFADevice\"},{\"Action\":[\"iam:ResyncMFADevice\",\"iam:ListMFADevices\",\"iam:EnableMFADevice\",\"iam:DeactivateMFADevice\"],\"Effect\":\"Allow\",\"Resource\":[\"arn:aws:iam::986323537898:user/*/${aws:username}\",\"arn:aws:iam::986323537898:user/${aws:username}\"],\"Sid\":\"AllowManageOwnUserMFA\"},{\"Condition\":{\"BoolIfExists\":{\"aws:MultiFactorAuthPresent\":\"false\"}},\"Effect\":\"Deny\",\"NotAction\":[\"sts:GetSessionToken\",\"iam:ResyncMFADevice\",\"iam:ListVirtualMFADevices\",\"iam:ListMFADevices\",\"iam:GetUser\",\"iam:GetMFADevice\",\"iam:EnableMFADevice\",\"iam:CreateVirtualMFADevice\",\"iam:ChangePassword\"],\"Resource\":\"*\",\"Sid\":\"DenyAllExceptListedIfNoMFA\"}],\"Version\":\"2012-10-17\"}",
            "policy_id": "ANPA6LJLWZ7VC6OYN34F3",
            "tags": {},
            "tags_all": {}
          },
          "sensitive_attributes": [],
          "private": "bnVsbA==",
          "dependencies": [
            "module.iam.module.iam_group_developers.data.aws_caller_identity.current",
            "module.iam.module.iam_group_developers.data.aws_iam_policy_document.iam_self_management",
            "module.iam.module.iam_group_developers.data.aws_partition.current",
            "module.iam.module.user_developers.aws_iam_access_key.this",
            "module.iam.module.user_developers.aws_iam_access_key.this_no_pgp",
            "module.iam.module.user_developers.aws_iam_user.this",
            "module.iam.module.user_developers.aws_iam_user_login_profile.this",
            "module.iam.module.user_developers.aws_iam_user_ssh_key.this"
          ]
        }
      ]
    },
    {
      "module": "module.iam.module.iam_group_developers_with_assumed_roles",
      "mode": "data",
      "type": "aws_iam_policy_document",
      "name": "assume_role",
      "provider": "provider[\"registry.terraform.io/hashicorp/aws\"]",
      "instances": [
        {
          "schema_version": 0,
          "attributes": {
            "id": "2993689567",
            "json": "{\n  \"Version\": \"2012-10-17\",\n  \"Statement\": [\n    {\n      \"Effect\": \"Allow\",\n      \"Action\": \"sts:AssumeRole\",\n      \"Resource\": \"arn:aws:iam::986323537898:role/AmazonEKSClusterRole\"\n    }\n  ]\n}",
            "minified_json": "{\"Version\":\"2012-10-17\",\"Statement\":[{\"Effect\":\"Allow\",\"Action\":\"sts:AssumeRole\",\"Resource\":\"arn:aws:iam::986323537898:role/AmazonEKSClusterRole\"}]}",
            "override_json": null,
            "override_policy_documents": null,
            "policy_id": null,
            "source_json": null,
            "source_policy_documents": null,
            "statement": [
              {
                "actions": [
                  "sts:AssumeRole"
                ],
                "condition": [],
                "effect": "Allow",
                "not_actions": [],
                "not_principals": [],
                "not_resources": [],
                "principals": [],
                "resources": [
                  "arn:aws:iam::986323537898:role/AmazonEKSClusterRole"
                ],
                "sid": ""
              }
            ],
            "version": "2012-10-17"
          },
          "sensitive_attributes": []
        }
      ]
    },
    {
      "module": "module.iam.module.iam_group_developers_with_assumed_roles",
      "mode": "managed",
      "type": "aws_iam_group",
      "name": "this",
      "provider": "provider[\"registry.terraform.io/hashicorp/aws\"]",
      "instances": [
        {
          "schema_version": 0,
          "attributes": {
            "arn": "arn:aws:iam::986323537898:group/developers-with_assumed_roles",
            "id": "developers-with_assumed_roles",
            "name": "developers-with_assumed_roles",
            "path": "/",
            "unique_id": "AGPA6LJLWZ7VHI3HWZI6F"
          },
          "sensitive_attributes": [],
          "private": "bnVsbA==",
          "dependencies": [
            "module.iam.module.user_developers.aws_iam_access_key.this",
            "module.iam.module.user_developers.aws_iam_access_key.this_no_pgp",
            "module.iam.module.user_developers.aws_iam_user.this",
            "module.iam.module.user_developers.aws_iam_user_login_profile.this",
            "module.iam.module.user_developers.aws_iam_user_ssh_key.this"
          ]
        }
      ]
    },
    {
      "module": "module.iam.module.iam_group_developers_with_assumed_roles",
      "mode": "managed",
      "type": "aws_iam_group_membership",
      "name": "this",
      "provider": "provider[\"registry.terraform.io/hashicorp/aws\"]",
      "instances": [
        {
          "index_key": 0,
          "schema_version": 0,
          "attributes": {
            "group": "developers-with_assumed_roles",
            "id": "developers-with_assumed_roles",
            "name": "developers-with_assumed_roles",
            "users": [
              "lekan",
              "peter",
              "samuel"
            ]
          },
          "sensitive_attributes": [],
          "private": "bnVsbA==",
          "dependencies": [
            "module.iam.module.iam_group_developers_with_assumed_roles.aws_iam_group.this",
            "module.iam.module.user_developers.aws_iam_access_key.this",
            "module.iam.module.user_developers.aws_iam_access_key.this_no_pgp",
            "module.iam.module.user_developers.aws_iam_user.this",
            "module.iam.module.user_developers.aws_iam_user_login_profile.this",
            "module.iam.module.user_developers.aws_iam_user_ssh_key.this"
          ]
        }
      ]
    },
    {
      "module": "module.iam.module.iam_group_developers_with_assumed_roles",
      "mode": "managed",
      "type": "aws_iam_group_policy_attachment",
      "name": "this",
      "provider": "provider[\"registry.terraform.io/hashicorp/aws\"]",
      "instances": [
        {
          "schema_version": 0,
          "attributes": {
            "group": "developers-with_assumed_roles",
            "id": "developers-with_assumed_roles-20250513175023419400000002",
            "policy_arn": "arn:aws:iam::986323537898:policy/developers-with_assumed_roles"
          },
          "sensitive_attributes": [],
          "private": "bnVsbA==",
          "dependencies": [
            "module.iam.module.eks_cluster_role.aws_iam_role.this",
            "module.iam.module.eks_cluster_role.data.aws_iam_policy_document.assume_role",
            "module.iam.module.eks_cluster_role.data.aws_iam_policy_document.assume_role_with_mfa",
            "module.iam.module.iam_group_developers_with_assumed_roles.aws_iam_group.this",
            "module.iam.module.iam_group_developers_with_assumed_roles.aws_iam_policy.this",
            "module.iam.module.iam_group_developers_with_assumed_roles.data.aws_iam_policy_document.assume_role",
            "module.iam.module.user_developers.aws_iam_access_key.this",
            "module.iam.module.user_developers.aws_iam_access_key.this_no_pgp",
            "module.iam.module.user_developers.aws_iam_user.this",
            "module.iam.module.user_developers.aws_iam_user_login_profile.this",
            "module.iam.module.user_developers.aws_iam_user_ssh_key.this"
          ]
        }
      ]
    },
    {
      "module": "module.iam.module.iam_group_developers_with_assumed_roles",
      "mode": "managed",
      "type": "aws_iam_policy",
      "name": "this",
      "provider": "provider[\"registry.terraform.io/hashicorp/aws\"]",
      "instances": [
        {
          "schema_version": 0,
          "attributes": {
            "arn": "arn:aws:iam::986323537898:policy/developers-with_assumed_roles",
            "attachment_count": 1,
            "description": "Allows to assume role in another AWS account",
            "id": "arn:aws:iam::986323537898:policy/developers-with_assumed_roles",
            "name": "developers-with_assumed_roles",
            "name_prefix": "",
            "path": "/",
            "policy": "{\"Statement\":[{\"Action\":\"sts:AssumeRole\",\"Effect\":\"Allow\",\"Resource\":\"arn:aws:iam::986323537898:role/AmazonEKSClusterRole\"}],\"Version\":\"2012-10-17\"}",
            "policy_id": "ANPA6LJLWZ7VP77KQIKWX",
            "tags": {},
            "tags_all": {}
          },
          "sensitive_attributes": [],
          "private": "bnVsbA==",
          "dependencies": [
            "module.iam.module.eks_cluster_role.aws_iam_role.this",
            "module.iam.module.eks_cluster_role.data.aws_iam_policy_document.assume_role",
            "module.iam.module.eks_cluster_role.data.aws_iam_policy_document.assume_role_with_mfa",
            "module.iam.module.iam_group_developers_with_assumed_roles.data.aws_iam_policy_document.assume_role",
            "module.iam.module.user_developers.aws_iam_access_key.this",
            "module.iam.module.user_developers.aws_iam_access_key.this_no_pgp",
            "module.iam.module.user_developers.aws_iam_user.this",
            "module.iam.module.user_developers.aws_iam_user_login_profile.this",
            "module.iam.module.user_developers.aws_iam_user_ssh_key.this"
          ]
        }
      ]
    },
    {
      "module": "module.iam.module.iam_group_devops",
      "mode": "data",
      "type": "aws_caller_identity",
      "name": "current",
      "provider": "provider[\"registry.terraform.io/hashicorp/aws\"]",
      "instances": [
        {
          "index_key": 0,
          "schema_version": 0,
          "attributes": {
            "account_id": "986323537898",
            "arn": "arn:aws:sts::986323537898:assumed-role/AWSReservedSSO_AdministratorAccess_0dad5e4ab7a9f2bd/Ibrahim",
            "id": "986323537898",
            "user_id": "AROA6LJLWZ7VIZ7O2G6L4:Ibrahim"
          },
          "sensitive_attributes": []
        }
      ]
    },
    {
      "module": "module.iam.module.iam_group_devops",
      "mode": "data",
      "type": "aws_iam_policy_document",
      "name": "iam_self_management",
      "provider": "provider[\"registry.terraform.io/hashicorp/aws\"]",
      "instances": [
        {
          "schema_version": 0,
          "attributes": {
            "id": "571272153",
            "json": "{\n  \"Version\": \"2012-10-17\",\n  \"Statement\": [\n    {\n      \"Sid\": \"AllowViewAccountInfo\",\n      \"Effect\": \"Allow\",\n      \"Action\": [\n        \"iam:ListVirtualMFADevices\",\n        \"iam:ListAccountAliases\",\n        \"iam:GetAccountSummary\",\n        \"iam:GetAccountPasswordPolicy\"\n      ],\n      \"Resource\": \"*\"\n    },\n    {\n      \"Sid\": \"AllowManageOwnPasswords\",\n      \"Effect\": \"Allow\",\n      \"Action\": [\n        \"iam:UpdateLoginProfile\",\n        \"iam:GetUser\",\n        \"iam:GetLoginProfile\",\n        \"iam:ChangePassword\"\n      ],\n      \"Resource\": [\n        \"arn:aws:iam::986323537898:user/*/${aws:username}\",\n        \"arn:aws:iam::986323537898:user/${aws:username}\"\n      ]\n    },\n    {\n      \"Sid\": \"AllowManageOwnAccessKeys\",\n      \"Effect\": \"Allow\",\n      \"Action\": [\n        \"iam:UpdateAccessKey\",\n        \"iam:UntagUser\",\n        \"iam:TagUser\",\n        \"iam:ListUserTags\",\n        \"iam:ListAccessKeys\",\n        \"iam:GetAccessKeyLastUsed\",\n        \"iam:DeleteAccessKey\",\n        \"iam:CreateAccessKey\"\n      ],\n      \"Resource\": [\n        \"arn:aws:iam::986323537898:user/*/${aws:username}\",\n        \"arn:aws:iam::986323537898:user/${aws:username}\"\n      ]\n    },\n    {\n      \"Sid\": \"AllowManageOwnSigningCertificates\",\n      \"Effect\": \"Allow\",\n      \"Action\": [\n        \"iam:UploadSigningCertificate\",\n        \"iam:UpdateSigningCertificate\",\n        \"iam:ListSigningCertificates\",\n        \"iam:DeleteSigningCertificate\"\n      ],\n      \"Resource\": [\n        \"arn:aws:iam::986323537898:user/*/${aws:username}\",\n        \"arn:aws:iam::986323537898:user/${aws:username}\"\n      ]\n    },\n    {\n      \"Sid\": \"AllowManageOwnSSHPublicKeys\",\n      \"Effect\": \"Allow\",\n      \"Action\": [\n        \"iam:UploadSSHPublicKey\",\n        \"iam:UpdateSSHPublicKey\",\n        \"iam:ListSSHPublicKeys\",\n        \"iam:GetSSHPublicKey\",\n        \"iam:DeleteSSHPublicKey\"\n      ],\n      \"Resource\": [\n        \"arn:aws:iam::986323537898:user/*/${aws:username}\",\n        \"arn:aws:iam::986323537898:user/${aws:username}\"\n      ]\n    },\n    {\n      \"Sid\": \"AllowManageOwnGitCredentials\",\n      \"Effect\": \"Allow\",\n      \"Action\": [\n        \"iam:UpdateServiceSpecificCredential\",\n        \"iam:ResetServiceSpecificCredential\",\n        \"iam:ListServiceSpecificCredentials\",\n        \"iam:DeleteServiceSpecificCredential\",\n        \"iam:CreateServiceSpecificCredential\"\n      ],\n      \"Resource\": [\n        \"arn:aws:iam::986323537898:user/*/${aws:username}\",\n        \"arn:aws:iam::986323537898:user/${aws:username}\"\n      ]\n    },\n    {\n      \"Sid\": \"AllowManageOwnVirtualMFADevice\",\n      \"Effect\": \"Allow\",\n      \"Action\": \"iam:CreateVirtualMFADevice\",\n      \"Resource\": \"arn:aws:iam::986323537898:mfa/*\"\n    },\n    {\n      \"Sid\": \"AllowManageOwnUserMFA\",\n      \"Effect\": \"Allow\",\n      \"Action\": [\n        \"iam:ResyncMFADevice\",\n        \"iam:ListMFADevices\",\n        \"iam:EnableMFADevice\",\n        \"iam:DeactivateMFADevice\"\n      ],\n      \"Resource\": [\n        \"arn:aws:iam::986323537898:user/*/${aws:username}\",\n        \"arn:aws:iam::986323537898:user/${aws:username}\"\n      ]\n    },\n    {\n      \"Sid\": \"DenyAllExceptListedIfNoMFA\",\n      \"Effect\": \"Deny\",\n      \"NotAction\": [\n        \"sts:GetSessionToken\",\n        \"iam:ResyncMFADevice\",\n        \"iam:ListVirtualMFADevices\",\n        \"iam:ListMFADevices\",\n        \"iam:GetUser\",\n        \"iam:GetMFADevice\",\n        \"iam:EnableMFADevice\",\n        \"iam:CreateVirtualMFADevice\",\n        \"iam:ChangePassword\"\n      ],\n      \"Resource\": \"*\",\n      \"Condition\": {\n        \"BoolIfExists\": {\n          \"aws:MultiFactorAuthPresent\": \"false\"\n        }\n      }\n    }\n  ]\n}",
            "minified_json": "{\"Version\":\"2012-10-17\",\"Statement\":[{\"Sid\":\"AllowViewAccountInfo\",\"Effect\":\"Allow\",\"Action\":[\"iam:ListVirtualMFADevices\",\"iam:ListAccountAliases\",\"iam:GetAccountSummary\",\"iam:GetAccountPasswordPolicy\"],\"Resource\":\"*\"},{\"Sid\":\"AllowManageOwnPasswords\",\"Effect\":\"Allow\",\"Action\":[\"iam:UpdateLoginProfile\",\"iam:GetUser\",\"iam:GetLoginProfile\",\"iam:ChangePassword\"],\"Resource\":[\"arn:aws:iam::986323537898:user/*/${aws:username}\",\"arn:aws:iam::986323537898:user/${aws:username}\"]},{\"Sid\":\"AllowManageOwnAccessKeys\",\"Effect\":\"Allow\",\"Action\":[\"iam:UpdateAccessKey\",\"iam:UntagUser\",\"iam:TagUser\",\"iam:ListUserTags\",\"iam:ListAccessKeys\",\"iam:GetAccessKeyLastUsed\",\"iam:DeleteAccessKey\",\"iam:CreateAccessKey\"],\"Resource\":[\"arn:aws:iam::986323537898:user/*/${aws:username}\",\"arn:aws:iam::986323537898:user/${aws:username}\"]},{\"Sid\":\"AllowManageOwnSigningCertificates\",\"Effect\":\"Allow\",\"Action\":[\"iam:UploadSigningCertificate\",\"iam:UpdateSigningCertificate\",\"iam:ListSigningCertificates\",\"iam:DeleteSigningCertificate\"],\"Resource\":[\"arn:aws:iam::986323537898:user/*/${aws:username}\",\"arn:aws:iam::986323537898:user/${aws:username}\"]},{\"Sid\":\"AllowManageOwnSSHPublicKeys\",\"Effect\":\"Allow\",\"Action\":[\"iam:UploadSSHPublicKey\",\"iam:UpdateSSHPublicKey\",\"iam:ListSSHPublicKeys\",\"iam:GetSSHPublicKey\",\"iam:DeleteSSHPublicKey\"],\"Resource\":[\"arn:aws:iam::986323537898:user/*/${aws:username}\",\"arn:aws:iam::986323537898:user/${aws:username}\"]},{\"Sid\":\"AllowManageOwnGitCredentials\",\"Effect\":\"Allow\",\"Action\":[\"iam:UpdateServiceSpecificCredential\",\"iam:ResetServiceSpecificCredential\",\"iam:ListServiceSpecificCredentials\",\"iam:DeleteServiceSpecificCredential\",\"iam:CreateServiceSpecificCredential\"],\"Resource\":[\"arn:aws:iam::986323537898:user/*/${aws:username}\",\"arn:aws:iam::986323537898:user/${aws:username}\"]},{\"Sid\":\"AllowManageOwnVirtualMFADevice\",\"Effect\":\"Allow\",\"Action\":\"iam:CreateVirtualMFADevice\",\"Resource\":\"arn:aws:iam::986323537898:mfa/*\"},{\"Sid\":\"AllowManageOwnUserMFA\",\"Effect\":\"Allow\",\"Action\":[\"iam:ResyncMFADevice\",\"iam:ListMFADevices\",\"iam:EnableMFADevice\",\"iam:DeactivateMFADevice\"],\"Resource\":[\"arn:aws:iam::986323537898:user/*/${aws:username}\",\"arn:aws:iam::986323537898:user/${aws:username}\"]},{\"Sid\":\"DenyAllExceptListedIfNoMFA\",\"Effect\":\"Deny\",\"NotAction\":[\"sts:GetSessionToken\",\"iam:ResyncMFADevice\",\"iam:ListVirtualMFADevices\",\"iam:ListMFADevices\",\"iam:GetUser\",\"iam:GetMFADevice\",\"iam:EnableMFADevice\",\"iam:CreateVirtualMFADevice\",\"iam:ChangePassword\"],\"Resource\":\"*\",\"Condition\":{\"BoolIfExists\":{\"aws:MultiFactorAuthPresent\":\"false\"}}}]}",
            "override_json": null,
            "override_policy_documents": null,
            "policy_id": null,
            "source_json": null,
            "source_policy_documents": null,
            "statement": [
              {
                "actions": [
                  "iam:GetAccountPasswordPolicy",
                  "iam:GetAccountSummary",
                  "iam:ListAccountAliases",
                  "iam:ListVirtualMFADevices"
                ],
                "condition": [],
                "effect": "Allow",
                "not_actions": [],
                "not_principals": [],
                "not_resources": [],
                "principals": [],
                "resources": [
                  "*"
                ],
                "sid": "AllowViewAccountInfo"
              },
              {
                "actions": [
                  "iam:ChangePassword",
                  "iam:GetLoginProfile",
                  "iam:GetUser",
                  "iam:UpdateLoginProfile"
                ],
                "condition": [],
                "effect": "Allow",
                "not_actions": [],
                "not_principals": [],
                "not_resources": [],
                "principals": [],
                "resources": [
                  "arn:aws:iam::986323537898:user/${aws:username}",
                  "arn:aws:iam::986323537898:user/*/${aws:username}"
                ],
                "sid": "AllowManageOwnPasswords"
              },
              {
                "actions": [
                  "iam:CreateAccessKey",
                  "iam:DeleteAccessKey",
                  "iam:GetAccessKeyLastUsed",
                  "iam:ListAccessKeys",
                  "iam:ListUserTags",
                  "iam:TagUser",
                  "iam:UntagUser",
                  "iam:UpdateAccessKey"
                ],
                "condition": [],
                "effect": "Allow",
                "not_actions": [],
                "not_principals": [],
                "not_resources": [],
                "principals": [],
                "resources": [
                  "arn:aws:iam::986323537898:user/${aws:username}",
                  "arn:aws:iam::986323537898:user/*/${aws:username}"
                ],
                "sid": "AllowManageOwnAccessKeys"
              },
              {
                "actions": [
                  "iam:DeleteSigningCertificate",
                  "iam:ListSigningCertificates",
                  "iam:UpdateSigningCertificate",
                  "iam:UploadSigningCertificate"
                ],
                "condition": [],
                "effect": "Allow",
                "not_actions": [],
                "not_principals": [],
                "not_resources": [],
                "principals": [],
                "resources": [
                  "arn:aws:iam::986323537898:user/${aws:username}",
                  "arn:aws:iam::986323537898:user/*/${aws:username}"
                ],
                "sid": "AllowManageOwnSigningCertificates"
              },
              {
                "actions": [
                  "iam:DeleteSSHPublicKey",
                  "iam:GetSSHPublicKey",
                  "iam:ListSSHPublicKeys",
                  "iam:UpdateSSHPublicKey",
                  "iam:UploadSSHPublicKey"
                ],
                "condition": [],
                "effect": "Allow",
                "not_actions": [],
                "not_principals": [],
                "not_resources": [],
                "principals": [],
                "resources": [
                  "arn:aws:iam::986323537898:user/${aws:username}",
                  "arn:aws:iam::986323537898:user/*/${aws:username}"
                ],
                "sid": "AllowManageOwnSSHPublicKeys"
              },
              {
                "actions": [
                  "iam:CreateServiceSpecificCredential",
                  "iam:DeleteServiceSpecificCredential",
                  "iam:ListServiceSpecificCredentials",
                  "iam:ResetServiceSpecificCredential",
                  "iam:UpdateServiceSpecificCredential"
                ],
                "condition": [],
                "effect": "Allow",
                "not_actions": [],
                "not_principals": [],
                "not_resources": [],
                "principals": [],
                "resources": [
                  "arn:aws:iam::986323537898:user/${aws:username}",
                  "arn:aws:iam::986323537898:user/*/${aws:username}"
                ],
                "sid": "AllowManageOwnGitCredentials"
              },
              {
                "actions": [
                  "iam:CreateVirtualMFADevice"
                ],
                "condition": [],
                "effect": "Allow",
                "not_actions": [],
                "not_principals": [],
                "not_resources": [],
                "principals": [],
                "resources": [
                  "arn:aws:iam::986323537898:mfa/*"
                ],
                "sid": "AllowManageOwnVirtualMFADevice"
              },
              {
                "actions": [
                  "iam:DeactivateMFADevice",
                  "iam:EnableMFADevice",
                  "iam:ListMFADevices",
                  "iam:ResyncMFADevice"
                ],
                "condition": [],
                "effect": "Allow",
                "not_actions": [],
                "not_principals": [],
                "not_resources": [],
                "principals": [],
                "resources": [
                  "arn:aws:iam::986323537898:user/${aws:username}",
                  "arn:aws:iam::986323537898:user/*/${aws:username}"
                ],
                "sid": "AllowManageOwnUserMFA"
              },
              {
                "actions": [],
                "condition": [
                  {
                    "test": "BoolIfExists",
                    "values": [
                      "false"
                    ],
                    "variable": "aws:MultiFactorAuthPresent"
                  }
                ],
                "effect": "Deny",
                "not_actions": [
                  "iam:ChangePassword",
                  "iam:CreateVirtualMFADevice",
                  "iam:EnableMFADevice",
                  "iam:GetMFADevice",
                  "iam:GetUser",
                  "iam:ListMFADevices",
                  "iam:ListVirtualMFADevices",
                  "iam:ResyncMFADevice",
                  "sts:GetSessionToken"
                ],
                "not_principals": [],
                "not_resources": [],
                "principals": [],
                "resources": [
                  "*"
                ],
                "sid": "DenyAllExceptListedIfNoMFA"
              }
            ],
            "version": "2012-10-17"
          },
          "sensitive_attributes": []
        }
      ]
    },
    {
      "module": "module.iam.module.iam_group_devops",
      "mode": "data",
      "type": "aws_partition",
      "name": "current",
      "provider": "provider[\"registry.terraform.io/hashicorp/aws\"]",
      "instances": [
        {
          "schema_version": 0,
          "attributes": {
            "dns_suffix": "amazonaws.com",
            "id": "aws",
            "partition": "aws",
            "reverse_dns_prefix": "com.amazonaws"
          },
          "sensitive_attributes": []
        }
      ]
    },
    {
      "module": "module.iam.module.iam_group_devops",
      "mode": "managed",
      "type": "aws_iam_group",
      "name": "this",
      "provider": "provider[\"registry.terraform.io/hashicorp/aws\"]",
      "instances": [
        {
          "index_key": 0,
          "schema_version": 0,
          "attributes": {
            "arn": "arn:aws:iam::986323537898:group/devops",
            "id": "devops",
            "name": "devops",
            "path": "/",
            "unique_id": "AGPA6LJLWZ7VGCXCPYF64"
          },
          "sensitive_attributes": [],
          "private": "bnVsbA==",
          "dependencies": [
            "module.iam.module.user_devops.aws_iam_access_key.this",
            "module.iam.module.user_devops.aws_iam_access_key.this_no_pgp",
            "module.iam.module.user_devops.aws_iam_user.this",
            "module.iam.module.user_devops.aws_iam_user_login_profile.this",
            "module.iam.module.user_devops.aws_iam_user_ssh_key.this"
          ]
        }
      ]
    },
    {
      "module": "module.iam.module.iam_group_devops",
      "mode": "managed",
      "type": "aws_iam_group_membership",
      "name": "this",
      "provider": "provider[\"registry.terraform.io/hashicorp/aws\"]",
      "instances": [
        {
          "index_key": 0,
          "schema_version": 0,
          "attributes": {
            "group": "devops",
            "id": "devops",
            "name": "devops",
            "users": [
              "joseph",
              "sammy"
            ]
          },
          "sensitive_attributes": [],
          "private": "bnVsbA==",
          "dependencies": [
            "module.iam.module.iam_group_devops.aws_iam_group.this",
            "module.iam.module.user_devops.aws_iam_access_key.this",
            "module.iam.module.user_devops.aws_iam_access_key.this_no_pgp",
            "module.iam.module.user_devops.aws_iam_user.this",
            "module.iam.module.user_devops.aws_iam_user_login_profile.this",
            "module.iam.module.user_devops.aws_iam_user_ssh_key.this"
          ]
        }
      ]
    },
    {
      "module": "module.iam.module.iam_group_devops",
      "mode": "managed",
      "type": "aws_iam_group_policy_attachment",
      "name": "custom_arns",
      "provider": "provider[\"registry.terraform.io/hashicorp/aws\"]",
      "instances": [
        {
          "index_key": 0,
          "schema_version": 0,
          "attributes": {
            "group": "devops",
            "id": "devops-20250513175024730000000004",
            "policy_arn": "arn:aws:iam::aws:policy/AdministratorAccess"
          },
          "sensitive_attributes": [],
          "private": "bnVsbA==",
          "dependencies": [
            "module.iam.module.iam_group_devops.aws_iam_group.this",
            "module.iam.module.user_devops.aws_iam_access_key.this",
            "module.iam.module.user_devops.aws_iam_access_key.this_no_pgp",
            "module.iam.module.user_devops.aws_iam_user.this",
            "module.iam.module.user_devops.aws_iam_user_login_profile.this",
            "module.iam.module.user_devops.aws_iam_user_ssh_key.this"
          ]
        }
      ]
    },
    {
      "module": "module.iam.module.iam_group_devops",
      "mode": "managed",
      "type": "aws_iam_group_policy_attachment",
      "name": "iam_self_management",
      "provider": "provider[\"registry.terraform.io/hashicorp/aws\"]",
      "instances": [
        {
          "index_key": 0,
          "schema_version": 0,
          "attributes": {
            "group": "devops",
            "id": "devops-20250513175024898000000008",
            "policy_arn": "arn:aws:iam::986323537898:policy/IAMSelfManagement-20250513175024242900000003"
          },
          "sensitive_attributes": [],
          "private": "bnVsbA==",
          "dependencies": [
            "module.iam.module.iam_group_devops.aws_iam_group.this",
            "module.iam.module.iam_group_devops.aws_iam_policy.iam_self_management",
            "module.iam.module.iam_group_devops.data.aws_caller_identity.current",
            "module.iam.module.iam_group_devops.data.aws_iam_policy_document.iam_self_management",
            "module.iam.module.iam_group_devops.data.aws_partition.current",
            "module.iam.module.user_devops.aws_iam_access_key.this",
            "module.iam.module.user_devops.aws_iam_access_key.this_no_pgp",
            "module.iam.module.user_devops.aws_iam_user.this",
            "module.iam.module.user_devops.aws_iam_user_login_profile.this",
            "module.iam.module.user_devops.aws_iam_user_ssh_key.this"
          ]
        }
      ]
    },
    {
      "module": "module.iam.module.iam_group_devops",
      "mode": "managed",
      "type": "aws_iam_policy",
      "name": "iam_self_management",
      "provider": "provider[\"registry.terraform.io/hashicorp/aws\"]",
      "instances": [
        {
          "index_key": 0,
          "schema_version": 0,
          "attributes": {
            "arn": "arn:aws:iam::986323537898:policy/IAMSelfManagement-20250513175024242900000003",
            "attachment_count": 1,
            "description": "",
            "id": "arn:aws:iam::986323537898:policy/IAMSelfManagement-20250513175024242900000003",
            "name": "IAMSelfManagement-20250513175024242900000003",
            "name_prefix": "IAMSelfManagement-",
            "path": "/",
            "policy": "{\"Statement\":[{\"Action\":[\"iam:ListVirtualMFADevices\",\"iam:ListAccountAliases\",\"iam:GetAccountSummary\",\"iam:GetAccountPasswordPolicy\"],\"Effect\":\"Allow\",\"Resource\":\"*\",\"Sid\":\"AllowViewAccountInfo\"},{\"Action\":[\"iam:UpdateLoginProfile\",\"iam:GetUser\",\"iam:GetLoginProfile\",\"iam:ChangePassword\"],\"Effect\":\"Allow\",\"Resource\":[\"arn:aws:iam::986323537898:user/*/${aws:username}\",\"arn:aws:iam::986323537898:user/${aws:username}\"],\"Sid\":\"AllowManageOwnPasswords\"},{\"Action\":[\"iam:UpdateAccessKey\",\"iam:UntagUser\",\"iam:TagUser\",\"iam:ListUserTags\",\"iam:ListAccessKeys\",\"iam:GetAccessKeyLastUsed\",\"iam:DeleteAccessKey\",\"iam:CreateAccessKey\"],\"Effect\":\"Allow\",\"Resource\":[\"arn:aws:iam::986323537898:user/*/${aws:username}\",\"arn:aws:iam::986323537898:user/${aws:username}\"],\"Sid\":\"AllowManageOwnAccessKeys\"},{\"Action\":[\"iam:UploadSigningCertificate\",\"iam:UpdateSigningCertificate\",\"iam:ListSigningCertificates\",\"iam:DeleteSigningCertificate\"],\"Effect\":\"Allow\",\"Resource\":[\"arn:aws:iam::986323537898:user/*/${aws:username}\",\"arn:aws:iam::986323537898:user/${aws:username}\"],\"Sid\":\"AllowManageOwnSigningCertificates\"},{\"Action\":[\"iam:UploadSSHPublicKey\",\"iam:UpdateSSHPublicKey\",\"iam:ListSSHPublicKeys\",\"iam:GetSSHPublicKey\",\"iam:DeleteSSHPublicKey\"],\"Effect\":\"Allow\",\"Resource\":[\"arn:aws:iam::986323537898:user/*/${aws:username}\",\"arn:aws:iam::986323537898:user/${aws:username}\"],\"Sid\":\"AllowManageOwnSSHPublicKeys\"},{\"Action\":[\"iam:UpdateServiceSpecificCredential\",\"iam:ResetServiceSpecificCredential\",\"iam:ListServiceSpecificCredentials\",\"iam:DeleteServiceSpecificCredential\",\"iam:CreateServiceSpecificCredential\"],\"Effect\":\"Allow\",\"Resource\":[\"arn:aws:iam::986323537898:user/*/${aws:username}\",\"arn:aws:iam::986323537898:user/${aws:username}\"],\"Sid\":\"AllowManageOwnGitCredentials\"},{\"Action\":\"iam:CreateVirtualMFADevice\",\"Effect\":\"Allow\",\"Resource\":\"arn:aws:iam::986323537898:mfa/*\",\"Sid\":\"AllowManageOwnVirtualMFADevice\"},{\"Action\":[\"iam:ResyncMFADevice\",\"iam:ListMFADevices\",\"iam:EnableMFADevice\",\"iam:DeactivateMFADevice\"],\"Effect\":\"Allow\",\"Resource\":[\"arn:aws:iam::986323537898:user/*/${aws:username}\",\"arn:aws:iam::986323537898:user/${aws:username}\"],\"Sid\":\"AllowManageOwnUserMFA\"},{\"Condition\":{\"BoolIfExists\":{\"aws:MultiFactorAuthPresent\":\"false\"}},\"Effect\":\"Deny\",\"NotAction\":[\"sts:GetSessionToken\",\"iam:ResyncMFADevice\",\"iam:ListVirtualMFADevices\",\"iam:ListMFADevices\",\"iam:GetUser\",\"iam:GetMFADevice\",\"iam:EnableMFADevice\",\"iam:CreateVirtualMFADevice\",\"iam:ChangePassword\"],\"Resource\":\"*\",\"Sid\":\"DenyAllExceptListedIfNoMFA\"}],\"Version\":\"2012-10-17\"}",
            "policy_id": "ANPA6LJLWZ7VBU7FXDWKN",
            "tags": {},
            "tags_all": {}
          },
          "sensitive_attributes": [],
          "private": "bnVsbA==",
          "dependencies": [
            "module.iam.module.iam_group_devops.data.aws_caller_identity.current",
            "module.iam.module.iam_group_devops.data.aws_iam_policy_document.iam_self_management",
            "module.iam.module.iam_group_devops.data.aws_partition.current",
            "module.iam.module.user_devops.aws_iam_access_key.this",
            "module.iam.module.user_devops.aws_iam_access_key.this_no_pgp",
            "module.iam.module.user_devops.aws_iam_user.this",
            "module.iam.module.user_devops.aws_iam_user_login_profile.this",
            "module.iam.module.user_devops.aws_iam_user_ssh_key.this"
          ]
        }
      ]
    },
    {
      "module": "module.iam.module.iam_group_devops_with_assumed_roles",
      "mode": "data",
      "type": "aws_iam_policy_document",
      "name": "assume_role",
      "provider": "provider[\"registry.terraform.io/hashicorp/aws\"]",
      "instances": [
        {
          "schema_version": 0,
          "attributes": {
            "id": "2993689567",
            "json": "{\n  \"Version\": \"2012-10-17\",\n  \"Statement\": [\n    {\n      \"Effect\": \"Allow\",\n      \"Action\": \"sts:AssumeRole\",\n      \"Resource\": \"arn:aws:iam::986323537898:role/AmazonEKSClusterRole\"\n    }\n  ]\n}",
            "minified_json": "{\"Version\":\"2012-10-17\",\"Statement\":[{\"Effect\":\"Allow\",\"Action\":\"sts:AssumeRole\",\"Resource\":\"arn:aws:iam::986323537898:role/AmazonEKSClusterRole\"}]}",
            "override_json": null,
            "override_policy_documents": null,
            "policy_id": null,
            "source_json": null,
            "source_policy_documents": null,
            "statement": [
              {
                "actions": [
                  "sts:AssumeRole"
                ],
                "condition": [],
                "effect": "Allow",
                "not_actions": [],
                "not_principals": [],
                "not_resources": [],
                "principals": [],
                "resources": [
                  "arn:aws:iam::986323537898:role/AmazonEKSClusterRole"
                ],
                "sid": ""
              }
            ],
            "version": "2012-10-17"
          },
          "sensitive_attributes": []
        }
      ]
    },
    {
      "module": "module.iam.module.iam_group_devops_with_assumed_roles",
      "mode": "managed",
      "type": "aws_iam_group",
      "name": "this",
      "provider": "provider[\"registry.terraform.io/hashicorp/aws\"]",
      "instances": [
        {
          "schema_version": 0,
          "attributes": {
            "arn": "arn:aws:iam::986323537898:group/devops-with_AssumedRoles",
            "id": "devops-with_AssumedRoles",
            "name": "devops-with_AssumedRoles",
            "path": "/",
            "unique_id": "AGPA6LJLWZ7VMNY3ZSGAK"
          },
          "sensitive_attributes": [],
          "private": "bnVsbA==",
          "dependencies": [
            "module.iam.module.user_devops.aws_iam_access_key.this",
            "module.iam.module.user_devops.aws_iam_access_key.this_no_pgp",
            "module.iam.module.user_devops.aws_iam_user.this",
            "module.iam.module.user_devops.aws_iam_user_login_profile.this",
            "module.iam.module.user_devops.aws_iam_user_ssh_key.this"
          ]
        }
      ]
    },
    {
      "module": "module.iam.module.iam_group_devops_with_assumed_roles",
      "mode": "managed",
      "type": "aws_iam_group_membership",
      "name": "this",
      "provider": "provider[\"registry.terraform.io/hashicorp/aws\"]",
      "instances": [
        {
          "index_key": 0,
          "schema_version": 0,
          "attributes": {
            "group": "devops-with_AssumedRoles",
            "id": "devops-with_AssumedRoles",
            "name": "devops-with_AssumedRoles",
            "users": [
              "joseph",
              "sammy"
            ]
          },
          "sensitive_attributes": [],
          "private": "bnVsbA==",
          "dependencies": [
            "module.iam.module.iam_group_devops_with_assumed_roles.aws_iam_group.this",
            "module.iam.module.user_devops.aws_iam_access_key.this",
            "module.iam.module.user_devops.aws_iam_access_key.this_no_pgp",
            "module.iam.module.user_devops.aws_iam_user.this",
            "module.iam.module.user_devops.aws_iam_user_login_profile.this",
            "module.iam.module.user_devops.aws_iam_user_ssh_key.this"
          ]
        }
      ]
    },
    {
      "module": "module.iam.module.iam_group_devops_with_assumed_roles",
      "mode": "managed",
      "type": "aws_iam_group_policy_attachment",
      "name": "this",
      "provider": "provider[\"registry.terraform.io/hashicorp/aws\"]",
      "instances": [
        {
          "schema_version": 0,
          "attributes": {
            "group": "devops-with_AssumedRoles",
            "id": "devops-with_AssumedRoles-20250513175024783400000007",
            "policy_arn": "arn:aws:iam::986323537898:policy/devops-with_AssumedRoles"
          },
          "sensitive_attributes": [],
          "private": "bnVsbA==",
          "dependencies": [
            "module.iam.module.eks_cluster_role.aws_iam_role.this",
            "module.iam.module.eks_cluster_role.data.aws_iam_policy_document.assume_role",
            "module.iam.module.eks_cluster_role.data.aws_iam_policy_document.assume_role_with_mfa",
            "module.iam.module.iam_group_devops_with_assumed_roles.aws_iam_group.this",
            "module.iam.module.iam_group_devops_with_assumed_roles.aws_iam_policy.this",
            "module.iam.module.iam_group_devops_with_assumed_roles.data.aws_iam_policy_document.assume_role",
            "module.iam.module.user_devops.aws_iam_access_key.this",
            "module.iam.module.user_devops.aws_iam_access_key.this_no_pgp",
            "module.iam.module.user_devops.aws_iam_user.this",
            "module.iam.module.user_devops.aws_iam_user_login_profile.this",
            "module.iam.module.user_devops.aws_iam_user_ssh_key.this"
          ]
        }
      ]
    },
    {
      "module": "module.iam.module.iam_group_devops_with_assumed_roles",
      "mode": "managed",
      "type": "aws_iam_policy",
      "name": "this",
      "provider": "provider[\"registry.terraform.io/hashicorp/aws\"]",
      "instances": [
        {
          "schema_version": 0,
          "attributes": {
            "arn": "arn:aws:iam::986323537898:policy/devops-with_AssumedRoles",
            "attachment_count": 1,
            "description": "Allows to assume role in another AWS account",
            "id": "arn:aws:iam::986323537898:policy/devops-with_AssumedRoles",
            "name": "devops-with_AssumedRoles",
            "name_prefix": "",
            "path": "/",
            "policy": "{\"Statement\":[{\"Action\":\"sts:AssumeRole\",\"Effect\":\"Allow\",\"Resource\":\"arn:aws:iam::986323537898:role/AmazonEKSClusterRole\"}],\"Version\":\"2012-10-17\"}",
            "policy_id": "ANPA6LJLWZ7VKVAXQFU5R",
            "tags": {},
            "tags_all": {}
          },
          "sensitive_attributes": [],
          "private": "bnVsbA==",
          "dependencies": [
            "module.iam.module.eks_cluster_role.aws_iam_role.this",
            "module.iam.module.eks_cluster_role.data.aws_iam_policy_document.assume_role",
            "module.iam.module.eks_cluster_role.data.aws_iam_policy_document.assume_role_with_mfa",
            "module.iam.module.iam_group_devops_with_assumed_roles.data.aws_iam_policy_document.assume_role",
            "module.iam.module.user_devops.aws_iam_access_key.this",
            "module.iam.module.user_devops.aws_iam_access_key.this_no_pgp",
            "module.iam.module.user_devops.aws_iam_user.this",
            "module.iam.module.user_devops.aws_iam_user_login_profile.this",
            "module.iam.module.user_devops.aws_iam_user_ssh_key.this"
          ]
        }
      ]
    },
    {
      "module": "module.iam.module.user_developers[0]",
      "mode": "managed",
      "type": "aws_iam_access_key",
      "name": "this_no_pgp",
      "provider": "provider[\"registry.terraform.io/hashicorp/aws\"]",
      "instances": [
        {
          "index_key": 0,
          "schema_version": 0,
          "attributes": {
            "create_date": "2025-05-13T17:50:22Z",
            "encrypted_secret": null,
            "encrypted_ses_smtp_password_v4": null,
            "id": "AKIA6LJLWZ7VK3HGB6JQ",
            "key_fingerprint": null,
            "pgp_key": null,
            "secret": "tjiow0woTW0kWp+Ulckx3eRCFrhBBbuW+eZ7RIeM",
            "ses_smtp_password_v4": "BHhlhKspNsOM66ibrptn4N63LvvjM7P7+eheyp5glxU2",
            "status": "Active",
            "user": "samuel"
          },
          "sensitive_attributes": [
            [
              {
                "type": "get_attr",
                "value": "secret"
              }
            ],
            [
              {
                "type": "get_attr",
                "value": "ses_smtp_password_v4"
              }
            ]
          ],
          "private": "bnVsbA==",
          "dependencies": [
            "module.iam.module.user_developers.aws_iam_user.this"
          ]
        }
      ]
    },
    {
      "module": "module.iam.module.user_developers[0]",
      "mode": "managed",
      "type": "aws_iam_user",
      "name": "this",
      "provider": "provider[\"registry.terraform.io/hashicorp/aws\"]",
      "instances": [
        {
          "index_key": 0,
          "schema_version": 0,
          "attributes": {
            "arn": "arn:aws:iam::986323537898:user/developers/samuel",
            "force_destroy": false,
            "id": "samuel",
            "name": "samuel",
            "path": "/developers/",
            "permissions_boundary": "",
            "tags": {
              "Environment": "dev",
              "Terraform": "true"
            },
            "tags_all": {
              "Environment": "dev",
              "Terraform": "true"
            },
            "unique_id": "AIDA6LJLWZ7VHPKODPZ42"
          },
          "sensitive_attributes": [],
          "private": "bnVsbA=="
        }
      ]
    },
    {
      "module": "module.iam.module.user_developers[0]",
      "mode": "managed",
      "type": "aws_iam_user_login_profile",
      "name": "this",
      "provider": "provider[\"registry.terraform.io/hashicorp/aws\"]",
      "instances": [
        {
          "index_key": 0,
          "schema_version": 0,
          "attributes": {
            "encrypted_password": null,
            "id": "samuel",
            "key_fingerprint": null,
            "password": "+$#ChfM3iIb=MpQ2T\u0026L#",
            "password_length": 20,
            "password_reset_required": true,
            "pgp_key": "",
            "user": "samuel"
          },
          "sensitive_attributes": [
            [
              {
                "type": "get_attr",
                "value": "password"
              }
            ]
          ],
          "private": "bnVsbA==",
          "dependencies": [
            "module.iam.module.user_developers.aws_iam_user.this"
          ]
        }
      ]
    },
    {
      "module": "module.iam.module.user_developers[1]",
      "mode": "managed",
      "type": "aws_iam_access_key",
      "name": "this_no_pgp",
      "provider": "provider[\"registry.terraform.io/hashicorp/aws\"]",
      "instances": [
        {
          "index_key": 0,
          "schema_version": 0,
          "attributes": {
            "create_date": "2025-05-13T17:50:22Z",
            "encrypted_secret": null,
            "encrypted_ses_smtp_password_v4": null,
            "id": "AKIA6LJLWZ7VBL65RB76",
            "key_fingerprint": null,
            "pgp_key": null,
            "secret": "bgc+oZF3YwM3PwwL4rmrv27ZKSPYWFIr0SeF3GPY",
            "ses_smtp_password_v4": "BDifIR4FAy4Hnl6/f9mTus4xVYPQu6Wl0m7BVoW67Nsl",
            "status": "Active",
            "user": "peter"
          },
          "sensitive_attributes": [
            [
              {
                "type": "get_attr",
                "value": "ses_smtp_password_v4"
              }
            ],
            [
              {
                "type": "get_attr",
                "value": "secret"
              }
            ]
          ],
          "private": "bnVsbA==",
          "dependencies": [
            "module.iam.module.user_developers.aws_iam_user.this"
          ]
        }
      ]
    },
    {
      "module": "module.iam.module.user_developers[1]",
      "mode": "managed",
      "type": "aws_iam_user",
      "name": "this",
      "provider": "provider[\"registry.terraform.io/hashicorp/aws\"]",
      "instances": [
        {
          "index_key": 0,
          "schema_version": 0,
          "attributes": {
            "arn": "arn:aws:iam::986323537898:user/developers/peter",
            "force_destroy": false,
            "id": "peter",
            "name": "peter",
            "path": "/developers/",
            "permissions_boundary": "",
            "tags": {
              "Environment": "dev",
              "Terraform": "true"
            },
            "tags_all": {
              "Environment": "dev",
              "Terraform": "true"
            },
            "unique_id": "AIDA6LJLWZ7VBZLHFB5TF"
          },
          "sensitive_attributes": [],
          "private": "bnVsbA=="
        }
      ]
    },
    {
      "module": "module.iam.module.user_developers[1]",
      "mode": "managed",
      "type": "aws_iam_user_login_profile",
      "name": "this",
      "provider": "provider[\"registry.terraform.io/hashicorp/aws\"]",
      "instances": [
        {
          "index_key": 0,
          "schema_version": 0,
          "attributes": {
            "encrypted_password": null,
            "id": "peter",
            "key_fingerprint": null,
            "password": "UJj)1X]PC9MGjMf^wd@'",
            "password_length": 20,
            "password_reset_required": true,
            "pgp_key": "",
            "user": "peter"
          },
          "sensitive_attributes": [
            [
              {
                "type": "get_attr",
                "value": "password"
              }
            ]
          ],
          "private": "bnVsbA==",
          "dependencies": [
            "module.iam.module.user_developers.aws_iam_user.this"
          ]
        }
      ]
    },
    {
      "module": "module.iam.module.user_developers[2]",
      "mode": "managed",
      "type": "aws_iam_access_key",
      "name": "this_no_pgp",
      "provider": "provider[\"registry.terraform.io/hashicorp/aws\"]",
      "instances": [
        {
          "index_key": 0,
          "schema_version": 0,
          "attributes": {
            "create_date": "2025-05-13T17:50:22Z",
            "encrypted_secret": null,
            "encrypted_ses_smtp_password_v4": null,
            "id": "AKIA6LJLWZ7VLOHLKNCY",
            "key_fingerprint": null,
            "pgp_key": null,
            "secret": "7PMyYDwYK7HtxdqB1JH9NicMa6nV11YixyW7y2Eh",
            "ses_smtp_password_v4": "BAZvzF05NtHv0LGfV3Cb0J+9t1NmESTD01vFgqOWjcpr",
            "status": "Active",
            "user": "lekan"
          },
          "sensitive_attributes": [
            [
              {
                "type": "get_attr",
                "value": "ses_smtp_password_v4"
              }
            ],
            [
              {
                "type": "get_attr",
                "value": "secret"
              }
            ]
          ],
          "private": "bnVsbA==",
          "dependencies": [
            "module.iam.module.user_developers.aws_iam_user.this"
          ]
        }
      ]
    },
    {
      "module": "module.iam.module.user_developers[2]",
      "mode": "managed",
      "type": "aws_iam_user",
      "name": "this",
      "provider": "provider[\"registry.terraform.io/hashicorp/aws\"]",
      "instances": [
        {
          "index_key": 0,
          "schema_version": 0,
          "attributes": {
            "arn": "arn:aws:iam::986323537898:user/developers/lekan",
            "force_destroy": false,
            "id": "lekan",
            "name": "lekan",
            "path": "/developers/",
            "permissions_boundary": "",
            "tags": {
              "Environment": "dev",
              "Terraform": "true"
            },
            "tags_all": {
              "Environment": "dev",
              "Terraform": "true"
            },
            "unique_id": "AIDA6LJLWZ7VC5OOWGUW6"
          },
          "sensitive_attributes": [],
          "private": "bnVsbA=="
        }
      ]
    },
    {
      "module": "module.iam.module.user_developers[2]",
      "mode": "managed",
      "type": "aws_iam_user_login_profile",
      "name": "this",
      "provider": "provider[\"registry.terraform.io/hashicorp/aws\"]",
      "instances": [
        {
          "index_key": 0,
          "schema_version": 0,
          "attributes": {
            "encrypted_password": null,
            "id": "lekan",
            "key_fingerprint": null,
            "password": "udcR5H(qaI1%wfAO+1lc",
            "password_length": 20,
            "password_reset_required": true,
            "pgp_key": "",
            "user": "lekan"
          },
          "sensitive_attributes": [
            [
              {
                "type": "get_attr",
                "value": "password"
              }
            ]
          ],
          "private": "bnVsbA==",
          "dependencies": [
            "module.iam.module.user_developers.aws_iam_user.this"
          ]
        }
      ]
    },
    {
      "module": "module.iam.module.user_devops[0]",
      "mode": "managed",
      "type": "aws_iam_access_key",
      "name": "this_no_pgp",
      "provider": "provider[\"registry.terraform.io/hashicorp/aws\"]",
      "instances": [
        {
          "index_key": 0,
          "schema_version": 0,
          "attributes": {
            "create_date": "2025-05-13T17:50:22Z",
            "encrypted_secret": null,
            "encrypted_ses_smtp_password_v4": null,
            "id": "AKIA6LJLWZ7VGMJVPH4H",
            "key_fingerprint": null,
            "pgp_key": null,
            "secret": "B5KMYdgW4bU3ArOL1LboNSkCJiLSnB6/OuPHez9i",
            "ses_smtp_password_v4": "BDFJT18FSJsw2VOQUTWg2itu6bMMWKY0+TRWe8B0Gkms",
            "status": "Active",
            "user": "sammy"
          },
          "sensitive_attributes": [
            [
              {
                "type": "get_attr",
                "value": "ses_smtp_password_v4"
              }
            ],
            [
              {
                "type": "get_attr",
                "value": "secret"
              }
            ]
          ],
          "private": "bnVsbA==",
          "dependencies": [
            "module.iam.module.user_devops.aws_iam_user.this"
          ]
        }
      ]
    },
    {
      "module": "module.iam.module.user_devops[0]",
      "mode": "managed",
      "type": "aws_iam_user",
      "name": "this",
      "provider": "provider[\"registry.terraform.io/hashicorp/aws\"]",
      "instances": [
        {
          "index_key": 0,
          "schema_version": 0,
          "attributes": {
            "arn": "arn:aws:iam::986323537898:user/devops/sammy",
            "force_destroy": false,
            "id": "sammy",
            "name": "sammy",
            "path": "/devops/",
            "permissions_boundary": "",
            "tags": {
              "Environment": "dev",
              "Terraform": "true"
            },
            "tags_all": {
              "Environment": "dev",
              "Terraform": "true"
            },
            "unique_id": "AIDA6LJLWZ7VMDQRVEOSI"
          },
          "sensitive_attributes": [],
          "private": "bnVsbA=="
        }
      ]
    },
    {
      "module": "module.iam.module.user_devops[0]",
      "mode": "managed",
      "type": "aws_iam_user_login_profile",
      "name": "this",
      "provider": "provider[\"registry.terraform.io/hashicorp/aws\"]",
      "instances": [
        {
          "index_key": 0,
          "schema_version": 0,
          "attributes": {
            "encrypted_password": null,
            "id": "sammy",
            "key_fingerprint": null,
            "password": "|p3@7vZX4Qr](^}[4m0w",
            "password_length": 20,
            "password_reset_required": true,
            "pgp_key": "",
            "user": "sammy"
          },
          "sensitive_attributes": [
            [
              {
                "type": "get_attr",
                "value": "password"
              }
            ]
          ],
          "private": "bnVsbA==",
          "dependencies": [
            "module.iam.module.user_devops.aws_iam_user.this"
          ]
        }
      ]
    },
    {
      "module": "module.iam.module.user_devops[1]",
      "mode": "managed",
      "type": "aws_iam_access_key",
      "name": "this_no_pgp",
      "provider": "provider[\"registry.terraform.io/hashicorp/aws\"]",
      "instances": [
        {
          "index_key": 0,
          "schema_version": 0,
          "attributes": {
            "create_date": "2025-05-13T17:50:22Z",
            "encrypted_secret": null,
            "encrypted_ses_smtp_password_v4": null,
            "id": "AKIA6LJLWZ7VGQ7Z3T4H",
            "key_fingerprint": null,
            "pgp_key": null,
            "secret": "vfeyJLQ5bpF8BV2JuWLSUMD1RoW7miI1uVMxFfpU",
            "ses_smtp_password_v4": "BCihfVwVcfqC45O1bMKz2X3H33E5nGtw+8R3wEsIYl2g",
            "status": "Active",
            "user": "joseph"
          },
          "sensitive_attributes": [
            [
              {
                "type": "get_attr",
                "value": "ses_smtp_password_v4"
              }
            ],
            [
              {
                "type": "get_attr",
                "value": "secret"
              }
            ]
          ],
          "private": "bnVsbA==",
          "dependencies": [
            "module.iam.module.user_devops.aws_iam_user.this"
          ]
        }
      ]
    },
    {
      "module": "module.iam.module.user_devops[1]",
      "mode": "managed",
      "type": "aws_iam_user",
      "name": "this",
      "provider": "provider[\"registry.terraform.io/hashicorp/aws\"]",
      "instances": [
        {
          "index_key": 0,
          "schema_version": 0,
          "attributes": {
            "arn": "arn:aws:iam::986323537898:user/devops/joseph",
            "force_destroy": false,
            "id": "joseph",
            "name": "joseph",
            "path": "/devops/",
            "permissions_boundary": "",
            "tags": {
              "Environment": "dev",
              "Terraform": "true"
            },
            "tags_all": {
              "Environment": "dev",
              "Terraform": "true"
            },
            "unique_id": "AIDA6LJLWZ7VHOZ4P5E5Q"
          },
          "sensitive_attributes": [],
          "private": "bnVsbA=="
        }
      ]
    },
    {
      "module": "module.iam.module.user_devops[1]",
      "mode": "managed",
      "type": "aws_iam_user_login_profile",
      "name": "this",
      "provider": "provider[\"registry.terraform.io/hashicorp/aws\"]",
      "instances": [
        {
          "index_key": 0,
          "schema_version": 0,
          "attributes": {
            "encrypted_password": null,
            "id": "joseph",
            "key_fingerprint": null,
            "password": "=|QNFAm8h-[0xQ!7up+E",
            "password_length": 20,
            "password_reset_required": true,
            "pgp_key": "",
            "user": "joseph"
          },
          "sensitive_attributes": [
            [
              {
                "type": "get_attr",
                "value": "password"
              }
            ]
          ],
          "private": "bnVsbA==",
          "dependencies": [
            "module.iam.module.user_devops.aws_iam_user.this"
          ]
        }
      ]
    },
    {
      "module": "module.network",
      "mode": "data",
      "type": "aws_availability_zones",
      "name": "available",
      "provider": "provider[\"registry.terraform.io/hashicorp/aws\"].network",
      "instances": [
        {
          "schema_version": 0,
          "attributes": {
            "all_availability_zones": null,
            "exclude_names": null,
            "exclude_zone_ids": null,
            "filter": null,
            "group_names": [
              "us-east-1-zg-1"
            ],
            "id": "us-east-1",
            "names": [
              "us-east-1a",
              "us-east-1b",
              "us-east-1c",
              "us-east-1d",
              "us-east-1e",
              "us-east-1f"
            ],
            "state": null,
            "timeouts": null,
            "zone_ids": [
              "use1-az2",
              "use1-az4",
              "use1-az6",
              "use1-az1",
              "use1-az3",
              "use1-az5"
            ]
          },
          "sensitive_attributes": []
        }
      ]
    },
    {
      "module": "module.network.module.vpc",
      "mode": "managed",
      "type": "aws_db_subnet_group",
      "name": "database",
      "provider": "module.network.provider[\"registry.terraform.io/hashicorp/aws\"].network",
      "instances": [
        {
          "index_key": 0,
          "schema_version": 0,
          "attributes": {
            "arn": "arn:aws:rds:us-east-1:986323537898:subgrp:dev-us-east-1-vpc",
            "description": "Database subnet group for dev-us-east-1-vpc",
            "id": "dev-us-east-1-vpc",
            "name": "dev-us-east-1-vpc",
            "name_prefix": "",
            "subnet_ids": [
              "subnet-00ca8ae4b7196e354",
              "subnet-072bab33e221fb01b"
            ],
            "supported_network_types": [
              "IPV4"
            ],
            "tags": {
              "Environment": "dev",
              "Name": "dev-us-east-1-vpc",
              "Terraform": "true"
            },
            "tags_all": {
              "Environment": "dev",
              "Name": "dev-us-east-1-vpc",
              "Terraform": "true"
            },
            "vpc_id": "vpc-0aeec631fbbeccbf7"
          },
          "sensitive_attributes": [],
          "private": "bnVsbA==",
          "dependencies": [
            "module.network.data.aws_availability_zones.available",
            "module.network.module.vpc.aws_subnet.database",
            "module.network.module.vpc.aws_vpc.this",
            "module.network.module.vpc.aws_vpc_ipv4_cidr_block_association.this"
          ]
        }
      ]
    },
    {
      "module": "module.network.module.vpc",
      "mode": "managed",
      "type": "aws_default_network_acl",
      "name": "this",
      "provider": "module.network.provider[\"registry.terraform.io/hashicorp/aws\"].network",
      "instances": [
        {
          "index_key": 0,
          "schema_version": 0,
          "attributes": {
            "arn": "arn:aws:ec2:us-east-1:986323537898:network-acl/acl-0deaadc405e355e31",
            "default_network_acl_id": "acl-0deaadc405e355e31",
            "egress": [
              {
                "action": "allow",
                "cidr_block": "",
                "from_port": 0,
                "icmp_code": 0,
                "icmp_type": 0,
                "ipv6_cidr_block": "::/0",
                "protocol": "-1",
                "rule_no": 101,
                "to_port": 0
              },
              {
                "action": "allow",
                "cidr_block": "0.0.0.0/0",
                "from_port": 0,
                "icmp_code": 0,
                "icmp_type": 0,
                "ipv6_cidr_block": "",
                "protocol": "-1",
                "rule_no": 100,
                "to_port": 0
              }
            ],
            "id": "acl-0deaadc405e355e31",
            "ingress": [
              {
                "action": "allow",
                "cidr_block": "",
                "from_port": 0,
                "icmp_code": 0,
                "icmp_type": 0,
                "ipv6_cidr_block": "::/0",
                "protocol": "-1",
                "rule_no": 101,
                "to_port": 0
              },
              {
                "action": "allow",
                "cidr_block": "0.0.0.0/0",
                "from_port": 0,
                "icmp_code": 0,
                "icmp_type": 0,
                "ipv6_cidr_block": "",
                "protocol": "-1",
                "rule_no": 100,
                "to_port": 0
              }
            ],
            "owner_id": "986323537898",
            "subnet_ids": [
              "subnet-00ca8ae4b7196e354",
              "subnet-02798f4f06eae2a04",
              "subnet-051b7a1c59b42e3f0",
              "subnet-072bab33e221fb01b",
              "subnet-07c771e61d7068a2d",
              "subnet-087015c09e9037301"
            ],
            "tags": {
              "Environment": "dev",
              "Name": "dev-us-east-1-vpc-default",
              "Terraform": "true"
            },
            "tags_all": {
              "Environment": "dev",
              "Name": "dev-us-east-1-vpc-default",
              "Terraform": "true"
            },
            "vpc_id": "vpc-0aeec631fbbeccbf7"
          },
          "sensitive_attributes": [],
          "private": "bnVsbA==",
          "dependencies": [
            "module.network.module.vpc.aws_vpc.this"
          ]
        }
      ]
    },
    {
      "module": "module.network.module.vpc",
      "mode": "managed",
      "type": "aws_default_route_table",
      "name": "default",
      "provider": "module.network.provider[\"registry.terraform.io/hashicorp/aws\"].network",
      "instances": [
        {
          "index_key": 0,
          "schema_version": 0,
          "attributes": {
            "arn": "arn:aws:ec2:us-east-1:986323537898:route-table/rtb-0113c2eee594ab567",
            "default_route_table_id": "rtb-0113c2eee594ab567",
            "id": "rtb-0113c2eee594ab567",
            "owner_id": "986323537898",
            "propagating_vgws": [],
            "route": [],
            "tags": {
              "Environment": "dev",
              "Name": "dev-us-east-1-vpc-default",
              "Terraform": "true"
            },
            "tags_all": {
              "Environment": "dev",
              "Name": "dev-us-east-1-vpc-default",
              "Terraform": "true"
            },
            "timeouts": {
              "create": "5m",
              "update": "5m"
            },
            "vpc_id": "vpc-0aeec631fbbeccbf7"
          },
          "sensitive_attributes": [],
          "private": "eyJlMmJmYjczMC1lY2FhLTExZTYtOGY4OC0zNDM2M2JjN2M0YzAiOnsiY3JlYXRlIjozMDAwMDAwMDAwMDAsInVwZGF0ZSI6MzAwMDAwMDAwMDAwfX0=",
          "dependencies": [
            "module.network.module.vpc.aws_vpc.this"
          ]
        }
      ]
    },
    {
      "module": "module.network.module.vpc",
      "mode": "managed",
      "type": "aws_default_security_group",
      "name": "this",
      "provider": "module.network.provider[\"registry.terraform.io/hashicorp/aws\"].network",
      "instances": [
        {
          "index_key": 0,
          "schema_version": 1,
          "attributes": {
            "arn": "arn:aws:ec2:us-east-1:986323537898:security-group/sg-00759cbab995bc9ed",
            "description": "default VPC security group",
            "egress": [],
            "id": "sg-00759cbab995bc9ed",
            "ingress": [],
            "name": "default",
            "name_prefix": "",
            "owner_id": "986323537898",
            "revoke_rules_on_delete": false,
            "tags": {
              "Environment": "dev",
              "Name": "dev-us-east-1-vpc-default",
              "Terraform": "true"
            },
            "tags_all": {
              "Environment": "dev",
              "Name": "dev-us-east-1-vpc-default",
              "Terraform": "true"
            },
            "vpc_id": "vpc-0aeec631fbbeccbf7"
          },
          "sensitive_attributes": [],
          "private": "eyJzY2hlbWFfdmVyc2lvbiI6IjEifQ==",
          "dependencies": [
            "module.network.module.vpc.aws_vpc.this"
          ]
        }
      ]
    },
    {
      "module": "module.network.module.vpc",
      "mode": "managed",
      "type": "aws_eip",
      "name": "nat",
      "provider": "module.network.provider[\"registry.terraform.io/hashicorp/aws\"].network",
      "instances": [
        {
          "index_key": 0,
          "schema_version": 0,
          "attributes": {
            "address": null,
            "allocation_id": "eipalloc-07f344bcbf34ad269",
            "arn": "arn:aws:ec2:us-east-1:986323537898:elastic-ip/eipalloc-07f344bcbf34ad269",
            "associate_with_private_ip": null,
            "association_id": "eipassoc-0ef409bce0aaa9a52",
            "carrier_ip": "",
            "customer_owned_ip": "",
            "customer_owned_ipv4_pool": "",
            "domain": "vpc",
            "id": "eipalloc-07f344bcbf34ad269",
            "instance": "",
            "ipam_pool_id": null,
            "network_border_group": "us-east-1",
            "network_interface": "eni-0187e1d8657db75a4",
            "private_dns": "ip-10-0-1-209.ec2.internal",
            "private_ip": "10.0.1.209",
            "ptr_record": "",
            "public_dns": "ec2-44-206-36-57.compute-1.amazonaws.com",
            "public_ip": "44.206.36.57",
            "public_ipv4_pool": "amazon",
            "tags": {
              "Environment": "dev",
              "Name": "dev-us-east-1-vpc-us-east-1a",
              "Terraform": "true"
            },
            "tags_all": {
              "Environment": "dev",
              "Name": "dev-us-east-1-vpc-us-east-1a",
              "Terraform": "true"
            },
            "timeouts": null,
            "vpc": true
          },
          "sensitive_attributes": [],
          "private": "eyJlMmJmYjczMC1lY2FhLTExZTYtOGY4OC0zNDM2M2JjN2M0YzAiOnsiZGVsZXRlIjoxODAwMDAwMDAwMDAsInJlYWQiOjkwMDAwMDAwMDAwMCwidXBkYXRlIjozMDAwMDAwMDAwMDB9fQ==",
          "dependencies": [
            "module.network.data.aws_availability_zones.available",
            "module.network.module.vpc.aws_internet_gateway.this",
            "module.network.module.vpc.aws_vpc.this",
            "module.network.module.vpc.aws_vpc_ipv4_cidr_block_association.this"
          ]
        }
      ]
    },
    {
      "module": "module.network.module.vpc",
      "mode": "managed",
      "type": "aws_internet_gateway",
      "name": "this",
      "provider": "module.network.provider[\"registry.terraform.io/hashicorp/aws\"].network",
      "instances": [
        {
          "index_key": 0,
          "schema_version": 0,
          "attributes": {
            "arn": "arn:aws:ec2:us-east-1:986323537898:internet-gateway/igw-0af4968ebbdb1d868",
            "id": "igw-0af4968ebbdb1d868",
            "owner_id": "986323537898",
            "tags": {
              "Environment": "dev",
              "Name": "dev-us-east-1-vpc",
              "Terraform": "true"
            },
            "tags_all": {
              "Environment": "dev",
              "Name": "dev-us-east-1-vpc",
              "Terraform": "true"
            },
            "timeouts": null,
            "vpc_id": "vpc-0aeec631fbbeccbf7"
          },
          "sensitive_attributes": [],
          "private": "eyJlMmJmYjczMC1lY2FhLTExZTYtOGY4OC0zNDM2M2JjN2M0YzAiOnsiY3JlYXRlIjoxMjAwMDAwMDAwMDAwLCJkZWxldGUiOjEyMDAwMDAwMDAwMDAsInVwZGF0ZSI6MTIwMDAwMDAwMDAwMH19",
          "dependencies": [
            "module.network.module.vpc.aws_vpc.this",
            "module.network.module.vpc.aws_vpc_ipv4_cidr_block_association.this"
          ]
        }
      ]
    },
    {
      "module": "module.network.module.vpc",
      "mode": "managed",
      "type": "aws_nat_gateway",
      "name": "this",
      "provider": "module.network.provider[\"registry.terraform.io/hashicorp/aws\"].network",
      "instances": [
        {
          "index_key": 0,
          "schema_version": 0,
          "attributes": {
            "allocation_id": "eipalloc-07f344bcbf34ad269",
            "association_id": "eipassoc-0ef409bce0aaa9a52",
            "connectivity_type": "public",
            "id": "nat-0e95689f21f4e932d",
            "network_interface_id": "eni-0187e1d8657db75a4",
            "private_ip": "10.0.1.209",
            "public_ip": "44.206.36.57",
            "secondary_allocation_ids": [],
            "secondary_private_ip_address_count": 0,
            "secondary_private_ip_addresses": [],
            "subnet_id": "subnet-051b7a1c59b42e3f0",
            "tags": {
              "Environment": "dev",
              "Name": "dev-us-east-1-vpc-us-east-1a",
              "Terraform": "true"
            },
            "tags_all": {
              "Environment": "dev",
              "Name": "dev-us-east-1-vpc-us-east-1a",
              "Terraform": "true"
            },
            "timeouts": null
          },
          "sensitive_attributes": [],
          "private": "eyJlMmJmYjczMC1lY2FhLTExZTYtOGY4OC0zNDM2M2JjN2M0YzAiOnsiY3JlYXRlIjo2MDAwMDAwMDAwMDAsImRlbGV0ZSI6MTgwMDAwMDAwMDAwMCwidXBkYXRlIjo2MDAwMDAwMDAwMDB9fQ==",
          "dependencies": [
            "module.network.data.aws_availability_zones.available",
            "module.network.module.vpc.aws_eip.nat",
            "module.network.module.vpc.aws_internet_gateway.this",
            "module.network.module.vpc.aws_subnet.public",
            "module.network.module.vpc.aws_vpc.this",
            "module.network.module.vpc.aws_vpc_ipv4_cidr_block_association.this"
          ]
        }
      ]
    },
    {
      "module": "module.network.module.vpc",
      "mode": "managed",
      "type": "aws_route",
      "name": "private_nat_gateway",
      "provider": "module.network.provider[\"registry.terraform.io/hashicorp/aws\"].network",
      "instances": [
        {
          "index_key": 0,
          "schema_version": 0,
          "attributes": {
            "carrier_gateway_id": "",
            "core_network_arn": "",
            "destination_cidr_block": "0.0.0.0/0",
            "destination_ipv6_cidr_block": "",
            "destination_prefix_list_id": "",
            "egress_only_gateway_id": "",
            "gateway_id": "",
            "id": "r-rtb-04d390542380e5c371080289494",
            "instance_id": "",
            "instance_owner_id": "",
            "local_gateway_id": "",
            "nat_gateway_id": "nat-0e95689f21f4e932d",
            "network_interface_id": "",
            "origin": "CreateRoute",
            "route_table_id": "rtb-04d390542380e5c37",
            "state": "active",
            "timeouts": {
              "create": "5m",
              "delete": null,
              "update": null
            },
            "transit_gateway_id": "",
            "vpc_endpoint_id": "",
            "vpc_peering_connection_id": ""
          },
          "sensitive_attributes": [],
          "private": "eyJlMmJmYjczMC1lY2FhLTExZTYtOGY4OC0zNDM2M2JjN2M0YzAiOnsiY3JlYXRlIjozMDAwMDAwMDAwMDAsImRlbGV0ZSI6MzAwMDAwMDAwMDAwLCJ1cGRhdGUiOjEyMDAwMDAwMDAwMH19",
          "dependencies": [
            "module.network.data.aws_availability_zones.available",
            "module.network.module.vpc.aws_eip.nat",
            "module.network.module.vpc.aws_internet_gateway.this",
            "module.network.module.vpc.aws_nat_gateway.this",
            "module.network.module.vpc.aws_route_table.private",
            "module.network.module.vpc.aws_subnet.public",
            "module.network.module.vpc.aws_vpc.this",
            "module.network.module.vpc.aws_vpc_ipv4_cidr_block_association.this"
          ]
        }
      ]
    },
    {
      "module": "module.network.module.vpc",
      "mode": "managed",
      "type": "aws_route",
      "name": "public_internet_gateway",
      "provider": "module.network.provider[\"registry.terraform.io/hashicorp/aws\"].network",
      "instances": [
        {
          "index_key": 0,
          "schema_version": 0,
          "attributes": {
            "carrier_gateway_id": "",
            "core_network_arn": "",
            "destination_cidr_block": "0.0.0.0/0",
            "destination_ipv6_cidr_block": "",
            "destination_prefix_list_id": "",
            "egress_only_gateway_id": "",
            "gateway_id": "igw-0af4968ebbdb1d868",
            "id": "r-rtb-057a2c3be9f187d341080289494",
            "instance_id": "",
            "instance_owner_id": "",
            "local_gateway_id": "",
            "nat_gateway_id": "",
            "network_interface_id": "",
            "origin": "CreateRoute",
            "route_table_id": "rtb-057a2c3be9f187d34",
            "state": "active",
            "timeouts": {
              "create": "5m",
              "delete": null,
              "update": null
            },
            "transit_gateway_id": "",
            "vpc_endpoint_id": "",
            "vpc_peering_connection_id": ""
          },
          "sensitive_attributes": [],
          "private": "eyJlMmJmYjczMC1lY2FhLTExZTYtOGY4OC0zNDM2M2JjN2M0YzAiOnsiY3JlYXRlIjozMDAwMDAwMDAwMDAsImRlbGV0ZSI6MzAwMDAwMDAwMDAwLCJ1cGRhdGUiOjEyMDAwMDAwMDAwMH19",
          "dependencies": [
            "module.network.module.vpc.aws_internet_gateway.this",
            "module.network.module.vpc.aws_route_table.public",
            "module.network.module.vpc.aws_vpc.this",
            "module.network.module.vpc.aws_vpc_ipv4_cidr_block_association.this"
          ]
        }
      ]
    },
    {
      "module": "module.network.module.vpc",
      "mode": "managed",
      "type": "aws_route_table",
      "name": "private",
      "provider": "module.network.provider[\"registry.terraform.io/hashicorp/aws\"].network",
      "instances": [
        {
          "index_key": 0,
          "schema_version": 0,
          "attributes": {
            "arn": "arn:aws:ec2:us-east-1:986323537898:route-table/rtb-04d390542380e5c37",
            "id": "rtb-04d390542380e5c37",
            "owner_id": "986323537898",
            "propagating_vgws": [],
            "route": [
              {
                "carrier_gateway_id": "",
                "cidr_block": "0.0.0.0/0",
                "core_network_arn": "",
                "destination_prefix_list_id": "",
                "egress_only_gateway_id": "",
                "gateway_id": "",
                "ipv6_cidr_block": "",
                "local_gateway_id": "",
                "nat_gateway_id": "nat-0e95689f21f4e932d",
                "network_interface_id": "",
                "transit_gateway_id": "",
                "vpc_endpoint_id": "",
                "vpc_peering_connection_id": ""
              }
            ],
            "tags": {
              "Environment": "dev",
              "Name": "dev-us-east-1-vpc-private",
              "Terraform": "true"
            },
            "tags_all": {
              "Environment": "dev",
              "Name": "dev-us-east-1-vpc-private",
              "Terraform": "true"
            },
            "timeouts": null,
            "vpc_id": "vpc-0aeec631fbbeccbf7"
          },
          "sensitive_attributes": [],
          "private": "eyJlMmJmYjczMC1lY2FhLTExZTYtOGY4OC0zNDM2M2JjN2M0YzAiOnsiY3JlYXRlIjozMDAwMDAwMDAwMDAsImRlbGV0ZSI6MzAwMDAwMDAwMDAwLCJ1cGRhdGUiOjEyMDAwMDAwMDAwMH19",
          "dependencies": [
            "module.network.data.aws_availability_zones.available",
            "module.network.module.vpc.aws_vpc.this",
            "module.network.module.vpc.aws_vpc_ipv4_cidr_block_association.this"
          ]
        }
      ]
    },
    {
      "module": "module.network.module.vpc",
      "mode": "managed",
      "type": "aws_route_table",
      "name": "public",
      "provider": "module.network.provider[\"registry.terraform.io/hashicorp/aws\"].network",
      "instances": [
        {
          "index_key": 0,
          "schema_version": 0,
          "attributes": {
            "arn": "arn:aws:ec2:us-east-1:986323537898:route-table/rtb-057a2c3be9f187d34",
            "id": "rtb-057a2c3be9f187d34",
            "owner_id": "986323537898",
            "propagating_vgws": [],
            "route": [
              {
                "carrier_gateway_id": "",
                "cidr_block": "0.0.0.0/0",
                "core_network_arn": "",
                "destination_prefix_list_id": "",
                "egress_only_gateway_id": "",
                "gateway_id": "igw-0af4968ebbdb1d868",
                "ipv6_cidr_block": "",
                "local_gateway_id": "",
                "nat_gateway_id": "",
                "network_interface_id": "",
                "transit_gateway_id": "",
                "vpc_endpoint_id": "",
                "vpc_peering_connection_id": ""
              }
            ],
            "tags": {
              "Environment": "dev",
              "Name": "dev-us-east-1-vpc-public",
              "Terraform": "true"
            },
            "tags_all": {
              "Environment": "dev",
              "Name": "dev-us-east-1-vpc-public",
              "Terraform": "true"
            },
            "timeouts": null,
            "vpc_id": "vpc-0aeec631fbbeccbf7"
          },
          "sensitive_attributes": [],
          "private": "eyJlMmJmYjczMC1lY2FhLTExZTYtOGY4OC0zNDM2M2JjN2M0YzAiOnsiY3JlYXRlIjozMDAwMDAwMDAwMDAsImRlbGV0ZSI6MzAwMDAwMDAwMDAwLCJ1cGRhdGUiOjEyMDAwMDAwMDAwMH19",
          "dependencies": [
            "module.network.module.vpc.aws_vpc.this",
            "module.network.module.vpc.aws_vpc_ipv4_cidr_block_association.this"
          ]
        }
      ]
    },
    {
      "module": "module.network.module.vpc",
      "mode": "managed",
      "type": "aws_route_table_association",
      "name": "database",
      "provider": "module.network.provider[\"registry.terraform.io/hashicorp/aws\"].network",
      "instances": [
        {
          "index_key": 0,
          "schema_version": 0,
          "attributes": {
            "gateway_id": "",
            "id": "rtbassoc-09dbb42348a1cf9b6",
            "route_table_id": "rtb-04d390542380e5c37",
            "subnet_id": "subnet-072bab33e221fb01b",
            "timeouts": null
          },
          "sensitive_attributes": [],
          "private": "eyJlMmJmYjczMC1lY2FhLTExZTYtOGY4OC0zNDM2M2JjN2M0YzAiOnsiY3JlYXRlIjozMDAwMDAwMDAwMDAsImRlbGV0ZSI6MzAwMDAwMDAwMDAwLCJ1cGRhdGUiOjEyMDAwMDAwMDAwMH19",
          "dependencies": [
            "module.network.data.aws_availability_zones.available",
            "module.network.module.vpc.aws_route_table.database",
            "module.network.module.vpc.aws_route_table.private",
            "module.network.module.vpc.aws_subnet.database",
            "module.network.module.vpc.aws_vpc.this",
            "module.network.module.vpc.aws_vpc_ipv4_cidr_block_association.this"
          ]
        },
        {
          "index_key": 1,
          "schema_version": 0,
          "attributes": {
            "gateway_id": "",
            "id": "rtbassoc-0c9e7d963a801b5a9",
            "route_table_id": "rtb-04d390542380e5c37",
            "subnet_id": "subnet-00ca8ae4b7196e354",
            "timeouts": null
          },
          "sensitive_attributes": [],
          "private": "eyJlMmJmYjczMC1lY2FhLTExZTYtOGY4OC0zNDM2M2JjN2M0YzAiOnsiY3JlYXRlIjozMDAwMDAwMDAwMDAsImRlbGV0ZSI6MzAwMDAwMDAwMDAwLCJ1cGRhdGUiOjEyMDAwMDAwMDAwMH19",
          "dependencies": [
            "module.network.data.aws_availability_zones.available",
            "module.network.module.vpc.aws_route_table.database",
            "module.network.module.vpc.aws_route_table.private",
            "module.network.module.vpc.aws_subnet.database",
            "module.network.module.vpc.aws_vpc.this",
            "module.network.module.vpc.aws_vpc_ipv4_cidr_block_association.this"
          ]
        }
      ]
    },
    {
      "module": "module.network.module.vpc",
      "mode": "managed",
      "type": "aws_route_table_association",
      "name": "private",
      "provider": "module.network.provider[\"registry.terraform.io/hashicorp/aws\"].network",
      "instances": [
        {
          "index_key": 0,
          "schema_version": 0,
          "attributes": {
            "gateway_id": "",
            "id": "rtbassoc-0f4e6c852af6fc4ad",
            "route_table_id": "rtb-04d390542380e5c37",
            "subnet_id": "subnet-02798f4f06eae2a04",
            "timeouts": null
          },
          "sensitive_attributes": [],
          "private": "eyJlMmJmYjczMC1lY2FhLTExZTYtOGY4OC0zNDM2M2JjN2M0YzAiOnsiY3JlYXRlIjozMDAwMDAwMDAwMDAsImRlbGV0ZSI6MzAwMDAwMDAwMDAwLCJ1cGRhdGUiOjEyMDAwMDAwMDAwMH19",
          "dependencies": [
            "module.network.data.aws_availability_zones.available",
            "module.network.module.vpc.aws_route_table.private",
            "module.network.module.vpc.aws_subnet.private",
            "module.network.module.vpc.aws_vpc.this",
            "module.network.module.vpc.aws_vpc_ipv4_cidr_block_association.this"
          ]
        },
        {
          "index_key": 1,
          "schema_version": 0,
          "attributes": {
            "gateway_id": "",
            "id": "rtbassoc-04a3bba9237419c39",
            "route_table_id": "rtb-04d390542380e5c37",
            "subnet_id": "subnet-087015c09e9037301",
            "timeouts": null
          },
          "sensitive_attributes": [],
          "private": "eyJlMmJmYjczMC1lY2FhLTExZTYtOGY4OC0zNDM2M2JjN2M0YzAiOnsiY3JlYXRlIjozMDAwMDAwMDAwMDAsImRlbGV0ZSI6MzAwMDAwMDAwMDAwLCJ1cGRhdGUiOjEyMDAwMDAwMDAwMH19",
          "dependencies": [
            "module.network.data.aws_availability_zones.available",
            "module.network.module.vpc.aws_route_table.private",
            "module.network.module.vpc.aws_subnet.private",
            "module.network.module.vpc.aws_vpc.this",
            "module.network.module.vpc.aws_vpc_ipv4_cidr_block_association.this"
          ]
        }
      ]
    },
    {
      "module": "module.network.module.vpc",
      "mode": "managed",
      "type": "aws_route_table_association",
      "name": "public",
      "provider": "module.network.provider[\"registry.terraform.io/hashicorp/aws\"].network",
      "instances": [
        {
          "index_key": 0,
          "schema_version": 0,
          "attributes": {
            "gateway_id": "",
            "id": "rtbassoc-01b1e2a9f68cf0a6c",
            "route_table_id": "rtb-057a2c3be9f187d34",
            "subnet_id": "subnet-051b7a1c59b42e3f0",
            "timeouts": null
          },
          "sensitive_attributes": [],
          "private": "eyJlMmJmYjczMC1lY2FhLTExZTYtOGY4OC0zNDM2M2JjN2M0YzAiOnsiY3JlYXRlIjozMDAwMDAwMDAwMDAsImRlbGV0ZSI6MzAwMDAwMDAwMDAwLCJ1cGRhdGUiOjEyMDAwMDAwMDAwMH19",
          "dependencies": [
            "module.network.data.aws_availability_zones.available",
            "module.network.module.vpc.aws_route_table.public",
            "module.network.module.vpc.aws_subnet.public",
            "module.network.module.vpc.aws_vpc.this",
            "module.network.module.vpc.aws_vpc_ipv4_cidr_block_association.this"
          ]
        },
        {
          "index_key": 1,
          "schema_version": 0,
          "attributes": {
            "gateway_id": "",
            "id": "rtbassoc-0a03c423208308283",
            "route_table_id": "rtb-057a2c3be9f187d34",
            "subnet_id": "subnet-07c771e61d7068a2d",
            "timeouts": null
          },
          "sensitive_attributes": [],
          "private": "eyJlMmJmYjczMC1lY2FhLTExZTYtOGY4OC0zNDM2M2JjN2M0YzAiOnsiY3JlYXRlIjozMDAwMDAwMDAwMDAsImRlbGV0ZSI6MzAwMDAwMDAwMDAwLCJ1cGRhdGUiOjEyMDAwMDAwMDAwMH19",
          "dependencies": [
            "module.network.data.aws_availability_zones.available",
            "module.network.module.vpc.aws_route_table.public",
            "module.network.module.vpc.aws_subnet.public",
            "module.network.module.vpc.aws_vpc.this",
            "module.network.module.vpc.aws_vpc_ipv4_cidr_block_association.this"
          ]
        }
      ]
    },
    {
      "module": "module.network.module.vpc",
      "mode": "managed",
      "type": "aws_subnet",
      "name": "database",
      "provider": "module.network.provider[\"registry.terraform.io/hashicorp/aws\"].network",
      "instances": [
        {
          "index_key": 0,
          "schema_version": 1,
          "attributes": {
            "arn": "arn:aws:ec2:us-east-1:986323537898:subnet/subnet-072bab33e221fb01b",
            "assign_ipv6_address_on_creation": false,
            "availability_zone": "us-east-1a",
            "availability_zone_id": "use1-az2",
            "cidr_block": "10.0.100.0/24",
            "customer_owned_ipv4_pool": "",
            "enable_dns64": false,
            "enable_lni_at_device_index": 0,
            "enable_resource_name_dns_a_record_on_launch": false,
            "enable_resource_name_dns_aaaa_record_on_launch": false,
            "id": "subnet-072bab33e221fb01b",
            "ipv6_cidr_block": "",
            "ipv6_cidr_block_association_id": "",
            "ipv6_native": false,
            "map_customer_owned_ip_on_launch": false,
            "map_public_ip_on_launch": false,
            "outpost_arn": "",
            "owner_id": "986323537898",
            "private_dns_hostname_type_on_launch": "ip-name",
            "tags": {
              "Environment": "dev",
              "Name": "dev-us-east-1-vpc-db-us-east-1a",
              "Terraform": "true",
              "Type": "database"
            },
            "tags_all": {
              "Environment": "dev",
              "Name": "dev-us-east-1-vpc-db-us-east-1a",
              "Terraform": "true",
              "Type": "database"
            },
            "timeouts": null,
            "vpc_id": "vpc-0aeec631fbbeccbf7"
          },
          "sensitive_attributes": [],
          "private": "eyJlMmJmYjczMC1lY2FhLTExZTYtOGY4OC0zNDM2M2JjN2M0YzAiOnsiY3JlYXRlIjo2MDAwMDAwMDAwMDAsImRlbGV0ZSI6MTIwMDAwMDAwMDAwMH0sInNjaGVtYV92ZXJzaW9uIjoiMSJ9",
          "dependencies": [
            "module.network.data.aws_availability_zones.available",
            "module.network.module.vpc.aws_vpc.this",
            "module.network.module.vpc.aws_vpc_ipv4_cidr_block_association.this"
          ]
        },
        {
          "index_key": 1,
          "schema_version": 1,
          "attributes": {
            "arn": "arn:aws:ec2:us-east-1:986323537898:subnet/subnet-00ca8ae4b7196e354",
            "assign_ipv6_address_on_creation": false,
            "availability_zone": "us-east-1b",
            "availability_zone_id": "use1-az4",
            "cidr_block": "10.0.101.0/24",
            "customer_owned_ipv4_pool": "",
            "enable_dns64": false,
            "enable_lni_at_device_index": 0,
            "enable_resource_name_dns_a_record_on_launch": false,
            "enable_resource_name_dns_aaaa_record_on_launch": false,
            "id": "subnet-00ca8ae4b7196e354",
            "ipv6_cidr_block": "",
            "ipv6_cidr_block_association_id": "",
            "ipv6_native": false,
            "map_customer_owned_ip_on_launch": false,
            "map_public_ip_on_launch": false,
            "outpost_arn": "",
            "owner_id": "986323537898",
            "private_dns_hostname_type_on_launch": "ip-name",
            "tags": {
              "Environment": "dev",
              "Name": "dev-us-east-1-vpc-db-us-east-1b",
              "Terraform": "true",
              "Type": "database"
            },
            "tags_all": {
              "Environment": "dev",
              "Name": "dev-us-east-1-vpc-db-us-east-1b",
              "Terraform": "true",
              "Type": "database"
            },
            "timeouts": null,
            "vpc_id": "vpc-0aeec631fbbeccbf7"
          },
          "sensitive_attributes": [],
          "private": "eyJlMmJmYjczMC1lY2FhLTExZTYtOGY4OC0zNDM2M2JjN2M0YzAiOnsiY3JlYXRlIjo2MDAwMDAwMDAwMDAsImRlbGV0ZSI6MTIwMDAwMDAwMDAwMH0sInNjaGVtYV92ZXJzaW9uIjoiMSJ9",
          "dependencies": [
            "module.network.data.aws_availability_zones.available",
            "module.network.module.vpc.aws_vpc.this",
            "module.network.module.vpc.aws_vpc_ipv4_cidr_block_association.this"
          ]
        }
      ]
    },
    {
      "module": "module.network.module.vpc",
      "mode": "managed",
      "type": "aws_subnet",
      "name": "private",
      "provider": "module.network.provider[\"registry.terraform.io/hashicorp/aws\"].network",
      "instances": [
        {
          "index_key": 0,
          "schema_version": 1,
          "attributes": {
            "arn": "arn:aws:ec2:us-east-1:986323537898:subnet/subnet-02798f4f06eae2a04",
            "assign_ipv6_address_on_creation": false,
            "availability_zone": "us-east-1a",
            "availability_zone_id": "use1-az2",
            "cidr_block": "10.0.3.0/24",
            "customer_owned_ipv4_pool": "",
            "enable_dns64": false,
            "enable_lni_at_device_index": 0,
            "enable_resource_name_dns_a_record_on_launch": false,
            "enable_resource_name_dns_aaaa_record_on_launch": false,
            "id": "subnet-02798f4f06eae2a04",
            "ipv6_cidr_block": "",
            "ipv6_cidr_block_association_id": "",
            "ipv6_native": false,
            "map_customer_owned_ip_on_launch": false,
            "map_public_ip_on_launch": false,
            "outpost_arn": "",
            "owner_id": "986323537898",
            "private_dns_hostname_type_on_launch": "ip-name",
            "tags": {
              "Environment": "dev",
              "Name": "dev-us-east-1-vpc-private-us-east-1a",
              "Terraform": "true",
              "Type": "private applications",
              "kubernetes.io/role/internal-elb": "1"
            },
            "tags_all": {
              "Environment": "dev",
              "Name": "dev-us-east-1-vpc-private-us-east-1a",
              "Terraform": "true",
              "Type": "private applications",
              "kubernetes.io/role/internal-elb": "1"
            },
            "timeouts": null,
            "vpc_id": "vpc-0aeec631fbbeccbf7"
          },
          "sensitive_attributes": [],
          "private": "eyJlMmJmYjczMC1lY2FhLTExZTYtOGY4OC0zNDM2M2JjN2M0YzAiOnsiY3JlYXRlIjo2MDAwMDAwMDAwMDAsImRlbGV0ZSI6MTIwMDAwMDAwMDAwMH0sInNjaGVtYV92ZXJzaW9uIjoiMSJ9",
          "dependencies": [
            "module.network.data.aws_availability_zones.available",
            "module.network.module.vpc.aws_vpc.this",
            "module.network.module.vpc.aws_vpc_ipv4_cidr_block_association.this"
          ],
          "create_before_destroy": true
        },
        {
          "index_key": 1,
          "schema_version": 1,
          "attributes": {
            "arn": "arn:aws:ec2:us-east-1:986323537898:subnet/subnet-087015c09e9037301",
            "assign_ipv6_address_on_creation": false,
            "availability_zone": "us-east-1b",
            "availability_zone_id": "use1-az4",
            "cidr_block": "10.0.4.0/24",
            "customer_owned_ipv4_pool": "",
            "enable_dns64": false,
            "enable_lni_at_device_index": 0,
            "enable_resource_name_dns_a_record_on_launch": false,
            "enable_resource_name_dns_aaaa_record_on_launch": false,
            "id": "subnet-087015c09e9037301",
            "ipv6_cidr_block": "",
            "ipv6_cidr_block_association_id": "",
            "ipv6_native": false,
            "map_customer_owned_ip_on_launch": false,
            "map_public_ip_on_launch": false,
            "outpost_arn": "",
            "owner_id": "986323537898",
            "private_dns_hostname_type_on_launch": "ip-name",
            "tags": {
              "Environment": "dev",
              "Name": "dev-us-east-1-vpc-private-us-east-1b",
              "Terraform": "true",
              "Type": "private applications",
              "kubernetes.io/role/internal-elb": "1"
            },
            "tags_all": {
              "Environment": "dev",
              "Name": "dev-us-east-1-vpc-private-us-east-1b",
              "Terraform": "true",
              "Type": "private applications",
              "kubernetes.io/role/internal-elb": "1"
            },
            "timeouts": null,
            "vpc_id": "vpc-0aeec631fbbeccbf7"
          },
          "sensitive_attributes": [],
          "private": "eyJlMmJmYjczMC1lY2FhLTExZTYtOGY4OC0zNDM2M2JjN2M0YzAiOnsiY3JlYXRlIjo2MDAwMDAwMDAwMDAsImRlbGV0ZSI6MTIwMDAwMDAwMDAwMH0sInNjaGVtYV92ZXJzaW9uIjoiMSJ9",
          "dependencies": [
            "module.network.data.aws_availability_zones.available",
            "module.network.module.vpc.aws_vpc.this",
            "module.network.module.vpc.aws_vpc_ipv4_cidr_block_association.this"
          ],
          "create_before_destroy": true
        }
      ]
    },
    {
      "module": "module.network.module.vpc",
      "mode": "managed",
      "type": "aws_subnet",
      "name": "public",
      "provider": "module.network.provider[\"registry.terraform.io/hashicorp/aws\"].network",
      "instances": [
        {
          "index_key": 0,
          "schema_version": 1,
          "attributes": {
            "arn": "arn:aws:ec2:us-east-1:986323537898:subnet/subnet-051b7a1c59b42e3f0",
            "assign_ipv6_address_on_creation": false,
            "availability_zone": "us-east-1a",
            "availability_zone_id": "use1-az2",
            "cidr_block": "10.0.1.0/24",
            "customer_owned_ipv4_pool": "",
            "enable_dns64": false,
            "enable_lni_at_device_index": 0,
            "enable_resource_name_dns_a_record_on_launch": false,
            "enable_resource_name_dns_aaaa_record_on_launch": false,
            "id": "subnet-051b7a1c59b42e3f0",
            "ipv6_cidr_block": "",
            "ipv6_cidr_block_association_id": "",
            "ipv6_native": false,
            "map_customer_owned_ip_on_launch": false,
            "map_public_ip_on_launch": false,
            "outpost_arn": "",
            "owner_id": "986323537898",
            "private_dns_hostname_type_on_launch": "ip-name",
            "tags": {
              "Environment": "dev",
              "Name": "dev-us-east-1-vpc-public-us-east-1a",
              "Terraform": "true",
              "Type": "public",
              "kubernetes.io/role/elb": "1"
            },
            "tags_all": {
              "Environment": "dev",
              "Name": "dev-us-east-1-vpc-public-us-east-1a",
              "Terraform": "true",
              "Type": "public",
              "kubernetes.io/role/elb": "1"
            },
            "timeouts": null,
            "vpc_id": "vpc-0aeec631fbbeccbf7"
          },
          "sensitive_attributes": [],
          "private": "eyJlMmJmYjczMC1lY2FhLTExZTYtOGY4OC0zNDM2M2JjN2M0YzAiOnsiY3JlYXRlIjo2MDAwMDAwMDAwMDAsImRlbGV0ZSI6MTIwMDAwMDAwMDAwMH0sInNjaGVtYV92ZXJzaW9uIjoiMSJ9",
          "dependencies": [
            "module.network.data.aws_availability_zones.available",
            "module.network.module.vpc.aws_vpc.this",
            "module.network.module.vpc.aws_vpc_ipv4_cidr_block_association.this"
          ]
        },
        {
          "index_key": 1,
          "schema_version": 1,
          "attributes": {
            "arn": "arn:aws:ec2:us-east-1:986323537898:subnet/subnet-07c771e61d7068a2d",
            "assign_ipv6_address_on_creation": false,
            "availability_zone": "us-east-1b",
            "availability_zone_id": "use1-az4",
            "cidr_block": "10.0.2.0/24",
            "customer_owned_ipv4_pool": "",
            "enable_dns64": false,
            "enable_lni_at_device_index": 0,
            "enable_resource_name_dns_a_record_on_launch": false,
            "enable_resource_name_dns_aaaa_record_on_launch": false,
            "id": "subnet-07c771e61d7068a2d",
            "ipv6_cidr_block": "",
            "ipv6_cidr_block_association_id": "",
            "ipv6_native": false,
            "map_customer_owned_ip_on_launch": false,
            "map_public_ip_on_launch": false,
            "outpost_arn": "",
            "owner_id": "986323537898",
            "private_dns_hostname_type_on_launch": "ip-name",
            "tags": {
              "Environment": "dev",
              "Name": "dev-us-east-1-vpc-public-us-east-1b",
              "Terraform": "true",
              "Type": "public",
              "kubernetes.io/role/elb": "1"
            },
            "tags_all": {
              "Environment": "dev",
              "Name": "dev-us-east-1-vpc-public-us-east-1b",
              "Terraform": "true",
              "Type": "public",
              "kubernetes.io/role/elb": "1"
            },
            "timeouts": null,
            "vpc_id": "vpc-0aeec631fbbeccbf7"
          },
          "sensitive_attributes": [],
          "private": "eyJlMmJmYjczMC1lY2FhLTExZTYtOGY4OC0zNDM2M2JjN2M0YzAiOnsiY3JlYXRlIjo2MDAwMDAwMDAwMDAsImRlbGV0ZSI6MTIwMDAwMDAwMDAwMH0sInNjaGVtYV92ZXJzaW9uIjoiMSJ9",
          "dependencies": [
            "module.network.data.aws_availability_zones.available",
            "module.network.module.vpc.aws_vpc.this",
            "module.network.module.vpc.aws_vpc_ipv4_cidr_block_association.this"
          ]
        }
      ]
    },
    {
      "module": "module.network.module.vpc",
      "mode": "managed",
      "type": "aws_vpc",
      "name": "this",
      "provider": "module.network.provider[\"registry.terraform.io/hashicorp/aws\"].network",
      "instances": [
        {
          "index_key": 0,
          "schema_version": 1,
          "attributes": {
            "arn": "arn:aws:ec2:us-east-1:986323537898:vpc/vpc-0aeec631fbbeccbf7",
            "assign_generated_ipv6_cidr_block": false,
            "cidr_block": "10.0.0.0/16",
            "default_network_acl_id": "acl-0deaadc405e355e31",
            "default_route_table_id": "rtb-0113c2eee594ab567",
            "default_security_group_id": "sg-00759cbab995bc9ed",
            "dhcp_options_id": "dopt-0f1c80d30631f918f",
            "enable_dns_hostnames": true,
            "enable_dns_support": true,
            "enable_network_address_usage_metrics": false,
            "id": "vpc-0aeec631fbbeccbf7",
            "instance_tenancy": "default",
            "ipv4_ipam_pool_id": null,
            "ipv4_netmask_length": null,
            "ipv6_association_id": "",
            "ipv6_cidr_block": "",
            "ipv6_cidr_block_network_border_group": "",
            "ipv6_ipam_pool_id": "",
            "ipv6_netmask_length": 0,
            "main_route_table_id": "rtb-0113c2eee594ab567",
            "owner_id": "986323537898",
            "tags": {
              "Environment": "dev",
              "Name": "dev-us-east-1-vpc",
              "Terraform": "true"
            },
            "tags_all": {
              "Environment": "dev",
              "Name": "dev-us-east-1-vpc",
              "Terraform": "true"
            }
          },
          "sensitive_attributes": [],
          "private": "eyJzY2hlbWFfdmVyc2lvbiI6IjEifQ==",
          "create_before_destroy": true
        }
      ]
    },
    {
      "module": "module.network.module.vpc",
      "mode": "managed",
      "type": "aws_vpc_ipv4_cidr_block_association",
      "name": "this",
      "provider": "module.network.provider[\"registry.terraform.io/hashicorp/aws\"].network",
      "instances": []
    }
  ],
  "check_results": [
    {
      "object_kind": "resource",
      "config_addr": "module.eks.module.eks.module.eks_managed_node_group.module.user_data.null_resource.validate_cluster_service_cidr",
      "status": "pass",
      "objects": [
        {
          "object_addr": "module.eks.module.eks.module.eks_managed_node_group[\"default_node_group\"].module.user_data.null_resource.validate_cluster_service_cidr",
          "status": "pass"
        }
      ]
    },
    {
      "object_kind": "var",
      "config_addr": "module.eks.module.eks.module.self_managed_node_group.var.platform",
      "status": "pass",
      "objects": null
    },
    {
      "object_kind": "resource",
      "config_addr": "module.eks.module.eks.module.self_managed_node_group.module.user_data.null_resource.validate_cluster_service_cidr",
      "status": "pass",
      "objects": null
    }
  ]
}
