{
  "version": 4,
  "terraform_version": "1.11.4",
  "serial": 604,
  "lineage": "b4ec0d6b-2e5a-7c7d-5c01-d720846e0bf8",
  "outputs": {},
  "resources": [
    {
      "mode": "data",
      "type": "aws_availability_zones",
      "name": "available",
      "provider": "provider[\"registry.terraform.io/hashicorp/aws\"]",
      "instances": [
        {
          "schema_version": 0,
          "attributes": {
            "all_availability_zones": null,
            "exclude_names": null,
            "exclude_zone_ids": null,
            "filter": null,
            "group_names": [
              "us-east-1-zg-1"
            ],
            "id": "us-east-1",
            "names": [
              "us-east-1a",
              "us-east-1b",
              "us-east-1c",
              "us-east-1d",
              "us-east-1e",
              "us-east-1f"
            ],
            "state": null,
            "timeouts": null,
            "zone_ids": [
              "use1-az2",
              "use1-az4",
              "use1-az6",
              "use1-az1",
              "use1-az3",
              "use1-az5"
            ]
          },
          "sensitive_attributes": []
        }
      ]
    },
    {
      "module": "module.eks",
      "mode": "data",
      "type": "aws_iam_policy_document",
      "name": "external_dns_policy_doc",
      "provider": "provider[\"registry.terraform.io/hashicorp/aws\"]",
      "instances": [
        {
          "schema_version": 0,
          "attributes": {
            "id": "2501617348",
            "json": "{\n  \"Version\": \"2012-10-17\",\n  \"Statement\": [\n    {\n      \"Effect\": \"Allow\",\n      \"Action\": [\n        \"route53:ListResourceRecordSets\",\n        \"route53:ListHostedZones\",\n        \"route53:ChangeResourceRecordSets\"\n      ],\n      \"Resource\": \"*\"\n    }\n  ]\n}",
            "minified_json": "{\"Version\":\"2012-10-17\",\"Statement\":[{\"Effect\":\"Allow\",\"Action\":[\"route53:ListResourceRecordSets\",\"route53:ListHostedZones\",\"route53:ChangeResourceRecordSets\"],\"Resource\":\"*\"}]}",
            "override_json": null,
            "override_policy_documents": null,
            "policy_id": null,
            "source_json": null,
            "source_policy_documents": null,
            "statement": [
              {
                "actions": [
                  "route53:ChangeResourceRecordSets",
                  "route53:ListHostedZones",
                  "route53:ListResourceRecordSets"
                ],
                "condition": [],
                "effect": "Allow",
                "not_actions": [],
                "not_principals": [],
                "not_resources": [],
                "principals": [],
                "resources": [
                  "*"
                ],
                "sid": ""
              }
            ],
            "version": "2012-10-17"
          },
          "sensitive_attributes": []
        }
      ]
    },
    {
      "module": "module.eks",
      "mode": "managed",
      "type": "aws_iam_policy",
      "name": "external_dns_policy",
      "provider": "provider[\"registry.terraform.io/hashicorp/aws\"]",
      "instances": [
        {
          "schema_version": 0,
          "attributes": {
            "arn": "arn:aws:iam::986323537898:policy/dev-us-east-1-external-dns-policy",
            "attachment_count": 0,
            "description": "",
            "id": "arn:aws:iam::986323537898:policy/dev-us-east-1-external-dns-policy",
            "name": "dev-us-east-1-external-dns-policy",
            "name_prefix": "",
            "path": "/",
            "policy": "{\"Statement\":[{\"Action\":[\"route53:ListResourceRecordSets\",\"route53:ListHostedZones\",\"route53:ChangeResourceRecordSets\"],\"Effect\":\"Allow\",\"Resource\":\"*\"}],\"Version\":\"2012-10-17\"}",
            "policy_id": "ANPA6LJLWZ7VLW2RCOLUH",
            "tags": null,
            "tags_all": {}
          },
          "sensitive_attributes": [],
          "private": "bnVsbA==",
          "dependencies": [
            "module.eks.data.aws_iam_policy_document.external_dns_policy_doc"
          ]
        }
      ]
    },
    {
      "module": "module.eks.module.eks",
      "mode": "data",
      "type": "aws_caller_identity",
      "name": "current",
      "provider": "provider[\"registry.terraform.io/hashicorp/aws\"]",
      "instances": [
        {
          "index_key": 0,
          "schema_version": 0,
          "attributes": {
            "account_id": "986323537898",
            "arn": "arn:aws:sts::986323537898:assumed-role/AWSReservedSSO_AdministratorAccess_0dad5e4ab7a9f2bd/Ibrahim",
            "id": "986323537898",
            "user_id": "AROA6LJLWZ7VIZ7O2G6L4:Ibrahim"
          },
          "sensitive_attributes": []
        }
      ]
    },
    {
      "module": "module.eks.module.eks",
      "mode": "data",
      "type": "aws_iam_policy_document",
      "name": "assume_role_policy",
      "provider": "provider[\"registry.terraform.io/hashicorp/aws\"]",
      "instances": [
        {
          "index_key": 0,
          "schema_version": 0,
          "attributes": {
            "id": "2830595799",
            "json": "{\n  \"Version\": \"2012-10-17\",\n  \"Statement\": [\n    {\n      \"Sid\": \"EKSClusterAssumeRole\",\n      \"Effect\": \"Allow\",\n      \"Action\": [\n        \"sts:TagSession\",\n        \"sts:AssumeRole\"\n      ],\n      \"Principal\": {\n        \"Service\": \"eks.amazonaws.com\"\n      }\n    }\n  ]\n}",
            "minified_json": "{\"Version\":\"2012-10-17\",\"Statement\":[{\"Sid\":\"EKSClusterAssumeRole\",\"Effect\":\"Allow\",\"Action\":[\"sts:TagSession\",\"sts:AssumeRole\"],\"Principal\":{\"Service\":\"eks.amazonaws.com\"}}]}",
            "override_json": null,
            "override_policy_documents": null,
            "policy_id": null,
            "source_json": null,
            "source_policy_documents": null,
            "statement": [
              {
                "actions": [
                  "sts:AssumeRole",
                  "sts:TagSession"
                ],
                "condition": [],
                "effect": "Allow",
                "not_actions": [],
                "not_principals": [],
                "not_resources": [],
                "principals": [
                  {
                    "identifiers": [
                      "eks.amazonaws.com"
                    ],
                    "type": "Service"
                  }
                ],
                "resources": [],
                "sid": "EKSClusterAssumeRole"
              }
            ],
            "version": "2012-10-17"
          },
          "sensitive_attributes": []
        }
      ]
    },
    {
      "module": "module.eks.module.eks",
      "mode": "data",
      "type": "aws_iam_policy_document",
      "name": "cni_ipv6_policy",
      "provider": "provider[\"registry.terraform.io/hashicorp/aws\"]",
      "instances": []
    },
    {
      "module": "module.eks.module.eks",
      "mode": "data",
      "type": "aws_iam_policy_document",
      "name": "custom",
      "provider": "provider[\"registry.terraform.io/hashicorp/aws\"]",
      "instances": [
        {
          "index_key": 0,
          "schema_version": 0,
          "attributes": {
            "id": "513122117",
            "json": "{\n  \"Version\": \"2012-10-17\",\n  \"Statement\": [\n    {\n      \"Sid\": \"Compute\",\n      \"Effect\": \"Allow\",\n      \"Action\": [\n        \"ec2:RunInstances\",\n        \"ec2:CreateLaunchTemplate\",\n        \"ec2:CreateFleet\"\n      ],\n      \"Resource\": \"*\",\n      \"Condition\": {\n        \"StringEquals\": {\n          \"aws:RequestTag/eks:eks-cluster-name\": \"${aws:PrincipalTag/eks:eks-cluster-name}\"\n        },\n        \"StringLike\": {\n          \"aws:RequestTag/eks:kubernetes-node-class-name\": \"*\",\n          \"aws:RequestTag/eks:kubernetes-node-pool-name\": \"*\"\n        }\n      }\n    },\n    {\n      \"Sid\": \"Storage\",\n      \"Effect\": \"Allow\",\n      \"Action\": [\n        \"ec2:CreateVolume\",\n        \"ec2:CreateSnapshot\"\n      ],\n      \"Resource\": [\n        \"arn:aws:ec2:*:*:volume/*\",\n        \"arn:aws:ec2:*:*:snapshot/*\"\n      ],\n      \"Condition\": {\n        \"StringEquals\": {\n          \"aws:RequestTag/eks:eks-cluster-name\": \"${aws:PrincipalTag/eks:eks-cluster-name}\"\n        }\n      }\n    },\n    {\n      \"Sid\": \"Networking\",\n      \"Effect\": \"Allow\",\n      \"Action\": \"ec2:CreateNetworkInterface\",\n      \"Resource\": \"*\",\n      \"Condition\": {\n        \"StringEquals\": {\n          \"aws:RequestTag/eks:eks-cluster-name\": \"${aws:PrincipalTag/eks:eks-cluster-name}\",\n          \"aws:RequestTag/eks:kubernetes-cni-node-name\": \"*\"\n        }\n      }\n    },\n    {\n      \"Sid\": \"LoadBalancer\",\n      \"Effect\": \"Allow\",\n      \"Action\": [\n        \"elasticloadbalancing:CreateTargetGroup\",\n        \"elasticloadbalancing:CreateRule\",\n        \"elasticloadbalancing:CreateLoadBalancer\",\n        \"elasticloadbalancing:CreateListener\",\n        \"ec2:CreateSecurityGroup\"\n      ],\n      \"Resource\": \"*\",\n      \"Condition\": {\n        \"StringEquals\": {\n          \"aws:RequestTag/eks:eks-cluster-name\": \"${aws:PrincipalTag/eks:eks-cluster-name}\"\n        }\n      }\n    },\n    {\n      \"Sid\": \"ShieldProtection\",\n      \"Effect\": \"Allow\",\n      \"Action\": \"shield:CreateProtection\",\n      \"Resource\": \"*\",\n      \"Condition\": {\n        \"StringEquals\": {\n          \"aws:RequestTag/eks:eks-cluster-name\": \"${aws:PrincipalTag/eks:eks-cluster-name}\"\n        }\n      }\n    },\n    {\n      \"Sid\": \"ShieldTagResource\",\n      \"Effect\": \"Allow\",\n      \"Action\": \"shield:TagResource\",\n      \"Resource\": \"arn:aws:shield::*:protection/*\",\n      \"Condition\": {\n        \"StringEquals\": {\n          \"aws:RequestTag/eks:eks-cluster-name\": \"${aws:PrincipalTag/eks:eks-cluster-name}\"\n        }\n      }\n    }\n  ]\n}",
            "minified_json": "{\"Version\":\"2012-10-17\",\"Statement\":[{\"Sid\":\"Compute\",\"Effect\":\"Allow\",\"Action\":[\"ec2:RunInstances\",\"ec2:CreateLaunchTemplate\",\"ec2:CreateFleet\"],\"Resource\":\"*\",\"Condition\":{\"StringEquals\":{\"aws:RequestTag/eks:eks-cluster-name\":\"${aws:PrincipalTag/eks:eks-cluster-name}\"},\"StringLike\":{\"aws:RequestTag/eks:kubernetes-node-class-name\":\"*\",\"aws:RequestTag/eks:kubernetes-node-pool-name\":\"*\"}}},{\"Sid\":\"Storage\",\"Effect\":\"Allow\",\"Action\":[\"ec2:CreateVolume\",\"ec2:CreateSnapshot\"],\"Resource\":[\"arn:aws:ec2:*:*:volume/*\",\"arn:aws:ec2:*:*:snapshot/*\"],\"Condition\":{\"StringEquals\":{\"aws:RequestTag/eks:eks-cluster-name\":\"${aws:PrincipalTag/eks:eks-cluster-name}\"}}},{\"Sid\":\"Networking\",\"Effect\":\"Allow\",\"Action\":\"ec2:CreateNetworkInterface\",\"Resource\":\"*\",\"Condition\":{\"StringEquals\":{\"aws:RequestTag/eks:eks-cluster-name\":\"${aws:PrincipalTag/eks:eks-cluster-name}\",\"aws:RequestTag/eks:kubernetes-cni-node-name\":\"*\"}}},{\"Sid\":\"LoadBalancer\",\"Effect\":\"Allow\",\"Action\":[\"elasticloadbalancing:CreateTargetGroup\",\"elasticloadbalancing:CreateRule\",\"elasticloadbalancing:CreateLoadBalancer\",\"elasticloadbalancing:CreateListener\",\"ec2:CreateSecurityGroup\"],\"Resource\":\"*\",\"Condition\":{\"StringEquals\":{\"aws:RequestTag/eks:eks-cluster-name\":\"${aws:PrincipalTag/eks:eks-cluster-name}\"}}},{\"Sid\":\"ShieldProtection\",\"Effect\":\"Allow\",\"Action\":\"shield:CreateProtection\",\"Resource\":\"*\",\"Condition\":{\"StringEquals\":{\"aws:RequestTag/eks:eks-cluster-name\":\"${aws:PrincipalTag/eks:eks-cluster-name}\"}}},{\"Sid\":\"ShieldTagResource\",\"Effect\":\"Allow\",\"Action\":\"shield:TagResource\",\"Resource\":\"arn:aws:shield::*:protection/*\",\"Condition\":{\"StringEquals\":{\"aws:RequestTag/eks:eks-cluster-name\":\"${aws:PrincipalTag/eks:eks-cluster-name}\"}}}]}",
            "override_json": null,
            "override_policy_documents": null,
            "policy_id": null,
            "source_json": null,
            "source_policy_documents": null,
            "statement": [
              {
                "actions": [
                  "ec2:CreateFleet",
                  "ec2:CreateLaunchTemplate",
                  "ec2:RunInstances"
                ],
                "condition": [
                  {
                    "test": "StringEquals",
                    "values": [
                      "${aws:PrincipalTag/eks:eks-cluster-name}"
                    ],
                    "variable": "aws:RequestTag/eks:eks-cluster-name"
                  },
                  {
                    "test": "StringLike",
                    "values": [
                      "*"
                    ],
                    "variable": "aws:RequestTag/eks:kubernetes-node-class-name"
                  },
                  {
                    "test": "StringLike",
                    "values": [
                      "*"
                    ],
                    "variable": "aws:RequestTag/eks:kubernetes-node-pool-name"
                  }
                ],
                "effect": "Allow",
                "not_actions": [],
                "not_principals": [],
                "not_resources": [],
                "principals": [],
                "resources": [
                  "*"
                ],
                "sid": "Compute"
              },
              {
                "actions": [
                  "ec2:CreateSnapshot",
                  "ec2:CreateVolume"
                ],
                "condition": [
                  {
                    "test": "StringEquals",
                    "values": [
                      "${aws:PrincipalTag/eks:eks-cluster-name}"
                    ],
                    "variable": "aws:RequestTag/eks:eks-cluster-name"
                  }
                ],
                "effect": "Allow",
                "not_actions": [],
                "not_principals": [],
                "not_resources": [],
                "principals": [],
                "resources": [
                  "arn:aws:ec2:*:*:snapshot/*",
                  "arn:aws:ec2:*:*:volume/*"
                ],
                "sid": "Storage"
              },
              {
                "actions": [
                  "ec2:CreateNetworkInterface"
                ],
                "condition": [
                  {
                    "test": "StringEquals",
                    "values": [
                      "${aws:PrincipalTag/eks:eks-cluster-name}"
                    ],
                    "variable": "aws:RequestTag/eks:eks-cluster-name"
                  },
                  {
                    "test": "StringEquals",
                    "values": [
                      "*"
                    ],
                    "variable": "aws:RequestTag/eks:kubernetes-cni-node-name"
                  }
                ],
                "effect": "Allow",
                "not_actions": [],
                "not_principals": [],
                "not_resources": [],
                "principals": [],
                "resources": [
                  "*"
                ],
                "sid": "Networking"
              },
              {
                "actions": [
                  "ec2:CreateSecurityGroup",
                  "elasticloadbalancing:CreateListener",
                  "elasticloadbalancing:CreateLoadBalancer",
                  "elasticloadbalancing:CreateRule",
                  "elasticloadbalancing:CreateTargetGroup"
                ],
                "condition": [
                  {
                    "test": "StringEquals",
                    "values": [
                      "${aws:PrincipalTag/eks:eks-cluster-name}"
                    ],
                    "variable": "aws:RequestTag/eks:eks-cluster-name"
                  }
                ],
                "effect": "Allow",
                "not_actions": [],
                "not_principals": [],
                "not_resources": [],
                "principals": [],
                "resources": [
                  "*"
                ],
                "sid": "LoadBalancer"
              },
              {
                "actions": [
                  "shield:CreateProtection"
                ],
                "condition": [
                  {
                    "test": "StringEquals",
                    "values": [
                      "${aws:PrincipalTag/eks:eks-cluster-name}"
                    ],
                    "variable": "aws:RequestTag/eks:eks-cluster-name"
                  }
                ],
                "effect": "Allow",
                "not_actions": [],
                "not_principals": [],
                "not_resources": [],
                "principals": [],
                "resources": [
                  "*"
                ],
                "sid": "ShieldProtection"
              },
              {
                "actions": [
                  "shield:TagResource"
                ],
                "condition": [
                  {
                    "test": "StringEquals",
                    "values": [
                      "${aws:PrincipalTag/eks:eks-cluster-name}"
                    ],
                    "variable": "aws:RequestTag/eks:eks-cluster-name"
                  }
                ],
                "effect": "Allow",
                "not_actions": [],
                "not_principals": [],
                "not_resources": [],
                "principals": [],
                "resources": [
                  "arn:aws:shield::*:protection/*"
                ],
                "sid": "ShieldTagResource"
              }
            ],
            "version": "2012-10-17"
          },
          "sensitive_attributes": []
        }
      ]
    },
    {
      "module": "module.eks.module.eks",
      "mode": "data",
      "type": "aws_iam_policy_document",
      "name": "node_assume_role_policy",
      "provider": "provider[\"registry.terraform.io/hashicorp/aws\"]",
      "instances": []
    },
    {
      "module": "module.eks.module.eks",
      "mode": "data",
      "type": "aws_iam_session_context",
      "name": "current",
      "provider": "provider[\"registry.terraform.io/hashicorp/aws\"]",
      "instances": [
        {
          "index_key": 0,
          "schema_version": 0,
          "attributes": {
            "arn": "arn:aws:sts::986323537898:assumed-role/AWSReservedSSO_AdministratorAccess_0dad5e4ab7a9f2bd/Ibrahim",
            "id": "arn:aws:sts::986323537898:assumed-role/AWSReservedSSO_AdministratorAccess_0dad5e4ab7a9f2bd/Ibrahim",
            "issuer_arn": "arn:aws:iam::986323537898:role/aws-reserved/sso.amazonaws.com/AWSReservedSSO_AdministratorAccess_0dad5e4ab7a9f2bd",
            "issuer_id": "AROA6LJLWZ7VIZ7O2G6L4",
            "issuer_name": "AWSReservedSSO_AdministratorAccess_0dad5e4ab7a9f2bd",
            "session_name": "Ibrahim"
          },
          "sensitive_attributes": []
        }
      ]
    },
    {
      "module": "module.eks.module.eks",
      "mode": "data",
      "type": "aws_partition",
      "name": "current",
      "provider": "provider[\"registry.terraform.io/hashicorp/aws\"]",
      "instances": [
        {
          "index_key": 0,
          "schema_version": 0,
          "attributes": {
            "dns_suffix": "amazonaws.com",
            "id": "aws",
            "partition": "aws",
            "reverse_dns_prefix": "com.amazonaws"
          },
          "sensitive_attributes": []
        }
      ]
    },
    {
      "module": "module.eks.module.eks",
      "mode": "managed",
      "type": "aws_cloudwatch_log_group",
      "name": "this",
      "provider": "provider[\"registry.terraform.io/hashicorp/aws\"]",
      "instances": [
        {
          "index_key": 0,
          "schema_version": 0,
          "attributes": {
            "arn": "arn:aws:logs:us-east-1:986323537898:log-group:/aws/eks/dev-us-east-1-eks-cluster/cluster",
            "id": "/aws/eks/dev-us-east-1-eks-cluster/cluster",
            "kms_key_id": "",
            "log_group_class": "STANDARD",
            "name": "/aws/eks/dev-us-east-1-eks-cluster/cluster",
            "name_prefix": "",
            "retention_in_days": 90,
            "skip_destroy": false,
            "tags": {
              "Environment": "dev",
              "Name": "/aws/eks/dev-us-east-1-eks-cluster/cluster",
              "Terraform": "true"
            },
            "tags_all": {
              "Environment": "dev",
              "Name": "/aws/eks/dev-us-east-1-eks-cluster/cluster",
              "Terraform": "true"
            }
          },
          "sensitive_attributes": [],
          "private": "bnVsbA==",
          "create_before_destroy": true
        }
      ]
    },
    {
      "module": "module.eks.module.eks",
      "mode": "managed",
      "type": "aws_eks_cluster",
      "name": "this",
      "provider": "provider[\"registry.terraform.io/hashicorp/aws\"]",
      "instances": []
    },
    {
      "module": "module.eks.module.eks",
      "mode": "managed",
      "type": "aws_iam_policy",
      "name": "cluster_encryption",
      "provider": "provider[\"registry.terraform.io/hashicorp/aws\"]",
      "instances": [
        {
          "index_key": 0,
          "schema_version": 0,
          "attributes": {
            "arn": "arn:aws:iam::986323537898:policy/dev-us-east-1-eks-cluster-cluster-ClusterEncryption2025051318001476070000000c",
            "attachment_count": 0,
            "description": "Cluster encryption policy to allow cluster role to utilize CMK provided",
            "id": "arn:aws:iam::986323537898:policy/dev-us-east-1-eks-cluster-cluster-ClusterEncryption2025051318001476070000000c",
            "name": "dev-us-east-1-eks-cluster-cluster-ClusterEncryption2025051318001476070000000c",
            "name_prefix": "dev-us-east-1-eks-cluster-cluster-ClusterEncryption",
            "path": "/",
            "policy": "{\"Statement\":[{\"Action\":[\"kms:Encrypt\",\"kms:Decrypt\",\"kms:ListGrants\",\"kms:DescribeKey\"],\"Effect\":\"Allow\",\"Resource\":\"arn:aws:kms:us-east-1:986323537898:key/2fb87f92-7361-4606-b279-448c6ea138a4\"}],\"Version\":\"2012-10-17\"}",
            "policy_id": "ANPA6LJLWZ7VL6RFCUA65",
            "tags": {
              "Environment": "dev",
              "Terraform": "true"
            },
            "tags_all": {
              "Environment": "dev",
              "Terraform": "true"
            }
          },
          "sensitive_attributes": [],
          "private": "bnVsbA==",
          "dependencies": [
            "module.eks.module.eks.aws_iam_role.this",
            "module.eks.module.eks.data.aws_caller_identity.current",
            "module.eks.module.eks.data.aws_iam_policy_document.assume_role_policy",
            "module.eks.module.eks.data.aws_iam_session_context.current",
            "module.eks.module.eks.module.kms.aws_kms_external_key.this",
            "module.eks.module.eks.module.kms.aws_kms_key.this",
            "module.eks.module.eks.module.kms.aws_kms_replica_external_key.this",
            "module.eks.module.eks.module.kms.aws_kms_replica_key.this",
            "module.eks.module.eks.module.kms.data.aws_caller_identity.current",
            "module.eks.module.eks.module.kms.data.aws_iam_policy_document.this",
            "module.eks.module.eks.module.kms.data.aws_partition.current"
          ]
        }
      ]
    },
    {
      "module": "module.eks.module.eks",
      "mode": "managed",
      "type": "aws_iam_policy",
      "name": "cni_ipv6_policy",
      "provider": "provider[\"registry.terraform.io/hashicorp/aws\"]",
      "instances": []
    },
    {
      "module": "module.eks.module.eks",
      "mode": "managed",
      "type": "aws_iam_policy",
      "name": "custom",
      "provider": "provider[\"registry.terraform.io/hashicorp/aws\"]",
      "instances": [
        {
          "index_key": 0,
          "schema_version": 0,
          "attributes": {
            "arn": "arn:aws:iam::986323537898:policy/dev-us-east-1-eks-cluster-cluster-20250513175950637200000002",
            "attachment_count": 0,
            "description": "",
            "id": "arn:aws:iam::986323537898:policy/dev-us-east-1-eks-cluster-cluster-20250513175950637200000002",
            "name": "dev-us-east-1-eks-cluster-cluster-20250513175950637200000002",
            "name_prefix": "dev-us-east-1-eks-cluster-cluster-",
            "path": "/",
            "policy": "{\"Statement\":[{\"Action\":[\"ec2:RunInstances\",\"ec2:CreateLaunchTemplate\",\"ec2:CreateFleet\"],\"Condition\":{\"StringEquals\":{\"aws:RequestTag/eks:eks-cluster-name\":\"${aws:PrincipalTag/eks:eks-cluster-name}\"},\"StringLike\":{\"aws:RequestTag/eks:kubernetes-node-class-name\":\"*\",\"aws:RequestTag/eks:kubernetes-node-pool-name\":\"*\"}},\"Effect\":\"Allow\",\"Resource\":\"*\",\"Sid\":\"Compute\"},{\"Action\":[\"ec2:CreateVolume\",\"ec2:CreateSnapshot\"],\"Condition\":{\"StringEquals\":{\"aws:RequestTag/eks:eks-cluster-name\":\"${aws:PrincipalTag/eks:eks-cluster-name}\"}},\"Effect\":\"Allow\",\"Resource\":[\"arn:aws:ec2:*:*:volume/*\",\"arn:aws:ec2:*:*:snapshot/*\"],\"Sid\":\"Storage\"},{\"Action\":\"ec2:CreateNetworkInterface\",\"Condition\":{\"StringEquals\":{\"aws:RequestTag/eks:eks-cluster-name\":\"${aws:PrincipalTag/eks:eks-cluster-name}\",\"aws:RequestTag/eks:kubernetes-cni-node-name\":\"*\"}},\"Effect\":\"Allow\",\"Resource\":\"*\",\"Sid\":\"Networking\"},{\"Action\":[\"elasticloadbalancing:CreateTargetGroup\",\"elasticloadbalancing:CreateRule\",\"elasticloadbalancing:CreateLoadBalancer\",\"elasticloadbalancing:CreateListener\",\"ec2:CreateSecurityGroup\"],\"Condition\":{\"StringEquals\":{\"aws:RequestTag/eks:eks-cluster-name\":\"${aws:PrincipalTag/eks:eks-cluster-name}\"}},\"Effect\":\"Allow\",\"Resource\":\"*\",\"Sid\":\"LoadBalancer\"},{\"Action\":\"shield:CreateProtection\",\"Condition\":{\"StringEquals\":{\"aws:RequestTag/eks:eks-cluster-name\":\"${aws:PrincipalTag/eks:eks-cluster-name}\"}},\"Effect\":\"Allow\",\"Resource\":\"*\",\"Sid\":\"ShieldProtection\"},{\"Action\":\"shield:TagResource\",\"Condition\":{\"StringEquals\":{\"aws:RequestTag/eks:eks-cluster-name\":\"${aws:PrincipalTag/eks:eks-cluster-name}\"}},\"Effect\":\"Allow\",\"Resource\":\"arn:aws:shield::*:protection/*\",\"Sid\":\"ShieldTagResource\"}],\"Version\":\"2012-10-17\"}",
            "policy_id": "ANPA6LJLWZ7VIRN7WM5FS",
            "tags": {
              "Environment": "dev",
              "Terraform": "true"
            },
            "tags_all": {
              "Environment": "dev",
              "Terraform": "true"
            }
          },
          "sensitive_attributes": [],
          "private": "bnVsbA==",
          "dependencies": [
            "module.eks.module.eks.data.aws_iam_policy_document.custom",
            "module.eks.module.eks.data.aws_partition.current"
          ]
        }
      ]
    },
    {
      "module": "module.eks.module.eks",
      "mode": "managed",
      "type": "aws_iam_role",
      "name": "eks_auto",
      "provider": "provider[\"registry.terraform.io/hashicorp/aws\"]",
      "instances": []
    },
    {
      "module": "module.eks.module.eks",
      "mode": "managed",
      "type": "aws_iam_role",
      "name": "this",
      "provider": "provider[\"registry.terraform.io/hashicorp/aws\"]",
      "instances": [
        {
          "index_key": 0,
          "schema_version": 0,
          "attributes": {
            "arn": "arn:aws:iam::986323537898:role/dev-us-east-1-eks-cluster-cluster-20250513175950638300000005",
            "assume_role_policy": "{\"Statement\":[{\"Action\":[\"sts:TagSession\",\"sts:AssumeRole\"],\"Effect\":\"Allow\",\"Principal\":{\"Service\":\"eks.amazonaws.com\"},\"Sid\":\"EKSClusterAssumeRole\"}],\"Version\":\"2012-10-17\"}",
            "create_date": "2025-05-13T17:59:51Z",
            "description": "",
            "force_detach_policies": true,
            "id": "dev-us-east-1-eks-cluster-cluster-20250513175950638300000005",
            "inline_policy": [],
            "managed_policy_arns": [],
            "max_session_duration": 3600,
            "name": "dev-us-east-1-eks-cluster-cluster-20250513175950638300000005",
            "name_prefix": "dev-us-east-1-eks-cluster-cluster-",
            "path": "/",
            "permissions_boundary": "",
            "tags": {
              "Environment": "dev",
              "Terraform": "true"
            },
            "tags_all": {
              "Environment": "dev",
              "Terraform": "true"
            },
            "unique_id": "AROA6LJLWZ7VBJ62WUW5M"
          },
          "sensitive_attributes": [],
          "private": "bnVsbA==",
          "dependencies": [
            "module.eks.module.eks.data.aws_iam_policy_document.assume_role_policy"
          ],
          "create_before_destroy": true
        }
      ]
    },
    {
      "module": "module.eks.module.eks",
      "mode": "managed",
      "type": "aws_iam_role_policy_attachment",
      "name": "additional",
      "provider": "provider[\"registry.terraform.io/hashicorp/aws\"]",
      "instances": []
    },
    {
      "module": "module.eks.module.eks",
      "mode": "managed",
      "type": "aws_iam_role_policy_attachment",
      "name": "cluster_encryption",
      "provider": "provider[\"registry.terraform.io/hashicorp/aws\"]",
      "instances": [
        {
          "index_key": 0,
          "schema_version": 0,
          "attributes": {
            "id": "dev-us-east-1-eks-cluster-cluster-20250513175950638300000005-2025051318001551880000000d",
            "policy_arn": "arn:aws:iam::986323537898:policy/dev-us-east-1-eks-cluster-cluster-ClusterEncryption2025051318001476070000000c",
            "role": "dev-us-east-1-eks-cluster-cluster-20250513175950638300000005"
          },
          "sensitive_attributes": [],
          "private": "bnVsbA==",
          "dependencies": [
            "module.eks.module.eks.aws_iam_policy.cluster_encryption",
            "module.eks.module.eks.aws_iam_role.this",
            "module.eks.module.eks.data.aws_caller_identity.current",
            "module.eks.module.eks.data.aws_iam_policy_document.assume_role_policy",
            "module.eks.module.eks.data.aws_iam_session_context.current",
            "module.eks.module.eks.module.kms.aws_kms_external_key.this",
            "module.eks.module.eks.module.kms.aws_kms_key.this",
            "module.eks.module.eks.module.kms.aws_kms_replica_external_key.this",
            "module.eks.module.eks.module.kms.aws_kms_replica_key.this",
            "module.eks.module.eks.module.kms.data.aws_caller_identity.current",
            "module.eks.module.eks.module.kms.data.aws_iam_policy_document.this",
            "module.eks.module.eks.module.kms.data.aws_partition.current"
          ]
        }
      ]
    },
    {
      "module": "module.eks.module.eks",
      "mode": "managed",
      "type": "aws_iam_role_policy_attachment",
      "name": "custom",
      "provider": "provider[\"registry.terraform.io/hashicorp/aws\"]",
      "instances": [
        {
          "index_key": 0,
          "schema_version": 0,
          "attributes": {
            "id": "dev-us-east-1-eks-cluster-cluster-20250513175950638300000005-20250513175951817400000007",
            "policy_arn": "arn:aws:iam::986323537898:policy/dev-us-east-1-eks-cluster-cluster-20250513175950637200000002",
            "role": "dev-us-east-1-eks-cluster-cluster-20250513175950638300000005"
          },
          "sensitive_attributes": [],
          "private": "bnVsbA==",
          "dependencies": [
            "module.eks.module.eks.aws_iam_policy.custom",
            "module.eks.module.eks.aws_iam_role.this",
            "module.eks.module.eks.data.aws_iam_policy_document.assume_role_policy",
            "module.eks.module.eks.data.aws_iam_policy_document.custom",
            "module.eks.module.eks.data.aws_partition.current"
          ]
        }
      ]
    },
    {
      "module": "module.eks.module.eks",
      "mode": "managed",
      "type": "aws_iam_role_policy_attachment",
      "name": "eks_auto",
      "provider": "provider[\"registry.terraform.io/hashicorp/aws\"]",
      "instances": []
    },
    {
      "module": "module.eks.module.eks",
      "mode": "managed",
      "type": "aws_iam_role_policy_attachment",
      "name": "eks_auto_additional",
      "provider": "provider[\"registry.terraform.io/hashicorp/aws\"]",
      "instances": []
    },
    {
      "module": "module.eks.module.eks",
      "mode": "managed",
      "type": "aws_iam_role_policy_attachment",
      "name": "this",
      "provider": "provider[\"registry.terraform.io/hashicorp/aws\"]",
      "instances": [
        {
          "index_key": "AmazonEKSClusterPolicy",
          "schema_version": 0,
          "attributes": {
            "id": "dev-us-east-1-eks-cluster-cluster-20250513175950638300000005-20250513175951801500000006",
            "policy_arn": "arn:aws:iam::aws:policy/AmazonEKSClusterPolicy",
            "role": "dev-us-east-1-eks-cluster-cluster-20250513175950638300000005"
          },
          "sensitive_attributes": [],
          "private": "bnVsbA==",
          "dependencies": [
            "module.eks.module.eks.aws_iam_role.this",
            "module.eks.module.eks.data.aws_iam_policy_document.assume_role_policy",
            "module.eks.module.eks.data.aws_partition.current"
          ],
          "create_before_destroy": true
        },
        {
          "index_key": "AmazonEKSVPCResourceController",
          "schema_version": 0,
          "attributes": {
            "id": "dev-us-east-1-eks-cluster-cluster-20250513175950638300000005-20250513175951858900000008",
            "policy_arn": "arn:aws:iam::aws:policy/AmazonEKSVPCResourceController",
            "role": "dev-us-east-1-eks-cluster-cluster-20250513175950638300000005"
          },
          "sensitive_attributes": [],
          "private": "bnVsbA==",
          "dependencies": [
            "module.eks.module.eks.aws_iam_role.this",
            "module.eks.module.eks.data.aws_iam_policy_document.assume_role_policy",
            "module.eks.module.eks.data.aws_partition.current"
          ],
          "create_before_destroy": true
        }
      ]
    },
    {
      "module": "module.eks.module.eks",
      "mode": "managed",
      "type": "aws_security_group",
      "name": "cluster",
      "provider": "provider[\"registry.terraform.io/hashicorp/aws\"]",
      "instances": [
        {
          "index_key": 0,
          "schema_version": 1,
          "attributes": {
            "arn": "arn:aws:ec2:us-east-1:986323537898:security-group/sg-0a9acfd8b57de0ef2",
            "description": "EKS cluster security group",
            "egress": [],
            "id": "sg-0a9acfd8b57de0ef2",
            "ingress": [],
            "name": "dev-us-east-1-eks-cluster-cluster-20250513175950637800000003",
            "name_prefix": "dev-us-east-1-eks-cluster-cluster-",
            "owner_id": "986323537898",
            "revoke_rules_on_delete": false,
            "tags": {
              "Environment": "dev",
              "Name": "dev-us-east-1-eks-cluster-cluster",
              "Terraform": "true"
            },
            "tags_all": {
              "Environment": "dev",
              "Name": "dev-us-east-1-eks-cluster-cluster",
              "Terraform": "true"
            },
            "timeouts": null,
            "vpc_id": "vpc-0aeec631fbbeccbf7"
          },
          "sensitive_attributes": [],
          "private": "eyJlMmJmYjczMC1lY2FhLTExZTYtOGY4OC0zNDM2M2JjN2M0YzAiOnsiY3JlYXRlIjo2MDAwMDAwMDAwMDAsImRlbGV0ZSI6OTAwMDAwMDAwMDAwfSwic2NoZW1hX3ZlcnNpb24iOiIxIn0=",
          "dependencies": [
            "module.network.module.vpc.aws_vpc.this"
          ],
          "create_before_destroy": true
        }
      ]
    },
    {
      "module": "module.eks.module.eks",
      "mode": "managed",
      "type": "aws_security_group",
      "name": "node",
      "provider": "provider[\"registry.terraform.io/hashicorp/aws\"]",
      "instances": [
        {
          "index_key": 0,
          "schema_version": 1,
          "attributes": {
            "arn": "arn:aws:ec2:us-east-1:986323537898:security-group/sg-082d446f3a4d4ed9d",
            "description": "EKS node shared security group",
            "egress": [],
            "id": "sg-082d446f3a4d4ed9d",
            "ingress": [],
            "name": "dev-us-east-1-eks-cluster-node-20250513175950636400000001",
            "name_prefix": "dev-us-east-1-eks-cluster-node-",
            "owner_id": "986323537898",
            "revoke_rules_on_delete": false,
            "tags": {
              "Environment": "dev",
              "Name": "dev-us-east-1-eks-cluster-node",
              "Terraform": "true",
              "kubernetes.io/cluster/dev-us-east-1-eks-cluster": "owned"
            },
            "tags_all": {
              "Environment": "dev",
              "Name": "dev-us-east-1-eks-cluster-node",
              "Terraform": "true",
              "kubernetes.io/cluster/dev-us-east-1-eks-cluster": "owned"
            },
            "timeouts": null,
            "vpc_id": "vpc-0aeec631fbbeccbf7"
          },
          "sensitive_attributes": [],
          "private": "eyJlMmJmYjczMC1lY2FhLTExZTYtOGY4OC0zNDM2M2JjN2M0YzAiOnsiY3JlYXRlIjo2MDAwMDAwMDAwMDAsImRlbGV0ZSI6OTAwMDAwMDAwMDAwfSwic2NoZW1hX3ZlcnNpb24iOiIxIn0=",
          "dependencies": [
            "module.network.module.vpc.aws_vpc.this"
          ],
          "create_before_destroy": true
        }
      ]
    },
    {
      "module": "module.eks.module.eks",
      "mode": "managed",
      "type": "aws_security_group_rule",
      "name": "cluster",
      "provider": "provider[\"registry.terraform.io/hashicorp/aws\"]",
      "instances": [
        {
          "index_key": "ingress_nodes_443",
          "schema_version": 2,
          "attributes": {
            "cidr_blocks": null,
            "description": "Node groups to cluster API",
            "from_port": 443,
            "id": "sgrule-2888774708",
            "ipv6_cidr_blocks": null,
            "prefix_list_ids": null,
            "protocol": "tcp",
            "security_group_id": "sg-0a9acfd8b57de0ef2",
            "security_group_rule_id": "sgr-0a069bc19ab83c2f4",
            "self": false,
            "source_security_group_id": "sg-082d446f3a4d4ed9d",
            "timeouts": null,
            "to_port": 443,
            "type": "ingress"
          },
          "sensitive_attributes": [],
          "private": "eyJlMmJmYjczMC1lY2FhLTExZTYtOGY4OC0zNDM2M2JjN2M0YzAiOnsiY3JlYXRlIjozMDAwMDAwMDAwMDB9LCJzY2hlbWFfdmVyc2lvbiI6IjIifQ==",
          "dependencies": [
            "module.eks.module.eks.aws_security_group.cluster",
            "module.eks.module.eks.aws_security_group.node",
            "module.network.module.vpc.aws_vpc.this"
          ],
          "create_before_destroy": true
        }
      ]
    },
    {
      "module": "module.eks.module.eks",
      "mode": "managed",
      "type": "aws_security_group_rule",
      "name": "node",
      "provider": "provider[\"registry.terraform.io/hashicorp/aws\"]",
      "instances": [
        {
          "index_key": "egress_all",
          "schema_version": 2,
          "attributes": {
            "cidr_blocks": [
              "0.0.0.0/0"
            ],
            "description": "Allow all egress",
            "from_port": 0,
            "id": "sgrule-3936758024",
            "ipv6_cidr_blocks": null,
            "prefix_list_ids": [],
            "protocol": "-1",
            "security_group_id": "sg-082d446f3a4d4ed9d",
            "security_group_rule_id": "sgr-0d3b29bcba45ad814",
            "self": false,
            "source_security_group_id": null,
            "timeouts": null,
            "to_port": 0,
            "type": "egress"
          },
          "sensitive_attributes": [],
          "private": "eyJlMmJmYjczMC1lY2FhLTExZTYtOGY4OC0zNDM2M2JjN2M0YzAiOnsiY3JlYXRlIjozMDAwMDAwMDAwMDB9LCJzY2hlbWFfdmVyc2lvbiI6IjIifQ==",
          "dependencies": [
            "module.eks.module.eks.aws_security_group.cluster",
            "module.eks.module.eks.aws_security_group.node",
            "module.network.module.vpc.aws_vpc.this"
          ],
          "create_before_destroy": true
        },
        {
          "index_key": "ingress_cluster_443",
          "schema_version": 2,
          "attributes": {
            "cidr_blocks": null,
            "description": "Cluster API to node groups",
            "from_port": 443,
            "id": "sgrule-1741285811",
            "ipv6_cidr_blocks": null,
            "prefix_list_ids": [],
            "protocol": "tcp",
            "security_group_id": "sg-082d446f3a4d4ed9d",
            "security_group_rule_id": "sgr-06c6afbea9c318e72",
            "self": false,
            "source_security_group_id": "sg-0a9acfd8b57de0ef2",
            "timeouts": null,
            "to_port": 443,
            "type": "ingress"
          },
          "sensitive_attributes": [],
          "private": "eyJlMmJmYjczMC1lY2FhLTExZTYtOGY4OC0zNDM2M2JjN2M0YzAiOnsiY3JlYXRlIjozMDAwMDAwMDAwMDB9LCJzY2hlbWFfdmVyc2lvbiI6IjIifQ==",
          "dependencies": [
            "module.eks.module.eks.aws_security_group.cluster",
            "module.eks.module.eks.aws_security_group.node",
            "module.network.module.vpc.aws_vpc.this"
          ],
          "create_before_destroy": true
        },
        {
          "index_key": "ingress_cluster_4443_webhook",
          "schema_version": 2,
          "attributes": {
            "cidr_blocks": null,
            "description": "Cluster API to node 4443/tcp webhook",
            "from_port": 4443,
            "id": "sgrule-2919846145",
            "ipv6_cidr_blocks": null,
            "prefix_list_ids": [],
            "protocol": "tcp",
            "security_group_id": "sg-082d446f3a4d4ed9d",
            "security_group_rule_id": "sgr-0801d84817bdd1ac1",
            "self": false,
            "source_security_group_id": "sg-0a9acfd8b57de0ef2",
            "timeouts": null,
            "to_port": 4443,
            "type": "ingress"
          },
          "sensitive_attributes": [],
          "private": "eyJlMmJmYjczMC1lY2FhLTExZTYtOGY4OC0zNDM2M2JjN2M0YzAiOnsiY3JlYXRlIjozMDAwMDAwMDAwMDB9LCJzY2hlbWFfdmVyc2lvbiI6IjIifQ==",
          "dependencies": [
            "module.eks.module.eks.aws_security_group.cluster",
            "module.eks.module.eks.aws_security_group.node",
            "module.network.module.vpc.aws_vpc.this"
          ],
          "create_before_destroy": true
        },
        {
          "index_key": "ingress_cluster_6443_webhook",
          "schema_version": 2,
          "attributes": {
            "cidr_blocks": null,
            "description": "Cluster API to node 6443/tcp webhook",
            "from_port": 6443,
            "id": "sgrule-1732982423",
            "ipv6_cidr_blocks": null,
            "prefix_list_ids": [],
            "protocol": "tcp",
            "security_group_id": "sg-082d446f3a4d4ed9d",
            "security_group_rule_id": "sgr-08b4819536db883e5",
            "self": false,
            "source_security_group_id": "sg-0a9acfd8b57de0ef2",
            "timeouts": null,
            "to_port": 6443,
            "type": "ingress"
          },
          "sensitive_attributes": [],
          "private": "eyJlMmJmYjczMC1lY2FhLTExZTYtOGY4OC0zNDM2M2JjN2M0YzAiOnsiY3JlYXRlIjozMDAwMDAwMDAwMDB9LCJzY2hlbWFfdmVyc2lvbiI6IjIifQ==",
          "dependencies": [
            "module.eks.module.eks.aws_security_group.cluster",
            "module.eks.module.eks.aws_security_group.node",
            "module.network.module.vpc.aws_vpc.this"
          ],
          "create_before_destroy": true
        },
        {
          "index_key": "ingress_cluster_8443_webhook",
          "schema_version": 2,
          "attributes": {
            "cidr_blocks": null,
            "description": "Cluster API to node 8443/tcp webhook",
            "from_port": 8443,
            "id": "sgrule-1947667126",
            "ipv6_cidr_blocks": null,
            "prefix_list_ids": [],
            "protocol": "tcp",
            "security_group_id": "sg-082d446f3a4d4ed9d",
            "security_group_rule_id": "sgr-053a8059f2faaa4bb",
            "self": false,
            "source_security_group_id": "sg-0a9acfd8b57de0ef2",
            "timeouts": null,
            "to_port": 8443,
            "type": "ingress"
          },
          "sensitive_attributes": [],
          "private": "eyJlMmJmYjczMC1lY2FhLTExZTYtOGY4OC0zNDM2M2JjN2M0YzAiOnsiY3JlYXRlIjozMDAwMDAwMDAwMDB9LCJzY2hlbWFfdmVyc2lvbiI6IjIifQ==",
          "dependencies": [
            "module.eks.module.eks.aws_security_group.cluster",
            "module.eks.module.eks.aws_security_group.node",
            "module.network.module.vpc.aws_vpc.this"
          ],
          "create_before_destroy": true
        },
        {
          "index_key": "ingress_cluster_9443_webhook",
          "schema_version": 2,
          "attributes": {
            "cidr_blocks": null,
            "description": "Cluster API to node 9443/tcp webhook",
            "from_port": 9443,
            "id": "sgrule-280377725",
            "ipv6_cidr_blocks": null,
            "prefix_list_ids": [],
            "protocol": "tcp",
            "security_group_id": "sg-082d446f3a4d4ed9d",
            "security_group_rule_id": "sgr-093e649f8d6abf785",
            "self": false,
            "source_security_group_id": "sg-0a9acfd8b57de0ef2",
            "timeouts": null,
            "to_port": 9443,
            "type": "ingress"
          },
          "sensitive_attributes": [],
          "private": "eyJlMmJmYjczMC1lY2FhLTExZTYtOGY4OC0zNDM2M2JjN2M0YzAiOnsiY3JlYXRlIjozMDAwMDAwMDAwMDB9LCJzY2hlbWFfdmVyc2lvbiI6IjIifQ==",
          "dependencies": [
            "module.eks.module.eks.aws_security_group.cluster",
            "module.eks.module.eks.aws_security_group.node",
            "module.network.module.vpc.aws_vpc.this"
          ],
          "create_before_destroy": true
        },
        {
          "index_key": "ingress_cluster_kubelet",
          "schema_version": 2,
          "attributes": {
            "cidr_blocks": null,
            "description": "Cluster API to node kubelets",
            "from_port": 10250,
            "id": "sgrule-103200971",
            "ipv6_cidr_blocks": null,
            "prefix_list_ids": [],
            "protocol": "tcp",
            "security_group_id": "sg-082d446f3a4d4ed9d",
            "security_group_rule_id": "sgr-024a39ff9d757952b",
            "self": false,
            "source_security_group_id": "sg-0a9acfd8b57de0ef2",
            "timeouts": null,
            "to_port": 10250,
            "type": "ingress"
          },
          "sensitive_attributes": [],
          "private": "eyJlMmJmYjczMC1lY2FhLTExZTYtOGY4OC0zNDM2M2JjN2M0YzAiOnsiY3JlYXRlIjozMDAwMDAwMDAwMDB9LCJzY2hlbWFfdmVyc2lvbiI6IjIifQ==",
          "dependencies": [
            "module.eks.module.eks.aws_security_group.cluster",
            "module.eks.module.eks.aws_security_group.node",
            "module.network.module.vpc.aws_vpc.this"
          ],
          "create_before_destroy": true
        },
        {
          "index_key": "ingress_nodes_ephemeral",
          "schema_version": 2,
          "attributes": {
            "cidr_blocks": null,
            "description": "Node to node ingress on ephemeral ports",
            "from_port": 1025,
            "id": "sgrule-2820082642",
            "ipv6_cidr_blocks": null,
            "prefix_list_ids": [],
            "protocol": "tcp",
            "security_group_id": "sg-082d446f3a4d4ed9d",
            "security_group_rule_id": "sgr-01b664a2a08580023",
            "self": true,
            "source_security_group_id": null,
            "timeouts": null,
            "to_port": 65535,
            "type": "ingress"
          },
          "sensitive_attributes": [],
          "private": "eyJlMmJmYjczMC1lY2FhLTExZTYtOGY4OC0zNDM2M2JjN2M0YzAiOnsiY3JlYXRlIjozMDAwMDAwMDAwMDB9LCJzY2hlbWFfdmVyc2lvbiI6IjIifQ==",
          "dependencies": [
            "module.eks.module.eks.aws_security_group.cluster",
            "module.eks.module.eks.aws_security_group.node",
            "module.network.module.vpc.aws_vpc.this"
          ],
          "create_before_destroy": true
        },
        {
          "index_key": "ingress_self_coredns_tcp",
          "schema_version": 2,
          "attributes": {
            "cidr_blocks": null,
            "description": "Node to node CoreDNS",
            "from_port": 53,
            "id": "sgrule-2312537207",
            "ipv6_cidr_blocks": null,
            "prefix_list_ids": [],
            "protocol": "tcp",
            "security_group_id": "sg-082d446f3a4d4ed9d",
            "security_group_rule_id": "sgr-0ffe40eeda0b6bf8d",
            "self": true,
            "source_security_group_id": null,
            "timeouts": null,
            "to_port": 53,
            "type": "ingress"
          },
          "sensitive_attributes": [],
          "private": "eyJlMmJmYjczMC1lY2FhLTExZTYtOGY4OC0zNDM2M2JjN2M0YzAiOnsiY3JlYXRlIjozMDAwMDAwMDAwMDB9LCJzY2hlbWFfdmVyc2lvbiI6IjIifQ==",
          "dependencies": [
            "module.eks.module.eks.aws_security_group.cluster",
            "module.eks.module.eks.aws_security_group.node",
            "module.network.module.vpc.aws_vpc.this"
          ],
          "create_before_destroy": true
        },
        {
          "index_key": "ingress_self_coredns_udp",
          "schema_version": 2,
          "attributes": {
            "cidr_blocks": null,
            "description": "Node to node CoreDNS UDP",
            "from_port": 53,
            "id": "sgrule-763963288",
            "ipv6_cidr_blocks": null,
            "prefix_list_ids": [],
            "protocol": "udp",
            "security_group_id": "sg-082d446f3a4d4ed9d",
            "security_group_rule_id": "sgr-0adfb3fb613c90bcf",
            "self": true,
            "source_security_group_id": null,
            "timeouts": null,
            "to_port": 53,
            "type": "ingress"
          },
          "sensitive_attributes": [],
          "private": "eyJlMmJmYjczMC1lY2FhLTExZTYtOGY4OC0zNDM2M2JjN2M0YzAiOnsiY3JlYXRlIjozMDAwMDAwMDAwMDB9LCJzY2hlbWFfdmVyc2lvbiI6IjIifQ==",
          "dependencies": [
            "module.eks.module.eks.aws_security_group.cluster",
            "module.eks.module.eks.aws_security_group.node",
            "module.network.module.vpc.aws_vpc.this"
          ],
          "create_before_destroy": true
        }
      ]
    },
    {
      "module": "module.eks.module.eks.module.eks_managed_node_group[\"default_node_group\"]",
      "mode": "data",
      "type": "aws_caller_identity",
      "name": "current",
      "provider": "provider[\"registry.terraform.io/hashicorp/aws\"]",
      "instances": [
        {
          "schema_version": 0,
          "attributes": {
            "account_id": "986323537898",
            "arn": "arn:aws:sts::986323537898:assumed-role/AWSReservedSSO_AdministratorAccess_0dad5e4ab7a9f2bd/Ibrahim",
            "id": "986323537898",
            "user_id": "AROA6LJLWZ7VIZ7O2G6L4:Ibrahim"
          },
          "sensitive_attributes": []
        }
      ]
    },
    {
      "module": "module.eks.module.eks.module.eks_managed_node_group[\"default_node_group\"]",
      "mode": "data",
      "type": "aws_ec2_instance_type",
      "name": "this",
      "provider": "provider[\"registry.terraform.io/hashicorp/aws\"]",
      "instances": []
    },
    {
      "module": "module.eks.module.eks.module.eks_managed_node_group[\"default_node_group\"]",
      "mode": "data",
      "type": "aws_ec2_instance_type_offerings",
      "name": "this",
      "provider": "provider[\"registry.terraform.io/hashicorp/aws\"]",
      "instances": []
    },
    {
      "module": "module.eks.module.eks.module.eks_managed_node_group[\"default_node_group\"]",
      "mode": "data",
      "type": "aws_iam_policy_document",
      "name": "assume_role_policy",
      "provider": "provider[\"registry.terraform.io/hashicorp/aws\"]",
      "instances": [
        {
          "index_key": 0,
          "schema_version": 0,
          "attributes": {
            "id": "2560088296",
            "json": "{\n  \"Version\": \"2012-10-17\",\n  \"Statement\": [\n    {\n      \"Sid\": \"EKSNodeAssumeRole\",\n      \"Effect\": \"Allow\",\n      \"Action\": \"sts:AssumeRole\",\n      \"Principal\": {\n        \"Service\": \"ec2.amazonaws.com\"\n      }\n    }\n  ]\n}",
            "minified_json": "{\"Version\":\"2012-10-17\",\"Statement\":[{\"Sid\":\"EKSNodeAssumeRole\",\"Effect\":\"Allow\",\"Action\":\"sts:AssumeRole\",\"Principal\":{\"Service\":\"ec2.amazonaws.com\"}}]}",
            "override_json": null,
            "override_policy_documents": null,
            "policy_id": null,
            "source_json": null,
            "source_policy_documents": null,
            "statement": [
              {
                "actions": [
                  "sts:AssumeRole"
                ],
                "condition": [],
                "effect": "Allow",
                "not_actions": [],
                "not_principals": [],
                "not_resources": [],
                "principals": [
                  {
                    "identifiers": [
                      "ec2.amazonaws.com"
                    ],
                    "type": "Service"
                  }
                ],
                "resources": [],
                "sid": "EKSNodeAssumeRole"
              }
            ],
            "version": "2012-10-17"
          },
          "sensitive_attributes": []
        }
      ]
    },
    {
      "module": "module.eks.module.eks.module.eks_managed_node_group[\"default_node_group\"]",
      "mode": "data",
      "type": "aws_iam_policy_document",
      "name": "role",
      "provider": "provider[\"registry.terraform.io/hashicorp/aws\"]",
      "instances": []
    },
    {
      "module": "module.eks.module.eks.module.eks_managed_node_group[\"default_node_group\"]",
      "mode": "data",
      "type": "aws_partition",
      "name": "current",
      "provider": "provider[\"registry.terraform.io/hashicorp/aws\"]",
      "instances": [
        {
          "schema_version": 0,
          "attributes": {
            "dns_suffix": "amazonaws.com",
            "id": "aws",
            "partition": "aws",
            "reverse_dns_prefix": "com.amazonaws"
          },
          "sensitive_attributes": []
        }
      ]
    },
    {
      "module": "module.eks.module.eks.module.eks_managed_node_group[\"default_node_group\"]",
      "mode": "data",
      "type": "aws_subnets",
      "name": "placement_group",
      "provider": "provider[\"registry.terraform.io/hashicorp/aws\"]",
      "instances": []
    },
    {
      "module": "module.eks.module.eks.module.eks_managed_node_group[\"default_node_group\"]",
      "mode": "managed",
      "type": "aws_iam_role",
      "name": "this",
      "provider": "provider[\"registry.terraform.io/hashicorp/aws\"]",
      "instances": [
        {
          "index_key": 0,
          "schema_version": 0,
          "attributes": {
            "arn": "arn:aws:iam::986323537898:role/default_node_group-eks-node-group-20250513175950638200000004",
            "assume_role_policy": "{\"Statement\":[{\"Action\":\"sts:AssumeRole\",\"Effect\":\"Allow\",\"Principal\":{\"Service\":\"ec2.amazonaws.com\"},\"Sid\":\"EKSNodeAssumeRole\"}],\"Version\":\"2012-10-17\"}",
            "create_date": "2025-05-13T17:59:51Z",
            "description": "EKS managed node group IAM role",
            "force_detach_policies": true,
            "id": "default_node_group-eks-node-group-20250513175950638200000004",
            "inline_policy": [],
            "managed_policy_arns": [],
            "max_session_duration": 3600,
            "name": "default_node_group-eks-node-group-20250513175950638200000004",
            "name_prefix": "default_node_group-eks-node-group-",
            "path": "/",
            "permissions_boundary": "",
            "tags": {
              "Environment": "dev",
              "Terraform": "true"
            },
            "tags_all": {
              "Environment": "dev",
              "Terraform": "true"
            },
            "unique_id": "AROA6LJLWZ7VIQKUNOLPD"
          },
          "sensitive_attributes": [],
          "private": "bnVsbA==",
          "dependencies": [
            "module.eks.module.eks.module.eks_managed_node_group.data.aws_iam_policy_document.assume_role_policy"
          ],
          "create_before_destroy": true
        }
      ]
    },
    {
      "module": "module.eks.module.eks.module.eks_managed_node_group[\"default_node_group\"]",
      "mode": "managed",
      "type": "aws_iam_role_policy",
      "name": "this",
      "provider": "provider[\"registry.terraform.io/hashicorp/aws\"]",
      "instances": []
    },
    {
      "module": "module.eks.module.eks.module.eks_managed_node_group[\"default_node_group\"]",
      "mode": "managed",
      "type": "aws_iam_role_policy_attachment",
      "name": "additional",
      "provider": "provider[\"registry.terraform.io/hashicorp/aws\"]",
      "instances": []
    },
    {
      "module": "module.eks.module.eks.module.eks_managed_node_group[\"default_node_group\"]",
      "mode": "managed",
      "type": "aws_iam_role_policy_attachment",
      "name": "this",
      "provider": "provider[\"registry.terraform.io/hashicorp/aws\"]",
      "instances": [
        {
          "index_key": "AmazonEC2ContainerRegistryReadOnly",
          "schema_version": 0,
          "attributes": {
            "id": "default_node_group-eks-node-group-20250513175950638200000004-2025051317595199510000000a",
            "policy_arn": "arn:aws:iam::aws:policy/AmazonEC2ContainerRegistryReadOnly",
            "role": "default_node_group-eks-node-group-20250513175950638200000004"
          },
          "sensitive_attributes": [],
          "private": "bnVsbA==",
          "dependencies": [
            "module.eks.module.eks.module.eks_managed_node_group.aws_iam_role.this",
            "module.eks.module.eks.module.eks_managed_node_group.data.aws_caller_identity.current",
            "module.eks.module.eks.module.eks_managed_node_group.data.aws_iam_policy_document.assume_role_policy",
            "module.eks.module.eks.module.eks_managed_node_group.data.aws_partition.current"
          ],
          "create_before_destroy": true
        },
        {
          "index_key": "AmazonEKSWorkerNodePolicy",
          "schema_version": 0,
          "attributes": {
            "id": "default_node_group-eks-node-group-20250513175950638200000004-20250513175951942700000009",
            "policy_arn": "arn:aws:iam::aws:policy/AmazonEKSWorkerNodePolicy",
            "role": "default_node_group-eks-node-group-20250513175950638200000004"
          },
          "sensitive_attributes": [],
          "private": "bnVsbA==",
          "dependencies": [
            "module.eks.module.eks.module.eks_managed_node_group.aws_iam_role.this",
            "module.eks.module.eks.module.eks_managed_node_group.data.aws_caller_identity.current",
            "module.eks.module.eks.module.eks_managed_node_group.data.aws_iam_policy_document.assume_role_policy",
            "module.eks.module.eks.module.eks_managed_node_group.data.aws_partition.current"
          ],
          "create_before_destroy": true
        },
        {
          "index_key": "AmazonEKS_CNI_Policy",
          "schema_version": 0,
          "attributes": {
            "id": "default_node_group-eks-node-group-20250513175950638200000004-2025051317595201640000000b",
            "policy_arn": "arn:aws:iam::aws:policy/AmazonEKS_CNI_Policy",
            "role": "default_node_group-eks-node-group-20250513175950638200000004"
          },
          "sensitive_attributes": [],
          "private": "bnVsbA==",
          "dependencies": [
            "module.eks.module.eks.module.eks_managed_node_group.aws_iam_role.this",
            "module.eks.module.eks.module.eks_managed_node_group.data.aws_caller_identity.current",
            "module.eks.module.eks.module.eks_managed_node_group.data.aws_iam_policy_document.assume_role_policy",
            "module.eks.module.eks.module.eks_managed_node_group.data.aws_partition.current"
          ],
          "create_before_destroy": true
        }
      ]
    },
    {
      "module": "module.eks.module.eks.module.eks_managed_node_group[\"default_node_group\"].module.user_data",
      "mode": "data",
      "type": "cloudinit_config",
      "name": "linux_eks_managed_node_group",
      "provider": "provider[\"registry.terraform.io/hashicorp/cloudinit\"]",
      "instances": []
    },
    {
      "module": "module.eks.module.eks.module.kms",
      "mode": "data",
      "type": "aws_caller_identity",
      "name": "current",
      "provider": "provider[\"registry.terraform.io/hashicorp/aws\"]",
      "instances": [
        {
          "index_key": 0,
          "schema_version": 0,
          "attributes": {
            "account_id": "986323537898",
            "arn": "arn:aws:sts::986323537898:assumed-role/AWSReservedSSO_AdministratorAccess_0dad5e4ab7a9f2bd/Ibrahim",
            "id": "986323537898",
            "user_id": "AROA6LJLWZ7VIZ7O2G6L4:Ibrahim"
          },
          "sensitive_attributes": []
        }
      ]
    },
    {
      "module": "module.eks.module.eks.module.kms",
      "mode": "data",
      "type": "aws_iam_policy_document",
      "name": "this",
      "provider": "provider[\"registry.terraform.io/hashicorp/aws\"]",
      "instances": [
        {
          "index_key": 0,
          "schema_version": 0,
          "attributes": {
            "id": "338705608",
            "json": "{\n  \"Version\": \"2012-10-17\",\n  \"Statement\": [\n    {\n      \"Sid\": \"Default\",\n      \"Effect\": \"Allow\",\n      \"Action\": \"kms:*\",\n      \"Resource\": \"*\",\n      \"Principal\": {\n        \"AWS\": \"arn:aws:iam::986323537898:root\"\n      }\n    },\n    {\n      \"Sid\": \"KeyAdministration\",\n      \"Effect\": \"Allow\",\n      \"Action\": [\n        \"kms:Update*\",\n        \"kms:UntagResource\",\n        \"kms:TagResource\",\n        \"kms:ScheduleKeyDeletion\",\n        \"kms:Revoke*\",\n        \"kms:ReplicateKey\",\n        \"kms:Put*\",\n        \"kms:List*\",\n        \"kms:ImportKeyMaterial\",\n        \"kms:Get*\",\n        \"kms:Enable*\",\n        \"kms:Disable*\",\n        \"kms:Describe*\",\n        \"kms:Delete*\",\n        \"kms:Create*\",\n        \"kms:CancelKeyDeletion\"\n      ],\n      \"Resource\": \"*\",\n      \"Principal\": {\n        \"AWS\": \"arn:aws:iam::986323537898:role/aws-reserved/sso.amazonaws.com/AWSReservedSSO_AdministratorAccess_0dad5e4ab7a9f2bd\"\n      }\n    },\n    {\n      \"Sid\": \"KeyUsage\",\n      \"Effect\": \"Allow\",\n      \"Action\": [\n        \"kms:ReEncrypt*\",\n        \"kms:GenerateDataKey*\",\n        \"kms:Encrypt\",\n        \"kms:DescribeKey\",\n        \"kms:Decrypt\"\n      ],\n      \"Resource\": \"*\",\n      \"Principal\": {\n        \"AWS\": \"arn:aws:iam::986323537898:role/dev-us-east-1-eks-cluster-cluster-20250513175950638300000005\"\n      }\n    }\n  ]\n}",
            "minified_json": "{\"Version\":\"2012-10-17\",\"Statement\":[{\"Sid\":\"Default\",\"Effect\":\"Allow\",\"Action\":\"kms:*\",\"Resource\":\"*\",\"Principal\":{\"AWS\":\"arn:aws:iam::986323537898:root\"}},{\"Sid\":\"KeyAdministration\",\"Effect\":\"Allow\",\"Action\":[\"kms:Update*\",\"kms:UntagResource\",\"kms:TagResource\",\"kms:ScheduleKeyDeletion\",\"kms:Revoke*\",\"kms:ReplicateKey\",\"kms:Put*\",\"kms:List*\",\"kms:ImportKeyMaterial\",\"kms:Get*\",\"kms:Enable*\",\"kms:Disable*\",\"kms:Describe*\",\"kms:Delete*\",\"kms:Create*\",\"kms:CancelKeyDeletion\"],\"Resource\":\"*\",\"Principal\":{\"AWS\":\"arn:aws:iam::986323537898:role/aws-reserved/sso.amazonaws.com/AWSReservedSSO_AdministratorAccess_0dad5e4ab7a9f2bd\"}},{\"Sid\":\"KeyUsage\",\"Effect\":\"Allow\",\"Action\":[\"kms:ReEncrypt*\",\"kms:GenerateDataKey*\",\"kms:Encrypt\",\"kms:DescribeKey\",\"kms:Decrypt\"],\"Resource\":\"*\",\"Principal\":{\"AWS\":\"arn:aws:iam::986323537898:role/dev-us-east-1-eks-cluster-cluster-20250513175950638300000005\"}}]}",
            "override_json": null,
            "override_policy_documents": null,
            "policy_id": null,
            "source_json": null,
            "source_policy_documents": null,
            "statement": [
              {
                "actions": [
                  "kms:*"
                ],
                "condition": [],
                "effect": "Allow",
                "not_actions": [],
                "not_principals": [],
                "not_resources": [],
                "principals": [
                  {
                    "identifiers": [
                      "arn:aws:iam::986323537898:root"
                    ],
                    "type": "AWS"
                  }
                ],
                "resources": [
                  "*"
                ],
                "sid": "Default"
              },
              {
                "actions": [
                  "kms:CancelKeyDeletion",
                  "kms:Create*",
                  "kms:Delete*",
                  "kms:Describe*",
                  "kms:Disable*",
                  "kms:Enable*",
                  "kms:Get*",
                  "kms:ImportKeyMaterial",
                  "kms:List*",
                  "kms:Put*",
                  "kms:ReplicateKey",
                  "kms:Revoke*",
                  "kms:ScheduleKeyDeletion",
                  "kms:TagResource",
                  "kms:UntagResource",
                  "kms:Update*"
                ],
                "condition": [],
                "effect": "Allow",
                "not_actions": [],
                "not_principals": [],
                "not_resources": [],
                "principals": [
                  {
                    "identifiers": [
                      "arn:aws:iam::986323537898:role/aws-reserved/sso.amazonaws.com/AWSReservedSSO_AdministratorAccess_0dad5e4ab7a9f2bd"
                    ],
                    "type": "AWS"
                  }
                ],
                "resources": [
                  "*"
                ],
                "sid": "KeyAdministration"
              },
              {
                "actions": [
                  "kms:Decrypt",
                  "kms:DescribeKey",
                  "kms:Encrypt",
                  "kms:GenerateDataKey*",
                  "kms:ReEncrypt*"
                ],
                "condition": [],
                "effect": "Allow",
                "not_actions": [],
                "not_principals": [],
                "not_resources": [],
                "principals": [
                  {
                    "identifiers": [
                      "arn:aws:iam::986323537898:role/dev-us-east-1-eks-cluster-cluster-20250513175950638300000005"
                    ],
                    "type": "AWS"
                  }
                ],
                "resources": [
                  "*"
                ],
                "sid": "KeyUsage"
              }
            ],
            "version": "2012-10-17"
          },
          "sensitive_attributes": []
        }
      ]
    },
    {
      "module": "module.eks.module.eks.module.kms",
      "mode": "data",
      "type": "aws_partition",
      "name": "current",
      "provider": "provider[\"registry.terraform.io/hashicorp/aws\"]",
      "instances": [
        {
          "index_key": 0,
          "schema_version": 0,
          "attributes": {
            "dns_suffix": "amazonaws.com",
            "id": "aws",
            "partition": "aws",
            "reverse_dns_prefix": "com.amazonaws"
          },
          "sensitive_attributes": []
        }
      ]
    },
    {
      "module": "module.eks.module.eks.module.kms",
      "mode": "managed",
      "type": "aws_kms_alias",
      "name": "this",
      "provider": "provider[\"registry.terraform.io/hashicorp/aws\"]",
      "instances": [
        {
          "index_key": "cluster",
          "schema_version": 0,
          "attributes": {
            "arn": "arn:aws:kms:us-east-1:986323537898:alias/eks/dev-us-east-1-eks-cluster",
            "id": "alias/eks/dev-us-east-1-eks-cluster",
            "name": "alias/eks/dev-us-east-1-eks-cluster",
            "name_prefix": "",
            "target_key_arn": "arn:aws:kms:us-east-1:986323537898:key/2fb87f92-7361-4606-b279-448c6ea138a4",
            "target_key_id": "2fb87f92-7361-4606-b279-448c6ea138a4"
          },
          "sensitive_attributes": [],
          "private": "bnVsbA==",
          "dependencies": [
            "module.eks.module.eks.aws_iam_role.this",
            "module.eks.module.eks.data.aws_caller_identity.current",
            "module.eks.module.eks.data.aws_iam_policy_document.assume_role_policy",
            "module.eks.module.eks.data.aws_iam_session_context.current",
            "module.eks.module.eks.module.kms.aws_kms_external_key.this",
            "module.eks.module.eks.module.kms.aws_kms_key.this",
            "module.eks.module.eks.module.kms.aws_kms_replica_external_key.this",
            "module.eks.module.eks.module.kms.aws_kms_replica_key.this",
            "module.eks.module.eks.module.kms.data.aws_caller_identity.current",
            "module.eks.module.eks.module.kms.data.aws_iam_policy_document.this",
            "module.eks.module.eks.module.kms.data.aws_partition.current"
          ]
        }
      ]
    },
    {
      "module": "module.eks.module.eks.module.kms",
      "mode": "managed",
      "type": "aws_kms_external_key",
      "name": "this",
      "provider": "provider[\"registry.terraform.io/hashicorp/aws\"]",
      "instances": []
    },
    {
      "module": "module.eks.module.eks.module.kms",
      "mode": "managed",
      "type": "aws_kms_grant",
      "name": "this",
      "provider": "provider[\"registry.terraform.io/hashicorp/aws\"]",
      "instances": []
    },
    {
      "module": "module.eks.module.eks.module.kms",
      "mode": "managed",
      "type": "aws_kms_key",
      "name": "this",
      "provider": "provider[\"registry.terraform.io/hashicorp/aws\"]",
      "instances": [
        {
          "index_key": 0,
          "schema_version": 0,
          "attributes": {
            "arn": "arn:aws:kms:us-east-1:986323537898:key/2fb87f92-7361-4606-b279-448c6ea138a4",
            "bypass_policy_lockout_safety_check": false,
            "custom_key_store_id": "",
            "customer_master_key_spec": "SYMMETRIC_DEFAULT",
            "deletion_window_in_days": null,
            "description": "dev-us-east-1-eks-cluster cluster encryption key",
            "enable_key_rotation": true,
            "id": "2fb87f92-7361-4606-b279-448c6ea138a4",
            "is_enabled": true,
            "key_id": "2fb87f92-7361-4606-b279-448c6ea138a4",
            "key_usage": "ENCRYPT_DECRYPT",
            "multi_region": false,
            "policy": "{\"Statement\":[{\"Action\":\"kms:*\",\"Effect\":\"Allow\",\"Principal\":{\"AWS\":\"arn:aws:iam::986323537898:root\"},\"Resource\":\"*\",\"Sid\":\"Default\"},{\"Action\":[\"kms:Update*\",\"kms:UntagResource\",\"kms:TagResource\",\"kms:ScheduleKeyDeletion\",\"kms:Revoke*\",\"kms:ReplicateKey\",\"kms:Put*\",\"kms:List*\",\"kms:ImportKeyMaterial\",\"kms:Get*\",\"kms:Enable*\",\"kms:Disable*\",\"kms:Describe*\",\"kms:Delete*\",\"kms:Create*\",\"kms:CancelKeyDeletion\"],\"Effect\":\"Allow\",\"Principal\":{\"AWS\":\"arn:aws:iam::986323537898:role/aws-reserved/sso.amazonaws.com/AWSReservedSSO_AdministratorAccess_0dad5e4ab7a9f2bd\"},\"Resource\":\"*\",\"Sid\":\"KeyAdministration\"},{\"Action\":[\"kms:ReEncrypt*\",\"kms:GenerateDataKey*\",\"kms:Encrypt\",\"kms:DescribeKey\",\"kms:Decrypt\"],\"Effect\":\"Allow\",\"Principal\":{\"AWS\":\"arn:aws:iam::986323537898:role/dev-us-east-1-eks-cluster-cluster-20250513175950638300000005\"},\"Resource\":\"*\",\"Sid\":\"KeyUsage\"}],\"Version\":\"2012-10-17\"}",
            "rotation_period_in_days": 365,
            "tags": {
              "Environment": "dev",
              "Terraform": "true",
              "terraform-aws-modules": "eks"
            },
            "tags_all": {
              "Environment": "dev",
              "Terraform": "true",
              "terraform-aws-modules": "eks"
            },
            "timeouts": null,
            "xks_key_id": ""
          },
          "sensitive_attributes": [],
          "private": "eyJlMmJmYjczMC1lY2FhLTExZTYtOGY4OC0zNDM2M2JjN2M0YzAiOnsiY3JlYXRlIjoxMjAwMDAwMDAwMDB9fQ==",
          "dependencies": [
            "module.eks.module.eks.aws_iam_role.this",
            "module.eks.module.eks.data.aws_caller_identity.current",
            "module.eks.module.eks.data.aws_iam_policy_document.assume_role_policy",
            "module.eks.module.eks.data.aws_iam_session_context.current",
            "module.eks.module.eks.module.kms.data.aws_caller_identity.current",
            "module.eks.module.eks.module.kms.data.aws_iam_policy_document.this",
            "module.eks.module.eks.module.kms.data.aws_partition.current"
          ],
          "create_before_destroy": true
        }
      ]
    },
    {
      "module": "module.eks.module.eks.module.kms",
      "mode": "managed",
      "type": "aws_kms_replica_external_key",
      "name": "this",
      "provider": "provider[\"registry.terraform.io/hashicorp/aws\"]",
      "instances": []
    },
    {
      "module": "module.eks.module.eks.module.kms",
      "mode": "managed",
      "type": "aws_kms_replica_key",
      "name": "this",
      "provider": "provider[\"registry.terraform.io/hashicorp/aws\"]",
      "instances": []
    },
    {
      "module": "module.iam.module.eks_cluster_role",
      "mode": "data",
      "type": "aws_iam_policy_document",
      "name": "assume_role",
      "provider": "provider[\"registry.terraform.io/hashicorp/aws\"]",
      "instances": [
        {
          "index_key": 0,
          "schema_version": 0,
          "attributes": {
            "id": "3943213819",
            "json": "{\n  \"Version\": \"2012-10-17\",\n  \"Statement\": [\n    {\n      \"Effect\": \"Allow\",\n      \"Action\": \"sts:AssumeRole\",\n      \"Principal\": {\n        \"AWS\": [],\n        \"Service\": \"eks.amazonaws.com\"\n      }\n    }\n  ]\n}",
            "minified_json": "{\"Version\":\"2012-10-17\",\"Statement\":[{\"Effect\":\"Allow\",\"Action\":\"sts:AssumeRole\",\"Principal\":{\"AWS\":[],\"Service\":\"eks.amazonaws.com\"}}]}",
            "override_json": null,
            "override_policy_documents": null,
            "policy_id": null,
            "source_json": null,
            "source_policy_documents": null,
            "statement": [
              {
                "actions": [
                  "sts:AssumeRole"
                ],
                "condition": [],
                "effect": "Allow",
                "not_actions": [],
                "not_principals": [],
                "not_resources": [],
                "principals": [
                  {
                    "identifiers": [
                      "eks.amazonaws.com"
                    ],
                    "type": "Service"
                  },
                  {
                    "identifiers": [],
                    "type": "AWS"
                  }
                ],
                "resources": [],
                "sid": ""
              }
            ],
            "version": "2012-10-17"
          },
          "sensitive_attributes": []
        }
      ]
    },
    {
      "module": "module.iam.module.eks_cluster_role",
      "mode": "managed",
      "type": "aws_iam_role",
      "name": "this",
      "provider": "provider[\"registry.terraform.io/hashicorp/aws\"]",
      "instances": [
        {
          "index_key": 0,
          "schema_version": 0,
          "attributes": {
            "arn": "arn:aws:iam::986323537898:role/AmazonEKSClusterRole",
            "assume_role_policy": "{\"Statement\":[{\"Action\":\"sts:AssumeRole\",\"Effect\":\"Allow\",\"Principal\":{\"AWS\":[],\"Service\":\"eks.amazonaws.com\"}}],\"Version\":\"2012-10-17\"}",
            "create_date": "2025-05-13T17:50:21Z",
            "description": "",
            "force_detach_policies": false,
            "id": "AmazonEKSClusterRole",
            "inline_policy": [],
            "managed_policy_arns": [],
            "max_session_duration": 3600,
            "name": "AmazonEKSClusterRole",
            "name_prefix": "",
            "path": "/",
            "permissions_boundary": "",
            "tags": {},
            "tags_all": {},
            "unique_id": "AROA6LJLWZ7VKR2VMDEY4"
          },
          "sensitive_attributes": [],
          "private": "bnVsbA==",
          "dependencies": [
            "module.iam.module.eks_cluster_role.data.aws_iam_policy_document.assume_role",
            "module.iam.module.eks_cluster_role.data.aws_iam_policy_document.assume_role_with_mfa"
          ]
        }
      ]
    },
    {
      "module": "module.iam.module.eks_cluster_role",
      "mode": "managed",
      "type": "aws_iam_role_policy_attachment",
      "name": "custom",
      "provider": "provider[\"registry.terraform.io/hashicorp/aws\"]",
      "instances": [
        {
          "index_key": 0,
          "schema_version": 0,
          "attributes": {
            "id": "AmazonEKSClusterRole-20250513175208620700000001",
            "policy_arn": "arn:aws:iam::aws:policy/AmazonEKSClusterPolicy",
            "role": "AmazonEKSClusterRole"
          },
          "sensitive_attributes": [],
          "private": "bnVsbA==",
          "dependencies": [
            "module.iam.module.eks_cluster_role.aws_iam_role.this",
            "module.iam.module.eks_cluster_role.data.aws_iam_policy_document.assume_role",
            "module.iam.module.eks_cluster_role.data.aws_iam_policy_document.assume_role_with_mfa"
          ]
        }
      ]
    },
    {
      "module": "module.iam.module.iam_group_developers",
      "mode": "data",
      "type": "aws_caller_identity",
      "name": "current",
      "provider": "provider[\"registry.terraform.io/hashicorp/aws\"]",
      "instances": [
        {
          "index_key": 0,
          "schema_version": 0,
          "attributes": {
            "account_id": "986323537898",
            "arn": "arn:aws:sts::986323537898:assumed-role/AWSReservedSSO_AdministratorAccess_0dad5e4ab7a9f2bd/Ibrahim",
            "id": "986323537898",
            "user_id": "AROA6LJLWZ7VIZ7O2G6L4:Ibrahim"
          },
          "sensitive_attributes": []
        }
      ]
    },
    {
      "module": "module.iam.module.iam_group_developers",
      "mode": "data",
      "type": "aws_iam_policy_document",
      "name": "iam_self_management",
      "provider": "provider[\"registry.terraform.io/hashicorp/aws\"]",
      "instances": [
        {
          "schema_version": 0,
          "attributes": {
            "id": "571272153",
            "json": "{\n  \"Version\": \"2012-10-17\",\n  \"Statement\": [\n    {\n      \"Sid\": \"AllowViewAccountInfo\",\n      \"Effect\": \"Allow\",\n      \"Action\": [\n        \"iam:ListVirtualMFADevices\",\n        \"iam:ListAccountAliases\",\n        \"iam:GetAccountSummary\",\n        \"iam:GetAccountPasswordPolicy\"\n      ],\n      \"Resource\": \"*\"\n    },\n    {\n      \"Sid\": \"AllowManageOwnPasswords\",\n      \"Effect\": \"Allow\",\n      \"Action\": [\n        \"iam:UpdateLoginProfile\",\n        \"iam:GetUser\",\n        \"iam:GetLoginProfile\",\n        \"iam:ChangePassword\"\n      ],\n      \"Resource\": [\n        \"arn:aws:iam::986323537898:user/*/${aws:username}\",\n        \"arn:aws:iam::986323537898:user/${aws:username}\"\n      ]\n    },\n    {\n      \"Sid\": \"AllowManageOwnAccessKeys\",\n      \"Effect\": \"Allow\",\n      \"Action\": [\n        \"iam:UpdateAccessKey\",\n        \"iam:UntagUser\",\n        \"iam:TagUser\",\n        \"iam:ListUserTags\",\n        \"iam:ListAccessKeys\",\n        \"iam:GetAccessKeyLastUsed\",\n        \"iam:DeleteAccessKey\",\n        \"iam:CreateAccessKey\"\n      ],\n      \"Resource\": [\n        \"arn:aws:iam::986323537898:user/*/${aws:username}\",\n        \"arn:aws:iam::986323537898:user/${aws:username}\"\n      ]\n    },\n    {\n      \"Sid\": \"AllowManageOwnSigningCertificates\",\n      \"Effect\": \"Allow\",\n      \"Action\": [\n        \"iam:UploadSigningCertificate\",\n        \"iam:UpdateSigningCertificate\",\n        \"iam:ListSigningCertificates\",\n        \"iam:DeleteSigningCertificate\"\n      ],\n      \"Resource\": [\n        \"arn:aws:iam::986323537898:user/*/${aws:username}\",\n        \"arn:aws:iam::986323537898:user/${aws:username}\"\n      ]\n    },\n    {\n      \"Sid\": \"AllowManageOwnSSHPublicKeys\",\n      \"Effect\": \"Allow\",\n      \"Action\": [\n        \"iam:UploadSSHPublicKey\",\n        \"iam:UpdateSSHPublicKey\",\n        \"iam:ListSSHPublicKeys\",\n        \"iam:GetSSHPublicKey\",\n        \"iam:DeleteSSHPublicKey\"\n      ],\n      \"Resource\": [\n        \"arn:aws:iam::986323537898:user/*/${aws:username}\",\n        \"arn:aws:iam::986323537898:user/${aws:username}\"\n      ]\n    },\n    {\n      \"Sid\": \"AllowManageOwnGitCredentials\",\n      \"Effect\": \"Allow\",\n      \"Action\": [\n        \"iam:UpdateServiceSpecificCredential\",\n        \"iam:ResetServiceSpecificCredential\",\n        \"iam:ListServiceSpecificCredentials\",\n        \"iam:DeleteServiceSpecificCredential\",\n        \"iam:CreateServiceSpecificCredential\"\n      ],\n      \"Resource\": [\n        \"arn:aws:iam::986323537898:user/*/${aws:username}\",\n        \"arn:aws:iam::986323537898:user/${aws:username}\"\n      ]\n    },\n    {\n      \"Sid\": \"AllowManageOwnVirtualMFADevice\",\n      \"Effect\": \"Allow\",\n      \"Action\": \"iam:CreateVirtualMFADevice\",\n      \"Resource\": \"arn:aws:iam::986323537898:mfa/*\"\n    },\n    {\n      \"Sid\": \"AllowManageOwnUserMFA\",\n      \"Effect\": \"Allow\",\n      \"Action\": [\n        \"iam:ResyncMFADevice\",\n        \"iam:ListMFADevices\",\n        \"iam:EnableMFADevice\",\n        \"iam:DeactivateMFADevice\"\n      ],\n      \"Resource\": [\n        \"arn:aws:iam::986323537898:user/*/${aws:username}\",\n        \"arn:aws:iam::986323537898:user/${aws:username}\"\n      ]\n    },\n    {\n      \"Sid\": \"DenyAllExceptListedIfNoMFA\",\n      \"Effect\": \"Deny\",\n      \"NotAction\": [\n        \"sts:GetSessionToken\",\n        \"iam:ResyncMFADevice\",\n        \"iam:ListVirtualMFADevices\",\n        \"iam:ListMFADevices\",\n        \"iam:GetUser\",\n        \"iam:GetMFADevice\",\n        \"iam:EnableMFADevice\",\n        \"iam:CreateVirtualMFADevice\",\n        \"iam:ChangePassword\"\n      ],\n      \"Resource\": \"*\",\n      \"Condition\": {\n        \"BoolIfExists\": {\n          \"aws:MultiFactorAuthPresent\": \"false\"\n        }\n      }\n    }\n  ]\n}",
            "minified_json": "{\"Version\":\"2012-10-17\",\"Statement\":[{\"Sid\":\"AllowViewAccountInfo\",\"Effect\":\"Allow\",\"Action\":[\"iam:ListVirtualMFADevices\",\"iam:ListAccountAliases\",\"iam:GetAccountSummary\",\"iam:GetAccountPasswordPolicy\"],\"Resource\":\"*\"},{\"Sid\":\"AllowManageOwnPasswords\",\"Effect\":\"Allow\",\"Action\":[\"iam:UpdateLoginProfile\",\"iam:GetUser\",\"iam:GetLoginProfile\",\"iam:ChangePassword\"],\"Resource\":[\"arn:aws:iam::986323537898:user/*/${aws:username}\",\"arn:aws:iam::986323537898:user/${aws:username}\"]},{\"Sid\":\"AllowManageOwnAccessKeys\",\"Effect\":\"Allow\",\"Action\":[\"iam:UpdateAccessKey\",\"iam:UntagUser\",\"iam:TagUser\",\"iam:ListUserTags\",\"iam:ListAccessKeys\",\"iam:GetAccessKeyLastUsed\",\"iam:DeleteAccessKey\",\"iam:CreateAccessKey\"],\"Resource\":[\"arn:aws:iam::986323537898:user/*/${aws:username}\",\"arn:aws:iam::986323537898:user/${aws:username}\"]},{\"Sid\":\"AllowManageOwnSigningCertificates\",\"Effect\":\"Allow\",\"Action\":[\"iam:UploadSigningCertificate\",\"iam:UpdateSigningCertificate\",\"iam:ListSigningCertificates\",\"iam:DeleteSigningCertificate\"],\"Resource\":[\"arn:aws:iam::986323537898:user/*/${aws:username}\",\"arn:aws:iam::986323537898:user/${aws:username}\"]},{\"Sid\":\"AllowManageOwnSSHPublicKeys\",\"Effect\":\"Allow\",\"Action\":[\"iam:UploadSSHPublicKey\",\"iam:UpdateSSHPublicKey\",\"iam:ListSSHPublicKeys\",\"iam:GetSSHPublicKey\",\"iam:DeleteSSHPublicKey\"],\"Resource\":[\"arn:aws:iam::986323537898:user/*/${aws:username}\",\"arn:aws:iam::986323537898:user/${aws:username}\"]},{\"Sid\":\"AllowManageOwnGitCredentials\",\"Effect\":\"Allow\",\"Action\":[\"iam:UpdateServiceSpecificCredential\",\"iam:ResetServiceSpecificCredential\",\"iam:ListServiceSpecificCredentials\",\"iam:DeleteServiceSpecificCredential\",\"iam:CreateServiceSpecificCredential\"],\"Resource\":[\"arn:aws:iam::986323537898:user/*/${aws:username}\",\"arn:aws:iam::986323537898:user/${aws:username}\"]},{\"Sid\":\"AllowManageOwnVirtualMFADevice\",\"Effect\":\"Allow\",\"Action\":\"iam:CreateVirtualMFADevice\",\"Resource\":\"arn:aws:iam::986323537898:mfa/*\"},{\"Sid\":\"AllowManageOwnUserMFA\",\"Effect\":\"Allow\",\"Action\":[\"iam:ResyncMFADevice\",\"iam:ListMFADevices\",\"iam:EnableMFADevice\",\"iam:DeactivateMFADevice\"],\"Resource\":[\"arn:aws:iam::986323537898:user/*/${aws:username}\",\"arn:aws:iam::986323537898:user/${aws:username}\"]},{\"Sid\":\"DenyAllExceptListedIfNoMFA\",\"Effect\":\"Deny\",\"NotAction\":[\"sts:GetSessionToken\",\"iam:ResyncMFADevice\",\"iam:ListVirtualMFADevices\",\"iam:ListMFADevices\",\"iam:GetUser\",\"iam:GetMFADevice\",\"iam:EnableMFADevice\",\"iam:CreateVirtualMFADevice\",\"iam:ChangePassword\"],\"Resource\":\"*\",\"Condition\":{\"BoolIfExists\":{\"aws:MultiFactorAuthPresent\":\"false\"}}}]}",
            "override_json": null,
            "override_policy_documents": null,
            "policy_id": null,
            "source_json": null,
            "source_policy_documents": null,
            "statement": [
              {
                "actions": [
                  "iam:GetAccountPasswordPolicy",
                  "iam:GetAccountSummary",
                  "iam:ListAccountAliases",
                  "iam:ListVirtualMFADevices"
                ],
                "condition": [],
                "effect": "Allow",
                "not_actions": [],
                "not_principals": [],
                "not_resources": [],
                "principals": [],
                "resources": [
                  "*"
                ],
                "sid": "AllowViewAccountInfo"
              },
              {
                "actions": [
                  "iam:ChangePassword",
                  "iam:GetLoginProfile",
                  "iam:GetUser",
                  "iam:UpdateLoginProfile"
                ],
                "condition": [],
                "effect": "Allow",
                "not_actions": [],
                "not_principals": [],
                "not_resources": [],
                "principals": [],
                "resources": [
                  "arn:aws:iam::986323537898:user/${aws:username}",
                  "arn:aws:iam::986323537898:user/*/${aws:username}"
                ],
                "sid": "AllowManageOwnPasswords"
              },
              {
                "actions": [
                  "iam:CreateAccessKey",
                  "iam:DeleteAccessKey",
                  "iam:GetAccessKeyLastUsed",
                  "iam:ListAccessKeys",
                  "iam:ListUserTags",
                  "iam:TagUser",
                  "iam:UntagUser",
                  "iam:UpdateAccessKey"
                ],
                "condition": [],
                "effect": "Allow",
                "not_actions": [],
                "not_principals": [],
                "not_resources": [],
                "principals": [],
                "resources": [
                  "arn:aws:iam::986323537898:user/${aws:username}",
                  "arn:aws:iam::986323537898:user/*/${aws:username}"
                ],
                "sid": "AllowManageOwnAccessKeys"
              },
              {
                "actions": [
                  "iam:DeleteSigningCertificate",
                  "iam:ListSigningCertificates",
                  "iam:UpdateSigningCertificate",
                  "iam:UploadSigningCertificate"
                ],
                "condition": [],
                "effect": "Allow",
                "not_actions": [],
                "not_principals": [],
                "not_resources": [],
                "principals": [],
                "resources": [
                  "arn:aws:iam::986323537898:user/${aws:username}",
                  "arn:aws:iam::986323537898:user/*/${aws:username}"
                ],
                "sid": "AllowManageOwnSigningCertificates"
              },
              {
                "actions": [
                  "iam:DeleteSSHPublicKey",
                  "iam:GetSSHPublicKey",
                  "iam:ListSSHPublicKeys",
                  "iam:UpdateSSHPublicKey",
                  "iam:UploadSSHPublicKey"
                ],
                "condition": [],
                "effect": "Allow",
                "not_actions": [],
                "not_principals": [],
                "not_resources": [],
                "principals": [],
                "resources": [
                  "arn:aws:iam::986323537898:user/${aws:username}",
                  "arn:aws:iam::986323537898:user/*/${aws:username}"
                ],
                "sid": "AllowManageOwnSSHPublicKeys"
              },
              {
                "actions": [
                  "iam:CreateServiceSpecificCredential",
                  "iam:DeleteServiceSpecificCredential",
                  "iam:ListServiceSpecificCredentials",
                  "iam:ResetServiceSpecificCredential",
                  "iam:UpdateServiceSpecificCredential"
                ],
                "condition": [],
                "effect": "Allow",
                "not_actions": [],
                "not_principals": [],
                "not_resources": [],
                "principals": [],
                "resources": [
                  "arn:aws:iam::986323537898:user/${aws:username}",
                  "arn:aws:iam::986323537898:user/*/${aws:username}"
                ],
                "sid": "AllowManageOwnGitCredentials"
              },
              {
                "actions": [
                  "iam:CreateVirtualMFADevice"
                ],
                "condition": [],
                "effect": "Allow",
                "not_actions": [],
                "not_principals": [],
                "not_resources": [],
                "principals": [],
                "resources": [
                  "arn:aws:iam::986323537898:mfa/*"
                ],
                "sid": "AllowManageOwnVirtualMFADevice"
              },
              {
                "actions": [
                  "iam:DeactivateMFADevice",
                  "iam:EnableMFADevice",
                  "iam:ListMFADevices",
                  "iam:ResyncMFADevice"
                ],
                "condition": [],
                "effect": "Allow",
                "not_actions": [],
                "not_principals": [],
                "not_resources": [],
                "principals": [],
                "resources": [
                  "arn:aws:iam::986323537898:user/${aws:username}",
                  "arn:aws:iam::986323537898:user/*/${aws:username}"
                ],
                "sid": "AllowManageOwnUserMFA"
              },
              {
                "actions": [],
                "condition": [
                  {
                    "test": "BoolIfExists",
                    "values": [
                      "false"
                    ],
                    "variable": "aws:MultiFactorAuthPresent"
                  }
                ],
                "effect": "Deny",
                "not_actions": [
                  "iam:ChangePassword",
                  "iam:CreateVirtualMFADevice",
                  "iam:EnableMFADevice",
                  "iam:GetMFADevice",
                  "iam:GetUser",
                  "iam:ListMFADevices",
                  "iam:ListVirtualMFADevices",
                  "iam:ResyncMFADevice",
                  "sts:GetSessionToken"
                ],
                "not_principals": [],
                "not_resources": [],
                "principals": [],
                "resources": [
                  "*"
                ],
                "sid": "DenyAllExceptListedIfNoMFA"
              }
            ],
            "version": "2012-10-17"
          },
          "sensitive_attributes": []
        }
      ]
    },
    {
      "module": "module.iam.module.iam_group_developers",
      "mode": "data",
      "type": "aws_partition",
      "name": "current",
      "provider": "provider[\"registry.terraform.io/hashicorp/aws\"]",
      "instances": [
        {
          "schema_version": 0,
          "attributes": {
            "dns_suffix": "amazonaws.com",
            "id": "aws",
            "partition": "aws",
            "reverse_dns_prefix": "com.amazonaws"
          },
          "sensitive_attributes": []
        }
      ]
    },
    {
      "module": "module.iam.module.iam_group_developers",
      "mode": "managed",
      "type": "aws_iam_group",
      "name": "this",
      "provider": "provider[\"registry.terraform.io/hashicorp/aws\"]",
      "instances": [
        {
          "index_key": 0,
          "schema_version": 0,
          "attributes": {
            "arn": "arn:aws:iam::986323537898:group/developers",
            "id": "developers",
            "name": "developers",
            "path": "/",
            "unique_id": "AGPA6LJLWZ7VDWYQ3VSBC"
          },
          "sensitive_attributes": [],
          "private": "bnVsbA==",
          "dependencies": [
            "module.iam.module.user_developers.aws_iam_access_key.this",
            "module.iam.module.user_developers.aws_iam_access_key.this_no_pgp",
            "module.iam.module.user_developers.aws_iam_user.this",
            "module.iam.module.user_developers.aws_iam_user_login_profile.this",
            "module.iam.module.user_developers.aws_iam_user_ssh_key.this"
          ]
        }
      ]
    },
    {
      "module": "module.iam.module.iam_group_developers",
      "mode": "managed",
      "type": "aws_iam_group_membership",
      "name": "this",
      "provider": "provider[\"registry.terraform.io/hashicorp/aws\"]",
      "instances": [
        {
          "index_key": 0,
          "schema_version": 0,
          "attributes": {
            "group": "developers",
            "id": "developers",
            "name": "developers",
            "users": [
              "lekan",
              "peter",
              "samuel"
            ]
          },
          "sensitive_attributes": [],
          "private": "bnVsbA==",
          "dependencies": [
            "module.iam.module.iam_group_developers.aws_iam_group.this",
            "module.iam.module.user_developers.aws_iam_access_key.this",
            "module.iam.module.user_developers.aws_iam_access_key.this_no_pgp",
            "module.iam.module.user_developers.aws_iam_user.this",
            "module.iam.module.user_developers.aws_iam_user_login_profile.this",
            "module.iam.module.user_developers.aws_iam_user_ssh_key.this"
          ]
        }
      ]
    },
    {
      "module": "module.iam.module.iam_group_developers",
      "mode": "managed",
      "type": "aws_iam_group_policy_attachment",
      "name": "custom_arns",
      "provider": "provider[\"registry.terraform.io/hashicorp/aws\"]",
      "instances": [
        {
          "index_key": 0,
          "schema_version": 0,
          "attributes": {
            "group": "developers",
            "id": "developers-20250513175024751300000005",
            "policy_arn": "arn:aws:iam::aws:policy/PowerUserAccess"
          },
          "sensitive_attributes": [],
          "private": "bnVsbA==",
          "dependencies": [
            "module.iam.module.iam_group_developers.aws_iam_group.this",
            "module.iam.module.user_developers.aws_iam_access_key.this",
            "module.iam.module.user_developers.aws_iam_access_key.this_no_pgp",
            "module.iam.module.user_developers.aws_iam_user.this",
            "module.iam.module.user_developers.aws_iam_user_login_profile.this",
            "module.iam.module.user_developers.aws_iam_user_ssh_key.this"
          ]
        }
      ]
    },
    {
      "module": "module.iam.module.iam_group_developers",
      "mode": "managed",
      "type": "aws_iam_group_policy_attachment",
      "name": "iam_self_management",
      "provider": "provider[\"registry.terraform.io/hashicorp/aws\"]",
      "instances": [
        {
          "index_key": 0,
          "schema_version": 0,
          "attributes": {
            "group": "developers",
            "id": "developers-20250513175024754300000006",
            "policy_arn": "arn:aws:iam::986323537898:policy/IAMSelfManagement-20250513175022871900000001"
          },
          "sensitive_attributes": [],
          "private": "bnVsbA==",
          "dependencies": [
            "module.iam.module.iam_group_developers.aws_iam_group.this",
            "module.iam.module.iam_group_developers.aws_iam_policy.iam_self_management",
            "module.iam.module.iam_group_developers.data.aws_caller_identity.current",
            "module.iam.module.iam_group_developers.data.aws_iam_policy_document.iam_self_management",
            "module.iam.module.iam_group_developers.data.aws_partition.current",
            "module.iam.module.user_developers.aws_iam_access_key.this",
            "module.iam.module.user_developers.aws_iam_access_key.this_no_pgp",
            "module.iam.module.user_developers.aws_iam_user.this",
            "module.iam.module.user_developers.aws_iam_user_login_profile.this",
            "module.iam.module.user_developers.aws_iam_user_ssh_key.this"
          ]
        }
      ]
    },
    {
      "module": "module.iam.module.iam_group_developers",
      "mode": "managed",
      "type": "aws_iam_policy",
      "name": "iam_self_management",
      "provider": "provider[\"registry.terraform.io/hashicorp/aws\"]",
      "instances": [
        {
          "index_key": 0,
          "schema_version": 0,
          "attributes": {
            "arn": "arn:aws:iam::986323537898:policy/IAMSelfManagement-20250513175022871900000001",
            "attachment_count": 1,
            "description": "",
            "id": "arn:aws:iam::986323537898:policy/IAMSelfManagement-20250513175022871900000001",
            "name": "IAMSelfManagement-20250513175022871900000001",
            "name_prefix": "IAMSelfManagement-",
            "path": "/",
            "policy": "{\"Statement\":[{\"Action\":[\"iam:ListVirtualMFADevices\",\"iam:ListAccountAliases\",\"iam:GetAccountSummary\",\"iam:GetAccountPasswordPolicy\"],\"Effect\":\"Allow\",\"Resource\":\"*\",\"Sid\":\"AllowViewAccountInfo\"},{\"Action\":[\"iam:UpdateLoginProfile\",\"iam:GetUser\",\"iam:GetLoginProfile\",\"iam:ChangePassword\"],\"Effect\":\"Allow\",\"Resource\":[\"arn:aws:iam::986323537898:user/*/${aws:username}\",\"arn:aws:iam::986323537898:user/${aws:username}\"],\"Sid\":\"AllowManageOwnPasswords\"},{\"Action\":[\"iam:UpdateAccessKey\",\"iam:UntagUser\",\"iam:TagUser\",\"iam:ListUserTags\",\"iam:ListAccessKeys\",\"iam:GetAccessKeyLastUsed\",\"iam:DeleteAccessKey\",\"iam:CreateAccessKey\"],\"Effect\":\"Allow\",\"Resource\":[\"arn:aws:iam::986323537898:user/*/${aws:username}\",\"arn:aws:iam::986323537898:user/${aws:username}\"],\"Sid\":\"AllowManageOwnAccessKeys\"},{\"Action\":[\"iam:UploadSigningCertificate\",\"iam:UpdateSigningCertificate\",\"iam:ListSigningCertificates\",\"iam:DeleteSigningCertificate\"],\"Effect\":\"Allow\",\"Resource\":[\"arn:aws:iam::986323537898:user/*/${aws:username}\",\"arn:aws:iam::986323537898:user/${aws:username}\"],\"Sid\":\"AllowManageOwnSigningCertificates\"},{\"Action\":[\"iam:UploadSSHPublicKey\",\"iam:UpdateSSHPublicKey\",\"iam:ListSSHPublicKeys\",\"iam:GetSSHPublicKey\",\"iam:DeleteSSHPublicKey\"],\"Effect\":\"Allow\",\"Resource\":[\"arn:aws:iam::986323537898:user/*/${aws:username}\",\"arn:aws:iam::986323537898:user/${aws:username}\"],\"Sid\":\"AllowManageOwnSSHPublicKeys\"},{\"Action\":[\"iam:UpdateServiceSpecificCredential\",\"iam:ResetServiceSpecificCredential\",\"iam:ListServiceSpecificCredentials\",\"iam:DeleteServiceSpecificCredential\",\"iam:CreateServiceSpecificCredential\"],\"Effect\":\"Allow\",\"Resource\":[\"arn:aws:iam::986323537898:user/*/${aws:username}\",\"arn:aws:iam::986323537898:user/${aws:username}\"],\"Sid\":\"AllowManageOwnGitCredentials\"},{\"Action\":\"iam:CreateVirtualMFADevice\",\"Effect\":\"Allow\",\"Resource\":\"arn:aws:iam::986323537898:mfa/*\",\"Sid\":\"AllowManageOwnVirtualMFADevice\"},{\"Action\":[\"iam:ResyncMFADevice\",\"iam:ListMFADevices\",\"iam:EnableMFADevice\",\"iam:DeactivateMFADevice\"],\"Effect\":\"Allow\",\"Resource\":[\"arn:aws:iam::986323537898:user/*/${aws:username}\",\"arn:aws:iam::986323537898:user/${aws:username}\"],\"Sid\":\"AllowManageOwnUserMFA\"},{\"Condition\":{\"BoolIfExists\":{\"aws:MultiFactorAuthPresent\":\"false\"}},\"Effect\":\"Deny\",\"NotAction\":[\"sts:GetSessionToken\",\"iam:ResyncMFADevice\",\"iam:ListVirtualMFADevices\",\"iam:ListMFADevices\",\"iam:GetUser\",\"iam:GetMFADevice\",\"iam:EnableMFADevice\",\"iam:CreateVirtualMFADevice\",\"iam:ChangePassword\"],\"Resource\":\"*\",\"Sid\":\"DenyAllExceptListedIfNoMFA\"}],\"Version\":\"2012-10-17\"}",
            "policy_id": "ANPA6LJLWZ7VC6OYN34F3",
            "tags": {},
            "tags_all": {}
          },
          "sensitive_attributes": [],
          "private": "bnVsbA==",
          "dependencies": [
            "module.iam.module.iam_group_developers.data.aws_caller_identity.current",
            "module.iam.module.iam_group_developers.data.aws_iam_policy_document.iam_self_management",
            "module.iam.module.iam_group_developers.data.aws_partition.current",
            "module.iam.module.user_developers.aws_iam_access_key.this",
            "module.iam.module.user_developers.aws_iam_access_key.this_no_pgp",
            "module.iam.module.user_developers.aws_iam_user.this",
            "module.iam.module.user_developers.aws_iam_user_login_profile.this",
            "module.iam.module.user_developers.aws_iam_user_ssh_key.this"
          ]
        }
      ]
    },
    {
      "module": "module.iam.module.iam_group_developers_with_assumed_roles",
      "mode": "data",
      "type": "aws_iam_policy_document",
      "name": "assume_role",
      "provider": "provider[\"registry.terraform.io/hashicorp/aws\"]",
      "instances": [
        {
          "schema_version": 0,
          "attributes": {
            "id": "2993689567",
            "json": "{\n  \"Version\": \"2012-10-17\",\n  \"Statement\": [\n    {\n      \"Effect\": \"Allow\",\n      \"Action\": \"sts:AssumeRole\",\n      \"Resource\": \"arn:aws:iam::986323537898:role/AmazonEKSClusterRole\"\n    }\n  ]\n}",
            "minified_json": "{\"Version\":\"2012-10-17\",\"Statement\":[{\"Effect\":\"Allow\",\"Action\":\"sts:AssumeRole\",\"Resource\":\"arn:aws:iam::986323537898:role/AmazonEKSClusterRole\"}]}",
            "override_json": null,
            "override_policy_documents": null,
            "policy_id": null,
            "source_json": null,
            "source_policy_documents": null,
            "statement": [
              {
                "actions": [
                  "sts:AssumeRole"
                ],
                "condition": [],
                "effect": "Allow",
                "not_actions": [],
                "not_principals": [],
                "not_resources": [],
                "principals": [],
                "resources": [
                  "arn:aws:iam::986323537898:role/AmazonEKSClusterRole"
                ],
                "sid": ""
              }
            ],
            "version": "2012-10-17"
          },
          "sensitive_attributes": []
        }
      ]
    },
    {
      "module": "module.iam.module.iam_group_developers_with_assumed_roles",
      "mode": "managed",
      "type": "aws_iam_group",
      "name": "this",
      "provider": "provider[\"registry.terraform.io/hashicorp/aws\"]",
      "instances": [
        {
          "schema_version": 0,
          "attributes": {
            "arn": "arn:aws:iam::986323537898:group/developers-with_assumed_roles",
            "id": "developers-with_assumed_roles",
            "name": "developers-with_assumed_roles",
            "path": "/",
            "unique_id": "AGPA6LJLWZ7VHI3HWZI6F"
          },
          "sensitive_attributes": [],
          "private": "bnVsbA==",
          "dependencies": [
            "module.iam.module.user_developers.aws_iam_access_key.this",
            "module.iam.module.user_developers.aws_iam_access_key.this_no_pgp",
            "module.iam.module.user_developers.aws_iam_user.this",
            "module.iam.module.user_developers.aws_iam_user_login_profile.this",
            "module.iam.module.user_developers.aws_iam_user_ssh_key.this"
          ]
        }
      ]
    },
    {
      "module": "module.iam.module.iam_group_developers_with_assumed_roles",
      "mode": "managed",
      "type": "aws_iam_group_membership",
      "name": "this",
      "provider": "provider[\"registry.terraform.io/hashicorp/aws\"]",
      "instances": [
        {
          "index_key": 0,
          "schema_version": 0,
          "attributes": {
            "group": "developers-with_assumed_roles",
            "id": "developers-with_assumed_roles",
            "name": "developers-with_assumed_roles",
            "users": [
              "lekan",
              "peter",
              "samuel"
            ]
          },
          "sensitive_attributes": [],
          "private": "bnVsbA==",
          "dependencies": [
            "module.iam.module.iam_group_developers_with_assumed_roles.aws_iam_group.this",
            "module.iam.module.user_developers.aws_iam_access_key.this",
            "module.iam.module.user_developers.aws_iam_access_key.this_no_pgp",
            "module.iam.module.user_developers.aws_iam_user.this",
            "module.iam.module.user_developers.aws_iam_user_login_profile.this",
            "module.iam.module.user_developers.aws_iam_user_ssh_key.this"
          ]
        }
      ]
    },
    {
      "module": "module.iam.module.iam_group_developers_with_assumed_roles",
      "mode": "managed",
      "type": "aws_iam_group_policy_attachment",
      "name": "this",
      "provider": "provider[\"registry.terraform.io/hashicorp/aws\"]",
      "instances": [
        {
          "schema_version": 0,
          "attributes": {
            "group": "developers-with_assumed_roles",
            "id": "developers-with_assumed_roles-20250513175023419400000002",
            "policy_arn": "arn:aws:iam::986323537898:policy/developers-with_assumed_roles"
          },
          "sensitive_attributes": [],
          "private": "bnVsbA==",
          "dependencies": [
            "module.iam.module.eks_cluster_role.aws_iam_role.this",
            "module.iam.module.eks_cluster_role.data.aws_iam_policy_document.assume_role",
            "module.iam.module.eks_cluster_role.data.aws_iam_policy_document.assume_role_with_mfa",
            "module.iam.module.iam_group_developers_with_assumed_roles.aws_iam_group.this",
            "module.iam.module.iam_group_developers_with_assumed_roles.aws_iam_policy.this",
            "module.iam.module.iam_group_developers_with_assumed_roles.data.aws_iam_policy_document.assume_role",
            "module.iam.module.user_developers.aws_iam_access_key.this",
            "module.iam.module.user_developers.aws_iam_access_key.this_no_pgp",
            "module.iam.module.user_developers.aws_iam_user.this",
            "module.iam.module.user_developers.aws_iam_user_login_profile.this",
            "module.iam.module.user_developers.aws_iam_user_ssh_key.this"
          ]
        }
      ]
    },
    {
      "module": "module.iam.module.iam_group_developers_with_assumed_roles",
      "mode": "managed",
      "type": "aws_iam_policy",
      "name": "this",
      "provider": "provider[\"registry.terraform.io/hashicorp/aws\"]",
      "instances": [
        {
          "schema_version": 0,
          "attributes": {
            "arn": "arn:aws:iam::986323537898:policy/developers-with_assumed_roles",
            "attachment_count": 1,
            "description": "Allows to assume role in another AWS account",
            "id": "arn:aws:iam::986323537898:policy/developers-with_assumed_roles",
            "name": "developers-with_assumed_roles",
            "name_prefix": "",
            "path": "/",
            "policy": "{\"Statement\":[{\"Action\":\"sts:AssumeRole\",\"Effect\":\"Allow\",\"Resource\":\"arn:aws:iam::986323537898:role/AmazonEKSClusterRole\"}],\"Version\":\"2012-10-17\"}",
            "policy_id": "ANPA6LJLWZ7VP77KQIKWX",
            "tags": {},
            "tags_all": {}
          },
          "sensitive_attributes": [],
          "private": "bnVsbA==",
          "dependencies": [
            "module.iam.module.eks_cluster_role.aws_iam_role.this",
            "module.iam.module.eks_cluster_role.data.aws_iam_policy_document.assume_role",
            "module.iam.module.eks_cluster_role.data.aws_iam_policy_document.assume_role_with_mfa",
            "module.iam.module.iam_group_developers_with_assumed_roles.data.aws_iam_policy_document.assume_role",
            "module.iam.module.user_developers.aws_iam_access_key.this",
            "module.iam.module.user_developers.aws_iam_access_key.this_no_pgp",
            "module.iam.module.user_developers.aws_iam_user.this",
            "module.iam.module.user_developers.aws_iam_user_login_profile.this",
            "module.iam.module.user_developers.aws_iam_user_ssh_key.this"
          ]
        }
      ]
    },
    {
      "module": "module.iam.module.iam_group_devops",
      "mode": "data",
      "type": "aws_caller_identity",
      "name": "current",
      "provider": "provider[\"registry.terraform.io/hashicorp/aws\"]",
      "instances": [
        {
          "index_key": 0,
          "schema_version": 0,
          "attributes": {
            "account_id": "986323537898",
            "arn": "arn:aws:sts::986323537898:assumed-role/AWSReservedSSO_AdministratorAccess_0dad5e4ab7a9f2bd/Ibrahim",
            "id": "986323537898",
            "user_id": "AROA6LJLWZ7VIZ7O2G6L4:Ibrahim"
          },
          "sensitive_attributes": []
        }
      ]
    },
    {
      "module": "module.iam.module.iam_group_devops",
      "mode": "data",
      "type": "aws_iam_policy_document",
      "name": "iam_self_management",
      "provider": "provider[\"registry.terraform.io/hashicorp/aws\"]",
      "instances": [
        {
          "schema_version": 0,
          "attributes": {
            "id": "571272153",
            "json": "{\n  \"Version\": \"2012-10-17\",\n  \"Statement\": [\n    {\n      \"Sid\": \"AllowViewAccountInfo\",\n      \"Effect\": \"Allow\",\n      \"Action\": [\n        \"iam:ListVirtualMFADevices\",\n        \"iam:ListAccountAliases\",\n        \"iam:GetAccountSummary\",\n        \"iam:GetAccountPasswordPolicy\"\n      ],\n      \"Resource\": \"*\"\n    },\n    {\n      \"Sid\": \"AllowManageOwnPasswords\",\n      \"Effect\": \"Allow\",\n      \"Action\": [\n        \"iam:UpdateLoginProfile\",\n        \"iam:GetUser\",\n        \"iam:GetLoginProfile\",\n        \"iam:ChangePassword\"\n      ],\n      \"Resource\": [\n        \"arn:aws:iam::986323537898:user/*/${aws:username}\",\n        \"arn:aws:iam::986323537898:user/${aws:username}\"\n      ]\n    },\n    {\n      \"Sid\": \"AllowManageOwnAccessKeys\",\n      \"Effect\": \"Allow\",\n      \"Action\": [\n        \"iam:UpdateAccessKey\",\n        \"iam:UntagUser\",\n        \"iam:TagUser\",\n        \"iam:ListUserTags\",\n        \"iam:ListAccessKeys\",\n        \"iam:GetAccessKeyLastUsed\",\n        \"iam:DeleteAccessKey\",\n        \"iam:CreateAccessKey\"\n      ],\n      \"Resource\": [\n        \"arn:aws:iam::986323537898:user/*/${aws:username}\",\n        \"arn:aws:iam::986323537898:user/${aws:username}\"\n      ]\n    },\n    {\n      \"Sid\": \"AllowManageOwnSigningCertificates\",\n      \"Effect\": \"Allow\",\n      \"Action\": [\n        \"iam:UploadSigningCertificate\",\n        \"iam:UpdateSigningCertificate\",\n        \"iam:ListSigningCertificates\",\n        \"iam:DeleteSigningCertificate\"\n      ],\n      \"Resource\": [\n        \"arn:aws:iam::986323537898:user/*/${aws:username}\",\n        \"arn:aws:iam::986323537898:user/${aws:username}\"\n      ]\n    },\n    {\n      \"Sid\": \"AllowManageOwnSSHPublicKeys\",\n      \"Effect\": \"Allow\",\n      \"Action\": [\n        \"iam:UploadSSHPublicKey\",\n        \"iam:UpdateSSHPublicKey\",\n        \"iam:ListSSHPublicKeys\",\n        \"iam:GetSSHPublicKey\",\n        \"iam:DeleteSSHPublicKey\"\n      ],\n      \"Resource\": [\n        \"arn:aws:iam::986323537898:user/*/${aws:username}\",\n        \"arn:aws:iam::986323537898:user/${aws:username}\"\n      ]\n    },\n    {\n      \"Sid\": \"AllowManageOwnGitCredentials\",\n      \"Effect\": \"Allow\",\n      \"Action\": [\n        \"iam:UpdateServiceSpecificCredential\",\n        \"iam:ResetServiceSpecificCredential\",\n        \"iam:ListServiceSpecificCredentials\",\n        \"iam:DeleteServiceSpecificCredential\",\n        \"iam:CreateServiceSpecificCredential\"\n      ],\n      \"Resource\": [\n        \"arn:aws:iam::986323537898:user/*/${aws:username}\",\n        \"arn:aws:iam::986323537898:user/${aws:username}\"\n      ]\n    },\n    {\n      \"Sid\": \"AllowManageOwnVirtualMFADevice\",\n      \"Effect\": \"Allow\",\n      \"Action\": \"iam:CreateVirtualMFADevice\",\n      \"Resource\": \"arn:aws:iam::986323537898:mfa/*\"\n    },\n    {\n      \"Sid\": \"AllowManageOwnUserMFA\",\n      \"Effect\": \"Allow\",\n      \"Action\": [\n        \"iam:ResyncMFADevice\",\n        \"iam:ListMFADevices\",\n        \"iam:EnableMFADevice\",\n        \"iam:DeactivateMFADevice\"\n      ],\n      \"Resource\": [\n        \"arn:aws:iam::986323537898:user/*/${aws:username}\",\n        \"arn:aws:iam::986323537898:user/${aws:username}\"\n      ]\n    },\n    {\n      \"Sid\": \"DenyAllExceptListedIfNoMFA\",\n      \"Effect\": \"Deny\",\n      \"NotAction\": [\n        \"sts:GetSessionToken\",\n        \"iam:ResyncMFADevice\",\n        \"iam:ListVirtualMFADevices\",\n        \"iam:ListMFADevices\",\n        \"iam:GetUser\",\n        \"iam:GetMFADevice\",\n        \"iam:EnableMFADevice\",\n        \"iam:CreateVirtualMFADevice\",\n        \"iam:ChangePassword\"\n      ],\n      \"Resource\": \"*\",\n      \"Condition\": {\n        \"BoolIfExists\": {\n          \"aws:MultiFactorAuthPresent\": \"false\"\n        }\n      }\n    }\n  ]\n}",
            "minified_json": "{\"Version\":\"2012-10-17\",\"Statement\":[{\"Sid\":\"AllowViewAccountInfo\",\"Effect\":\"Allow\",\"Action\":[\"iam:ListVirtualMFADevices\",\"iam:ListAccountAliases\",\"iam:GetAccountSummary\",\"iam:GetAccountPasswordPolicy\"],\"Resource\":\"*\"},{\"Sid\":\"AllowManageOwnPasswords\",\"Effect\":\"Allow\",\"Action\":[\"iam:UpdateLoginProfile\",\"iam:GetUser\",\"iam:GetLoginProfile\",\"iam:ChangePassword\"],\"Resource\":[\"arn:aws:iam::986323537898:user/*/${aws:username}\",\"arn:aws:iam::986323537898:user/${aws:username}\"]},{\"Sid\":\"AllowManageOwnAccessKeys\",\"Effect\":\"Allow\",\"Action\":[\"iam:UpdateAccessKey\",\"iam:UntagUser\",\"iam:TagUser\",\"iam:ListUserTags\",\"iam:ListAccessKeys\",\"iam:GetAccessKeyLastUsed\",\"iam:DeleteAccessKey\",\"iam:CreateAccessKey\"],\"Resource\":[\"arn:aws:iam::986323537898:user/*/${aws:username}\",\"arn:aws:iam::986323537898:user/${aws:username}\"]},{\"Sid\":\"AllowManageOwnSigningCertificates\",\"Effect\":\"Allow\",\"Action\":[\"iam:UploadSigningCertificate\",\"iam:UpdateSigningCertificate\",\"iam:ListSigningCertificates\",\"iam:DeleteSigningCertificate\"],\"Resource\":[\"arn:aws:iam::986323537898:user/*/${aws:username}\",\"arn:aws:iam::986323537898:user/${aws:username}\"]},{\"Sid\":\"AllowManageOwnSSHPublicKeys\",\"Effect\":\"Allow\",\"Action\":[\"iam:UploadSSHPublicKey\",\"iam:UpdateSSHPublicKey\",\"iam:ListSSHPublicKeys\",\"iam:GetSSHPublicKey\",\"iam:DeleteSSHPublicKey\"],\"Resource\":[\"arn:aws:iam::986323537898:user/*/${aws:username}\",\"arn:aws:iam::986323537898:user/${aws:username}\"]},{\"Sid\":\"AllowManageOwnGitCredentials\",\"Effect\":\"Allow\",\"Action\":[\"iam:UpdateServiceSpecificCredential\",\"iam:ResetServiceSpecificCredential\",\"iam:ListServiceSpecificCredentials\",\"iam:DeleteServiceSpecificCredential\",\"iam:CreateServiceSpecificCredential\"],\"Resource\":[\"arn:aws:iam::986323537898:user/*/${aws:username}\",\"arn:aws:iam::986323537898:user/${aws:username}\"]},{\"Sid\":\"AllowManageOwnVirtualMFADevice\",\"Effect\":\"Allow\",\"Action\":\"iam:CreateVirtualMFADevice\",\"Resource\":\"arn:aws:iam::986323537898:mfa/*\"},{\"Sid\":\"AllowManageOwnUserMFA\",\"Effect\":\"Allow\",\"Action\":[\"iam:ResyncMFADevice\",\"iam:ListMFADevices\",\"iam:EnableMFADevice\",\"iam:DeactivateMFADevice\"],\"Resource\":[\"arn:aws:iam::986323537898:user/*/${aws:username}\",\"arn:aws:iam::986323537898:user/${aws:username}\"]},{\"Sid\":\"DenyAllExceptListedIfNoMFA\",\"Effect\":\"Deny\",\"NotAction\":[\"sts:GetSessionToken\",\"iam:ResyncMFADevice\",\"iam:ListVirtualMFADevices\",\"iam:ListMFADevices\",\"iam:GetUser\",\"iam:GetMFADevice\",\"iam:EnableMFADevice\",\"iam:CreateVirtualMFADevice\",\"iam:ChangePassword\"],\"Resource\":\"*\",\"Condition\":{\"BoolIfExists\":{\"aws:MultiFactorAuthPresent\":\"false\"}}}]}",
            "override_json": null,
            "override_policy_documents": null,
            "policy_id": null,
            "source_json": null,
            "source_policy_documents": null,
            "statement": [
              {
                "actions": [
                  "iam:GetAccountPasswordPolicy",
                  "iam:GetAccountSummary",
                  "iam:ListAccountAliases",
                  "iam:ListVirtualMFADevices"
                ],
                "condition": [],
                "effect": "Allow",
                "not_actions": [],
                "not_principals": [],
                "not_resources": [],
                "principals": [],
                "resources": [
                  "*"
                ],
                "sid": "AllowViewAccountInfo"
              },
              {
                "actions": [
                  "iam:ChangePassword",
                  "iam:GetLoginProfile",
                  "iam:GetUser",
                  "iam:UpdateLoginProfile"
                ],
                "condition": [],
                "effect": "Allow",
                "not_actions": [],
                "not_principals": [],
                "not_resources": [],
                "principals": [],
                "resources": [
                  "arn:aws:iam::986323537898:user/${aws:username}",
                  "arn:aws:iam::986323537898:user/*/${aws:username}"
                ],
                "sid": "AllowManageOwnPasswords"
              },
              {
                "actions": [
                  "iam:CreateAccessKey",
                  "iam:DeleteAccessKey",
                  "iam:GetAccessKeyLastUsed",
                  "iam:ListAccessKeys",
                  "iam:ListUserTags",
                  "iam:TagUser",
                  "iam:UntagUser",
                  "iam:UpdateAccessKey"
                ],
                "condition": [],
                "effect": "Allow",
                "not_actions": [],
                "not_principals": [],
                "not_resources": [],
                "principals": [],
                "resources": [
                  "arn:aws:iam::986323537898:user/${aws:username}",
                  "arn:aws:iam::986323537898:user/*/${aws:username}"
                ],
                "sid": "AllowManageOwnAccessKeys"
              },
              {
                "actions": [
                  "iam:DeleteSigningCertificate",
                  "iam:ListSigningCertificates",
                  "iam:UpdateSigningCertificate",
                  "iam:UploadSigningCertificate"
                ],
                "condition": [],
                "effect": "Allow",
                "not_actions": [],
                "not_principals": [],
                "not_resources": [],
                "principals": [],
                "resources": [
                  "arn:aws:iam::986323537898:user/${aws:username}",
                  "arn:aws:iam::986323537898:user/*/${aws:username}"
                ],
                "sid": "AllowManageOwnSigningCertificates"
              },
              {
                "actions": [
                  "iam:DeleteSSHPublicKey",
                  "iam:GetSSHPublicKey",
                  "iam:ListSSHPublicKeys",
                  "iam:UpdateSSHPublicKey",
                  "iam:UploadSSHPublicKey"
                ],
                "condition": [],
                "effect": "Allow",
                "not_actions": [],
                "not_principals": [],
                "not_resources": [],
                "principals": [],
                "resources": [
                  "arn:aws:iam::986323537898:user/${aws:username}",
                  "arn:aws:iam::986323537898:user/*/${aws:username}"
                ],
                "sid": "AllowManageOwnSSHPublicKeys"
              },
              {
                "actions": [
                  "iam:CreateServiceSpecificCredential",
                  "iam:DeleteServiceSpecificCredential",
                  "iam:ListServiceSpecificCredentials",
                  "iam:ResetServiceSpecificCredential",
                  "iam:UpdateServiceSpecificCredential"
                ],
                "condition": [],
                "effect": "Allow",
                "not_actions": [],
                "not_principals": [],
                "not_resources": [],
                "principals": [],
                "resources": [
                  "arn:aws:iam::986323537898:user/${aws:username}",
                  "arn:aws:iam::986323537898:user/*/${aws:username}"
                ],
                "sid": "AllowManageOwnGitCredentials"
              },
              {
                "actions": [
                  "iam:CreateVirtualMFADevice"
                ],
                "condition": [],
                "effect": "Allow",
                "not_actions": [],
                "not_principals": [],
                "not_resources": [],
                "principals": [],
                "resources": [
                  "arn:aws:iam::986323537898:mfa/*"
                ],
                "sid": "AllowManageOwnVirtualMFADevice"
              },
              {
                "actions": [
                  "iam:DeactivateMFADevice",
                  "iam:EnableMFADevice",
                  "iam:ListMFADevices",
                  "iam:ResyncMFADevice"
                ],
                "condition": [],
                "effect": "Allow",
                "not_actions": [],
                "not_principals": [],
                "not_resources": [],
                "principals": [],
                "resources": [
                  "arn:aws:iam::986323537898:user/${aws:username}",
                  "arn:aws:iam::986323537898:user/*/${aws:username}"
                ],
                "sid": "AllowManageOwnUserMFA"
              },
              {
                "actions": [],
                "condition": [
                  {
                    "test": "BoolIfExists",
                    "values": [
                      "false"
                    ],
                    "variable": "aws:MultiFactorAuthPresent"
                  }
                ],
                "effect": "Deny",
                "not_actions": [
                  "iam:ChangePassword",
                  "iam:CreateVirtualMFADevice",
                  "iam:EnableMFADevice",
                  "iam:GetMFADevice",
                  "iam:GetUser",
                  "iam:ListMFADevices",
                  "iam:ListVirtualMFADevices",
                  "iam:ResyncMFADevice",
                  "sts:GetSessionToken"
                ],
                "not_principals": [],
                "not_resources": [],
                "principals": [],
                "resources": [
                  "*"
                ],
                "sid": "DenyAllExceptListedIfNoMFA"
              }
            ],
            "version": "2012-10-17"
          },
          "sensitive_attributes": []
        }
      ]
    },
    {
      "module": "module.iam.module.iam_group_devops",
      "mode": "data",
      "type": "aws_partition",
      "name": "current",
      "provider": "provider[\"registry.terraform.io/hashicorp/aws\"]",
      "instances": [
        {
          "schema_version": 0,
          "attributes": {
            "dns_suffix": "amazonaws.com",
            "id": "aws",
            "partition": "aws",
            "reverse_dns_prefix": "com.amazonaws"
          },
          "sensitive_attributes": []
        }
      ]
    },
    {
      "module": "module.iam.module.iam_group_devops",
      "mode": "managed",
      "type": "aws_iam_group",
      "name": "this",
      "provider": "provider[\"registry.terraform.io/hashicorp/aws\"]",
      "instances": [
        {
          "index_key": 0,
          "schema_version": 0,
          "attributes": {
            "arn": "arn:aws:iam::986323537898:group/devops",
            "id": "devops",
            "name": "devops",
            "path": "/",
            "unique_id": "AGPA6LJLWZ7VGCXCPYF64"
          },
          "sensitive_attributes": [],
          "private": "bnVsbA==",
          "dependencies": [
            "module.iam.module.user_devops.aws_iam_access_key.this",
            "module.iam.module.user_devops.aws_iam_access_key.this_no_pgp",
            "module.iam.module.user_devops.aws_iam_user.this",
            "module.iam.module.user_devops.aws_iam_user_login_profile.this",
            "module.iam.module.user_devops.aws_iam_user_ssh_key.this"
          ]
        }
      ]
    },
    {
      "module": "module.iam.module.iam_group_devops",
      "mode": "managed",
      "type": "aws_iam_group_membership",
      "name": "this",
      "provider": "provider[\"registry.terraform.io/hashicorp/aws\"]",
      "instances": [
        {
          "index_key": 0,
          "schema_version": 0,
          "attributes": {
            "group": "devops",
            "id": "devops",
            "name": "devops",
            "users": [
              "joseph",
              "sammy"
            ]
          },
          "sensitive_attributes": [],
          "private": "bnVsbA==",
          "dependencies": [
            "module.iam.module.iam_group_devops.aws_iam_group.this",
            "module.iam.module.user_devops.aws_iam_access_key.this",
            "module.iam.module.user_devops.aws_iam_access_key.this_no_pgp",
            "module.iam.module.user_devops.aws_iam_user.this",
            "module.iam.module.user_devops.aws_iam_user_login_profile.this",
            "module.iam.module.user_devops.aws_iam_user_ssh_key.this"
          ]
        }
      ]
    },
    {
      "module": "module.iam.module.iam_group_devops",
      "mode": "managed",
      "type": "aws_iam_group_policy_attachment",
      "name": "custom_arns",
      "provider": "provider[\"registry.terraform.io/hashicorp/aws\"]",
      "instances": [
        {
          "index_key": 0,
          "schema_version": 0,
          "attributes": {
            "group": "devops",
            "id": "devops-20250513175024730000000004",
            "policy_arn": "arn:aws:iam::aws:policy/AdministratorAccess"
          },
          "sensitive_attributes": [],
          "private": "bnVsbA==",
          "dependencies": [
            "module.iam.module.iam_group_devops.aws_iam_group.this",
            "module.iam.module.user_devops.aws_iam_access_key.this",
            "module.iam.module.user_devops.aws_iam_access_key.this_no_pgp",
            "module.iam.module.user_devops.aws_iam_user.this",
            "module.iam.module.user_devops.aws_iam_user_login_profile.this",
            "module.iam.module.user_devops.aws_iam_user_ssh_key.this"
          ]
        }
      ]
    },
    {
      "module": "module.iam.module.iam_group_devops",
      "mode": "managed",
      "type": "aws_iam_group_policy_attachment",
      "name": "iam_self_management",
      "provider": "provider[\"registry.terraform.io/hashicorp/aws\"]",
      "instances": [
        {
          "index_key": 0,
          "schema_version": 0,
          "attributes": {
            "group": "devops",
            "id": "devops-20250513175024898000000008",
            "policy_arn": "arn:aws:iam::986323537898:policy/IAMSelfManagement-20250513175024242900000003"
          },
          "sensitive_attributes": [],
          "private": "bnVsbA==",
          "dependencies": [
            "module.iam.module.iam_group_devops.aws_iam_group.this",
            "module.iam.module.iam_group_devops.aws_iam_policy.iam_self_management",
            "module.iam.module.iam_group_devops.data.aws_caller_identity.current",
            "module.iam.module.iam_group_devops.data.aws_iam_policy_document.iam_self_management",
            "module.iam.module.iam_group_devops.data.aws_partition.current",
            "module.iam.module.user_devops.aws_iam_access_key.this",
            "module.iam.module.user_devops.aws_iam_access_key.this_no_pgp",
            "module.iam.module.user_devops.aws_iam_user.this",
            "module.iam.module.user_devops.aws_iam_user_login_profile.this",
            "module.iam.module.user_devops.aws_iam_user_ssh_key.this"
          ]
        }
      ]
    },
    {
      "module": "module.iam.module.iam_group_devops",
      "mode": "managed",
      "type": "aws_iam_policy",
      "name": "iam_self_management",
      "provider": "provider[\"registry.terraform.io/hashicorp/aws\"]",
      "instances": [
        {
          "index_key": 0,
          "schema_version": 0,
          "attributes": {
            "arn": "arn:aws:iam::986323537898:policy/IAMSelfManagement-20250513175024242900000003",
            "attachment_count": 1,
            "description": "",
            "id": "arn:aws:iam::986323537898:policy/IAMSelfManagement-20250513175024242900000003",
            "name": "IAMSelfManagement-20250513175024242900000003",
            "name_prefix": "IAMSelfManagement-",
            "path": "/",
            "policy": "{\"Statement\":[{\"Action\":[\"iam:ListVirtualMFADevices\",\"iam:ListAccountAliases\",\"iam:GetAccountSummary\",\"iam:GetAccountPasswordPolicy\"],\"Effect\":\"Allow\",\"Resource\":\"*\",\"Sid\":\"AllowViewAccountInfo\"},{\"Action\":[\"iam:UpdateLoginProfile\",\"iam:GetUser\",\"iam:GetLoginProfile\",\"iam:ChangePassword\"],\"Effect\":\"Allow\",\"Resource\":[\"arn:aws:iam::986323537898:user/*/${aws:username}\",\"arn:aws:iam::986323537898:user/${aws:username}\"],\"Sid\":\"AllowManageOwnPasswords\"},{\"Action\":[\"iam:UpdateAccessKey\",\"iam:UntagUser\",\"iam:TagUser\",\"iam:ListUserTags\",\"iam:ListAccessKeys\",\"iam:GetAccessKeyLastUsed\",\"iam:DeleteAccessKey\",\"iam:CreateAccessKey\"],\"Effect\":\"Allow\",\"Resource\":[\"arn:aws:iam::986323537898:user/*/${aws:username}\",\"arn:aws:iam::986323537898:user/${aws:username}\"],\"Sid\":\"AllowManageOwnAccessKeys\"},{\"Action\":[\"iam:UploadSigningCertificate\",\"iam:UpdateSigningCertificate\",\"iam:ListSigningCertificates\",\"iam:DeleteSigningCertificate\"],\"Effect\":\"Allow\",\"Resource\":[\"arn:aws:iam::986323537898:user/*/${aws:username}\",\"arn:aws:iam::986323537898:user/${aws:username}\"],\"Sid\":\"AllowManageOwnSigningCertificates\"},{\"Action\":[\"iam:UploadSSHPublicKey\",\"iam:UpdateSSHPublicKey\",\"iam:ListSSHPublicKeys\",\"iam:GetSSHPublicKey\",\"iam:DeleteSSHPublicKey\"],\"Effect\":\"Allow\",\"Resource\":[\"arn:aws:iam::986323537898:user/*/${aws:username}\",\"arn:aws:iam::986323537898:user/${aws:username}\"],\"Sid\":\"AllowManageOwnSSHPublicKeys\"},{\"Action\":[\"iam:UpdateServiceSpecificCredential\",\"iam:ResetServiceSpecificCredential\",\"iam:ListServiceSpecificCredentials\",\"iam:DeleteServiceSpecificCredential\",\"iam:CreateServiceSpecificCredential\"],\"Effect\":\"Allow\",\"Resource\":[\"arn:aws:iam::986323537898:user/*/${aws:username}\",\"arn:aws:iam::986323537898:user/${aws:username}\"],\"Sid\":\"AllowManageOwnGitCredentials\"},{\"Action\":\"iam:CreateVirtualMFADevice\",\"Effect\":\"Allow\",\"Resource\":\"arn:aws:iam::986323537898:mfa/*\",\"Sid\":\"AllowManageOwnVirtualMFADevice\"},{\"Action\":[\"iam:ResyncMFADevice\",\"iam:ListMFADevices\",\"iam:EnableMFADevice\",\"iam:DeactivateMFADevice\"],\"Effect\":\"Allow\",\"Resource\":[\"arn:aws:iam::986323537898:user/*/${aws:username}\",\"arn:aws:iam::986323537898:user/${aws:username}\"],\"Sid\":\"AllowManageOwnUserMFA\"},{\"Condition\":{\"BoolIfExists\":{\"aws:MultiFactorAuthPresent\":\"false\"}},\"Effect\":\"Deny\",\"NotAction\":[\"sts:GetSessionToken\",\"iam:ResyncMFADevice\",\"iam:ListVirtualMFADevices\",\"iam:ListMFADevices\",\"iam:GetUser\",\"iam:GetMFADevice\",\"iam:EnableMFADevice\",\"iam:CreateVirtualMFADevice\",\"iam:ChangePassword\"],\"Resource\":\"*\",\"Sid\":\"DenyAllExceptListedIfNoMFA\"}],\"Version\":\"2012-10-17\"}",
            "policy_id": "ANPA6LJLWZ7VBU7FXDWKN",
            "tags": {},
            "tags_all": {}
          },
          "sensitive_attributes": [],
          "private": "bnVsbA==",
          "dependencies": [
            "module.iam.module.iam_group_devops.data.aws_caller_identity.current",
            "module.iam.module.iam_group_devops.data.aws_iam_policy_document.iam_self_management",
            "module.iam.module.iam_group_devops.data.aws_partition.current",
            "module.iam.module.user_devops.aws_iam_access_key.this",
            "module.iam.module.user_devops.aws_iam_access_key.this_no_pgp",
            "module.iam.module.user_devops.aws_iam_user.this",
            "module.iam.module.user_devops.aws_iam_user_login_profile.this",
            "module.iam.module.user_devops.aws_iam_user_ssh_key.this"
          ]
        }
      ]
    },
    {
      "module": "module.iam.module.iam_group_devops_with_assumed_roles",
      "mode": "data",
      "type": "aws_iam_policy_document",
      "name": "assume_role",
      "provider": "provider[\"registry.terraform.io/hashicorp/aws\"]",
      "instances": [
        {
          "schema_version": 0,
          "attributes": {
            "id": "2993689567",
            "json": "{\n  \"Version\": \"2012-10-17\",\n  \"Statement\": [\n    {\n      \"Effect\": \"Allow\",\n      \"Action\": \"sts:AssumeRole\",\n      \"Resource\": \"arn:aws:iam::986323537898:role/AmazonEKSClusterRole\"\n    }\n  ]\n}",
            "minified_json": "{\"Version\":\"2012-10-17\",\"Statement\":[{\"Effect\":\"Allow\",\"Action\":\"sts:AssumeRole\",\"Resource\":\"arn:aws:iam::986323537898:role/AmazonEKSClusterRole\"}]}",
            "override_json": null,
            "override_policy_documents": null,
            "policy_id": null,
            "source_json": null,
            "source_policy_documents": null,
            "statement": [
              {
                "actions": [
                  "sts:AssumeRole"
                ],
                "condition": [],
                "effect": "Allow",
                "not_actions": [],
                "not_principals": [],
                "not_resources": [],
                "principals": [],
                "resources": [
                  "arn:aws:iam::986323537898:role/AmazonEKSClusterRole"
                ],
                "sid": ""
              }
            ],
            "version": "2012-10-17"
          },
          "sensitive_attributes": []
        }
      ]
    },
    {
      "module": "module.iam.module.iam_group_devops_with_assumed_roles",
      "mode": "managed",
      "type": "aws_iam_group",
      "name": "this",
      "provider": "provider[\"registry.terraform.io/hashicorp/aws\"]",
      "instances": [
        {
          "schema_version": 0,
          "attributes": {
            "arn": "arn:aws:iam::986323537898:group/devops-with_AssumedRoles",
            "id": "devops-with_AssumedRoles",
            "name": "devops-with_AssumedRoles",
            "path": "/",
            "unique_id": "AGPA6LJLWZ7VMNY3ZSGAK"
          },
          "sensitive_attributes": [],
          "private": "bnVsbA==",
          "dependencies": [
            "module.iam.module.user_devops.aws_iam_access_key.this",
            "module.iam.module.user_devops.aws_iam_access_key.this_no_pgp",
            "module.iam.module.user_devops.aws_iam_user.this",
            "module.iam.module.user_devops.aws_iam_user_login_profile.this",
            "module.iam.module.user_devops.aws_iam_user_ssh_key.this"
          ]
        }
      ]
    },
    {
      "module": "module.iam.module.iam_group_devops_with_assumed_roles",
      "mode": "managed",
      "type": "aws_iam_group_membership",
      "name": "this",
      "provider": "provider[\"registry.terraform.io/hashicorp/aws\"]",
      "instances": [
        {
          "index_key": 0,
          "schema_version": 0,
          "attributes": {
            "group": "devops-with_AssumedRoles",
            "id": "devops-with_AssumedRoles",
            "name": "devops-with_AssumedRoles",
            "users": [
              "joseph",
              "sammy"
            ]
          },
          "sensitive_attributes": [],
          "private": "bnVsbA==",
          "dependencies": [
            "module.iam.module.iam_group_devops_with_assumed_roles.aws_iam_group.this",
            "module.iam.module.user_devops.aws_iam_access_key.this",
            "module.iam.module.user_devops.aws_iam_access_key.this_no_pgp",
            "module.iam.module.user_devops.aws_iam_user.this",
            "module.iam.module.user_devops.aws_iam_user_login_profile.this",
            "module.iam.module.user_devops.aws_iam_user_ssh_key.this"
          ]
        }
      ]
    },
    {
      "module": "module.iam.module.iam_group_devops_with_assumed_roles",
      "mode": "managed",
      "type": "aws_iam_group_policy_attachment",
      "name": "this",
      "provider": "provider[\"registry.terraform.io/hashicorp/aws\"]",
      "instances": [
        {
          "schema_version": 0,
          "attributes": {
            "group": "devops-with_AssumedRoles",
            "id": "devops-with_AssumedRoles-20250513175024783400000007",
            "policy_arn": "arn:aws:iam::986323537898:policy/devops-with_AssumedRoles"
          },
          "sensitive_attributes": [],
          "private": "bnVsbA==",
          "dependencies": [
            "module.iam.module.eks_cluster_role.aws_iam_role.this",
            "module.iam.module.eks_cluster_role.data.aws_iam_policy_document.assume_role",
            "module.iam.module.eks_cluster_role.data.aws_iam_policy_document.assume_role_with_mfa",
            "module.iam.module.iam_group_devops_with_assumed_roles.aws_iam_group.this",
            "module.iam.module.iam_group_devops_with_assumed_roles.aws_iam_policy.this",
            "module.iam.module.iam_group_devops_with_assumed_roles.data.aws_iam_policy_document.assume_role",
            "module.iam.module.user_devops.aws_iam_access_key.this",
            "module.iam.module.user_devops.aws_iam_access_key.this_no_pgp",
            "module.iam.module.user_devops.aws_iam_user.this",
            "module.iam.module.user_devops.aws_iam_user_login_profile.this",
            "module.iam.module.user_devops.aws_iam_user_ssh_key.this"
          ]
        }
      ]
    },
    {
      "module": "module.iam.module.iam_group_devops_with_assumed_roles",
      "mode": "managed",
      "type": "aws_iam_policy",
      "name": "this",
      "provider": "provider[\"registry.terraform.io/hashicorp/aws\"]",
      "instances": [
        {
          "schema_version": 0,
          "attributes": {
            "arn": "arn:aws:iam::986323537898:policy/devops-with_AssumedRoles",
            "attachment_count": 1,
            "description": "Allows to assume role in another AWS account",
            "id": "arn:aws:iam::986323537898:policy/devops-with_AssumedRoles",
            "name": "devops-with_AssumedRoles",
            "name_prefix": "",
            "path": "/",
            "policy": "{\"Statement\":[{\"Action\":\"sts:AssumeRole\",\"Effect\":\"Allow\",\"Resource\":\"arn:aws:iam::986323537898:role/AmazonEKSClusterRole\"}],\"Version\":\"2012-10-17\"}",
            "policy_id": "ANPA6LJLWZ7VKVAXQFU5R",
            "tags": {},
            "tags_all": {}
          },
          "sensitive_attributes": [],
          "private": "bnVsbA==",
          "dependencies": [
            "module.iam.module.eks_cluster_role.aws_iam_role.this",
            "module.iam.module.eks_cluster_role.data.aws_iam_policy_document.assume_role",
            "module.iam.module.eks_cluster_role.data.aws_iam_policy_document.assume_role_with_mfa",
            "module.iam.module.iam_group_devops_with_assumed_roles.data.aws_iam_policy_document.assume_role",
            "module.iam.module.user_devops.aws_iam_access_key.this",
            "module.iam.module.user_devops.aws_iam_access_key.this_no_pgp",
            "module.iam.module.user_devops.aws_iam_user.this",
            "module.iam.module.user_devops.aws_iam_user_login_profile.this",
            "module.iam.module.user_devops.aws_iam_user_ssh_key.this"
          ]
        }
      ]
    },
    {
      "module": "module.iam.module.user_developers[0]",
      "mode": "managed",
      "type": "aws_iam_access_key",
      "name": "this_no_pgp",
      "provider": "provider[\"registry.terraform.io/hashicorp/aws\"]",
      "instances": [
        {
          "index_key": 0,
          "schema_version": 0,
          "attributes": {
            "create_date": "2025-05-13T17:50:22Z",
            "encrypted_secret": null,
            "encrypted_ses_smtp_password_v4": null,
            "id": "AKIA6LJLWZ7VK3HGB6JQ",
            "key_fingerprint": null,
            "pgp_key": null,
            "secret": "tjiow0woTW0kWp+Ulckx3eRCFrhBBbuW+eZ7RIeM",
            "ses_smtp_password_v4": "BHhlhKspNsOM66ibrptn4N63LvvjM7P7+eheyp5glxU2",
            "status": "Active",
            "user": "samuel"
          },
          "sensitive_attributes": [
            [
              {
                "type": "get_attr",
                "value": "secret"
              }
            ],
            [
              {
                "type": "get_attr",
                "value": "ses_smtp_password_v4"
              }
            ]
          ],
          "private": "bnVsbA==",
          "dependencies": [
            "module.iam.module.user_developers.aws_iam_user.this"
          ]
        }
      ]
    },
    {
      "module": "module.iam.module.user_developers[0]",
      "mode": "managed",
      "type": "aws_iam_user",
      "name": "this",
      "provider": "provider[\"registry.terraform.io/hashicorp/aws\"]",
      "instances": [
        {
          "index_key": 0,
          "schema_version": 0,
          "attributes": {
            "arn": "arn:aws:iam::986323537898:user/developers/samuel",
            "force_destroy": false,
            "id": "samuel",
            "name": "samuel",
            "path": "/developers/",
            "permissions_boundary": "",
            "tags": {
              "Environment": "dev",
              "Terraform": "true"
            },
            "tags_all": {
              "Environment": "dev",
              "Terraform": "true"
            },
            "unique_id": "AIDA6LJLWZ7VHPKODPZ42"
          },
          "sensitive_attributes": [],
          "private": "bnVsbA=="
        }
      ]
    },
    {
      "module": "module.iam.module.user_developers[0]",
      "mode": "managed",
      "type": "aws_iam_user_login_profile",
      "name": "this",
      "provider": "provider[\"registry.terraform.io/hashicorp/aws\"]",
      "instances": [
        {
          "index_key": 0,
          "schema_version": 0,
          "attributes": {
            "encrypted_password": null,
            "id": "samuel",
            "key_fingerprint": null,
            "password": "+$#ChfM3iIb=MpQ2T\u0026L#",
            "password_length": 20,
            "password_reset_required": true,
            "pgp_key": "",
            "user": "samuel"
          },
          "sensitive_attributes": [
            [
              {
                "type": "get_attr",
                "value": "password"
              }
            ]
          ],
          "private": "bnVsbA==",
          "dependencies": [
            "module.iam.module.user_developers.aws_iam_user.this"
          ]
        }
      ]
    },
    {
      "module": "module.iam.module.user_developers[1]",
      "mode": "managed",
      "type": "aws_iam_access_key",
      "name": "this_no_pgp",
      "provider": "provider[\"registry.terraform.io/hashicorp/aws\"]",
      "instances": [
        {
          "index_key": 0,
          "schema_version": 0,
          "attributes": {
            "create_date": "2025-05-13T17:50:22Z",
            "encrypted_secret": null,
            "encrypted_ses_smtp_password_v4": null,
            "id": "AKIA6LJLWZ7VBL65RB76",
            "key_fingerprint": null,
            "pgp_key": null,
            "secret": "bgc+oZF3YwM3PwwL4rmrv27ZKSPYWFIr0SeF3GPY",
            "ses_smtp_password_v4": "BDifIR4FAy4Hnl6/f9mTus4xVYPQu6Wl0m7BVoW67Nsl",
            "status": "Active",
            "user": "peter"
          },
          "sensitive_attributes": [
            [
              {
                "type": "get_attr",
                "value": "ses_smtp_password_v4"
              }
            ],
            [
              {
                "type": "get_attr",
                "value": "secret"
              }
            ]
          ],
          "private": "bnVsbA==",
          "dependencies": [
            "module.iam.module.user_developers.aws_iam_user.this"
          ]
        }
      ]
    },
    {
      "module": "module.iam.module.user_developers[1]",
      "mode": "managed",
      "type": "aws_iam_user",
      "name": "this",
      "provider": "provider[\"registry.terraform.io/hashicorp/aws\"]",
      "instances": [
        {
          "index_key": 0,
          "schema_version": 0,
          "attributes": {
            "arn": "arn:aws:iam::986323537898:user/developers/peter",
            "force_destroy": false,
            "id": "peter",
            "name": "peter",
            "path": "/developers/",
            "permissions_boundary": "",
            "tags": {
              "Environment": "dev",
              "Terraform": "true"
            },
            "tags_all": {
              "Environment": "dev",
              "Terraform": "true"
            },
            "unique_id": "AIDA6LJLWZ7VBZLHFB5TF"
          },
          "sensitive_attributes": [],
          "private": "bnVsbA=="
        }
      ]
    },
    {
      "module": "module.iam.module.user_developers[1]",
      "mode": "managed",
      "type": "aws_iam_user_login_profile",
      "name": "this",
      "provider": "provider[\"registry.terraform.io/hashicorp/aws\"]",
      "instances": [
        {
          "index_key": 0,
          "schema_version": 0,
          "attributes": {
            "encrypted_password": null,
            "id": "peter",
            "key_fingerprint": null,
            "password": "UJj)1X]PC9MGjMf^wd@'",
            "password_length": 20,
            "password_reset_required": true,
            "pgp_key": "",
            "user": "peter"
          },
          "sensitive_attributes": [
            [
              {
                "type": "get_attr",
                "value": "password"
              }
            ]
          ],
          "private": "bnVsbA==",
          "dependencies": [
            "module.iam.module.user_developers.aws_iam_user.this"
          ]
        }
      ]
    },
    {
      "module": "module.iam.module.user_developers[2]",
      "mode": "managed",
      "type": "aws_iam_access_key",
      "name": "this_no_pgp",
      "provider": "provider[\"registry.terraform.io/hashicorp/aws\"]",
      "instances": [
        {
          "index_key": 0,
          "schema_version": 0,
          "attributes": {
            "create_date": "2025-05-13T17:50:22Z",
            "encrypted_secret": null,
            "encrypted_ses_smtp_password_v4": null,
            "id": "AKIA6LJLWZ7VLOHLKNCY",
            "key_fingerprint": null,
            "pgp_key": null,
            "secret": "7PMyYDwYK7HtxdqB1JH9NicMa6nV11YixyW7y2Eh",
            "ses_smtp_password_v4": "BAZvzF05NtHv0LGfV3Cb0J+9t1NmESTD01vFgqOWjcpr",
            "status": "Active",
            "user": "lekan"
          },
          "sensitive_attributes": [
            [
              {
                "type": "get_attr",
                "value": "ses_smtp_password_v4"
              }
            ],
            [
              {
                "type": "get_attr",
                "value": "secret"
              }
            ]
          ],
          "private": "bnVsbA==",
          "dependencies": [
            "module.iam.module.user_developers.aws_iam_user.this"
          ]
        }
      ]
    },
    {
      "module": "module.iam.module.user_developers[2]",
      "mode": "managed",
      "type": "aws_iam_user",
      "name": "this",
      "provider": "provider[\"registry.terraform.io/hashicorp/aws\"]",
      "instances": [
        {
          "index_key": 0,
          "schema_version": 0,
          "attributes": {
            "arn": "arn:aws:iam::986323537898:user/developers/lekan",
            "force_destroy": false,
            "id": "lekan",
            "name": "lekan",
            "path": "/developers/",
            "permissions_boundary": "",
            "tags": {
              "Environment": "dev",
              "Terraform": "true"
            },
            "tags_all": {
              "Environment": "dev",
              "Terraform": "true"
            },
            "unique_id": "AIDA6LJLWZ7VC5OOWGUW6"
          },
          "sensitive_attributes": [],
          "private": "bnVsbA=="
        }
      ]
    },
    {
      "module": "module.iam.module.user_developers[2]",
      "mode": "managed",
      "type": "aws_iam_user_login_profile",
      "name": "this",
      "provider": "provider[\"registry.terraform.io/hashicorp/aws\"]",
      "instances": [
        {
          "index_key": 0,
          "schema_version": 0,
          "attributes": {
            "encrypted_password": null,
            "id": "lekan",
            "key_fingerprint": null,
            "password": "udcR5H(qaI1%wfAO+1lc",
            "password_length": 20,
            "password_reset_required": true,
            "pgp_key": "",
            "user": "lekan"
          },
          "sensitive_attributes": [
            [
              {
                "type": "get_attr",
                "value": "password"
              }
            ]
          ],
          "private": "bnVsbA==",
          "dependencies": [
            "module.iam.module.user_developers.aws_iam_user.this"
          ]
        }
      ]
    },
    {
      "module": "module.iam.module.user_devops[0]",
      "mode": "managed",
      "type": "aws_iam_access_key",
      "name": "this_no_pgp",
      "provider": "provider[\"registry.terraform.io/hashicorp/aws\"]",
      "instances": [
        {
          "index_key": 0,
          "schema_version": 0,
          "attributes": {
            "create_date": "2025-05-13T17:50:22Z",
            "encrypted_secret": null,
            "encrypted_ses_smtp_password_v4": null,
            "id": "AKIA6LJLWZ7VGMJVPH4H",
            "key_fingerprint": null,
            "pgp_key": null,
            "secret": "B5KMYdgW4bU3ArOL1LboNSkCJiLSnB6/OuPHez9i",
            "ses_smtp_password_v4": "BDFJT18FSJsw2VOQUTWg2itu6bMMWKY0+TRWe8B0Gkms",
            "status": "Active",
            "user": "sammy"
          },
          "sensitive_attributes": [
            [
              {
                "type": "get_attr",
                "value": "ses_smtp_password_v4"
              }
            ],
            [
              {
                "type": "get_attr",
                "value": "secret"
              }
            ]
          ],
          "private": "bnVsbA==",
          "dependencies": [
            "module.iam.module.user_devops.aws_iam_user.this"
          ]
        }
      ]
    },
    {
      "module": "module.iam.module.user_devops[0]",
      "mode": "managed",
      "type": "aws_iam_user",
      "name": "this",
      "provider": "provider[\"registry.terraform.io/hashicorp/aws\"]",
      "instances": [
        {
          "index_key": 0,
          "schema_version": 0,
          "attributes": {
            "arn": "arn:aws:iam::986323537898:user/devops/sammy",
            "force_destroy": false,
            "id": "sammy",
            "name": "sammy",
            "path": "/devops/",
            "permissions_boundary": "",
            "tags": {
              "Environment": "dev",
              "Terraform": "true"
            },
            "tags_all": {
              "Environment": "dev",
              "Terraform": "true"
            },
            "unique_id": "AIDA6LJLWZ7VMDQRVEOSI"
          },
          "sensitive_attributes": [],
          "private": "bnVsbA=="
        }
      ]
    },
    {
      "module": "module.iam.module.user_devops[0]",
      "mode": "managed",
      "type": "aws_iam_user_login_profile",
      "name": "this",
      "provider": "provider[\"registry.terraform.io/hashicorp/aws\"]",
      "instances": [
        {
          "index_key": 0,
          "schema_version": 0,
          "attributes": {
            "encrypted_password": null,
            "id": "sammy",
            "key_fingerprint": null,
            "password": "|p3@7vZX4Qr](^}[4m0w",
            "password_length": 20,
            "password_reset_required": true,
            "pgp_key": "",
            "user": "sammy"
          },
          "sensitive_attributes": [
            [
              {
                "type": "get_attr",
                "value": "password"
              }
            ]
          ],
          "private": "bnVsbA==",
          "dependencies": [
            "module.iam.module.user_devops.aws_iam_user.this"
          ]
        }
      ]
    },
    {
      "module": "module.iam.module.user_devops[1]",
      "mode": "managed",
      "type": "aws_iam_access_key",
      "name": "this_no_pgp",
      "provider": "provider[\"registry.terraform.io/hashicorp/aws\"]",
      "instances": [
        {
          "index_key": 0,
          "schema_version": 0,
          "attributes": {
            "create_date": "2025-05-13T17:50:22Z",
            "encrypted_secret": null,
            "encrypted_ses_smtp_password_v4": null,
            "id": "AKIA6LJLWZ7VGQ7Z3T4H",
            "key_fingerprint": null,
            "pgp_key": null,
            "secret": "vfeyJLQ5bpF8BV2JuWLSUMD1RoW7miI1uVMxFfpU",
            "ses_smtp_password_v4": "BCihfVwVcfqC45O1bMKz2X3H33E5nGtw+8R3wEsIYl2g",
            "status": "Active",
            "user": "joseph"
          },
          "sensitive_attributes": [
            [
              {
                "type": "get_attr",
                "value": "ses_smtp_password_v4"
              }
            ],
            [
              {
                "type": "get_attr",
                "value": "secret"
              }
            ]
          ],
          "private": "bnVsbA==",
          "dependencies": [
            "module.iam.module.user_devops.aws_iam_user.this"
          ]
        }
      ]
    },
    {
      "module": "module.iam.module.user_devops[1]",
      "mode": "managed",
      "type": "aws_iam_user",
      "name": "this",
      "provider": "provider[\"registry.terraform.io/hashicorp/aws\"]",
      "instances": [
        {
          "index_key": 0,
          "schema_version": 0,
          "attributes": {
            "arn": "arn:aws:iam::986323537898:user/devops/joseph",
            "force_destroy": false,
            "id": "joseph",
            "name": "joseph",
            "path": "/devops/",
            "permissions_boundary": "",
            "tags": {
              "Environment": "dev",
              "Terraform": "true"
            },
            "tags_all": {
              "Environment": "dev",
              "Terraform": "true"
            },
            "unique_id": "AIDA6LJLWZ7VHOZ4P5E5Q"
          },
          "sensitive_attributes": [],
          "private": "bnVsbA=="
        }
      ]
    },
    {
      "module": "module.iam.module.user_devops[1]",
      "mode": "managed",
      "type": "aws_iam_user_login_profile",
      "name": "this",
      "provider": "provider[\"registry.terraform.io/hashicorp/aws\"]",
      "instances": [
        {
          "index_key": 0,
          "schema_version": 0,
          "attributes": {
            "encrypted_password": null,
            "id": "joseph",
            "key_fingerprint": null,
            "password": "=|QNFAm8h-[0xQ!7up+E",
            "password_length": 20,
            "password_reset_required": true,
            "pgp_key": "",
            "user": "joseph"
          },
          "sensitive_attributes": [
            [
              {
                "type": "get_attr",
                "value": "password"
              }
            ]
          ],
          "private": "bnVsbA==",
          "dependencies": [
            "module.iam.module.user_devops.aws_iam_user.this"
          ]
        }
      ]
    },
    {
      "module": "module.network",
      "mode": "data",
      "type": "aws_availability_zones",
      "name": "available",
      "provider": "provider[\"registry.terraform.io/hashicorp/aws\"].network",
      "instances": [
        {
          "schema_version": 0,
          "attributes": {
            "all_availability_zones": null,
            "exclude_names": null,
            "exclude_zone_ids": null,
            "filter": null,
            "group_names": [
              "us-east-1-zg-1"
            ],
            "id": "us-east-1",
            "names": [
              "us-east-1a",
              "us-east-1b",
              "us-east-1c",
              "us-east-1d",
              "us-east-1e",
              "us-east-1f"
            ],
            "state": null,
            "timeouts": null,
            "zone_ids": [
              "use1-az2",
              "use1-az4",
              "use1-az6",
              "use1-az1",
              "use1-az3",
              "use1-az5"
            ]
          },
          "sensitive_attributes": []
        }
      ]
    },
    {
      "module": "module.network.module.vpc",
      "mode": "managed",
      "type": "aws_db_subnet_group",
      "name": "database",
      "provider": "module.network.provider[\"registry.terraform.io/hashicorp/aws\"].network",
      "instances": [
        {
          "index_key": 0,
          "schema_version": 0,
          "attributes": {
            "arn": "arn:aws:rds:us-east-1:986323537898:subgrp:dev-us-east-1-vpc",
            "description": "Database subnet group for dev-us-east-1-vpc",
            "id": "dev-us-east-1-vpc",
            "name": "dev-us-east-1-vpc",
            "name_prefix": "",
            "subnet_ids": [
              "subnet-00ca8ae4b7196e354",
              "subnet-072bab33e221fb01b"
            ],
            "supported_network_types": [
              "IPV4"
            ],
            "tags": {
              "Environment": "dev",
              "Name": "dev-us-east-1-vpc",
              "Terraform": "true"
            },
            "tags_all": {
              "Environment": "dev",
              "Name": "dev-us-east-1-vpc",
              "Terraform": "true"
            },
            "vpc_id": "vpc-0aeec631fbbeccbf7"
          },
          "sensitive_attributes": [],
          "private": "bnVsbA==",
          "dependencies": [
            "module.network.data.aws_availability_zones.available",
            "module.network.module.vpc.aws_subnet.database",
            "module.network.module.vpc.aws_vpc.this",
            "module.network.module.vpc.aws_vpc_ipv4_cidr_block_association.this"
          ]
        }
      ]
    },
    {
      "module": "module.network.module.vpc",
      "mode": "managed",
      "type": "aws_default_network_acl",
      "name": "this",
      "provider": "module.network.provider[\"registry.terraform.io/hashicorp/aws\"].network",
      "instances": [
        {
          "index_key": 0,
          "schema_version": 0,
          "attributes": {
            "arn": "arn:aws:ec2:us-east-1:986323537898:network-acl/acl-0deaadc405e355e31",
            "default_network_acl_id": "acl-0deaadc405e355e31",
            "egress": [
              {
                "action": "allow",
                "cidr_block": "",
                "from_port": 0,
                "icmp_code": 0,
                "icmp_type": 0,
                "ipv6_cidr_block": "::/0",
                "protocol": "-1",
                "rule_no": 101,
                "to_port": 0
              },
              {
                "action": "allow",
                "cidr_block": "0.0.0.0/0",
                "from_port": 0,
                "icmp_code": 0,
                "icmp_type": 0,
                "ipv6_cidr_block": "",
                "protocol": "-1",
                "rule_no": 100,
                "to_port": 0
              }
            ],
            "id": "acl-0deaadc405e355e31",
            "ingress": [
              {
                "action": "allow",
                "cidr_block": "",
                "from_port": 0,
                "icmp_code": 0,
                "icmp_type": 0,
                "ipv6_cidr_block": "::/0",
                "protocol": "-1",
                "rule_no": 101,
                "to_port": 0
              },
              {
                "action": "allow",
                "cidr_block": "0.0.0.0/0",
                "from_port": 0,
                "icmp_code": 0,
                "icmp_type": 0,
                "ipv6_cidr_block": "",
                "protocol": "-1",
                "rule_no": 100,
                "to_port": 0
              }
            ],
            "owner_id": "986323537898",
            "subnet_ids": [
              "subnet-00ca8ae4b7196e354",
              "subnet-02798f4f06eae2a04",
              "subnet-051b7a1c59b42e3f0",
              "subnet-072bab33e221fb01b",
              "subnet-07c771e61d7068a2d",
              "subnet-087015c09e9037301"
            ],
            "tags": {
              "Environment": "dev",
              "Name": "dev-us-east-1-vpc-default",
              "Terraform": "true"
            },
            "tags_all": {
              "Environment": "dev",
              "Name": "dev-us-east-1-vpc-default",
              "Terraform": "true"
            },
            "vpc_id": "vpc-0aeec631fbbeccbf7"
          },
          "sensitive_attributes": [],
          "private": "bnVsbA==",
          "dependencies": [
            "module.network.module.vpc.aws_vpc.this"
          ]
        }
      ]
    },
    {
      "module": "module.network.module.vpc",
      "mode": "managed",
      "type": "aws_default_route_table",
      "name": "default",
      "provider": "module.network.provider[\"registry.terraform.io/hashicorp/aws\"].network",
      "instances": [
        {
          "index_key": 0,
          "schema_version": 0,
          "attributes": {
            "arn": "arn:aws:ec2:us-east-1:986323537898:route-table/rtb-0113c2eee594ab567",
            "default_route_table_id": "rtb-0113c2eee594ab567",
            "id": "rtb-0113c2eee594ab567",
            "owner_id": "986323537898",
            "propagating_vgws": [],
            "route": [],
            "tags": {
              "Environment": "dev",
              "Name": "dev-us-east-1-vpc-default",
              "Terraform": "true"
            },
            "tags_all": {
              "Environment": "dev",
              "Name": "dev-us-east-1-vpc-default",
              "Terraform": "true"
            },
            "timeouts": {
              "create": "5m",
              "update": "5m"
            },
            "vpc_id": "vpc-0aeec631fbbeccbf7"
          },
          "sensitive_attributes": [],
          "private": "eyJlMmJmYjczMC1lY2FhLTExZTYtOGY4OC0zNDM2M2JjN2M0YzAiOnsiY3JlYXRlIjozMDAwMDAwMDAwMDAsInVwZGF0ZSI6MzAwMDAwMDAwMDAwfX0=",
          "dependencies": [
            "module.network.module.vpc.aws_vpc.this"
          ]
        }
      ]
    },
    {
      "module": "module.network.module.vpc",
      "mode": "managed",
      "type": "aws_default_security_group",
      "name": "this",
      "provider": "module.network.provider[\"registry.terraform.io/hashicorp/aws\"].network",
      "instances": [
        {
          "index_key": 0,
          "schema_version": 1,
          "attributes": {
            "arn": "arn:aws:ec2:us-east-1:986323537898:security-group/sg-00759cbab995bc9ed",
            "description": "default VPC security group",
            "egress": [],
            "id": "sg-00759cbab995bc9ed",
            "ingress": [],
            "name": "default",
            "name_prefix": "",
            "owner_id": "986323537898",
            "revoke_rules_on_delete": false,
            "tags": {
              "Environment": "dev",
              "Name": "dev-us-east-1-vpc-default",
              "Terraform": "true"
            },
            "tags_all": {
              "Environment": "dev",
              "Name": "dev-us-east-1-vpc-default",
              "Terraform": "true"
            },
            "vpc_id": "vpc-0aeec631fbbeccbf7"
          },
          "sensitive_attributes": [],
          "private": "eyJzY2hlbWFfdmVyc2lvbiI6IjEifQ==",
          "dependencies": [
            "module.network.module.vpc.aws_vpc.this"
          ]
        }
      ]
    },
    {
      "module": "module.network.module.vpc",
      "mode": "managed",
      "type": "aws_eip",
      "name": "nat",
      "provider": "module.network.provider[\"registry.terraform.io/hashicorp/aws\"].network",
      "instances": [
        {
          "index_key": 0,
          "schema_version": 0,
          "attributes": {
            "address": null,
            "allocation_id": "eipalloc-07f344bcbf34ad269",
            "arn": "arn:aws:ec2:us-east-1:986323537898:elastic-ip/eipalloc-07f344bcbf34ad269",
            "associate_with_private_ip": null,
            "association_id": "eipassoc-0ef409bce0aaa9a52",
            "carrier_ip": "",
            "customer_owned_ip": "",
            "customer_owned_ipv4_pool": "",
            "domain": "vpc",
            "id": "eipalloc-07f344bcbf34ad269",
            "instance": "",
            "ipam_pool_id": null,
            "network_border_group": "us-east-1",
            "network_interface": "eni-0187e1d8657db75a4",
            "private_dns": "ip-10-0-1-209.ec2.internal",
            "private_ip": "10.0.1.209",
            "ptr_record": "",
            "public_dns": "ec2-44-206-36-57.compute-1.amazonaws.com",
            "public_ip": "44.206.36.57",
            "public_ipv4_pool": "amazon",
            "tags": {
              "Environment": "dev",
              "Name": "dev-us-east-1-vpc-us-east-1a",
              "Terraform": "true"
            },
            "tags_all": {
              "Environment": "dev",
              "Name": "dev-us-east-1-vpc-us-east-1a",
              "Terraform": "true"
            },
            "timeouts": null,
            "vpc": true
          },
          "sensitive_attributes": [],
          "private": "eyJlMmJmYjczMC1lY2FhLTExZTYtOGY4OC0zNDM2M2JjN2M0YzAiOnsiZGVsZXRlIjoxODAwMDAwMDAwMDAsInJlYWQiOjkwMDAwMDAwMDAwMCwidXBkYXRlIjozMDAwMDAwMDAwMDB9fQ==",
          "dependencies": [
            "module.network.data.aws_availability_zones.available",
            "module.network.module.vpc.aws_internet_gateway.this",
            "module.network.module.vpc.aws_vpc.this",
            "module.network.module.vpc.aws_vpc_ipv4_cidr_block_association.this"
          ]
        }
      ]
    },
    {
      "module": "module.network.module.vpc",
      "mode": "managed",
      "type": "aws_internet_gateway",
      "name": "this",
      "provider": "module.network.provider[\"registry.terraform.io/hashicorp/aws\"].network",
      "instances": [
        {
          "index_key": 0,
          "schema_version": 0,
          "attributes": {
            "arn": "arn:aws:ec2:us-east-1:986323537898:internet-gateway/igw-0af4968ebbdb1d868",
            "id": "igw-0af4968ebbdb1d868",
            "owner_id": "986323537898",
            "tags": {
              "Environment": "dev",
              "Name": "dev-us-east-1-vpc",
              "Terraform": "true"
            },
            "tags_all": {
              "Environment": "dev",
              "Name": "dev-us-east-1-vpc",
              "Terraform": "true"
            },
            "timeouts": null,
            "vpc_id": "vpc-0aeec631fbbeccbf7"
          },
          "sensitive_attributes": [],
          "private": "eyJlMmJmYjczMC1lY2FhLTExZTYtOGY4OC0zNDM2M2JjN2M0YzAiOnsiY3JlYXRlIjoxMjAwMDAwMDAwMDAwLCJkZWxldGUiOjEyMDAwMDAwMDAwMDAsInVwZGF0ZSI6MTIwMDAwMDAwMDAwMH19",
          "dependencies": [
            "module.network.module.vpc.aws_vpc.this",
            "module.network.module.vpc.aws_vpc_ipv4_cidr_block_association.this"
          ]
        }
      ]
    },
    {
      "module": "module.network.module.vpc",
      "mode": "managed",
      "type": "aws_nat_gateway",
      "name": "this",
      "provider": "module.network.provider[\"registry.terraform.io/hashicorp/aws\"].network",
      "instances": [
        {
          "index_key": 0,
          "schema_version": 0,
          "attributes": {
            "allocation_id": "eipalloc-07f344bcbf34ad269",
            "association_id": "eipassoc-0ef409bce0aaa9a52",
            "connectivity_type": "public",
            "id": "nat-0e95689f21f4e932d",
            "network_interface_id": "eni-0187e1d8657db75a4",
            "private_ip": "10.0.1.209",
            "public_ip": "44.206.36.57",
            "secondary_allocation_ids": [],
            "secondary_private_ip_address_count": 0,
            "secondary_private_ip_addresses": [],
            "subnet_id": "subnet-051b7a1c59b42e3f0",
            "tags": {
              "Environment": "dev",
              "Name": "dev-us-east-1-vpc-us-east-1a",
              "Terraform": "true"
            },
            "tags_all": {
              "Environment": "dev",
              "Name": "dev-us-east-1-vpc-us-east-1a",
              "Terraform": "true"
            },
            "timeouts": null
          },
          "sensitive_attributes": [],
          "private": "eyJlMmJmYjczMC1lY2FhLTExZTYtOGY4OC0zNDM2M2JjN2M0YzAiOnsiY3JlYXRlIjo2MDAwMDAwMDAwMDAsImRlbGV0ZSI6MTgwMDAwMDAwMDAwMCwidXBkYXRlIjo2MDAwMDAwMDAwMDB9fQ==",
          "dependencies": [
            "module.network.data.aws_availability_zones.available",
            "module.network.module.vpc.aws_eip.nat",
            "module.network.module.vpc.aws_internet_gateway.this",
            "module.network.module.vpc.aws_subnet.public",
            "module.network.module.vpc.aws_vpc.this",
            "module.network.module.vpc.aws_vpc_ipv4_cidr_block_association.this"
          ]
        }
      ]
    },
    {
      "module": "module.network.module.vpc",
      "mode": "managed",
      "type": "aws_route",
      "name": "private_nat_gateway",
      "provider": "module.network.provider[\"registry.terraform.io/hashicorp/aws\"].network",
      "instances": [
        {
          "index_key": 0,
          "schema_version": 0,
          "attributes": {
            "carrier_gateway_id": "",
            "core_network_arn": "",
            "destination_cidr_block": "0.0.0.0/0",
            "destination_ipv6_cidr_block": "",
            "destination_prefix_list_id": "",
            "egress_only_gateway_id": "",
            "gateway_id": "",
            "id": "r-rtb-04d390542380e5c371080289494",
            "instance_id": "",
            "instance_owner_id": "",
            "local_gateway_id": "",
            "nat_gateway_id": "nat-0e95689f21f4e932d",
            "network_interface_id": "",
            "origin": "CreateRoute",
            "route_table_id": "rtb-04d390542380e5c37",
            "state": "active",
            "timeouts": {
              "create": "5m",
              "delete": null,
              "update": null
            },
            "transit_gateway_id": "",
            "vpc_endpoint_id": "",
            "vpc_peering_connection_id": ""
          },
          "sensitive_attributes": [],
          "private": "eyJlMmJmYjczMC1lY2FhLTExZTYtOGY4OC0zNDM2M2JjN2M0YzAiOnsiY3JlYXRlIjozMDAwMDAwMDAwMDAsImRlbGV0ZSI6MzAwMDAwMDAwMDAwLCJ1cGRhdGUiOjEyMDAwMDAwMDAwMH19",
          "dependencies": [
            "module.network.data.aws_availability_zones.available",
            "module.network.module.vpc.aws_eip.nat",
            "module.network.module.vpc.aws_internet_gateway.this",
            "module.network.module.vpc.aws_nat_gateway.this",
            "module.network.module.vpc.aws_route_table.private",
            "module.network.module.vpc.aws_subnet.public",
            "module.network.module.vpc.aws_vpc.this",
            "module.network.module.vpc.aws_vpc_ipv4_cidr_block_association.this"
          ]
        }
      ]
    },
    {
      "module": "module.network.module.vpc",
      "mode": "managed",
      "type": "aws_route",
      "name": "public_internet_gateway",
      "provider": "module.network.provider[\"registry.terraform.io/hashicorp/aws\"].network",
      "instances": [
        {
          "index_key": 0,
          "schema_version": 0,
          "attributes": {
            "carrier_gateway_id": "",
            "core_network_arn": "",
            "destination_cidr_block": "0.0.0.0/0",
            "destination_ipv6_cidr_block": "",
            "destination_prefix_list_id": "",
            "egress_only_gateway_id": "",
            "gateway_id": "igw-0af4968ebbdb1d868",
            "id": "r-rtb-057a2c3be9f187d341080289494",
            "instance_id": "",
            "instance_owner_id": "",
            "local_gateway_id": "",
            "nat_gateway_id": "",
            "network_interface_id": "",
            "origin": "CreateRoute",
            "route_table_id": "rtb-057a2c3be9f187d34",
            "state": "active",
            "timeouts": {
              "create": "5m",
              "delete": null,
              "update": null
            },
            "transit_gateway_id": "",
            "vpc_endpoint_id": "",
            "vpc_peering_connection_id": ""
          },
          "sensitive_attributes": [],
          "private": "eyJlMmJmYjczMC1lY2FhLTExZTYtOGY4OC0zNDM2M2JjN2M0YzAiOnsiY3JlYXRlIjozMDAwMDAwMDAwMDAsImRlbGV0ZSI6MzAwMDAwMDAwMDAwLCJ1cGRhdGUiOjEyMDAwMDAwMDAwMH19",
          "dependencies": [
            "module.network.module.vpc.aws_internet_gateway.this",
            "module.network.module.vpc.aws_route_table.public",
            "module.network.module.vpc.aws_vpc.this",
            "module.network.module.vpc.aws_vpc_ipv4_cidr_block_association.this"
          ]
        }
      ]
    },
    {
      "module": "module.network.module.vpc",
      "mode": "managed",
      "type": "aws_route_table",
      "name": "private",
      "provider": "module.network.provider[\"registry.terraform.io/hashicorp/aws\"].network",
      "instances": [
        {
          "index_key": 0,
          "schema_version": 0,
          "attributes": {
            "arn": "arn:aws:ec2:us-east-1:986323537898:route-table/rtb-04d390542380e5c37",
            "id": "rtb-04d390542380e5c37",
            "owner_id": "986323537898",
            "propagating_vgws": [],
            "route": [
              {
                "carrier_gateway_id": "",
                "cidr_block": "0.0.0.0/0",
                "core_network_arn": "",
                "destination_prefix_list_id": "",
                "egress_only_gateway_id": "",
                "gateway_id": "",
                "ipv6_cidr_block": "",
                "local_gateway_id": "",
                "nat_gateway_id": "nat-0e95689f21f4e932d",
                "network_interface_id": "",
                "transit_gateway_id": "",
                "vpc_endpoint_id": "",
                "vpc_peering_connection_id": ""
              }
            ],
            "tags": {
              "Environment": "dev",
              "Name": "dev-us-east-1-vpc-private",
              "Terraform": "true"
            },
            "tags_all": {
              "Environment": "dev",
              "Name": "dev-us-east-1-vpc-private",
              "Terraform": "true"
            },
            "timeouts": null,
            "vpc_id": "vpc-0aeec631fbbeccbf7"
          },
          "sensitive_attributes": [],
          "private": "eyJlMmJmYjczMC1lY2FhLTExZTYtOGY4OC0zNDM2M2JjN2M0YzAiOnsiY3JlYXRlIjozMDAwMDAwMDAwMDAsImRlbGV0ZSI6MzAwMDAwMDAwMDAwLCJ1cGRhdGUiOjEyMDAwMDAwMDAwMH19",
          "dependencies": [
            "module.network.data.aws_availability_zones.available",
            "module.network.module.vpc.aws_vpc.this",
            "module.network.module.vpc.aws_vpc_ipv4_cidr_block_association.this"
          ]
        }
      ]
    },
    {
      "module": "module.network.module.vpc",
      "mode": "managed",
      "type": "aws_route_table",
      "name": "public",
      "provider": "module.network.provider[\"registry.terraform.io/hashicorp/aws\"].network",
      "instances": [
        {
          "index_key": 0,
          "schema_version": 0,
          "attributes": {
            "arn": "arn:aws:ec2:us-east-1:986323537898:route-table/rtb-057a2c3be9f187d34",
            "id": "rtb-057a2c3be9f187d34",
            "owner_id": "986323537898",
            "propagating_vgws": [],
            "route": [
              {
                "carrier_gateway_id": "",
                "cidr_block": "0.0.0.0/0",
                "core_network_arn": "",
                "destination_prefix_list_id": "",
                "egress_only_gateway_id": "",
                "gateway_id": "igw-0af4968ebbdb1d868",
                "ipv6_cidr_block": "",
                "local_gateway_id": "",
                "nat_gateway_id": "",
                "network_interface_id": "",
                "transit_gateway_id": "",
                "vpc_endpoint_id": "",
                "vpc_peering_connection_id": ""
              }
            ],
            "tags": {
              "Environment": "dev",
              "Name": "dev-us-east-1-vpc-public",
              "Terraform": "true"
            },
            "tags_all": {
              "Environment": "dev",
              "Name": "dev-us-east-1-vpc-public",
              "Terraform": "true"
            },
            "timeouts": null,
            "vpc_id": "vpc-0aeec631fbbeccbf7"
          },
          "sensitive_attributes": [],
          "private": "eyJlMmJmYjczMC1lY2FhLTExZTYtOGY4OC0zNDM2M2JjN2M0YzAiOnsiY3JlYXRlIjozMDAwMDAwMDAwMDAsImRlbGV0ZSI6MzAwMDAwMDAwMDAwLCJ1cGRhdGUiOjEyMDAwMDAwMDAwMH19",
          "dependencies": [
            "module.network.module.vpc.aws_vpc.this",
            "module.network.module.vpc.aws_vpc_ipv4_cidr_block_association.this"
          ]
        }
      ]
    },
    {
      "module": "module.network.module.vpc",
      "mode": "managed",
      "type": "aws_route_table_association",
      "name": "database",
      "provider": "module.network.provider[\"registry.terraform.io/hashicorp/aws\"].network",
      "instances": [
        {
          "index_key": 0,
          "schema_version": 0,
          "attributes": {
            "gateway_id": "",
            "id": "rtbassoc-09dbb42348a1cf9b6",
            "route_table_id": "rtb-04d390542380e5c37",
            "subnet_id": "subnet-072bab33e221fb01b",
            "timeouts": null
          },
          "sensitive_attributes": [],
          "private": "eyJlMmJmYjczMC1lY2FhLTExZTYtOGY4OC0zNDM2M2JjN2M0YzAiOnsiY3JlYXRlIjozMDAwMDAwMDAwMDAsImRlbGV0ZSI6MzAwMDAwMDAwMDAwLCJ1cGRhdGUiOjEyMDAwMDAwMDAwMH19",
          "dependencies": [
            "module.network.data.aws_availability_zones.available",
            "module.network.module.vpc.aws_route_table.database",
            "module.network.module.vpc.aws_route_table.private",
            "module.network.module.vpc.aws_subnet.database",
            "module.network.module.vpc.aws_vpc.this",
            "module.network.module.vpc.aws_vpc_ipv4_cidr_block_association.this"
          ]
        },
        {
          "index_key": 1,
          "schema_version": 0,
          "attributes": {
            "gateway_id": "",
            "id": "rtbassoc-0c9e7d963a801b5a9",
            "route_table_id": "rtb-04d390542380e5c37",
            "subnet_id": "subnet-00ca8ae4b7196e354",
            "timeouts": null
          },
          "sensitive_attributes": [],
          "private": "eyJlMmJmYjczMC1lY2FhLTExZTYtOGY4OC0zNDM2M2JjN2M0YzAiOnsiY3JlYXRlIjozMDAwMDAwMDAwMDAsImRlbGV0ZSI6MzAwMDAwMDAwMDAwLCJ1cGRhdGUiOjEyMDAwMDAwMDAwMH19",
          "dependencies": [
            "module.network.data.aws_availability_zones.available",
            "module.network.module.vpc.aws_route_table.database",
            "module.network.module.vpc.aws_route_table.private",
            "module.network.module.vpc.aws_subnet.database",
            "module.network.module.vpc.aws_vpc.this",
            "module.network.module.vpc.aws_vpc_ipv4_cidr_block_association.this"
          ]
        }
      ]
    },
    {
      "module": "module.network.module.vpc",
      "mode": "managed",
      "type": "aws_route_table_association",
      "name": "private",
      "provider": "module.network.provider[\"registry.terraform.io/hashicorp/aws\"].network",
      "instances": [
        {
          "index_key": 0,
          "schema_version": 0,
          "attributes": {
            "gateway_id": "",
            "id": "rtbassoc-0f4e6c852af6fc4ad",
            "route_table_id": "rtb-04d390542380e5c37",
            "subnet_id": "subnet-02798f4f06eae2a04",
            "timeouts": null
          },
          "sensitive_attributes": [],
          "private": "eyJlMmJmYjczMC1lY2FhLTExZTYtOGY4OC0zNDM2M2JjN2M0YzAiOnsiY3JlYXRlIjozMDAwMDAwMDAwMDAsImRlbGV0ZSI6MzAwMDAwMDAwMDAwLCJ1cGRhdGUiOjEyMDAwMDAwMDAwMH19",
          "dependencies": [
            "module.network.data.aws_availability_zones.available",
            "module.network.module.vpc.aws_route_table.private",
            "module.network.module.vpc.aws_subnet.private",
            "module.network.module.vpc.aws_vpc.this",
            "module.network.module.vpc.aws_vpc_ipv4_cidr_block_association.this"
          ]
        },
        {
          "index_key": 1,
          "schema_version": 0,
          "attributes": {
            "gateway_id": "",
            "id": "rtbassoc-04a3bba9237419c39",
            "route_table_id": "rtb-04d390542380e5c37",
            "subnet_id": "subnet-087015c09e9037301",
            "timeouts": null
          },
          "sensitive_attributes": [],
          "private": "eyJlMmJmYjczMC1lY2FhLTExZTYtOGY4OC0zNDM2M2JjN2M0YzAiOnsiY3JlYXRlIjozMDAwMDAwMDAwMDAsImRlbGV0ZSI6MzAwMDAwMDAwMDAwLCJ1cGRhdGUiOjEyMDAwMDAwMDAwMH19",
          "dependencies": [
            "module.network.data.aws_availability_zones.available",
            "module.network.module.vpc.aws_route_table.private",
            "module.network.module.vpc.aws_subnet.private",
            "module.network.module.vpc.aws_vpc.this",
            "module.network.module.vpc.aws_vpc_ipv4_cidr_block_association.this"
          ]
        }
      ]
    },
    {
      "module": "module.network.module.vpc",
      "mode": "managed",
      "type": "aws_route_table_association",
      "name": "public",
      "provider": "module.network.provider[\"registry.terraform.io/hashicorp/aws\"].network",
      "instances": [
        {
          "index_key": 0,
          "schema_version": 0,
          "attributes": {
            "gateway_id": "",
            "id": "rtbassoc-01b1e2a9f68cf0a6c",
            "route_table_id": "rtb-057a2c3be9f187d34",
            "subnet_id": "subnet-051b7a1c59b42e3f0",
            "timeouts": null
          },
          "sensitive_attributes": [],
          "private": "eyJlMmJmYjczMC1lY2FhLTExZTYtOGY4OC0zNDM2M2JjN2M0YzAiOnsiY3JlYXRlIjozMDAwMDAwMDAwMDAsImRlbGV0ZSI6MzAwMDAwMDAwMDAwLCJ1cGRhdGUiOjEyMDAwMDAwMDAwMH19",
          "dependencies": [
            "module.network.data.aws_availability_zones.available",
            "module.network.module.vpc.aws_route_table.public",
            "module.network.module.vpc.aws_subnet.public",
            "module.network.module.vpc.aws_vpc.this",
            "module.network.module.vpc.aws_vpc_ipv4_cidr_block_association.this"
          ]
        },
        {
          "index_key": 1,
          "schema_version": 0,
          "attributes": {
            "gateway_id": "",
            "id": "rtbassoc-0a03c423208308283",
            "route_table_id": "rtb-057a2c3be9f187d34",
            "subnet_id": "subnet-07c771e61d7068a2d",
            "timeouts": null
          },
          "sensitive_attributes": [],
          "private": "eyJlMmJmYjczMC1lY2FhLTExZTYtOGY4OC0zNDM2M2JjN2M0YzAiOnsiY3JlYXRlIjozMDAwMDAwMDAwMDAsImRlbGV0ZSI6MzAwMDAwMDAwMDAwLCJ1cGRhdGUiOjEyMDAwMDAwMDAwMH19",
          "dependencies": [
            "module.network.data.aws_availability_zones.available",
            "module.network.module.vpc.aws_route_table.public",
            "module.network.module.vpc.aws_subnet.public",
            "module.network.module.vpc.aws_vpc.this",
            "module.network.module.vpc.aws_vpc_ipv4_cidr_block_association.this"
          ]
        }
      ]
    },
    {
      "module": "module.network.module.vpc",
      "mode": "managed",
      "type": "aws_subnet",
      "name": "database",
      "provider": "module.network.provider[\"registry.terraform.io/hashicorp/aws\"].network",
      "instances": [
        {
          "index_key": 0,
          "schema_version": 1,
          "attributes": {
            "arn": "arn:aws:ec2:us-east-1:986323537898:subnet/subnet-072bab33e221fb01b",
            "assign_ipv6_address_on_creation": false,
            "availability_zone": "us-east-1a",
            "availability_zone_id": "use1-az2",
            "cidr_block": "10.0.100.0/24",
            "customer_owned_ipv4_pool": "",
            "enable_dns64": false,
            "enable_lni_at_device_index": 0,
            "enable_resource_name_dns_a_record_on_launch": false,
            "enable_resource_name_dns_aaaa_record_on_launch": false,
            "id": "subnet-072bab33e221fb01b",
            "ipv6_cidr_block": "",
            "ipv6_cidr_block_association_id": "",
            "ipv6_native": false,
            "map_customer_owned_ip_on_launch": false,
            "map_public_ip_on_launch": false,
            "outpost_arn": "",
            "owner_id": "986323537898",
            "private_dns_hostname_type_on_launch": "ip-name",
            "tags": {
              "Environment": "dev",
              "Name": "dev-us-east-1-vpc-db-us-east-1a",
              "Terraform": "true",
              "Type": "database"
            },
            "tags_all": {
              "Environment": "dev",
              "Name": "dev-us-east-1-vpc-db-us-east-1a",
              "Terraform": "true",
              "Type": "database"
            },
            "timeouts": null,
            "vpc_id": "vpc-0aeec631fbbeccbf7"
          },
          "sensitive_attributes": [],
          "private": "eyJlMmJmYjczMC1lY2FhLTExZTYtOGY4OC0zNDM2M2JjN2M0YzAiOnsiY3JlYXRlIjo2MDAwMDAwMDAwMDAsImRlbGV0ZSI6MTIwMDAwMDAwMDAwMH0sInNjaGVtYV92ZXJzaW9uIjoiMSJ9",
          "dependencies": [
            "module.network.data.aws_availability_zones.available",
            "module.network.module.vpc.aws_vpc.this",
            "module.network.module.vpc.aws_vpc_ipv4_cidr_block_association.this"
          ]
        },
        {
          "index_key": 1,
          "schema_version": 1,
          "attributes": {
            "arn": "arn:aws:ec2:us-east-1:986323537898:subnet/subnet-00ca8ae4b7196e354",
            "assign_ipv6_address_on_creation": false,
            "availability_zone": "us-east-1b",
            "availability_zone_id": "use1-az4",
            "cidr_block": "10.0.101.0/24",
            "customer_owned_ipv4_pool": "",
            "enable_dns64": false,
            "enable_lni_at_device_index": 0,
            "enable_resource_name_dns_a_record_on_launch": false,
            "enable_resource_name_dns_aaaa_record_on_launch": false,
            "id": "subnet-00ca8ae4b7196e354",
            "ipv6_cidr_block": "",
            "ipv6_cidr_block_association_id": "",
            "ipv6_native": false,
            "map_customer_owned_ip_on_launch": false,
            "map_public_ip_on_launch": false,
            "outpost_arn": "",
            "owner_id": "986323537898",
            "private_dns_hostname_type_on_launch": "ip-name",
            "tags": {
              "Environment": "dev",
              "Name": "dev-us-east-1-vpc-db-us-east-1b",
              "Terraform": "true",
              "Type": "database"
            },
            "tags_all": {
              "Environment": "dev",
              "Name": "dev-us-east-1-vpc-db-us-east-1b",
              "Terraform": "true",
              "Type": "database"
            },
            "timeouts": null,
            "vpc_id": "vpc-0aeec631fbbeccbf7"
          },
          "sensitive_attributes": [],
          "private": "eyJlMmJmYjczMC1lY2FhLTExZTYtOGY4OC0zNDM2M2JjN2M0YzAiOnsiY3JlYXRlIjo2MDAwMDAwMDAwMDAsImRlbGV0ZSI6MTIwMDAwMDAwMDAwMH0sInNjaGVtYV92ZXJzaW9uIjoiMSJ9",
          "dependencies": [
            "module.network.data.aws_availability_zones.available",
            "module.network.module.vpc.aws_vpc.this",
            "module.network.module.vpc.aws_vpc_ipv4_cidr_block_association.this"
          ]
        }
      ]
    },
    {
      "module": "module.network.module.vpc",
      "mode": "managed",
      "type": "aws_subnet",
      "name": "private",
      "provider": "module.network.provider[\"registry.terraform.io/hashicorp/aws\"].network",
      "instances": [
        {
          "index_key": 0,
          "schema_version": 1,
          "attributes": {
            "arn": "arn:aws:ec2:us-east-1:986323537898:subnet/subnet-02798f4f06eae2a04",
            "assign_ipv6_address_on_creation": false,
            "availability_zone": "us-east-1a",
            "availability_zone_id": "use1-az2",
            "cidr_block": "10.0.3.0/24",
            "customer_owned_ipv4_pool": "",
            "enable_dns64": false,
            "enable_lni_at_device_index": 0,
            "enable_resource_name_dns_a_record_on_launch": false,
            "enable_resource_name_dns_aaaa_record_on_launch": false,
            "id": "subnet-02798f4f06eae2a04",
            "ipv6_cidr_block": "",
            "ipv6_cidr_block_association_id": "",
            "ipv6_native": false,
            "map_customer_owned_ip_on_launch": false,
            "map_public_ip_on_launch": false,
            "outpost_arn": "",
            "owner_id": "986323537898",
            "private_dns_hostname_type_on_launch": "ip-name",
            "tags": {
              "Environment": "dev",
              "Name": "dev-us-east-1-vpc-private-us-east-1a",
              "Terraform": "true",
              "Type": "private applications",
              "kubernetes.io/role/internal-elb": "1"
            },
            "tags_all": {
              "Environment": "dev",
              "Name": "dev-us-east-1-vpc-private-us-east-1a",
              "Terraform": "true",
              "Type": "private applications",
              "kubernetes.io/role/internal-elb": "1"
            },
            "timeouts": null,
            "vpc_id": "vpc-0aeec631fbbeccbf7"
          },
          "sensitive_attributes": [],
          "private": "eyJlMmJmYjczMC1lY2FhLTExZTYtOGY4OC0zNDM2M2JjN2M0YzAiOnsiY3JlYXRlIjo2MDAwMDAwMDAwMDAsImRlbGV0ZSI6MTIwMDAwMDAwMDAwMH0sInNjaGVtYV92ZXJzaW9uIjoiMSJ9",
          "dependencies": [
            "module.network.data.aws_availability_zones.available",
            "module.network.module.vpc.aws_vpc.this",
            "module.network.module.vpc.aws_vpc_ipv4_cidr_block_association.this"
          ],
          "create_before_destroy": true
        },
        {
          "index_key": 1,
          "schema_version": 1,
          "attributes": {
            "arn": "arn:aws:ec2:us-east-1:986323537898:subnet/subnet-087015c09e9037301",
            "assign_ipv6_address_on_creation": false,
            "availability_zone": "us-east-1b",
            "availability_zone_id": "use1-az4",
            "cidr_block": "10.0.4.0/24",
            "customer_owned_ipv4_pool": "",
            "enable_dns64": false,
            "enable_lni_at_device_index": 0,
            "enable_resource_name_dns_a_record_on_launch": false,
            "enable_resource_name_dns_aaaa_record_on_launch": false,
            "id": "subnet-087015c09e9037301",
            "ipv6_cidr_block": "",
            "ipv6_cidr_block_association_id": "",
            "ipv6_native": false,
            "map_customer_owned_ip_on_launch": false,
            "map_public_ip_on_launch": false,
            "outpost_arn": "",
            "owner_id": "986323537898",
            "private_dns_hostname_type_on_launch": "ip-name",
            "tags": {
              "Environment": "dev",
              "Name": "dev-us-east-1-vpc-private-us-east-1b",
              "Terraform": "true",
              "Type": "private applications",
              "kubernetes.io/role/internal-elb": "1"
            },
            "tags_all": {
              "Environment": "dev",
              "Name": "dev-us-east-1-vpc-private-us-east-1b",
              "Terraform": "true",
              "Type": "private applications",
              "kubernetes.io/role/internal-elb": "1"
            },
            "timeouts": null,
            "vpc_id": "vpc-0aeec631fbbeccbf7"
          },
          "sensitive_attributes": [],
          "private": "eyJlMmJmYjczMC1lY2FhLTExZTYtOGY4OC0zNDM2M2JjN2M0YzAiOnsiY3JlYXRlIjo2MDAwMDAwMDAwMDAsImRlbGV0ZSI6MTIwMDAwMDAwMDAwMH0sInNjaGVtYV92ZXJzaW9uIjoiMSJ9",
          "dependencies": [
            "module.network.data.aws_availability_zones.available",
            "module.network.module.vpc.aws_vpc.this",
            "module.network.module.vpc.aws_vpc_ipv4_cidr_block_association.this"
          ],
          "create_before_destroy": true
        }
      ]
    },
    {
      "module": "module.network.module.vpc",
      "mode": "managed",
      "type": "aws_subnet",
      "name": "public",
      "provider": "module.network.provider[\"registry.terraform.io/hashicorp/aws\"].network",
      "instances": [
        {
          "index_key": 0,
          "schema_version": 1,
          "attributes": {
            "arn": "arn:aws:ec2:us-east-1:986323537898:subnet/subnet-051b7a1c59b42e3f0",
            "assign_ipv6_address_on_creation": false,
            "availability_zone": "us-east-1a",
            "availability_zone_id": "use1-az2",
            "cidr_block": "10.0.1.0/24",
            "customer_owned_ipv4_pool": "",
            "enable_dns64": false,
            "enable_lni_at_device_index": 0,
            "enable_resource_name_dns_a_record_on_launch": false,
            "enable_resource_name_dns_aaaa_record_on_launch": false,
            "id": "subnet-051b7a1c59b42e3f0",
            "ipv6_cidr_block": "",
            "ipv6_cidr_block_association_id": "",
            "ipv6_native": false,
            "map_customer_owned_ip_on_launch": false,
            "map_public_ip_on_launch": false,
            "outpost_arn": "",
            "owner_id": "986323537898",
            "private_dns_hostname_type_on_launch": "ip-name",
            "tags": {
              "Environment": "dev",
              "Name": "dev-us-east-1-vpc-public-us-east-1a",
              "Terraform": "true",
              "Type": "public",
              "kubernetes.io/role/elb": "1"
            },
            "tags_all": {
              "Environment": "dev",
              "Name": "dev-us-east-1-vpc-public-us-east-1a",
              "Terraform": "true",
              "Type": "public",
              "kubernetes.io/role/elb": "1"
            },
            "timeouts": null,
            "vpc_id": "vpc-0aeec631fbbeccbf7"
          },
          "sensitive_attributes": [],
          "private": "eyJlMmJmYjczMC1lY2FhLTExZTYtOGY4OC0zNDM2M2JjN2M0YzAiOnsiY3JlYXRlIjo2MDAwMDAwMDAwMDAsImRlbGV0ZSI6MTIwMDAwMDAwMDAwMH0sInNjaGVtYV92ZXJzaW9uIjoiMSJ9",
          "dependencies": [
            "module.network.data.aws_availability_zones.available",
            "module.network.module.vpc.aws_vpc.this",
            "module.network.module.vpc.aws_vpc_ipv4_cidr_block_association.this"
          ]
        },
        {
          "index_key": 1,
          "schema_version": 1,
          "attributes": {
            "arn": "arn:aws:ec2:us-east-1:986323537898:subnet/subnet-07c771e61d7068a2d",
            "assign_ipv6_address_on_creation": false,
            "availability_zone": "us-east-1b",
            "availability_zone_id": "use1-az4",
            "cidr_block": "10.0.2.0/24",
            "customer_owned_ipv4_pool": "",
            "enable_dns64": false,
            "enable_lni_at_device_index": 0,
            "enable_resource_name_dns_a_record_on_launch": false,
            "enable_resource_name_dns_aaaa_record_on_launch": false,
            "id": "subnet-07c771e61d7068a2d",
            "ipv6_cidr_block": "",
            "ipv6_cidr_block_association_id": "",
            "ipv6_native": false,
            "map_customer_owned_ip_on_launch": false,
            "map_public_ip_on_launch": false,
            "outpost_arn": "",
            "owner_id": "986323537898",
            "private_dns_hostname_type_on_launch": "ip-name",
            "tags": {
              "Environment": "dev",
              "Name": "dev-us-east-1-vpc-public-us-east-1b",
              "Terraform": "true",
              "Type": "public",
              "kubernetes.io/role/elb": "1"
            },
            "tags_all": {
              "Environment": "dev",
              "Name": "dev-us-east-1-vpc-public-us-east-1b",
              "Terraform": "true",
              "Type": "public",
              "kubernetes.io/role/elb": "1"
            },
            "timeouts": null,
            "vpc_id": "vpc-0aeec631fbbeccbf7"
          },
          "sensitive_attributes": [],
          "private": "eyJlMmJmYjczMC1lY2FhLTExZTYtOGY4OC0zNDM2M2JjN2M0YzAiOnsiY3JlYXRlIjo2MDAwMDAwMDAwMDAsImRlbGV0ZSI6MTIwMDAwMDAwMDAwMH0sInNjaGVtYV92ZXJzaW9uIjoiMSJ9",
          "dependencies": [
            "module.network.data.aws_availability_zones.available",
            "module.network.module.vpc.aws_vpc.this",
            "module.network.module.vpc.aws_vpc_ipv4_cidr_block_association.this"
          ]
        }
      ]
    },
    {
      "module": "module.network.module.vpc",
      "mode": "managed",
      "type": "aws_vpc",
      "name": "this",
      "provider": "module.network.provider[\"registry.terraform.io/hashicorp/aws\"].network",
      "instances": [
        {
          "index_key": 0,
          "schema_version": 1,
          "attributes": {
            "arn": "arn:aws:ec2:us-east-1:986323537898:vpc/vpc-0aeec631fbbeccbf7",
            "assign_generated_ipv6_cidr_block": false,
            "cidr_block": "10.0.0.0/16",
            "default_network_acl_id": "acl-0deaadc405e355e31",
            "default_route_table_id": "rtb-0113c2eee594ab567",
            "default_security_group_id": "sg-00759cbab995bc9ed",
            "dhcp_options_id": "dopt-0f1c80d30631f918f",
            "enable_dns_hostnames": true,
            "enable_dns_support": true,
            "enable_network_address_usage_metrics": false,
            "id": "vpc-0aeec631fbbeccbf7",
            "instance_tenancy": "default",
            "ipv4_ipam_pool_id": null,
            "ipv4_netmask_length": null,
            "ipv6_association_id": "",
            "ipv6_cidr_block": "",
            "ipv6_cidr_block_network_border_group": "",
            "ipv6_ipam_pool_id": "",
            "ipv6_netmask_length": 0,
            "main_route_table_id": "rtb-0113c2eee594ab567",
            "owner_id": "986323537898",
            "tags": {
              "Environment": "dev",
              "Name": "dev-us-east-1-vpc",
              "Terraform": "true"
            },
            "tags_all": {
              "Environment": "dev",
              "Name": "dev-us-east-1-vpc",
              "Terraform": "true"
            }
          },
          "sensitive_attributes": [],
          "private": "eyJzY2hlbWFfdmVyc2lvbiI6IjEifQ==",
          "create_before_destroy": true
        }
      ]
    },
    {
      "module": "module.network.module.vpc",
      "mode": "managed",
      "type": "aws_vpc_ipv4_cidr_block_association",
      "name": "this",
      "provider": "module.network.provider[\"registry.terraform.io/hashicorp/aws\"].network",
      "instances": []
    }
  ],
  "check_results": null
}
